{
  "version": 4,
  "terraform_version": "1.5.7",
  "serial": 222,
  "lineage": "244da366-1324-4b98-66ad-e28c67c54022",
  "outputs": {
    "compute_config": {
      "value": {
        "eks_config": {
          "cluster_arn": "arn:aws:eks:eu-central-1:767398092878:cluster/eks-cluster",
          "cluster_certificate_authority_data": "LS0tLS1CRUdJTiBDRVJUSUZJQ0FURS0tLS0tCk1JSURCVENDQWUyZ0F3SUJBZ0lJUHNBZmZzWnZTbGN3RFFZSktvWklodmNOQVFFTEJRQXdGVEVUTUJFR0ExVUUKQXhNS2EzVmlaWEp1WlhSbGN6QWVGdzB5TlRBMU1qTXhPVEEyTWpOYUZ3MHpOVEExTWpFeE9URXhNak5hTUJVeApFekFSQmdOVkJBTVRDbXQxWW1WeWJtVjBaWE13Z2dFaU1BMEdDU3FHU0liM0RRRUJBUVVBQTRJQkR3QXdnZ0VLCkFvSUJBUUM4ZHIyT0FWcTdubTBleWxkUHgwaHZHUVlaVWJWZ0duWUYvOGs3RmkzWm9IdWo3UE5wMFBMTFhBdW8KeHBPT3c2V3VQVTZyU2FZaExYeFBOUEZWNWJmYTlIczI4YWUwaGJ4TXJiNGpteXRMc2UraHpFVlpYRXNDNk9Ncwp1QlFoWCtOME1KdE5EbDdveVhxZWtQNVhkQ0pTbDhJVTZjZjIwcnlVT2ZnMkludFQ5QmN6S1l2RUY5WUdwWGpYCkhtc3QwSmg5VGhwSUlLOVlReE9hNlhvWm9KZnBBdkhwa2VXa0pzQktod09tbTFPclcrTHFGbjNqRENEOEV2VjkKRFlDcHhSOTRzUHRlNGFIYVFNWHM3MjJVQjJjZXdUT0laMUptYXkwT2JSKzhrcVNhWFc2V3doM2lKNkN3ZGY4MQpQaGNCN2ZEbEh4Uk1xT3NIL2t1Y1RzRXRGd0VmQWdNQkFBR2pXVEJYTUE0R0ExVWREd0VCL3dRRUF3SUNwREFQCkJnTlZIUk1CQWY4RUJUQURBUUgvTUIwR0ExVWREZ1FXQkJTZnB1TkhoMUxjZEJia3BNdDlpdk5UNWhxamlEQVYKQmdOVkhSRUVEakFNZ2dwcmRXSmxjbTVsZEdWek1BMEdDU3FHU0liM0RRRUJDd1VBQTRJQkFRQXVUQlRDeXlSYgo0bWNNd05sclo5R0JEcXcyek13ZGxHMEtOdldCYlhZbERTM1RCcHRRZFZQM0RpSG1pdm9Vc3ovRTBsaWo2ekxiCnlIR0svbEFNZXJHb2o5WkZwRVFrbUlWUlplZE51Vi9oT0ZwZWJmL0YwdXpwdWhiWE9IUWVVOGxUMVJmZERGNU8KajNSNkx6NTZJWU9zQnVCeEZXZU1kS2NkR0VlNHYzdExoZXZtM0JpOTdIUnNKT0RRRHVmYTNhQ0J5cTdRM3l0Kwp1YkRvZHRxTm11NzA2b3VIVFhVTzlDWFBZUzd0MENKaDQvODltYTcvWUVmVEFneGZXdjArR0czaXdZMlp0cUZhCmZxT09qaEF5ZnNHTlVpNm9melVKS2RXbFQvTVhZa1hMQ0dPZ3JJYjk4MFMyTWJQWUVVTVptN2J4c09pMnJWNXYKWFRTYXhYQk5yQlJ6Ci0tLS0tRU5EIENFUlRJRklDQVRFLS0tLS0K",
          "cluster_endpoint": "https://B415944D7DC07F3CF114336AB5FA7458.gr7.eu-central-1.eks.amazonaws.com",
          "cluster_id": "eks-cluster",
          "cluster_role_arn": "arn:aws:iam::767398092878:role/eks-cluster-cluster-role",
          "cluster_security_group_id": "sg-024b4021cb293d9a1",
          "fargate_pod_execution_role_arn": "arn:aws:iam::767398092878:role/eks-cluster-fargate-role",
          "fargate_profiles": {
            "default": {
              "arn": "arn:aws:eks:eu-central-1:767398092878:fargateprofile/eks-cluster/default/c6cb7f49-5a91-53e1-ab26-6985a6f1f8b0",
              "cluster_name": "eks-cluster",
              "fargate_profile_name": "default",
              "id": "eks-cluster:default",
              "pod_execution_role_arn": "arn:aws:iam::767398092878:role/eks-cluster-fargate-role",
              "selector": [
                {
                  "labels": {
                    "app": "default"
                  },
                  "namespace": "default"
                }
              ],
              "status": "ACTIVE",
              "subnet_ids": [
                "subnet-05035b7c912b6a715",
                "subnet-09f53e122fd8a0cc0"
              ],
              "tags": {
                "Name": "default"
              },
              "tags_all": {
                "Name": "default"
              },
              "timeouts": null
            }
          },
          "kubeconfig": "apiVersion: v1\nkind: Config\nclusters:\n- cluster:\n    server: https://B415944D7DC07F3CF114336AB5FA7458.gr7.eu-central-1.eks.amazonaws.com\n    certificate-authority-data: LS0tLS1CRUdJTiBDRVJUSUZJQ0FURS0tLS0tCk1JSURCVENDQWUyZ0F3SUJBZ0lJUHNBZmZzWnZTbGN3RFFZSktvWklodmNOQVFFTEJRQXdGVEVUTUJFR0ExVUUKQXhNS2EzVmlaWEp1WlhSbGN6QWVGdzB5TlRBMU1qTXhPVEEyTWpOYUZ3MHpOVEExTWpFeE9URXhNak5hTUJVeApFekFSQmdOVkJBTVRDbXQxWW1WeWJtVjBaWE13Z2dFaU1BMEdDU3FHU0liM0RRRUJBUVVBQTRJQkR3QXdnZ0VLCkFvSUJBUUM4ZHIyT0FWcTdubTBleWxkUHgwaHZHUVlaVWJWZ0duWUYvOGs3RmkzWm9IdWo3UE5wMFBMTFhBdW8KeHBPT3c2V3VQVTZyU2FZaExYeFBOUEZWNWJmYTlIczI4YWUwaGJ4TXJiNGpteXRMc2UraHpFVlpYRXNDNk9Ncwp1QlFoWCtOME1KdE5EbDdveVhxZWtQNVhkQ0pTbDhJVTZjZjIwcnlVT2ZnMkludFQ5QmN6S1l2RUY5WUdwWGpYCkhtc3QwSmg5VGhwSUlLOVlReE9hNlhvWm9KZnBBdkhwa2VXa0pzQktod09tbTFPclcrTHFGbjNqRENEOEV2VjkKRFlDcHhSOTRzUHRlNGFIYVFNWHM3MjJVQjJjZXdUT0laMUptYXkwT2JSKzhrcVNhWFc2V3doM2lKNkN3ZGY4MQpQaGNCN2ZEbEh4Uk1xT3NIL2t1Y1RzRXRGd0VmQWdNQkFBR2pXVEJYTUE0R0ExVWREd0VCL3dRRUF3SUNwREFQCkJnTlZIUk1CQWY4RUJUQURBUUgvTUIwR0ExVWREZ1FXQkJTZnB1TkhoMUxjZEJia3BNdDlpdk5UNWhxamlEQVYKQmdOVkhSRUVEakFNZ2dwcmRXSmxjbTVsZEdWek1BMEdDU3FHU0liM0RRRUJDd1VBQTRJQkFRQXVUQlRDeXlSYgo0bWNNd05sclo5R0JEcXcyek13ZGxHMEtOdldCYlhZbERTM1RCcHRRZFZQM0RpSG1pdm9Vc3ovRTBsaWo2ekxiCnlIR0svbEFNZXJHb2o5WkZwRVFrbUlWUlplZE51Vi9oT0ZwZWJmL0YwdXpwdWhiWE9IUWVVOGxUMVJmZERGNU8KajNSNkx6NTZJWU9zQnVCeEZXZU1kS2NkR0VlNHYzdExoZXZtM0JpOTdIUnNKT0RRRHVmYTNhQ0J5cTdRM3l0Kwp1YkRvZHRxTm11NzA2b3VIVFhVTzlDWFBZUzd0MENKaDQvODltYTcvWUVmVEFneGZXdjArR0czaXdZMlp0cUZhCmZxT09qaEF5ZnNHTlVpNm9melVKS2RXbFQvTVhZa1hMQ0dPZ3JJYjk4MFMyTWJQWUVVTVptN2J4c09pMnJWNXYKWFRTYXhYQk5yQlJ6Ci0tLS0tRU5EIENFUlRJRklDQVRFLS0tLS0K\n  name: eks-cluster\ncontexts:\n- context:\n    cluster: eks-cluster\n    user: eks-cluster\n  name: eks-cluster\ncurrent-context: eks-cluster\npreferences: {}\nusers:\n- name: eks-cluster\n  user:\n    exec:\n      apiVersion: client.authentication.k8s.io/v1beta1\n      command: aws\n      args:\n        - \"eks\"\n        - \"get-token\"\n        - \"--cluster-name\"\n        - \"eks-cluster\"",
          "node_groups": {},
          "node_role_arn": null
        },
        "lambda_config": {
          "api_gateway_url": "https://tyr0tni58e.execute-api.eu-central-1.amazonaws.com",
          "lambda_function_name": "ins-webserver"
        }
      },
      "type": [
        "object",
        {
          "eks_config": [
            "object",
            {
              "cluster_arn": "string",
              "cluster_certificate_authority_data": "string",
              "cluster_endpoint": "string",
              "cluster_id": "string",
              "cluster_role_arn": "string",
              "cluster_security_group_id": "string",
              "fargate_pod_execution_role_arn": "string",
              "fargate_profiles": [
                "object",
                {
                  "default": [
                    "object",
                    {
                      "arn": "string",
                      "cluster_name": "string",
                      "fargate_profile_name": "string",
                      "id": "string",
                      "pod_execution_role_arn": "string",
                      "selector": [
                        "set",
                        [
                          "object",
                          {
                            "labels": [
                              "map",
                              "string"
                            ],
                            "namespace": "string"
                          }
                        ]
                      ],
                      "status": "string",
                      "subnet_ids": [
                        "set",
                        "string"
                      ],
                      "tags": [
                        "map",
                        "string"
                      ],
                      "tags_all": [
                        "map",
                        "string"
                      ],
                      "timeouts": [
                        "object",
                        {
                          "create": "string",
                          "delete": "string"
                        }
                      ]
                    }
                  ]
                }
              ],
              "kubeconfig": "string",
              "node_groups": [
                "object",
                {}
              ],
              "node_role_arn": "dynamic"
            }
          ],
          "lambda_config": [
            "object",
            {
              "api_gateway_url": "string",
              "lambda_function_name": "string"
            }
          ]
        }
      ],
      "sensitive": true
    },
    "network_config": {
      "value": {
        "client_vpn_enabled": true,
        "routing_config": {},
        "transit_gateway_config": {
          "attachments": {
            "transit-gateway-attachment-egress": {
              "id": "tgw-attach-05970b01f6052185a",
              "subnet_ids": [
                "subnet-0422dc6f1639ce3c4",
                "subnet-06b65e06b0481a313",
                "subnet-0be281a4e777c980b"
              ],
              "vpc_id": "vpc-002d8769ef29aa6fc"
            },
            "transit-gateway-attachment-main": {
              "id": "tgw-attach-06e59765fc5a3cbf6",
              "subnet_ids": [
                "subnet-05035b7c912b6a715",
                "subnet-05882cfce013b8c6f",
                "subnet-09f53e122fd8a0cc0"
              ],
              "vpc_id": "vpc-0a80f3578ae6fa27b"
            }
          },
          "client_vpn": {
            "certificate_instructions": {
              "download_client_config": "aws ec2 export-client-vpn-client-configuration --client-vpn-endpoint-id cvpn-endpoint-096e104880ece84f9 --output text \u003e client-vpn-config.ovpn",
              "get_client_cert": "aws ssm get-parameter --name '/client-vpn/certificates/client-cert' --with-decryption --query 'Parameter.Value' --output text",
              "get_client_key": "aws ssm get-parameter --name '/client-vpn/certificates/client-key' --with-decryption --query 'Parameter.Value' --output text"
            },
            "certificates_generated": true,
            "client_cidr_block": "10.200.0.0/16",
            "dns_name": "*.cvpn-endpoint-096e104880ece84f9.prod.clientvpn.eu-central-1.amazonaws.com",
            "endpoint_id": "cvpn-endpoint-096e104880ece84f9",
            "security_group_id": "sg-021e010c38661ddce",
            "transport_protocol": "udp",
            "vpn_port": 443
          },
          "route_table_id": "tgw-rtb-0eb2b4ae8eaaf8481",
          "routes": [
            {
              "destination_cidr_block": "0.0.0.0/0",
              "transit_gateway_attachment_id": "tgw-attach-05970b01f6052185a"
            }
          ],
          "transit_gateway_id": "tgw-0495c89fbb4987b53"
        },
        "vpc_config": {
          "egress": {
            "vpc_config": {
              "cidr_block": "10.0.0.0/16",
              "internet_gateway": {
                "id": "igw-04e892b14446558f7"
              },
              "nat_gateway": {
                "id": "nat-08099695d9966f84d",
                "subnet_id": "subnet-0422dc6f1639ce3c4"
              },
              "subnet": {
                "egress-nat-1": {
                  "arn": "arn:aws:ec2:eu-central-1:767398092878:subnet/subnet-0422dc6f1639ce3c4",
                  "availability_zone": "eu-central-1a",
                  "cidr_block": "10.0.11.0/24",
                  "id": "subnet-0422dc6f1639ce3c4",
                  "name": "egress-nat-1"
                },
                "egress-nat-2": {
                  "arn": "arn:aws:ec2:eu-central-1:767398092878:subnet/subnet-0be281a4e777c980b",
                  "availability_zone": "eu-central-1b",
                  "cidr_block": "10.0.12.0/24",
                  "id": "subnet-0be281a4e777c980b",
                  "name": "egress-nat-2"
                },
                "egress-nat-3": {
                  "arn": "arn:aws:ec2:eu-central-1:767398092878:subnet/subnet-06b65e06b0481a313",
                  "availability_zone": "eu-central-1c",
                  "cidr_block": "10.0.13.0/24",
                  "id": "subnet-06b65e06b0481a313",
                  "name": "egress-nat-3"
                },
                "egress-public-1": {
                  "arn": "arn:aws:ec2:eu-central-1:767398092878:subnet/subnet-08020616759072318",
                  "availability_zone": "eu-central-1a",
                  "cidr_block": "10.0.1.0/24",
                  "id": "subnet-08020616759072318",
                  "name": "egress-public-1"
                },
                "egress-public-2": {
                  "arn": "arn:aws:ec2:eu-central-1:767398092878:subnet/subnet-02e1e393ab3fce5b6",
                  "availability_zone": "eu-central-1b",
                  "cidr_block": "10.0.2.0/24",
                  "id": "subnet-02e1e393ab3fce5b6",
                  "name": "egress-public-2"
                },
                "egress-public-3": {
                  "arn": "arn:aws:ec2:eu-central-1:767398092878:subnet/subnet-0f3eff79d762934b6",
                  "availability_zone": "eu-central-1c",
                  "cidr_block": "10.0.3.0/24",
                  "id": "subnet-0f3eff79d762934b6",
                  "name": "egress-public-3"
                }
              },
              "vpc_id": "vpc-002d8769ef29aa6fc",
              "vpc_name": "egress"
            }
          },
          "main": {
            "vpc_config": {
              "cidr_block": "10.1.0.0/16",
              "internet_gateway": null,
              "nat_gateway": null,
              "subnet": {
                "main-control-plane-1": {
                  "arn": "arn:aws:ec2:eu-central-1:767398092878:subnet/subnet-0b55a1d7fa2b89ae0",
                  "availability_zone": "eu-central-1a",
                  "cidr_block": "10.1.21.0/24",
                  "id": "subnet-0b55a1d7fa2b89ae0",
                  "name": "main-control-plane-1"
                },
                "main-control-plane-2": {
                  "arn": "arn:aws:ec2:eu-central-1:767398092878:subnet/subnet-05ca167d3e66c3eb2",
                  "availability_zone": "eu-central-1b",
                  "cidr_block": "10.1.22.0/24",
                  "id": "subnet-05ca167d3e66c3eb2",
                  "name": "main-control-plane-2"
                },
                "main-control-plane-3": {
                  "arn": "arn:aws:ec2:eu-central-1:767398092878:subnet/subnet-06d5eab049583dda0",
                  "availability_zone": "eu-central-1c",
                  "cidr_block": "10.1.23.0/24",
                  "id": "subnet-06d5eab049583dda0",
                  "name": "main-control-plane-3"
                },
                "main-data-1": {
                  "arn": "arn:aws:ec2:eu-central-1:767398092878:subnet/subnet-09e6b1437f574edc4",
                  "availability_zone": "eu-central-1a",
                  "cidr_block": "10.1.11.0/24",
                  "id": "subnet-09e6b1437f574edc4",
                  "name": "main-data-1"
                },
                "main-data-2": {
                  "arn": "arn:aws:ec2:eu-central-1:767398092878:subnet/subnet-0f9857a7f46322b87",
                  "availability_zone": "eu-central-1b",
                  "cidr_block": "10.1.12.0/24",
                  "id": "subnet-0f9857a7f46322b87",
                  "name": "main-data-2"
                },
                "main-data-3": {
                  "arn": "arn:aws:ec2:eu-central-1:767398092878:subnet/subnet-069252a5913ce3828",
                  "availability_zone": "eu-central-1c",
                  "cidr_block": "10.1.13.0/24",
                  "id": "subnet-069252a5913ce3828",
                  "name": "main-data-3"
                },
                "main-services-1": {
                  "arn": "arn:aws:ec2:eu-central-1:767398092878:subnet/subnet-09f53e122fd8a0cc0",
                  "availability_zone": "eu-central-1a",
                  "cidr_block": "10.1.1.0/24",
                  "id": "subnet-09f53e122fd8a0cc0",
                  "name": "main-services-1"
                },
                "main-services-2": {
                  "arn": "arn:aws:ec2:eu-central-1:767398092878:subnet/subnet-05035b7c912b6a715",
                  "availability_zone": "eu-central-1b",
                  "cidr_block": "10.1.2.0/24",
                  "id": "subnet-05035b7c912b6a715",
                  "name": "main-services-2"
                },
                "main-services-3": {
                  "arn": "arn:aws:ec2:eu-central-1:767398092878:subnet/subnet-05882cfce013b8c6f",
                  "availability_zone": "eu-central-1c",
                  "cidr_block": "10.1.3.0/24",
                  "id": "subnet-05882cfce013b8c6f",
                  "name": "main-services-3"
                }
              },
              "vpc_id": "vpc-0a80f3578ae6fa27b",
              "vpc_name": "main"
            }
          }
        }
      },
      "type": [
        "object",
        {
          "client_vpn_enabled": "bool",
          "routing_config": [
            "object",
            {}
          ],
          "transit_gateway_config": [
            "object",
            {
              "attachments": [
                "object",
                {
                  "transit-gateway-attachment-egress": [
                    "object",
                    {
                      "id": "string",
                      "subnet_ids": [
                        "set",
                        "string"
                      ],
                      "vpc_id": "string"
                    }
                  ],
                  "transit-gateway-attachment-main": [
                    "object",
                    {
                      "id": "string",
                      "subnet_ids": [
                        "set",
                        "string"
                      ],
                      "vpc_id": "string"
                    }
                  ]
                }
              ],
              "client_vpn": [
                "object",
                {
                  "certificate_instructions": [
                    "object",
                    {
                      "download_client_config": "string",
                      "get_client_cert": "string",
                      "get_client_key": "string"
                    }
                  ],
                  "certificates_generated": "bool",
                  "client_cidr_block": "string",
                  "dns_name": "string",
                  "endpoint_id": "string",
                  "security_group_id": "string",
                  "transport_protocol": "string",
                  "vpn_port": "number"
                }
              ],
              "route_table_id": "string",
              "routes": [
                "tuple",
                [
                  [
                    "object",
                    {
                      "destination_cidr_block": "string",
                      "transit_gateway_attachment_id": "string"
                    }
                  ]
                ]
              ],
              "transit_gateway_id": "string"
            }
          ],
          "vpc_config": [
            "object",
            {
              "egress": [
                "object",
                {
                  "vpc_config": [
                    "object",
                    {
                      "cidr_block": "string",
                      "internet_gateway": [
                        "object",
                        {
                          "id": "string"
                        }
                      ],
                      "nat_gateway": [
                        "object",
                        {
                          "id": "string",
                          "subnet_id": "string"
                        }
                      ],
                      "subnet": [
                        "object",
                        {
                          "egress-nat-1": [
                            "object",
                            {
                              "arn": "string",
                              "availability_zone": "string",
                              "cidr_block": "string",
                              "id": "string",
                              "name": "string"
                            }
                          ],
                          "egress-nat-2": [
                            "object",
                            {
                              "arn": "string",
                              "availability_zone": "string",
                              "cidr_block": "string",
                              "id": "string",
                              "name": "string"
                            }
                          ],
                          "egress-nat-3": [
                            "object",
                            {
                              "arn": "string",
                              "availability_zone": "string",
                              "cidr_block": "string",
                              "id": "string",
                              "name": "string"
                            }
                          ],
                          "egress-public-1": [
                            "object",
                            {
                              "arn": "string",
                              "availability_zone": "string",
                              "cidr_block": "string",
                              "id": "string",
                              "name": "string"
                            }
                          ],
                          "egress-public-2": [
                            "object",
                            {
                              "arn": "string",
                              "availability_zone": "string",
                              "cidr_block": "string",
                              "id": "string",
                              "name": "string"
                            }
                          ],
                          "egress-public-3": [
                            "object",
                            {
                              "arn": "string",
                              "availability_zone": "string",
                              "cidr_block": "string",
                              "id": "string",
                              "name": "string"
                            }
                          ]
                        }
                      ],
                      "vpc_id": "string",
                      "vpc_name": "string"
                    }
                  ]
                }
              ],
              "main": [
                "object",
                {
                  "vpc_config": [
                    "object",
                    {
                      "cidr_block": "string",
                      "internet_gateway": [
                        "object",
                        {
                          "id": "dynamic"
                        }
                      ],
                      "nat_gateway": [
                        "object",
                        {
                          "id": "dynamic",
                          "subnet_id": "dynamic"
                        }
                      ],
                      "subnet": [
                        "object",
                        {
                          "main-control-plane-1": [
                            "object",
                            {
                              "arn": "string",
                              "availability_zone": "string",
                              "cidr_block": "string",
                              "id": "string",
                              "name": "string"
                            }
                          ],
                          "main-control-plane-2": [
                            "object",
                            {
                              "arn": "string",
                              "availability_zone": "string",
                              "cidr_block": "string",
                              "id": "string",
                              "name": "string"
                            }
                          ],
                          "main-control-plane-3": [
                            "object",
                            {
                              "arn": "string",
                              "availability_zone": "string",
                              "cidr_block": "string",
                              "id": "string",
                              "name": "string"
                            }
                          ],
                          "main-data-1": [
                            "object",
                            {
                              "arn": "string",
                              "availability_zone": "string",
                              "cidr_block": "string",
                              "id": "string",
                              "name": "string"
                            }
                          ],
                          "main-data-2": [
                            "object",
                            {
                              "arn": "string",
                              "availability_zone": "string",
                              "cidr_block": "string",
                              "id": "string",
                              "name": "string"
                            }
                          ],
                          "main-data-3": [
                            "object",
                            {
                              "arn": "string",
                              "availability_zone": "string",
                              "cidr_block": "string",
                              "id": "string",
                              "name": "string"
                            }
                          ],
                          "main-services-1": [
                            "object",
                            {
                              "arn": "string",
                              "availability_zone": "string",
                              "cidr_block": "string",
                              "id": "string",
                              "name": "string"
                            }
                          ],
                          "main-services-2": [
                            "object",
                            {
                              "arn": "string",
                              "availability_zone": "string",
                              "cidr_block": "string",
                              "id": "string",
                              "name": "string"
                            }
                          ],
                          "main-services-3": [
                            "object",
                            {
                              "arn": "string",
                              "availability_zone": "string",
                              "cidr_block": "string",
                              "id": "string",
                              "name": "string"
                            }
                          ]
                        }
                      ],
                      "vpc_id": "string",
                      "vpc_name": "string"
                    }
                  ]
                }
              ]
            }
          ]
        }
      ]
    },
    "storage_config": {
      "value": {
        "static_website_config": {
          "bucket_arn": "arn:aws:s3:::static-website-bucket-insecurazon",
          "bucket_name": "static-website-bucket-insecurazon",
          "cloudfront_domain_name": "d26pb44u3ijpla.cloudfront.net",
          "cloudfront_id": "E3H0PSY2QFIBW7",
          "website_endpoint": "static-website-bucket-insecurazon.s3-website.eu-central-1.amazonaws.com"
        }
      },
      "type": [
        "object",
        {
          "static_website_config": [
            "object",
            {
              "bucket_arn": "string",
              "bucket_name": "string",
              "cloudfront_domain_name": "string",
              "cloudfront_id": "string",
              "website_endpoint": "string"
            }
          ]
        }
      ]
    }
  },
  "resources": [
    {
      "module": "module.compute_config.module.eks",
      "mode": "data",
      "type": "archive_file",
      "name": "lambda_layer",
      "provider": "provider[\"registry.terraform.io/hashicorp/archive\"]",
      "instances": [
        {
          "index_key": 0,
          "schema_version": 0,
          "attributes": {
            "exclude_symlink_directories": null,
            "excludes": null,
            "id": "2cb9e432606a324ac91d309b4a1394eee37ccc15",
            "output_base64sha256": "ia8NtujXkzMNPO5tqCX4hmJLxIRFeOm+wQ5fITzdZYk=",
            "output_base64sha512": "XS39iNGj+bFoEi7PLdHWZrQoD+F1Ris26dDaVRE25035Hk+uuoTkauLnTxu+ZmwLmrkpUybNmbZYjf/Y4bM8EA==",
            "output_file_mode": null,
            "output_md5": "6e4d3e03745e32b0263ccfec5775a277",
            "output_path": "modules/compute/eks/lambda_layer.zip",
            "output_sha": "2cb9e432606a324ac91d309b4a1394eee37ccc15",
            "output_sha256": "89af0db6e8d793330d3cee6da825f886624bc4844578e9bec10e5f213cdd6589",
            "output_sha512": "5d2dfd88d1a3f9b168122ecf2dd1d666b4280fe175462b36e9d0da551136e74df91e4faeba84e46ae2e74f1bbe666c0b9ab9295326cd99b6588dffd8e1b33c10",
            "output_size": 9483583,
            "source": [],
            "source_content": null,
            "source_content_filename": null,
            "source_dir": "modules/compute/eks/layer",
            "source_file": null,
            "type": "zip"
          },
          "sensitive_attributes": []
        }
      ]
    },
    {
      "module": "module.compute_config.module.eks",
      "mode": "data",
      "type": "archive_file",
      "name": "lambda_zip",
      "provider": "provider[\"registry.terraform.io/hashicorp/archive\"]",
      "instances": [
        {
          "index_key": 0,
          "schema_version": 0,
          "attributes": {
            "exclude_symlink_directories": null,
            "excludes": null,
            "id": "d47f4dcf75ca3f93b082688f5f0ac67764c6af02",
            "output_base64sha256": "sppprCW1eGL32O/ldwA3NiUYsE9ntI3tc9C85AXOJWo=",
            "output_base64sha512": "XJ40gKz4xBKuAZ12ZcOedG0Fq2QlQwSxgq+aKDYwrd9TfEWDb+VDZbLxWRdCrZaGzmhnhrs0e6b6Tu3ebTT+ug==",
            "output_file_mode": null,
            "output_md5": "6555723723a5fd35b54f8e1a3310a465",
            "output_path": "modules/compute/eks/lambda.zip",
            "output_sha": "d47f4dcf75ca3f93b082688f5f0ac67764c6af02",
            "output_sha256": "b29a69ac25b57862f7d8efe5770037362518b04f67b48ded73d0bce405ce256a",
            "output_sha512": "5c9e3480acf8c412ae019d7665c39e746d05ab64254304b182af9a283630addf537c45836fe54365b2f1591742ad9686ce686786bb347ba6fa4eedde6d34feba",
            "output_size": 2968,
            "source": [],
            "source_content": null,
            "source_content_filename": null,
            "source_dir": "modules/compute/eks/lambda",
            "source_file": null,
            "type": "zip"
          },
          "sensitive_attributes": []
        }
      ]
    },
    {
      "module": "module.compute_config.module.eks",
      "mode": "data",
      "type": "aws_eks_cluster_auth",
      "name": "cluster",
      "provider": "provider[\"registry.terraform.io/hashicorp/aws\"]",
      "instances": [
        {
          "index_key": 0,
          "schema_version": 0,
          "attributes": {
            "id": "eks-cluster",
            "name": "eks-cluster",
            "token": "k8s-aws-v1.aHR0cHM6Ly9zdHMuZXUtY2VudHJhbC0xLmFtYXpvbmF3cy5jb20vP0FjdGlvbj1HZXRDYWxsZXJJZGVudGl0eSZWZXJzaW9uPTIwMTEtMDYtMTUmWC1BbXotQWxnb3JpdGhtPUFXUzQtSE1BQy1TSEEyNTYmWC1BbXotQ3JlZGVudGlhbD1BS0lBM0ZMRDVVQkhJRktLNlg1UiUyRjIwMjUwNTIzJTJGZXUtY2VudHJhbC0xJTJGc3RzJTJGYXdzNF9yZXF1ZXN0JlgtQW16LURhdGU9MjAyNTA1MjNUMjAxNjQ1WiZYLUFtei1FeHBpcmVzPTAmWC1BbXotU2lnbmVkSGVhZGVycz1ob3N0JTNCeC1rOHMtYXdzLWlkJlgtQW16LVNpZ25hdHVyZT1jODVjYmRlYzY4NjY1ZmFhOTkyMzMxZTc5ZDQwMmQ5OTczOTg0ODk0NDMxNTlkNmUyNDhhZGFkMmYxNjM5MDgz"
          },
          "sensitive_attributes": []
        }
      ]
    },
    {
      "module": "module.compute_config.module.eks",
      "mode": "data",
      "type": "aws_region",
      "name": "current",
      "provider": "provider[\"registry.terraform.io/hashicorp/aws\"]",
      "instances": [
        {
          "schema_version": 0,
          "attributes": {
            "description": "Europe (Frankfurt)",
            "endpoint": "ec2.eu-central-1.amazonaws.com",
            "id": "eu-central-1",
            "name": "eu-central-1"
          },
          "sensitive_attributes": []
        }
      ]
    },
    {
      "module": "module.compute_config.module.eks",
      "mode": "managed",
      "type": "aws_eks_cluster",
      "name": "this",
      "provider": "provider[\"registry.terraform.io/hashicorp/aws\"]",
      "instances": [
        {
          "schema_version": 1,
          "attributes": {
            "access_config": [
              {
                "authentication_mode": "CONFIG_MAP",
                "bootstrap_cluster_creator_admin_permissions": true
              }
            ],
            "arn": "arn:aws:eks:eu-central-1:767398092878:cluster/eks-cluster",
            "bootstrap_self_managed_addons": true,
            "certificate_authority": [
              {
                "data": "LS0tLS1CRUdJTiBDRVJUSUZJQ0FURS0tLS0tCk1JSURCVENDQWUyZ0F3SUJBZ0lJUHNBZmZzWnZTbGN3RFFZSktvWklodmNOQVFFTEJRQXdGVEVUTUJFR0ExVUUKQXhNS2EzVmlaWEp1WlhSbGN6QWVGdzB5TlRBMU1qTXhPVEEyTWpOYUZ3MHpOVEExTWpFeE9URXhNak5hTUJVeApFekFSQmdOVkJBTVRDbXQxWW1WeWJtVjBaWE13Z2dFaU1BMEdDU3FHU0liM0RRRUJBUVVBQTRJQkR3QXdnZ0VLCkFvSUJBUUM4ZHIyT0FWcTdubTBleWxkUHgwaHZHUVlaVWJWZ0duWUYvOGs3RmkzWm9IdWo3UE5wMFBMTFhBdW8KeHBPT3c2V3VQVTZyU2FZaExYeFBOUEZWNWJmYTlIczI4YWUwaGJ4TXJiNGpteXRMc2UraHpFVlpYRXNDNk9Ncwp1QlFoWCtOME1KdE5EbDdveVhxZWtQNVhkQ0pTbDhJVTZjZjIwcnlVT2ZnMkludFQ5QmN6S1l2RUY5WUdwWGpYCkhtc3QwSmg5VGhwSUlLOVlReE9hNlhvWm9KZnBBdkhwa2VXa0pzQktod09tbTFPclcrTHFGbjNqRENEOEV2VjkKRFlDcHhSOTRzUHRlNGFIYVFNWHM3MjJVQjJjZXdUT0laMUptYXkwT2JSKzhrcVNhWFc2V3doM2lKNkN3ZGY4MQpQaGNCN2ZEbEh4Uk1xT3NIL2t1Y1RzRXRGd0VmQWdNQkFBR2pXVEJYTUE0R0ExVWREd0VCL3dRRUF3SUNwREFQCkJnTlZIUk1CQWY4RUJUQURBUUgvTUIwR0ExVWREZ1FXQkJTZnB1TkhoMUxjZEJia3BNdDlpdk5UNWhxamlEQVYKQmdOVkhSRUVEakFNZ2dwcmRXSmxjbTVsZEdWek1BMEdDU3FHU0liM0RRRUJDd1VBQTRJQkFRQXVUQlRDeXlSYgo0bWNNd05sclo5R0JEcXcyek13ZGxHMEtOdldCYlhZbERTM1RCcHRRZFZQM0RpSG1pdm9Vc3ovRTBsaWo2ekxiCnlIR0svbEFNZXJHb2o5WkZwRVFrbUlWUlplZE51Vi9oT0ZwZWJmL0YwdXpwdWhiWE9IUWVVOGxUMVJmZERGNU8KajNSNkx6NTZJWU9zQnVCeEZXZU1kS2NkR0VlNHYzdExoZXZtM0JpOTdIUnNKT0RRRHVmYTNhQ0J5cTdRM3l0Kwp1YkRvZHRxTm11NzA2b3VIVFhVTzlDWFBZUzd0MENKaDQvODltYTcvWUVmVEFneGZXdjArR0czaXdZMlp0cUZhCmZxT09qaEF5ZnNHTlVpNm9melVKS2RXbFQvTVhZa1hMQ0dPZ3JJYjk4MFMyTWJQWUVVTVptN2J4c09pMnJWNXYKWFRTYXhYQk5yQlJ6Ci0tLS0tRU5EIENFUlRJRklDQVRFLS0tLS0K"
              }
            ],
            "cluster_id": null,
            "compute_config": [],
            "created_at": "2025-05-23T19:07:18Z",
            "enabled_cluster_log_types": [],
            "encryption_config": [],
            "endpoint": "https://B415944D7DC07F3CF114336AB5FA7458.gr7.eu-central-1.eks.amazonaws.com",
            "force_update_version": null,
            "id": "eks-cluster",
            "identity": [
              {
                "oidc": [
                  {
                    "issuer": "https://oidc.eks.eu-central-1.amazonaws.com/id/B415944D7DC07F3CF114336AB5FA7458"
                  }
                ]
              }
            ],
            "kubernetes_network_config": [
              {
                "elastic_load_balancing": [
                  {
                    "enabled": false
                  }
                ],
                "ip_family": "ipv4",
                "service_ipv4_cidr": "172.20.0.0/16",
                "service_ipv6_cidr": ""
              }
            ],
            "name": "eks-cluster",
            "outpost_config": [],
            "platform_version": "eks.10",
            "remote_network_config": [],
            "role_arn": "arn:aws:iam::767398092878:role/eks-cluster-cluster-role",
            "status": "ACTIVE",
            "storage_config": [],
            "tags": {
              "Name": "eks-cluster"
            },
            "tags_all": {
              "Name": "eks-cluster"
            },
            "timeouts": null,
            "upgrade_policy": [
              {
                "support_type": "EXTENDED"
              }
            ],
            "version": "1.32",
            "vpc_config": [
              {
                "cluster_security_group_id": "sg-05bcd35afc5f24192",
                "endpoint_private_access": true,
                "endpoint_public_access": false,
                "public_access_cidrs": [
                  "0.0.0.0/0"
                ],
                "security_group_ids": [
                  "sg-024b4021cb293d9a1"
                ],
                "subnet_ids": [
                  "subnet-05ca167d3e66c3eb2",
                  "subnet-06d5eab049583dda0",
                  "subnet-0b55a1d7fa2b89ae0"
                ],
                "vpc_id": "vpc-0a80f3578ae6fa27b"
              }
            ],
            "zonal_shift_config": []
          },
          "sensitive_attributes": [],
          "private": "eyJlMmJmYjczMC1lY2FhLTExZTYtOGY4OC0zNDM2M2JjN2M0YzAiOnsiY3JlYXRlIjoxODAwMDAwMDAwMDAwLCJkZWxldGUiOjkwMDAwMDAwMDAwMCwidXBkYXRlIjozNjAwMDAwMDAwMDAwfSwic2NoZW1hX3ZlcnNpb24iOiIxIn0=",
          "dependencies": [
            "module.compute_config.module.eks.aws_cloudwatch_log_group.this",
            "module.compute_config.module.eks.aws_iam_role.cluster",
            "module.compute_config.module.eks.aws_security_group.cluster",
            "module.network_config.aws_acm_certificate.client_ca",
            "module.network_config.aws_acm_certificate.server",
            "module.network_config.aws_ec2_client_vpn_authorization_rule.this",
            "module.network_config.aws_ec2_client_vpn_endpoint.this",
            "module.network_config.aws_ec2_client_vpn_network_association.this",
            "module.network_config.aws_ec2_client_vpn_route.to_transit_gateway",
            "module.network_config.aws_ec2_transit_gateway.this",
            "module.network_config.aws_ec2_transit_gateway_route.this",
            "module.network_config.aws_ec2_transit_gateway_route_table.this",
            "module.network_config.aws_ec2_transit_gateway_route_table_propagation.this",
            "module.network_config.aws_ec2_transit_gateway_vpc_attachment.this",
            "module.network_config.aws_security_group.client_vpn",
            "module.network_config.aws_ssm_parameter.ca_cert",
            "module.network_config.aws_ssm_parameter.ca_key",
            "module.network_config.aws_ssm_parameter.client_cert",
            "module.network_config.aws_ssm_parameter.client_key",
            "module.network_config.module.routing.aws_route_table.this",
            "module.network_config.module.routing.aws_vpc_endpoint_route_table_association.this",
            "module.network_config.module.vpc.aws_eip.nat",
            "module.network_config.module.vpc.aws_internet_gateway.this",
            "module.network_config.module.vpc.aws_nat_gateway.this",
            "module.network_config.module.vpc.aws_security_group.allow_kms",
            "module.network_config.module.vpc.aws_security_group.allow_secretsmanager",
            "module.network_config.module.vpc.aws_subnet.this",
            "module.network_config.module.vpc.aws_vpc.this",
            "module.network_config.module.vpc.aws_vpc_dhcp_options.this",
            "module.network_config.module.vpc.aws_vpc_dhcp_options_association.this",
            "module.network_config.module.vpc.aws_vpc_endpoint.kms",
            "module.network_config.module.vpc.aws_vpc_endpoint.s3",
            "module.network_config.module.vpc.aws_vpc_endpoint.secretsmanager",
            "module.network_config.tls_cert_request.client",
            "module.network_config.tls_cert_request.server",
            "module.network_config.tls_locally_signed_cert.client",
            "module.network_config.tls_locally_signed_cert.server",
            "module.network_config.tls_private_key.ca",
            "module.network_config.tls_private_key.client",
            "module.network_config.tls_private_key.server",
            "module.network_config.tls_self_signed_cert.ca",
            "module.storage_config.aws_cloudfront_distribution.static_website_cdn",
            "module.storage_config.aws_s3_bucket.static_website",
            "module.storage_config.aws_s3_bucket_acl.bucket_acl",
            "module.storage_config.aws_s3_bucket_cors_configuration.cors",
            "module.storage_config.aws_s3_bucket_ownership_controls.ownership",
            "module.storage_config.aws_s3_bucket_policy.bucket_policy",
            "module.storage_config.aws_s3_bucket_public_access_block.public_access",
            "module.storage_config.aws_s3_bucket_versioning.versioning",
            "module.storage_config.aws_s3_bucket_website_configuration.static_website"
          ]
        }
      ]
    },
    {
      "module": "module.compute_config.module.eks",
      "mode": "managed",
      "type": "aws_eks_fargate_profile",
      "name": "this",
      "provider": "provider[\"registry.terraform.io/hashicorp/aws\"]",
      "instances": [
        {
          "index_key": "default",
          "schema_version": 0,
          "attributes": {
            "arn": "arn:aws:eks:eu-central-1:767398092878:fargateprofile/eks-cluster/default/c6cb7f49-5a91-53e1-ab26-6985a6f1f8b0",
            "cluster_name": "eks-cluster",
            "fargate_profile_name": "default",
            "id": "eks-cluster:default",
            "pod_execution_role_arn": "arn:aws:iam::767398092878:role/eks-cluster-fargate-role",
            "selector": [
              {
                "labels": {
                  "app": "default"
                },
                "namespace": "default"
              }
            ],
            "status": "ACTIVE",
            "subnet_ids": [
              "subnet-05035b7c912b6a715",
              "subnet-09f53e122fd8a0cc0"
            ],
            "tags": {
              "Name": "default"
            },
            "tags_all": {
              "Name": "default"
            },
            "timeouts": null
          },
          "sensitive_attributes": [],
          "private": "eyJlMmJmYjczMC1lY2FhLTExZTYtOGY4OC0zNDM2M2JjN2M0YzAiOnsiY3JlYXRlIjo2MDAwMDAwMDAwMDAsImRlbGV0ZSI6NjAwMDAwMDAwMDAwfX0=",
          "dependencies": [
            "module.compute_config.module.eks.aws_cloudwatch_log_group.this",
            "module.compute_config.module.eks.aws_eks_cluster.this",
            "module.compute_config.module.eks.aws_iam_role.cluster",
            "module.compute_config.module.eks.aws_iam_role.fargate",
            "module.compute_config.module.eks.aws_security_group.cluster",
            "module.network_config.aws_acm_certificate.client_ca",
            "module.network_config.aws_acm_certificate.server",
            "module.network_config.aws_ec2_client_vpn_authorization_rule.this",
            "module.network_config.aws_ec2_client_vpn_endpoint.this",
            "module.network_config.aws_ec2_client_vpn_network_association.this",
            "module.network_config.aws_ec2_client_vpn_route.to_transit_gateway",
            "module.network_config.aws_ec2_transit_gateway.this",
            "module.network_config.aws_ec2_transit_gateway_route.this",
            "module.network_config.aws_ec2_transit_gateway_route_table.this",
            "module.network_config.aws_ec2_transit_gateway_route_table_propagation.this",
            "module.network_config.aws_ec2_transit_gateway_vpc_attachment.this",
            "module.network_config.aws_security_group.client_vpn",
            "module.network_config.aws_ssm_parameter.ca_cert",
            "module.network_config.aws_ssm_parameter.ca_key",
            "module.network_config.aws_ssm_parameter.client_cert",
            "module.network_config.aws_ssm_parameter.client_key",
            "module.network_config.module.routing.aws_route_table.this",
            "module.network_config.module.routing.aws_vpc_endpoint_route_table_association.this",
            "module.network_config.module.vpc.aws_eip.nat",
            "module.network_config.module.vpc.aws_internet_gateway.this",
            "module.network_config.module.vpc.aws_nat_gateway.this",
            "module.network_config.module.vpc.aws_security_group.allow_kms",
            "module.network_config.module.vpc.aws_security_group.allow_secretsmanager",
            "module.network_config.module.vpc.aws_subnet.this",
            "module.network_config.module.vpc.aws_vpc.this",
            "module.network_config.module.vpc.aws_vpc_dhcp_options.this",
            "module.network_config.module.vpc.aws_vpc_dhcp_options_association.this",
            "module.network_config.module.vpc.aws_vpc_endpoint.kms",
            "module.network_config.module.vpc.aws_vpc_endpoint.s3",
            "module.network_config.module.vpc.aws_vpc_endpoint.secretsmanager",
            "module.network_config.tls_cert_request.client",
            "module.network_config.tls_cert_request.server",
            "module.network_config.tls_locally_signed_cert.client",
            "module.network_config.tls_locally_signed_cert.server",
            "module.network_config.tls_private_key.ca",
            "module.network_config.tls_private_key.client",
            "module.network_config.tls_private_key.server",
            "module.network_config.tls_self_signed_cert.ca",
            "module.storage_config.aws_cloudfront_distribution.static_website_cdn",
            "module.storage_config.aws_s3_bucket.static_website",
            "module.storage_config.aws_s3_bucket_acl.bucket_acl",
            "module.storage_config.aws_s3_bucket_cors_configuration.cors",
            "module.storage_config.aws_s3_bucket_ownership_controls.ownership",
            "module.storage_config.aws_s3_bucket_policy.bucket_policy",
            "module.storage_config.aws_s3_bucket_public_access_block.public_access",
            "module.storage_config.aws_s3_bucket_versioning.versioning",
            "module.storage_config.aws_s3_bucket_website_configuration.static_website"
          ]
        }
      ]
    },
    {
      "module": "module.compute_config.module.eks",
      "mode": "managed",
      "type": "aws_iam_role",
      "name": "cluster",
      "provider": "provider[\"registry.terraform.io/hashicorp/aws\"]",
      "instances": [
        {
          "schema_version": 0,
          "attributes": {
            "arn": "arn:aws:iam::767398092878:role/eks-cluster-cluster-role",
            "assume_role_policy": "{\"Statement\":[{\"Action\":\"sts:AssumeRole\",\"Effect\":\"Allow\",\"Principal\":{\"Service\":\"eks.amazonaws.com\"}}],\"Version\":\"2012-10-17\"}",
            "create_date": "2025-05-23T19:07:15Z",
            "description": "",
            "force_detach_policies": false,
            "id": "eks-cluster-cluster-role",
            "inline_policy": [],
            "managed_policy_arns": [
              "arn:aws:iam::aws:policy/AmazonEKSClusterPolicy",
              "arn:aws:iam::aws:policy/AmazonEKSVPCResourceController"
            ],
            "max_session_duration": 3600,
            "name": "eks-cluster-cluster-role",
            "name_prefix": "",
            "path": "/",
            "permissions_boundary": "",
            "tags": {
              "Name": "eks-cluster"
            },
            "tags_all": {
              "Name": "eks-cluster"
            },
            "unique_id": "AROA3FLD5UBHCXCI7REHD"
          },
          "sensitive_attributes": [],
          "private": "bnVsbA==",
          "dependencies": [
            "module.network_config.aws_acm_certificate.client_ca",
            "module.network_config.aws_acm_certificate.server",
            "module.network_config.aws_ec2_client_vpn_authorization_rule.this",
            "module.network_config.aws_ec2_client_vpn_endpoint.this",
            "module.network_config.aws_ec2_client_vpn_network_association.this",
            "module.network_config.aws_ec2_client_vpn_route.to_transit_gateway",
            "module.network_config.aws_ec2_transit_gateway.this",
            "module.network_config.aws_ec2_transit_gateway_route.this",
            "module.network_config.aws_ec2_transit_gateway_route_table.this",
            "module.network_config.aws_ec2_transit_gateway_route_table_propagation.this",
            "module.network_config.aws_ec2_transit_gateway_vpc_attachment.this",
            "module.network_config.aws_security_group.client_vpn",
            "module.network_config.aws_ssm_parameter.ca_cert",
            "module.network_config.aws_ssm_parameter.ca_key",
            "module.network_config.aws_ssm_parameter.client_cert",
            "module.network_config.aws_ssm_parameter.client_key",
            "module.network_config.module.routing.aws_route_table.this",
            "module.network_config.module.routing.aws_vpc_endpoint_route_table_association.this",
            "module.network_config.module.vpc.aws_eip.nat",
            "module.network_config.module.vpc.aws_internet_gateway.this",
            "module.network_config.module.vpc.aws_nat_gateway.this",
            "module.network_config.module.vpc.aws_security_group.allow_kms",
            "module.network_config.module.vpc.aws_security_group.allow_secretsmanager",
            "module.network_config.module.vpc.aws_subnet.this",
            "module.network_config.module.vpc.aws_vpc.this",
            "module.network_config.module.vpc.aws_vpc_dhcp_options.this",
            "module.network_config.module.vpc.aws_vpc_dhcp_options_association.this",
            "module.network_config.module.vpc.aws_vpc_endpoint.kms",
            "module.network_config.module.vpc.aws_vpc_endpoint.s3",
            "module.network_config.module.vpc.aws_vpc_endpoint.secretsmanager",
            "module.network_config.tls_cert_request.client",
            "module.network_config.tls_cert_request.server",
            "module.network_config.tls_locally_signed_cert.client",
            "module.network_config.tls_locally_signed_cert.server",
            "module.network_config.tls_private_key.ca",
            "module.network_config.tls_private_key.client",
            "module.network_config.tls_private_key.server",
            "module.network_config.tls_self_signed_cert.ca",
            "module.storage_config.aws_cloudfront_distribution.static_website_cdn",
            "module.storage_config.aws_s3_bucket.static_website",
            "module.storage_config.aws_s3_bucket_acl.bucket_acl",
            "module.storage_config.aws_s3_bucket_cors_configuration.cors",
            "module.storage_config.aws_s3_bucket_ownership_controls.ownership",
            "module.storage_config.aws_s3_bucket_policy.bucket_policy",
            "module.storage_config.aws_s3_bucket_public_access_block.public_access",
            "module.storage_config.aws_s3_bucket_versioning.versioning",
            "module.storage_config.aws_s3_bucket_website_configuration.static_website"
          ]
        }
      ]
    },
    {
      "module": "module.compute_config.module.eks",
      "mode": "managed",
      "type": "aws_iam_role",
      "name": "fargate",
      "provider": "provider[\"registry.terraform.io/hashicorp/aws\"]",
      "instances": [
        {
          "index_key": 0,
          "schema_version": 0,
          "attributes": {
            "arn": "arn:aws:iam::767398092878:role/eks-cluster-fargate-role",
            "assume_role_policy": "{\"Statement\":[{\"Action\":\"sts:AssumeRole\",\"Effect\":\"Allow\",\"Principal\":{\"Service\":\"eks-fargate-pods.amazonaws.com\"}}],\"Version\":\"2012-10-17\"}",
            "create_date": "2025-05-23T19:07:15Z",
            "description": "",
            "force_detach_policies": false,
            "id": "eks-cluster-fargate-role",
            "inline_policy": [],
            "managed_policy_arns": [
              "arn:aws:iam::aws:policy/AmazonEKSFargatePodExecutionRolePolicy"
            ],
            "max_session_duration": 3600,
            "name": "eks-cluster-fargate-role",
            "name_prefix": "",
            "path": "/",
            "permissions_boundary": "",
            "tags": {
              "Name": "eks-cluster"
            },
            "tags_all": {
              "Name": "eks-cluster"
            },
            "unique_id": "AROA3FLD5UBHJQZBKEP62"
          },
          "sensitive_attributes": [],
          "private": "bnVsbA==",
          "dependencies": [
            "module.network_config.aws_acm_certificate.client_ca",
            "module.network_config.aws_acm_certificate.server",
            "module.network_config.aws_ec2_client_vpn_authorization_rule.this",
            "module.network_config.aws_ec2_client_vpn_endpoint.this",
            "module.network_config.aws_ec2_client_vpn_network_association.this",
            "module.network_config.aws_ec2_client_vpn_route.to_transit_gateway",
            "module.network_config.aws_ec2_transit_gateway.this",
            "module.network_config.aws_ec2_transit_gateway_route.this",
            "module.network_config.aws_ec2_transit_gateway_route_table.this",
            "module.network_config.aws_ec2_transit_gateway_route_table_propagation.this",
            "module.network_config.aws_ec2_transit_gateway_vpc_attachment.this",
            "module.network_config.aws_security_group.client_vpn",
            "module.network_config.aws_ssm_parameter.ca_cert",
            "module.network_config.aws_ssm_parameter.ca_key",
            "module.network_config.aws_ssm_parameter.client_cert",
            "module.network_config.aws_ssm_parameter.client_key",
            "module.network_config.module.routing.aws_route_table.this",
            "module.network_config.module.routing.aws_vpc_endpoint_route_table_association.this",
            "module.network_config.module.vpc.aws_eip.nat",
            "module.network_config.module.vpc.aws_internet_gateway.this",
            "module.network_config.module.vpc.aws_nat_gateway.this",
            "module.network_config.module.vpc.aws_security_group.allow_kms",
            "module.network_config.module.vpc.aws_security_group.allow_secretsmanager",
            "module.network_config.module.vpc.aws_subnet.this",
            "module.network_config.module.vpc.aws_vpc.this",
            "module.network_config.module.vpc.aws_vpc_dhcp_options.this",
            "module.network_config.module.vpc.aws_vpc_dhcp_options_association.this",
            "module.network_config.module.vpc.aws_vpc_endpoint.kms",
            "module.network_config.module.vpc.aws_vpc_endpoint.s3",
            "module.network_config.module.vpc.aws_vpc_endpoint.secretsmanager",
            "module.network_config.tls_cert_request.client",
            "module.network_config.tls_cert_request.server",
            "module.network_config.tls_locally_signed_cert.client",
            "module.network_config.tls_locally_signed_cert.server",
            "module.network_config.tls_private_key.ca",
            "module.network_config.tls_private_key.client",
            "module.network_config.tls_private_key.server",
            "module.network_config.tls_self_signed_cert.ca",
            "module.storage_config.aws_cloudfront_distribution.static_website_cdn",
            "module.storage_config.aws_s3_bucket.static_website",
            "module.storage_config.aws_s3_bucket_acl.bucket_acl",
            "module.storage_config.aws_s3_bucket_cors_configuration.cors",
            "module.storage_config.aws_s3_bucket_ownership_controls.ownership",
            "module.storage_config.aws_s3_bucket_policy.bucket_policy",
            "module.storage_config.aws_s3_bucket_public_access_block.public_access",
            "module.storage_config.aws_s3_bucket_versioning.versioning",
            "module.storage_config.aws_s3_bucket_website_configuration.static_website"
          ]
        }
      ]
    },
    {
      "module": "module.compute_config.module.eks",
      "mode": "managed",
      "type": "aws_iam_role",
      "name": "lambda",
      "provider": "provider[\"registry.terraform.io/hashicorp/aws\"]",
      "instances": [
        {
          "index_key": 0,
          "schema_version": 0,
          "attributes": {
            "arn": "arn:aws:iam::767398092878:role/eks-cluster-argocd-installer",
            "assume_role_policy": "{\"Statement\":[{\"Action\":\"sts:AssumeRole\",\"Effect\":\"Allow\",\"Principal\":{\"Service\":\"lambda.amazonaws.com\"}}],\"Version\":\"2012-10-17\"}",
            "create_date": "2025-05-23T18:32:07Z",
            "description": "",
            "force_detach_policies": false,
            "id": "eks-cluster-argocd-installer",
            "inline_policy": [
              {
                "name": "eks-cluster-argocd-installer-policy",
                "policy": "{\"Version\":\"2012-10-17\",\"Statement\":[{\"Action\":[\"logs:CreateLogGroup\",\"logs:CreateLogStream\",\"logs:PutLogEvents\"],\"Effect\":\"Allow\",\"Resource\":\"arn:aws:logs:*:*:*\"},{\"Action\":[\"ec2:CreateNetworkInterface\",\"ec2:DescribeNetworkInterfaces\",\"ec2:DeleteNetworkInterface\",\"ec2:AssignPrivateIpAddresses\",\"ec2:UnassignPrivateIpAddresses\"],\"Effect\":\"Allow\",\"Resource\":\"*\"}]}"
              }
            ],
            "managed_policy_arns": [],
            "max_session_duration": 3600,
            "name": "eks-cluster-argocd-installer",
            "name_prefix": "",
            "path": "/",
            "permissions_boundary": "",
            "tags": {
              "Name": "eks-cluster"
            },
            "tags_all": {
              "Name": "eks-cluster"
            },
            "unique_id": "AROA3FLD5UBHK3QPOAXH7"
          },
          "sensitive_attributes": [],
          "private": "bnVsbA==",
          "dependencies": [
            "module.network_config.aws_ec2_transit_gateway.this",
            "module.network_config.module.vpc.aws_eip.nat",
            "module.network_config.module.vpc.aws_internet_gateway.this",
            "module.network_config.module.vpc.aws_nat_gateway.this",
            "module.network_config.module.vpc.aws_security_group.allow_kms",
            "module.network_config.module.vpc.aws_security_group.allow_secretsmanager",
            "module.network_config.module.vpc.aws_subnet.this",
            "module.network_config.module.vpc.aws_vpc.this",
            "module.network_config.module.vpc.aws_vpc_dhcp_options.this",
            "module.network_config.module.vpc.aws_vpc_dhcp_options_association.this",
            "module.network_config.module.vpc.aws_vpc_endpoint.kms",
            "module.network_config.module.vpc.aws_vpc_endpoint.s3",
            "module.network_config.module.vpc.aws_vpc_endpoint.secretsmanager"
          ]
        }
      ]
    },
    {
      "module": "module.compute_config.module.eks",
      "mode": "managed",
      "type": "aws_iam_role_policy",
      "name": "lambda",
      "provider": "provider[\"registry.terraform.io/hashicorp/aws\"]",
      "instances": [
        {
          "index_key": 0,
          "schema_version": 0,
          "attributes": {
            "id": "eks-cluster-argocd-installer:eks-cluster-argocd-installer-policy",
            "name": "eks-cluster-argocd-installer-policy",
            "name_prefix": "",
            "policy": "{\"Version\":\"2012-10-17\",\"Statement\":[{\"Action\":[\"logs:CreateLogGroup\",\"logs:CreateLogStream\",\"logs:PutLogEvents\"],\"Effect\":\"Allow\",\"Resource\":\"arn:aws:logs:*:*:*\"},{\"Action\":[\"ec2:CreateNetworkInterface\",\"ec2:DescribeNetworkInterfaces\",\"ec2:DeleteNetworkInterface\",\"ec2:AssignPrivateIpAddresses\",\"ec2:UnassignPrivateIpAddresses\"],\"Effect\":\"Allow\",\"Resource\":\"*\"}]}",
            "role": "eks-cluster-argocd-installer"
          },
          "sensitive_attributes": [],
          "private": "bnVsbA==",
          "dependencies": [
            "module.compute_config.module.eks.aws_iam_role.lambda",
            "module.network_config.aws_ec2_transit_gateway.this",
            "module.network_config.module.vpc.aws_eip.nat",
            "module.network_config.module.vpc.aws_internet_gateway.this",
            "module.network_config.module.vpc.aws_nat_gateway.this",
            "module.network_config.module.vpc.aws_security_group.allow_kms",
            "module.network_config.module.vpc.aws_security_group.allow_secretsmanager",
            "module.network_config.module.vpc.aws_subnet.this",
            "module.network_config.module.vpc.aws_vpc.this",
            "module.network_config.module.vpc.aws_vpc_dhcp_options.this",
            "module.network_config.module.vpc.aws_vpc_dhcp_options_association.this",
            "module.network_config.module.vpc.aws_vpc_endpoint.kms",
            "module.network_config.module.vpc.aws_vpc_endpoint.s3",
            "module.network_config.module.vpc.aws_vpc_endpoint.secretsmanager"
          ]
        }
      ]
    },
    {
      "module": "module.compute_config.module.eks",
      "mode": "managed",
      "type": "aws_iam_role_policy_attachment",
      "name": "cluster_AmazonEKSClusterPolicy",
      "provider": "provider[\"registry.terraform.io/hashicorp/aws\"]",
      "instances": [
        {
          "schema_version": 0,
          "attributes": {
            "id": "eks-cluster-cluster-role-20250523190715774400000003",
            "policy_arn": "arn:aws:iam::aws:policy/AmazonEKSClusterPolicy",
            "role": "eks-cluster-cluster-role"
          },
          "sensitive_attributes": [],
          "private": "bnVsbA==",
          "dependencies": [
            "module.compute_config.module.eks.aws_iam_role.cluster",
            "module.network_config.aws_acm_certificate.client_ca",
            "module.network_config.aws_acm_certificate.server",
            "module.network_config.aws_ec2_client_vpn_authorization_rule.this",
            "module.network_config.aws_ec2_client_vpn_endpoint.this",
            "module.network_config.aws_ec2_client_vpn_network_association.this",
            "module.network_config.aws_ec2_client_vpn_route.to_transit_gateway",
            "module.network_config.aws_ec2_transit_gateway.this",
            "module.network_config.aws_ec2_transit_gateway_route.this",
            "module.network_config.aws_ec2_transit_gateway_route_table.this",
            "module.network_config.aws_ec2_transit_gateway_route_table_propagation.this",
            "module.network_config.aws_ec2_transit_gateway_vpc_attachment.this",
            "module.network_config.aws_security_group.client_vpn",
            "module.network_config.aws_ssm_parameter.ca_cert",
            "module.network_config.aws_ssm_parameter.ca_key",
            "module.network_config.aws_ssm_parameter.client_cert",
            "module.network_config.aws_ssm_parameter.client_key",
            "module.network_config.module.routing.aws_route_table.this",
            "module.network_config.module.routing.aws_vpc_endpoint_route_table_association.this",
            "module.network_config.module.vpc.aws_eip.nat",
            "module.network_config.module.vpc.aws_internet_gateway.this",
            "module.network_config.module.vpc.aws_nat_gateway.this",
            "module.network_config.module.vpc.aws_security_group.allow_kms",
            "module.network_config.module.vpc.aws_security_group.allow_secretsmanager",
            "module.network_config.module.vpc.aws_subnet.this",
            "module.network_config.module.vpc.aws_vpc.this",
            "module.network_config.module.vpc.aws_vpc_dhcp_options.this",
            "module.network_config.module.vpc.aws_vpc_dhcp_options_association.this",
            "module.network_config.module.vpc.aws_vpc_endpoint.kms",
            "module.network_config.module.vpc.aws_vpc_endpoint.s3",
            "module.network_config.module.vpc.aws_vpc_endpoint.secretsmanager",
            "module.network_config.tls_cert_request.client",
            "module.network_config.tls_cert_request.server",
            "module.network_config.tls_locally_signed_cert.client",
            "module.network_config.tls_locally_signed_cert.server",
            "module.network_config.tls_private_key.ca",
            "module.network_config.tls_private_key.client",
            "module.network_config.tls_private_key.server",
            "module.network_config.tls_self_signed_cert.ca",
            "module.storage_config.aws_cloudfront_distribution.static_website_cdn",
            "module.storage_config.aws_s3_bucket.static_website",
            "module.storage_config.aws_s3_bucket_acl.bucket_acl",
            "module.storage_config.aws_s3_bucket_cors_configuration.cors",
            "module.storage_config.aws_s3_bucket_ownership_controls.ownership",
            "module.storage_config.aws_s3_bucket_policy.bucket_policy",
            "module.storage_config.aws_s3_bucket_public_access_block.public_access",
            "module.storage_config.aws_s3_bucket_versioning.versioning",
            "module.storage_config.aws_s3_bucket_website_configuration.static_website"
          ]
        }
      ]
    },
    {
      "module": "module.compute_config.module.eks",
      "mode": "managed",
      "type": "aws_iam_role_policy_attachment",
      "name": "cluster_AmazonEKSVPCResourceController",
      "provider": "provider[\"registry.terraform.io/hashicorp/aws\"]",
      "instances": [
        {
          "schema_version": 0,
          "attributes": {
            "id": "eks-cluster-cluster-role-20250523190715870700000004",
            "policy_arn": "arn:aws:iam::aws:policy/AmazonEKSVPCResourceController",
            "role": "eks-cluster-cluster-role"
          },
          "sensitive_attributes": [],
          "private": "bnVsbA==",
          "dependencies": [
            "module.compute_config.module.eks.aws_iam_role.cluster",
            "module.network_config.aws_acm_certificate.client_ca",
            "module.network_config.aws_acm_certificate.server",
            "module.network_config.aws_ec2_client_vpn_authorization_rule.this",
            "module.network_config.aws_ec2_client_vpn_endpoint.this",
            "module.network_config.aws_ec2_client_vpn_network_association.this",
            "module.network_config.aws_ec2_client_vpn_route.to_transit_gateway",
            "module.network_config.aws_ec2_transit_gateway.this",
            "module.network_config.aws_ec2_transit_gateway_route.this",
            "module.network_config.aws_ec2_transit_gateway_route_table.this",
            "module.network_config.aws_ec2_transit_gateway_route_table_propagation.this",
            "module.network_config.aws_ec2_transit_gateway_vpc_attachment.this",
            "module.network_config.aws_security_group.client_vpn",
            "module.network_config.aws_ssm_parameter.ca_cert",
            "module.network_config.aws_ssm_parameter.ca_key",
            "module.network_config.aws_ssm_parameter.client_cert",
            "module.network_config.aws_ssm_parameter.client_key",
            "module.network_config.module.routing.aws_route_table.this",
            "module.network_config.module.routing.aws_vpc_endpoint_route_table_association.this",
            "module.network_config.module.vpc.aws_eip.nat",
            "module.network_config.module.vpc.aws_internet_gateway.this",
            "module.network_config.module.vpc.aws_nat_gateway.this",
            "module.network_config.module.vpc.aws_security_group.allow_kms",
            "module.network_config.module.vpc.aws_security_group.allow_secretsmanager",
            "module.network_config.module.vpc.aws_subnet.this",
            "module.network_config.module.vpc.aws_vpc.this",
            "module.network_config.module.vpc.aws_vpc_dhcp_options.this",
            "module.network_config.module.vpc.aws_vpc_dhcp_options_association.this",
            "module.network_config.module.vpc.aws_vpc_endpoint.kms",
            "module.network_config.module.vpc.aws_vpc_endpoint.s3",
            "module.network_config.module.vpc.aws_vpc_endpoint.secretsmanager",
            "module.network_config.tls_cert_request.client",
            "module.network_config.tls_cert_request.server",
            "module.network_config.tls_locally_signed_cert.client",
            "module.network_config.tls_locally_signed_cert.server",
            "module.network_config.tls_private_key.ca",
            "module.network_config.tls_private_key.client",
            "module.network_config.tls_private_key.server",
            "module.network_config.tls_self_signed_cert.ca",
            "module.storage_config.aws_cloudfront_distribution.static_website_cdn",
            "module.storage_config.aws_s3_bucket.static_website",
            "module.storage_config.aws_s3_bucket_acl.bucket_acl",
            "module.storage_config.aws_s3_bucket_cors_configuration.cors",
            "module.storage_config.aws_s3_bucket_ownership_controls.ownership",
            "module.storage_config.aws_s3_bucket_policy.bucket_policy",
            "module.storage_config.aws_s3_bucket_public_access_block.public_access",
            "module.storage_config.aws_s3_bucket_versioning.versioning",
            "module.storage_config.aws_s3_bucket_website_configuration.static_website"
          ]
        }
      ]
    },
    {
      "module": "module.compute_config.module.eks",
      "mode": "managed",
      "type": "aws_iam_role_policy_attachment",
      "name": "fargate_pod_execution_role_policy",
      "provider": "provider[\"registry.terraform.io/hashicorp/aws\"]",
      "instances": [
        {
          "index_key": 0,
          "schema_version": 0,
          "attributes": {
            "id": "eks-cluster-fargate-role-20250523190715960600000005",
            "policy_arn": "arn:aws:iam::aws:policy/AmazonEKSFargatePodExecutionRolePolicy",
            "role": "eks-cluster-fargate-role"
          },
          "sensitive_attributes": [],
          "private": "bnVsbA==",
          "dependencies": [
            "module.compute_config.module.eks.aws_iam_role.fargate",
            "module.network_config.aws_acm_certificate.client_ca",
            "module.network_config.aws_acm_certificate.server",
            "module.network_config.aws_ec2_client_vpn_authorization_rule.this",
            "module.network_config.aws_ec2_client_vpn_endpoint.this",
            "module.network_config.aws_ec2_client_vpn_network_association.this",
            "module.network_config.aws_ec2_client_vpn_route.to_transit_gateway",
            "module.network_config.aws_ec2_transit_gateway.this",
            "module.network_config.aws_ec2_transit_gateway_route.this",
            "module.network_config.aws_ec2_transit_gateway_route_table.this",
            "module.network_config.aws_ec2_transit_gateway_route_table_propagation.this",
            "module.network_config.aws_ec2_transit_gateway_vpc_attachment.this",
            "module.network_config.aws_security_group.client_vpn",
            "module.network_config.aws_ssm_parameter.ca_cert",
            "module.network_config.aws_ssm_parameter.ca_key",
            "module.network_config.aws_ssm_parameter.client_cert",
            "module.network_config.aws_ssm_parameter.client_key",
            "module.network_config.module.routing.aws_route_table.this",
            "module.network_config.module.routing.aws_vpc_endpoint_route_table_association.this",
            "module.network_config.module.vpc.aws_eip.nat",
            "module.network_config.module.vpc.aws_internet_gateway.this",
            "module.network_config.module.vpc.aws_nat_gateway.this",
            "module.network_config.module.vpc.aws_security_group.allow_kms",
            "module.network_config.module.vpc.aws_security_group.allow_secretsmanager",
            "module.network_config.module.vpc.aws_subnet.this",
            "module.network_config.module.vpc.aws_vpc.this",
            "module.network_config.module.vpc.aws_vpc_dhcp_options.this",
            "module.network_config.module.vpc.aws_vpc_dhcp_options_association.this",
            "module.network_config.module.vpc.aws_vpc_endpoint.kms",
            "module.network_config.module.vpc.aws_vpc_endpoint.s3",
            "module.network_config.module.vpc.aws_vpc_endpoint.secretsmanager",
            "module.network_config.tls_cert_request.client",
            "module.network_config.tls_cert_request.server",
            "module.network_config.tls_locally_signed_cert.client",
            "module.network_config.tls_locally_signed_cert.server",
            "module.network_config.tls_private_key.ca",
            "module.network_config.tls_private_key.client",
            "module.network_config.tls_private_key.server",
            "module.network_config.tls_self_signed_cert.ca",
            "module.storage_config.aws_cloudfront_distribution.static_website_cdn",
            "module.storage_config.aws_s3_bucket.static_website",
            "module.storage_config.aws_s3_bucket_acl.bucket_acl",
            "module.storage_config.aws_s3_bucket_cors_configuration.cors",
            "module.storage_config.aws_s3_bucket_ownership_controls.ownership",
            "module.storage_config.aws_s3_bucket_policy.bucket_policy",
            "module.storage_config.aws_s3_bucket_public_access_block.public_access",
            "module.storage_config.aws_s3_bucket_versioning.versioning",
            "module.storage_config.aws_s3_bucket_website_configuration.static_website"
          ]
        }
      ]
    },
    {
      "module": "module.compute_config.module.eks",
      "mode": "managed",
      "type": "aws_lambda_function",
      "name": "argocd_installer",
      "provider": "provider[\"registry.terraform.io/hashicorp/aws\"]",
      "instances": [
        {
          "index_key": 0,
          "schema_version": 0,
          "attributes": {
            "architectures": [
              "x86_64"
            ],
            "arn": "arn:aws:lambda:eu-central-1:767398092878:function:eks-cluster-argocd-installer",
            "code_sha256": "sppprCW1eGL32O/ldwA3NiUYsE9ntI3tc9C85AXOJWo=",
            "code_signing_config_arn": "",
            "dead_letter_config": [],
            "description": "",
            "environment": [
              {
                "variables": {
                  "CLUSTER_CA": "LS0tLS1CRUdJTiBDRVJUSUZJQ0FURS0tLS0tCk1JSURCVENDQWUyZ0F3SUJBZ0lJUHNBZmZzWnZTbGN3RFFZSktvWklodmNOQVFFTEJRQXdGVEVUTUJFR0ExVUUKQXhNS2EzVmlaWEp1WlhSbGN6QWVGdzB5TlRBMU1qTXhPVEEyTWpOYUZ3MHpOVEExTWpFeE9URXhNak5hTUJVeApFekFSQmdOVkJBTVRDbXQxWW1WeWJtVjBaWE13Z2dFaU1BMEdDU3FHU0liM0RRRUJBUVVBQTRJQkR3QXdnZ0VLCkFvSUJBUUM4ZHIyT0FWcTdubTBleWxkUHgwaHZHUVlaVWJWZ0duWUYvOGs3RmkzWm9IdWo3UE5wMFBMTFhBdW8KeHBPT3c2V3VQVTZyU2FZaExYeFBOUEZWNWJmYTlIczI4YWUwaGJ4TXJiNGpteXRMc2UraHpFVlpYRXNDNk9Ncwp1QlFoWCtOME1KdE5EbDdveVhxZWtQNVhkQ0pTbDhJVTZjZjIwcnlVT2ZnMkludFQ5QmN6S1l2RUY5WUdwWGpYCkhtc3QwSmg5VGhwSUlLOVlReE9hNlhvWm9KZnBBdkhwa2VXa0pzQktod09tbTFPclcrTHFGbjNqRENEOEV2VjkKRFlDcHhSOTRzUHRlNGFIYVFNWHM3MjJVQjJjZXdUT0laMUptYXkwT2JSKzhrcVNhWFc2V3doM2lKNkN3ZGY4MQpQaGNCN2ZEbEh4Uk1xT3NIL2t1Y1RzRXRGd0VmQWdNQkFBR2pXVEJYTUE0R0ExVWREd0VCL3dRRUF3SUNwREFQCkJnTlZIUk1CQWY4RUJUQURBUUgvTUIwR0ExVWREZ1FXQkJTZnB1TkhoMUxjZEJia3BNdDlpdk5UNWhxamlEQVYKQmdOVkhSRUVEakFNZ2dwcmRXSmxjbTVsZEdWek1BMEdDU3FHU0liM0RRRUJDd1VBQTRJQkFRQXVUQlRDeXlSYgo0bWNNd05sclo5R0JEcXcyek13ZGxHMEtOdldCYlhZbERTM1RCcHRRZFZQM0RpSG1pdm9Vc3ovRTBsaWo2ekxiCnlIR0svbEFNZXJHb2o5WkZwRVFrbUlWUlplZE51Vi9oT0ZwZWJmL0YwdXpwdWhiWE9IUWVVOGxUMVJmZERGNU8KajNSNkx6NTZJWU9zQnVCeEZXZU1kS2NkR0VlNHYzdExoZXZtM0JpOTdIUnNKT0RRRHVmYTNhQ0J5cTdRM3l0Kwp1YkRvZHRxTm11NzA2b3VIVFhVTzlDWFBZUzd0MENKaDQvODltYTcvWUVmVEFneGZXdjArR0czaXdZMlp0cUZhCmZxT09qaEF5ZnNHTlVpNm9melVKS2RXbFQvTVhZa1hMQ0dPZ3JJYjk4MFMyTWJQWUVVTVptN2J4c09pMnJWNXYKWFRTYXhYQk5yQlJ6Ci0tLS0tRU5EIENFUlRJRklDQVRFLS0tLS0K",
                  "CLUSTER_ENDPOINT": "https://B415944D7DC07F3CF114336AB5FA7458.gr7.eu-central-1.eks.amazonaws.com",
                  "CLUSTER_NAME": "eks-cluster",
                  "CLUSTER_TOKEN": "k8s-aws-v1.aHR0cHM6Ly9zdHMuZXUtY2VudHJhbC0xLmFtYXpvbmF3cy5jb20vP0FjdGlvbj1HZXRDYWxsZXJJZGVudGl0eSZWZXJzaW9uPTIwMTEtMDYtMTUmWC1BbXotQWxnb3JpdGhtPUFXUzQtSE1BQy1TSEEyNTYmWC1BbXotQ3JlZGVudGlhbD1BS0lBM0ZMRDVVQkhJRktLNlg1UiUyRjIwMjUwNTIzJTJGZXUtY2VudHJhbC0xJTJGc3RzJTJGYXdzNF9yZXF1ZXN0JlgtQW16LURhdGU9MjAyNTA1MjNUMjAxNTI2WiZYLUFtei1FeHBpcmVzPTAmWC1BbXotU2lnbmVkSGVhZGVycz1ob3N0JTNCeC1rOHMtYXdzLWlkJlgtQW16LVNpZ25hdHVyZT1mODk3YWNiMjI1MzgwY2Q2NWQyYjZiZWQzN2MzNDcwYjJiMjlhYjA0ZGQ2OWUzZDY1M2I4OTgyMjQ5Y2UxYzEz",
                  "DEBUG": "true",
                  "REGION": "eu-central-1"
                }
              }
            ],
            "ephemeral_storage": [
              {
                "size": 512
              }
            ],
            "file_system_config": [],
            "filename": "modules/compute/eks/lambda.zip",
            "function_name": "eks-cluster-argocd-installer",
            "handler": "install_argocd.lambda_handler",
            "id": "eks-cluster-argocd-installer",
            "image_config": [],
            "image_uri": "",
            "invoke_arn": "arn:aws:apigateway:eu-central-1:lambda:path/2015-03-31/functions/arn:aws:lambda:eu-central-1:767398092878:function:eks-cluster-argocd-installer/invocations",
            "kms_key_arn": "",
            "last_modified": "2025-05-23T20:15:31.000+0000",
            "layers": [
              "arn:aws:lambda:eu-central-1:767398092878:layer:eks-cluster-argocd-installer-dependencies:5"
            ],
            "logging_config": [
              {
                "application_log_level": "",
                "log_format": "Text",
                "log_group": "/aws/lambda/eks-cluster-argocd-installer",
                "system_log_level": ""
              }
            ],
            "memory_size": 512,
            "package_type": "Zip",
            "publish": false,
            "qualified_arn": "arn:aws:lambda:eu-central-1:767398092878:function:eks-cluster-argocd-installer:$LATEST",
            "qualified_invoke_arn": "arn:aws:apigateway:eu-central-1:lambda:path/2015-03-31/functions/arn:aws:lambda:eu-central-1:767398092878:function:eks-cluster-argocd-installer:$LATEST/invocations",
            "replace_security_groups_on_destroy": null,
            "replacement_security_group_ids": null,
            "reserved_concurrent_executions": -1,
            "role": "arn:aws:iam::767398092878:role/eks-cluster-argocd-installer",
            "runtime": "python3.9",
            "s3_bucket": null,
            "s3_key": null,
            "s3_object_version": null,
            "signing_job_arn": "",
            "signing_profile_version_arn": "",
            "skip_destroy": false,
            "snap_start": [],
            "source_code_hash": "",
            "source_code_size": 2968,
            "tags": {},
            "tags_all": {},
            "timeout": 900,
            "timeouts": null,
            "tracing_config": [
              {
                "mode": "PassThrough"
              }
            ],
            "version": "$LATEST",
            "vpc_config": [
              {
                "ipv6_allowed_for_dual_stack": false,
                "security_group_ids": [
                  "sg-0a904b4eaeaf49ac0"
                ],
                "subnet_ids": [
                  "subnet-05ca167d3e66c3eb2",
                  "subnet-06d5eab049583dda0",
                  "subnet-0b55a1d7fa2b89ae0"
                ],
                "vpc_id": "vpc-0a80f3578ae6fa27b"
              }
            ]
          },
          "sensitive_attributes": [
            [
              {
                "type": "get_attr",
                "value": "environment"
              },
              {
                "type": "index",
                "value": {
                  "value": 0,
                  "type": "number"
                }
              },
              {
                "type": "get_attr",
                "value": "variables"
              },
              {
                "type": "index",
                "value": {
                  "value": "CLUSTER_TOKEN",
                  "type": "string"
                }
              }
            ]
          ],
          "private": "eyJlMmJmYjczMC1lY2FhLTExZTYtOGY4OC0zNDM2M2JjN2M0YzAiOnsiY3JlYXRlIjo2MDAwMDAwMDAwMDAsImRlbGV0ZSI6NjAwMDAwMDAwMDAwLCJ1cGRhdGUiOjYwMDAwMDAwMDAwMH19",
          "dependencies": [
            "module.compute_config.module.eks.aws_cloudwatch_log_group.this",
            "module.compute_config.module.eks.aws_eks_cluster.this",
            "module.compute_config.module.eks.aws_iam_role.cluster",
            "module.compute_config.module.eks.aws_iam_role.lambda",
            "module.compute_config.module.eks.aws_lambda_layer_version.dependencies",
            "module.compute_config.module.eks.aws_security_group.cluster",
            "module.compute_config.module.eks.aws_security_group.lambda",
            "module.compute_config.module.eks.data.archive_file.lambda_layer",
            "module.compute_config.module.eks.data.archive_file.lambda_zip",
            "module.compute_config.module.eks.data.aws_eks_cluster_auth.cluster",
            "module.compute_config.module.eks.data.aws_region.current",
            "module.compute_config.module.eks.null_resource.prepare_lambda_layer",
            "module.network_config.aws_acm_certificate.client_ca",
            "module.network_config.aws_acm_certificate.server",
            "module.network_config.aws_ec2_client_vpn_authorization_rule.this",
            "module.network_config.aws_ec2_client_vpn_endpoint.this",
            "module.network_config.aws_ec2_client_vpn_network_association.this",
            "module.network_config.aws_ec2_client_vpn_route.to_transit_gateway",
            "module.network_config.aws_ec2_transit_gateway.this",
            "module.network_config.aws_ec2_transit_gateway_route.this",
            "module.network_config.aws_ec2_transit_gateway_route_table.this",
            "module.network_config.aws_ec2_transit_gateway_route_table_propagation.this",
            "module.network_config.aws_ec2_transit_gateway_vpc_attachment.this",
            "module.network_config.aws_security_group.client_vpn",
            "module.network_config.aws_ssm_parameter.ca_cert",
            "module.network_config.aws_ssm_parameter.ca_key",
            "module.network_config.aws_ssm_parameter.client_cert",
            "module.network_config.aws_ssm_parameter.client_key",
            "module.network_config.module.routing.aws_route_table.this",
            "module.network_config.module.routing.aws_vpc_endpoint_route_table_association.this",
            "module.network_config.module.vpc.aws_eip.nat",
            "module.network_config.module.vpc.aws_internet_gateway.this",
            "module.network_config.module.vpc.aws_nat_gateway.this",
            "module.network_config.module.vpc.aws_security_group.allow_kms",
            "module.network_config.module.vpc.aws_security_group.allow_secretsmanager",
            "module.network_config.module.vpc.aws_subnet.this",
            "module.network_config.module.vpc.aws_vpc.this",
            "module.network_config.module.vpc.aws_vpc_dhcp_options.this",
            "module.network_config.module.vpc.aws_vpc_dhcp_options_association.this",
            "module.network_config.module.vpc.aws_vpc_endpoint.kms",
            "module.network_config.module.vpc.aws_vpc_endpoint.s3",
            "module.network_config.module.vpc.aws_vpc_endpoint.secretsmanager",
            "module.network_config.tls_cert_request.client",
            "module.network_config.tls_cert_request.server",
            "module.network_config.tls_locally_signed_cert.client",
            "module.network_config.tls_locally_signed_cert.server",
            "module.network_config.tls_private_key.ca",
            "module.network_config.tls_private_key.client",
            "module.network_config.tls_private_key.server",
            "module.network_config.tls_self_signed_cert.ca",
            "module.storage_config.aws_cloudfront_distribution.static_website_cdn",
            "module.storage_config.aws_s3_bucket.static_website",
            "module.storage_config.aws_s3_bucket_acl.bucket_acl",
            "module.storage_config.aws_s3_bucket_cors_configuration.cors",
            "module.storage_config.aws_s3_bucket_ownership_controls.ownership",
            "module.storage_config.aws_s3_bucket_policy.bucket_policy",
            "module.storage_config.aws_s3_bucket_public_access_block.public_access",
            "module.storage_config.aws_s3_bucket_versioning.versioning",
            "module.storage_config.aws_s3_bucket_website_configuration.static_website"
          ]
        }
      ]
    },
    {
      "module": "module.compute_config.module.eks",
      "mode": "managed",
      "type": "aws_lambda_invocation",
      "name": "argocd_installer",
      "provider": "provider[\"registry.terraform.io/hashicorp/aws\"]",
      "instances": [
        {
          "index_key": 0,
          "schema_version": 1,
          "attributes": {
            "function_name": "eks-cluster-argocd-installer",
            "id": "eks-cluster-argocd-installer_$LATEST_d880f6065da43e800707d1742a0f4826",
            "input": "{\"argocd_config\":{\"admin_password\":\"admin\",\"applications\":[],\"enabled\":true,\"namespace\":\"argocd\",\"notifications\":{\"config\":\"\",\"enabled\":false},\"rbac\":{\"enabled\":true,\"policy_csv\":\"\"},\"server\":{\"host\":\"argocd.example.com\",\"port\":443,\"secure\":true},\"version\":\"v3.0.2\"},\"cluster_name\":\"eks-cluster\",\"region\":\"eu-central-1\"}",
            "lifecycle_scope": "CREATE_ONLY",
            "qualifier": "$LATEST",
            "result": "{\"statusCode\": 500, \"body\": \"{\\\"message\\\": \\\"Error installing ArgoCD: HTTPSConnectionPool(host='raw.githubusercontent.com', port=443): Max retries exceeded with url: /argoproj/argo-cd/stable/manifests/install.yaml (Caused by NewConnectionError('\u003curllib3.connection.HTTPSConnection object at 0x7f3c1ae6d400\u003e: Failed to establish a new connection: [Errno 110] Connection timed out'))\\\", \\\"error_type\\\": \\\"ConnectionError\\\"}\"}",
            "terraform_key": "tf",
            "triggers": null
          },
          "sensitive_attributes": [],
          "private": "eyJzY2hlbWFfdmVyc2lvbiI6IjEifQ==",
          "dependencies": [
            "module.compute_config.module.eks.aws_cloudwatch_log_group.this",
            "module.compute_config.module.eks.aws_eks_cluster.this",
            "module.compute_config.module.eks.aws_iam_role.cluster",
            "module.compute_config.module.eks.aws_iam_role.lambda",
            "module.compute_config.module.eks.aws_lambda_function.argocd_installer",
            "module.compute_config.module.eks.aws_lambda_layer_version.dependencies",
            "module.compute_config.module.eks.aws_security_group.cluster",
            "module.compute_config.module.eks.aws_security_group.lambda",
            "module.compute_config.module.eks.data.archive_file.lambda_layer",
            "module.compute_config.module.eks.data.archive_file.lambda_zip",
            "module.compute_config.module.eks.data.aws_eks_cluster_auth.cluster",
            "module.compute_config.module.eks.data.aws_region.current",
            "module.compute_config.module.eks.null_resource.prepare_lambda_layer",
            "module.network_config.aws_acm_certificate.client_ca",
            "module.network_config.aws_acm_certificate.server",
            "module.network_config.aws_ec2_client_vpn_authorization_rule.this",
            "module.network_config.aws_ec2_client_vpn_endpoint.this",
            "module.network_config.aws_ec2_client_vpn_network_association.this",
            "module.network_config.aws_ec2_client_vpn_route.to_transit_gateway",
            "module.network_config.aws_ec2_transit_gateway.this",
            "module.network_config.aws_ec2_transit_gateway_route.this",
            "module.network_config.aws_ec2_transit_gateway_route_table.this",
            "module.network_config.aws_ec2_transit_gateway_route_table_propagation.this",
            "module.network_config.aws_ec2_transit_gateway_vpc_attachment.this",
            "module.network_config.aws_security_group.client_vpn",
            "module.network_config.aws_ssm_parameter.ca_cert",
            "module.network_config.aws_ssm_parameter.ca_key",
            "module.network_config.aws_ssm_parameter.client_cert",
            "module.network_config.aws_ssm_parameter.client_key",
            "module.network_config.module.routing.aws_route_table.this",
            "module.network_config.module.routing.aws_vpc_endpoint_route_table_association.this",
            "module.network_config.module.vpc.aws_eip.nat",
            "module.network_config.module.vpc.aws_internet_gateway.this",
            "module.network_config.module.vpc.aws_nat_gateway.this",
            "module.network_config.module.vpc.aws_security_group.allow_kms",
            "module.network_config.module.vpc.aws_security_group.allow_secretsmanager",
            "module.network_config.module.vpc.aws_subnet.this",
            "module.network_config.module.vpc.aws_vpc.this",
            "module.network_config.module.vpc.aws_vpc_dhcp_options.this",
            "module.network_config.module.vpc.aws_vpc_dhcp_options_association.this",
            "module.network_config.module.vpc.aws_vpc_endpoint.kms",
            "module.network_config.module.vpc.aws_vpc_endpoint.s3",
            "module.network_config.module.vpc.aws_vpc_endpoint.secretsmanager",
            "module.network_config.tls_cert_request.client",
            "module.network_config.tls_cert_request.server",
            "module.network_config.tls_locally_signed_cert.client",
            "module.network_config.tls_locally_signed_cert.server",
            "module.network_config.tls_private_key.ca",
            "module.network_config.tls_private_key.client",
            "module.network_config.tls_private_key.server",
            "module.network_config.tls_self_signed_cert.ca",
            "module.storage_config.aws_cloudfront_distribution.static_website_cdn",
            "module.storage_config.aws_s3_bucket.static_website",
            "module.storage_config.aws_s3_bucket_acl.bucket_acl",
            "module.storage_config.aws_s3_bucket_cors_configuration.cors",
            "module.storage_config.aws_s3_bucket_ownership_controls.ownership",
            "module.storage_config.aws_s3_bucket_policy.bucket_policy",
            "module.storage_config.aws_s3_bucket_public_access_block.public_access",
            "module.storage_config.aws_s3_bucket_versioning.versioning",
            "module.storage_config.aws_s3_bucket_website_configuration.static_website"
          ]
        }
      ]
    },
    {
      "module": "module.compute_config.module.eks",
      "mode": "managed",
      "type": "aws_lambda_layer_version",
      "name": "dependencies",
      "provider": "provider[\"registry.terraform.io/hashicorp/aws\"]",
      "instances": [
        {
          "index_key": 0,
          "schema_version": 0,
          "attributes": {
            "arn": "arn:aws:lambda:eu-central-1:767398092878:layer:eks-cluster-argocd-installer-dependencies:5",
            "code_sha256": "ia8NtujXkzMNPO5tqCX4hmJLxIRFeOm+wQ5fITzdZYk=",
            "compatible_architectures": [],
            "compatible_runtimes": [
              "python3.9"
            ],
            "created_date": "2025-05-23T18:32:10.289+0000",
            "description": "Dependencies for ArgoCD installer Lambda",
            "filename": "modules/compute/eks/lambda_layer.zip",
            "id": "arn:aws:lambda:eu-central-1:767398092878:layer:eks-cluster-argocd-installer-dependencies:5",
            "layer_arn": "arn:aws:lambda:eu-central-1:767398092878:layer:eks-cluster-argocd-installer-dependencies",
            "layer_name": "eks-cluster-argocd-installer-dependencies",
            "license_info": "",
            "s3_bucket": null,
            "s3_key": null,
            "s3_object_version": null,
            "signing_job_arn": "",
            "signing_profile_version_arn": "",
            "skip_destroy": false,
            "source_code_hash": "",
            "source_code_size": 9483583,
            "version": "5"
          },
          "sensitive_attributes": [],
          "private": "bnVsbA==",
          "dependencies": [
            "module.compute_config.module.eks.data.archive_file.lambda_layer",
            "module.compute_config.module.eks.null_resource.prepare_lambda_layer",
            "module.network_config.aws_ec2_transit_gateway.this",
            "module.network_config.module.vpc.aws_eip.nat",
            "module.network_config.module.vpc.aws_internet_gateway.this",
            "module.network_config.module.vpc.aws_nat_gateway.this",
            "module.network_config.module.vpc.aws_security_group.allow_kms",
            "module.network_config.module.vpc.aws_security_group.allow_secretsmanager",
            "module.network_config.module.vpc.aws_subnet.this",
            "module.network_config.module.vpc.aws_vpc.this",
            "module.network_config.module.vpc.aws_vpc_dhcp_options.this",
            "module.network_config.module.vpc.aws_vpc_dhcp_options_association.this",
            "module.network_config.module.vpc.aws_vpc_endpoint.kms",
            "module.network_config.module.vpc.aws_vpc_endpoint.s3",
            "module.network_config.module.vpc.aws_vpc_endpoint.secretsmanager"
          ]
        }
      ]
    },
    {
      "module": "module.compute_config.module.eks",
      "mode": "managed",
      "type": "aws_security_group",
      "name": "cluster",
      "provider": "provider[\"registry.terraform.io/hashicorp/aws\"]",
      "instances": [
        {
          "schema_version": 1,
          "attributes": {
            "arn": "arn:aws:ec2:eu-central-1:767398092878:security-group/sg-024b4021cb293d9a1",
            "description": "EKS cluster security group",
            "egress": [
              {
                "cidr_blocks": [
                  "0.0.0.0/0"
                ],
                "description": "Allow cluster egress access",
                "from_port": 0,
                "ipv6_cidr_blocks": [],
                "prefix_list_ids": [],
                "protocol": "-1",
                "security_groups": [],
                "self": false,
                "to_port": 0
              }
            ],
            "id": "sg-024b4021cb293d9a1",
            "ingress": [
              {
                "cidr_blocks": [],
                "description": "Allow Client VPN to connect to EKS cluster API",
                "from_port": 443,
                "ipv6_cidr_blocks": [],
                "prefix_list_ids": [],
                "protocol": "tcp",
                "security_groups": [
                  "sg-021e010c38661ddce"
                ],
                "self": false,
                "to_port": 443
              },
              {
                "cidr_blocks": [],
                "description": "Allow Lambda to connect to EKS cluster API",
                "from_port": 443,
                "ipv6_cidr_blocks": [],
                "prefix_list_ids": [],
                "protocol": "tcp",
                "security_groups": [
                  "sg-0a904b4eaeaf49ac0"
                ],
                "self": false,
                "to_port": 443
              }
            ],
            "name": "eks-cluster-cluster",
            "name_prefix": "",
            "owner_id": "767398092878",
            "revoke_rules_on_delete": false,
            "tags": {
              "Name": "eks-cluster-cluster"
            },
            "tags_all": {
              "Name": "eks-cluster-cluster"
            },
            "timeouts": null,
            "vpc_id": "vpc-0a80f3578ae6fa27b"
          },
          "sensitive_attributes": [],
          "private": "eyJlMmJmYjczMC1lY2FhLTExZTYtOGY4OC0zNDM2M2JjN2M0YzAiOnsiY3JlYXRlIjo2MDAwMDAwMDAwMDAsImRlbGV0ZSI6OTAwMDAwMDAwMDAwfSwic2NoZW1hX3ZlcnNpb24iOiIxIn0=",
          "dependencies": [
            "module.network_config.aws_ec2_transit_gateway.this",
            "module.network_config.module.vpc.aws_eip.nat",
            "module.network_config.module.vpc.aws_internet_gateway.this",
            "module.network_config.module.vpc.aws_nat_gateway.this",
            "module.network_config.module.vpc.aws_security_group.allow_kms",
            "module.network_config.module.vpc.aws_security_group.allow_secretsmanager",
            "module.network_config.module.vpc.aws_subnet.this",
            "module.network_config.module.vpc.aws_vpc.this",
            "module.network_config.module.vpc.aws_vpc_dhcp_options.this",
            "module.network_config.module.vpc.aws_vpc_dhcp_options_association.this",
            "module.network_config.module.vpc.aws_vpc_endpoint.kms",
            "module.network_config.module.vpc.aws_vpc_endpoint.s3",
            "module.network_config.module.vpc.aws_vpc_endpoint.secretsmanager"
          ]
        }
      ]
    },
    {
      "module": "module.compute_config.module.eks",
      "mode": "managed",
      "type": "aws_security_group",
      "name": "lambda",
      "provider": "provider[\"registry.terraform.io/hashicorp/aws\"]",
      "instances": [
        {
          "index_key": 0,
          "schema_version": 1,
          "attributes": {
            "arn": "arn:aws:ec2:eu-central-1:767398092878:security-group/sg-0a904b4eaeaf49ac0",
            "description": "Security group for Lambda function that installs ArgoCD",
            "egress": [
              {
                "cidr_blocks": [
                  "0.0.0.0/0"
                ],
                "description": "Allow HTTPS traffic to download manifests",
                "from_port": 443,
                "ipv6_cidr_blocks": [],
                "prefix_list_ids": [],
                "protocol": "tcp",
                "security_groups": [],
                "self": false,
                "to_port": 443
              },
              {
                "cidr_blocks": [],
                "description": "Allow HTTPS traffic to EKS cluster endpoint",
                "from_port": 443,
                "ipv6_cidr_blocks": [],
                "prefix_list_ids": [],
                "protocol": "tcp",
                "security_groups": [
                  "sg-024b4021cb293d9a1"
                ],
                "self": false,
                "to_port": 443
              }
            ],
            "id": "sg-0a904b4eaeaf49ac0",
            "ingress": [],
            "name": "eks-cluster-lambda-sg",
            "name_prefix": "",
            "owner_id": "767398092878",
            "revoke_rules_on_delete": false,
            "tags": {
              "Name": "eks-cluster-lambda-sg"
            },
            "tags_all": {
              "Name": "eks-cluster-lambda-sg"
            },
            "timeouts": null,
            "vpc_id": "vpc-0a80f3578ae6fa27b"
          },
          "sensitive_attributes": [],
          "private": "eyJlMmJmYjczMC1lY2FhLTExZTYtOGY4OC0zNDM2M2JjN2M0YzAiOnsiY3JlYXRlIjo2MDAwMDAwMDAwMDAsImRlbGV0ZSI6OTAwMDAwMDAwMDAwfSwic2NoZW1hX3ZlcnNpb24iOiIxIn0=",
          "dependencies": [
            "module.compute_config.module.eks.aws_security_group.cluster",
            "module.network_config.aws_ec2_transit_gateway.this",
            "module.network_config.module.vpc.aws_eip.nat",
            "module.network_config.module.vpc.aws_internet_gateway.this",
            "module.network_config.module.vpc.aws_nat_gateway.this",
            "module.network_config.module.vpc.aws_security_group.allow_kms",
            "module.network_config.module.vpc.aws_security_group.allow_secretsmanager",
            "module.network_config.module.vpc.aws_subnet.this",
            "module.network_config.module.vpc.aws_vpc.this",
            "module.network_config.module.vpc.aws_vpc_dhcp_options.this",
            "module.network_config.module.vpc.aws_vpc_dhcp_options_association.this",
            "module.network_config.module.vpc.aws_vpc_endpoint.kms",
            "module.network_config.module.vpc.aws_vpc_endpoint.s3",
            "module.network_config.module.vpc.aws_vpc_endpoint.secretsmanager"
          ]
        }
      ]
    },
    {
      "module": "module.compute_config.module.eks",
      "mode": "managed",
      "type": "aws_security_group_rule",
      "name": "cluster_egress",
      "provider": "provider[\"registry.terraform.io/hashicorp/aws\"]",
      "instances": [
        {
          "schema_version": 2,
          "attributes": {
            "cidr_blocks": [
              "0.0.0.0/0"
            ],
            "description": "Allow cluster egress access",
            "from_port": 0,
            "id": "sgrule-1106687320",
            "ipv6_cidr_blocks": null,
            "prefix_list_ids": null,
            "protocol": "-1",
            "security_group_id": "sg-024b4021cb293d9a1",
            "security_group_rule_id": "sgr-00e8988a14b661eab",
            "self": false,
            "source_security_group_id": null,
            "timeouts": null,
            "to_port": 0,
            "type": "egress"
          },
          "sensitive_attributes": [],
          "private": "eyJlMmJmYjczMC1lY2FhLTExZTYtOGY4OC0zNDM2M2JjN2M0YzAiOnsiY3JlYXRlIjozMDAwMDAwMDAwMDB9LCJzY2hlbWFfdmVyc2lvbiI6IjIifQ==",
          "dependencies": [
            "module.compute_config.module.eks.aws_security_group.cluster",
            "module.network_config.aws_ec2_transit_gateway.this",
            "module.network_config.module.vpc.aws_eip.nat",
            "module.network_config.module.vpc.aws_internet_gateway.this",
            "module.network_config.module.vpc.aws_nat_gateway.this",
            "module.network_config.module.vpc.aws_security_group.allow_kms",
            "module.network_config.module.vpc.aws_security_group.allow_secretsmanager",
            "module.network_config.module.vpc.aws_subnet.this",
            "module.network_config.module.vpc.aws_vpc.this",
            "module.network_config.module.vpc.aws_vpc_dhcp_options.this",
            "module.network_config.module.vpc.aws_vpc_dhcp_options_association.this",
            "module.network_config.module.vpc.aws_vpc_endpoint.kms",
            "module.network_config.module.vpc.aws_vpc_endpoint.s3",
            "module.network_config.module.vpc.aws_vpc_endpoint.secretsmanager"
          ]
        }
      ]
    },
    {
      "module": "module.compute_config.module.eks",
      "mode": "managed",
      "type": "aws_security_group_rule",
      "name": "cluster_ingress_client_vpn",
      "provider": "provider[\"registry.terraform.io/hashicorp/aws\"]",
      "instances": [
        {
          "index_key": 0,
          "schema_version": 2,
          "attributes": {
            "cidr_blocks": null,
            "description": "Allow Client VPN to connect to EKS cluster API",
            "from_port": 443,
            "id": "sgrule-4085222722",
            "ipv6_cidr_blocks": null,
            "prefix_list_ids": null,
            "protocol": "tcp",
            "security_group_id": "sg-024b4021cb293d9a1",
            "security_group_rule_id": "sgr-0fc9da0874fbcad96",
            "self": false,
            "source_security_group_id": "sg-021e010c38661ddce",
            "timeouts": null,
            "to_port": 443,
            "type": "ingress"
          },
          "sensitive_attributes": [],
          "private": "eyJlMmJmYjczMC1lY2FhLTExZTYtOGY4OC0zNDM2M2JjN2M0YzAiOnsiY3JlYXRlIjozMDAwMDAwMDAwMDB9LCJzY2hlbWFfdmVyc2lvbiI6IjIifQ==",
          "dependencies": [
            "module.compute_config.module.eks.aws_security_group.cluster",
            "module.network_config.aws_acm_certificate.client_ca",
            "module.network_config.aws_acm_certificate.server",
            "module.network_config.aws_ec2_client_vpn_authorization_rule.this",
            "module.network_config.aws_ec2_client_vpn_endpoint.this",
            "module.network_config.aws_ec2_client_vpn_network_association.this",
            "module.network_config.aws_ec2_client_vpn_route.to_transit_gateway",
            "module.network_config.aws_ec2_transit_gateway.this",
            "module.network_config.aws_ec2_transit_gateway_route.this",
            "module.network_config.aws_ec2_transit_gateway_route_table.this",
            "module.network_config.aws_ec2_transit_gateway_route_table_propagation.this",
            "module.network_config.aws_ec2_transit_gateway_vpc_attachment.this",
            "module.network_config.aws_security_group.client_vpn",
            "module.network_config.aws_ssm_parameter.ca_cert",
            "module.network_config.aws_ssm_parameter.ca_key",
            "module.network_config.aws_ssm_parameter.client_cert",
            "module.network_config.aws_ssm_parameter.client_key",
            "module.network_config.module.routing.aws_route_table.this",
            "module.network_config.module.routing.aws_vpc_endpoint_route_table_association.this",
            "module.network_config.module.vpc.aws_eip.nat",
            "module.network_config.module.vpc.aws_internet_gateway.this",
            "module.network_config.module.vpc.aws_nat_gateway.this",
            "module.network_config.module.vpc.aws_security_group.allow_kms",
            "module.network_config.module.vpc.aws_security_group.allow_secretsmanager",
            "module.network_config.module.vpc.aws_subnet.this",
            "module.network_config.module.vpc.aws_vpc.this",
            "module.network_config.module.vpc.aws_vpc_dhcp_options.this",
            "module.network_config.module.vpc.aws_vpc_dhcp_options_association.this",
            "module.network_config.module.vpc.aws_vpc_endpoint.kms",
            "module.network_config.module.vpc.aws_vpc_endpoint.s3",
            "module.network_config.module.vpc.aws_vpc_endpoint.secretsmanager",
            "module.network_config.tls_cert_request.client",
            "module.network_config.tls_cert_request.server",
            "module.network_config.tls_locally_signed_cert.client",
            "module.network_config.tls_locally_signed_cert.server",
            "module.network_config.tls_private_key.ca",
            "module.network_config.tls_private_key.client",
            "module.network_config.tls_private_key.server",
            "module.network_config.tls_self_signed_cert.ca"
          ]
        }
      ]
    },
    {
      "module": "module.compute_config.module.eks",
      "mode": "managed",
      "type": "aws_security_group_rule",
      "name": "cluster_ingress_lambda",
      "provider": "provider[\"registry.terraform.io/hashicorp/aws\"]",
      "instances": [
        {
          "index_key": 0,
          "schema_version": 2,
          "attributes": {
            "cidr_blocks": null,
            "description": "Allow Lambda to connect to EKS cluster API",
            "from_port": 443,
            "id": "sgrule-1221034790",
            "ipv6_cidr_blocks": null,
            "prefix_list_ids": null,
            "protocol": "tcp",
            "security_group_id": "sg-024b4021cb293d9a1",
            "security_group_rule_id": "sgr-06e593de5d3b75155",
            "self": false,
            "source_security_group_id": "sg-0a904b4eaeaf49ac0",
            "timeouts": null,
            "to_port": 443,
            "type": "ingress"
          },
          "sensitive_attributes": [],
          "private": "eyJlMmJmYjczMC1lY2FhLTExZTYtOGY4OC0zNDM2M2JjN2M0YzAiOnsiY3JlYXRlIjozMDAwMDAwMDAwMDB9LCJzY2hlbWFfdmVyc2lvbiI6IjIifQ==",
          "dependencies": [
            "module.compute_config.module.eks.aws_security_group.cluster",
            "module.compute_config.module.eks.aws_security_group.lambda",
            "module.network_config.aws_ec2_transit_gateway.this",
            "module.network_config.module.vpc.aws_eip.nat",
            "module.network_config.module.vpc.aws_internet_gateway.this",
            "module.network_config.module.vpc.aws_nat_gateway.this",
            "module.network_config.module.vpc.aws_security_group.allow_kms",
            "module.network_config.module.vpc.aws_security_group.allow_secretsmanager",
            "module.network_config.module.vpc.aws_subnet.this",
            "module.network_config.module.vpc.aws_vpc.this",
            "module.network_config.module.vpc.aws_vpc_dhcp_options.this",
            "module.network_config.module.vpc.aws_vpc_dhcp_options_association.this",
            "module.network_config.module.vpc.aws_vpc_endpoint.kms",
            "module.network_config.module.vpc.aws_vpc_endpoint.s3",
            "module.network_config.module.vpc.aws_vpc_endpoint.secretsmanager"
          ]
        }
      ]
    },
    {
      "module": "module.compute_config.module.eks",
      "mode": "managed",
      "type": "null_resource",
      "name": "prepare_lambda_layer",
      "provider": "provider[\"registry.terraform.io/hashicorp/null\"]",
      "instances": [
        {
          "index_key": 0,
          "schema_version": 0,
          "attributes": {
            "id": "8616589723155534671",
            "triggers": {
              "force_deploy": "2025-05-23T20:16:49Z",
              "requirements_hash": "6fe36ae81667ac9d9b53d5059305e00f",
              "source_code_hash": "ecd16a8c0fdb82e321bd839aa74f74bd"
            }
          },
          "sensitive_attributes": []
        }
      ]
    },
    {
      "module": "module.compute_config.module.lambda",
      "mode": "data",
      "type": "archive_file",
      "name": "lambda_placeholder",
      "provider": "provider[\"registry.terraform.io/hashicorp/archive\"]",
      "instances": [
        {
          "schema_version": 0,
          "attributes": {
            "exclude_symlink_directories": null,
            "excludes": null,
            "id": "1e618acb323b6da8ccdf4a9067642d3e07797b24",
            "output_base64sha256": "nbYRlm3TgG9eWdbcUd+kTEGTDWq0Gi2mlEQIiCyXyUI=",
            "output_base64sha512": "7D2Ldlgim6oDdW8/Ty1DFUN/ubEM3nqxiW2nsQkHxiZftrNvmw/T4nwiB1WM5m50LqAgERku3ZaKL+x9dF9/pw==",
            "output_file_mode": null,
            "output_md5": "96ec127a5dc9a9aca0a984fc15800be8",
            "output_path": "modules/compute/lambda/placeholder.zip",
            "output_sha": "1e618acb323b6da8ccdf4a9067642d3e07797b24",
            "output_sha256": "9db611966dd3806f5e59d6dc51dfa44c41930d6ab41a2da6944408882c97c942",
            "output_sha512": "ec3d8b7658229baa03756f3f4f2d4315437fb9b10cde7ab1896da7b10907c6265fb6b36f9b0fd3e27c2207558ce66e742ea02011192edd968a2fec7d745f7fa7",
            "output_size": 207,
            "source": [
              {
                "content": "exports.handler = async () =\u003e ({ statusCode: 200, body: 'Placeholder' });",
                "filename": "main.js"
              }
            ],
            "source_content": null,
            "source_content_filename": null,
            "source_dir": null,
            "source_file": null,
            "type": "zip"
          },
          "sensitive_attributes": []
        }
      ]
    },
    {
      "module": "module.compute_config.module.lambda",
      "mode": "managed",
      "type": "aws_apigatewayv2_api",
      "name": "main",
      "provider": "provider[\"registry.terraform.io/hashicorp/aws\"]",
      "instances": [
        {
          "schema_version": 0,
          "attributes": {
            "api_endpoint": "https://tyr0tni58e.execute-api.eu-central-1.amazonaws.com",
            "api_key_selection_expression": "$request.header.x-api-key",
            "arn": "arn:aws:apigateway:eu-central-1::/apis/tyr0tni58e",
            "body": null,
            "cors_configuration": [],
            "credentials_arn": null,
            "description": "",
            "disable_execute_api_endpoint": false,
            "execution_arn": "arn:aws:execute-api:eu-central-1:767398092878:tyr0tni58e",
            "fail_on_warnings": null,
            "id": "tyr0tni58e",
            "ip_address_type": "ipv4",
            "name": "ins-webserver-api",
            "protocol_type": "HTTP",
            "route_key": null,
            "route_selection_expression": "$request.method $request.path",
            "tags": {},
            "tags_all": {},
            "target": null,
            "version": ""
          },
          "sensitive_attributes": [],
          "private": "bnVsbA==",
          "dependencies": [
            "module.network_config.aws_ec2_transit_gateway.this",
            "module.network_config.module.vpc.aws_eip.nat",
            "module.network_config.module.vpc.aws_internet_gateway.this",
            "module.network_config.module.vpc.aws_nat_gateway.this",
            "module.network_config.module.vpc.aws_security_group.allow_kms",
            "module.network_config.module.vpc.aws_security_group.allow_secretsmanager",
            "module.network_config.module.vpc.aws_subnet.this",
            "module.network_config.module.vpc.aws_vpc.this",
            "module.network_config.module.vpc.aws_vpc_dhcp_options.this",
            "module.network_config.module.vpc.aws_vpc_dhcp_options_association.this",
            "module.network_config.module.vpc.aws_vpc_endpoint.kms",
            "module.network_config.module.vpc.aws_vpc_endpoint.s3",
            "module.network_config.module.vpc.aws_vpc_endpoint.secretsmanager"
          ]
        }
      ]
    },
    {
      "module": "module.compute_config.module.lambda",
      "mode": "managed",
      "type": "aws_apigatewayv2_integration",
      "name": "lambda",
      "provider": "provider[\"registry.terraform.io/hashicorp/aws\"]",
      "instances": [
        {
          "schema_version": 0,
          "attributes": {
            "api_id": "tyr0tni58e",
            "connection_id": "",
            "connection_type": "INTERNET",
            "content_handling_strategy": "",
            "credentials_arn": "",
            "description": "",
            "id": "diy36cv",
            "integration_method": "POST",
            "integration_response_selection_expression": "",
            "integration_subtype": "",
            "integration_type": "AWS_PROXY",
            "integration_uri": "arn:aws:apigateway:eu-central-1:lambda:path/2015-03-31/functions/arn:aws:lambda:eu-central-1:767398092878:function:ins-webserver/invocations",
            "passthrough_behavior": "",
            "payload_format_version": "1.0",
            "request_parameters": {},
            "request_templates": {},
            "response_parameters": [],
            "template_selection_expression": "",
            "timeout_milliseconds": 30000,
            "tls_config": []
          },
          "sensitive_attributes": [],
          "private": "bnVsbA==",
          "dependencies": [
            "module.compute_config.module.lambda.aws_apigatewayv2_api.main",
            "module.compute_config.module.lambda.aws_iam_role.lambda_exec",
            "module.compute_config.module.lambda.aws_lambda_function.nestjs_app",
            "module.compute_config.module.lambda.aws_security_group.lambda_security_group",
            "module.compute_config.module.lambda.data.archive_file.lambda_placeholder",
            "module.network_config.aws_acm_certificate.client_ca",
            "module.network_config.aws_acm_certificate.server",
            "module.network_config.aws_ec2_client_vpn_authorization_rule.this",
            "module.network_config.aws_ec2_client_vpn_endpoint.this",
            "module.network_config.aws_ec2_client_vpn_network_association.this",
            "module.network_config.aws_ec2_client_vpn_route.to_transit_gateway",
            "module.network_config.aws_ec2_transit_gateway.this",
            "module.network_config.aws_ec2_transit_gateway_route.this",
            "module.network_config.aws_ec2_transit_gateway_route_table.this",
            "module.network_config.aws_ec2_transit_gateway_route_table_propagation.this",
            "module.network_config.aws_ec2_transit_gateway_vpc_attachment.this",
            "module.network_config.aws_security_group.client_vpn",
            "module.network_config.aws_ssm_parameter.ca_cert",
            "module.network_config.aws_ssm_parameter.ca_key",
            "module.network_config.aws_ssm_parameter.client_cert",
            "module.network_config.aws_ssm_parameter.client_key",
            "module.network_config.module.routing.aws_route_table.this",
            "module.network_config.module.routing.aws_vpc_endpoint_route_table_association.this",
            "module.network_config.module.vpc.aws_eip.nat",
            "module.network_config.module.vpc.aws_internet_gateway.this",
            "module.network_config.module.vpc.aws_nat_gateway.this",
            "module.network_config.module.vpc.aws_security_group.allow_kms",
            "module.network_config.module.vpc.aws_security_group.allow_secretsmanager",
            "module.network_config.module.vpc.aws_subnet.this",
            "module.network_config.module.vpc.aws_vpc.this",
            "module.network_config.module.vpc.aws_vpc_dhcp_options.this",
            "module.network_config.module.vpc.aws_vpc_dhcp_options_association.this",
            "module.network_config.module.vpc.aws_vpc_endpoint.kms",
            "module.network_config.module.vpc.aws_vpc_endpoint.s3",
            "module.network_config.module.vpc.aws_vpc_endpoint.secretsmanager",
            "module.network_config.tls_cert_request.client",
            "module.network_config.tls_cert_request.server",
            "module.network_config.tls_locally_signed_cert.client",
            "module.network_config.tls_locally_signed_cert.server",
            "module.network_config.tls_private_key.ca",
            "module.network_config.tls_private_key.client",
            "module.network_config.tls_private_key.server",
            "module.network_config.tls_self_signed_cert.ca",
            "module.storage_config.aws_cloudfront_distribution.static_website_cdn",
            "module.storage_config.aws_s3_bucket.static_website",
            "module.storage_config.aws_s3_bucket_acl.bucket_acl",
            "module.storage_config.aws_s3_bucket_cors_configuration.cors",
            "module.storage_config.aws_s3_bucket_ownership_controls.ownership",
            "module.storage_config.aws_s3_bucket_policy.bucket_policy",
            "module.storage_config.aws_s3_bucket_public_access_block.public_access",
            "module.storage_config.aws_s3_bucket_versioning.versioning",
            "module.storage_config.aws_s3_bucket_website_configuration.static_website"
          ]
        }
      ]
    },
    {
      "module": "module.compute_config.module.lambda",
      "mode": "managed",
      "type": "aws_apigatewayv2_route",
      "name": "catch_all",
      "provider": "provider[\"registry.terraform.io/hashicorp/aws\"]",
      "instances": [
        {
          "schema_version": 0,
          "attributes": {
            "api_id": "tyr0tni58e",
            "api_key_required": false,
            "authorization_scopes": [],
            "authorization_type": "NONE",
            "authorizer_id": "",
            "id": "h732dji",
            "model_selection_expression": "",
            "operation_name": "",
            "request_models": {},
            "request_parameter": [],
            "route_key": "ANY /{proxy+}",
            "route_response_selection_expression": "",
            "target": "integrations/diy36cv"
          },
          "sensitive_attributes": [],
          "private": "bnVsbA==",
          "dependencies": [
            "module.compute_config.module.lambda.aws_apigatewayv2_api.main",
            "module.compute_config.module.lambda.aws_apigatewayv2_integration.lambda",
            "module.compute_config.module.lambda.aws_iam_role.lambda_exec",
            "module.compute_config.module.lambda.aws_lambda_function.nestjs_app",
            "module.compute_config.module.lambda.aws_security_group.lambda_security_group",
            "module.compute_config.module.lambda.data.archive_file.lambda_placeholder",
            "module.network_config.aws_acm_certificate.client_ca",
            "module.network_config.aws_acm_certificate.server",
            "module.network_config.aws_ec2_client_vpn_authorization_rule.this",
            "module.network_config.aws_ec2_client_vpn_endpoint.this",
            "module.network_config.aws_ec2_client_vpn_network_association.this",
            "module.network_config.aws_ec2_client_vpn_route.to_transit_gateway",
            "module.network_config.aws_ec2_transit_gateway.this",
            "module.network_config.aws_ec2_transit_gateway_route.this",
            "module.network_config.aws_ec2_transit_gateway_route_table.this",
            "module.network_config.aws_ec2_transit_gateway_route_table_propagation.this",
            "module.network_config.aws_ec2_transit_gateway_vpc_attachment.this",
            "module.network_config.aws_security_group.client_vpn",
            "module.network_config.aws_ssm_parameter.ca_cert",
            "module.network_config.aws_ssm_parameter.ca_key",
            "module.network_config.aws_ssm_parameter.client_cert",
            "module.network_config.aws_ssm_parameter.client_key",
            "module.network_config.module.routing.aws_route_table.this",
            "module.network_config.module.routing.aws_vpc_endpoint_route_table_association.this",
            "module.network_config.module.vpc.aws_eip.nat",
            "module.network_config.module.vpc.aws_internet_gateway.this",
            "module.network_config.module.vpc.aws_nat_gateway.this",
            "module.network_config.module.vpc.aws_security_group.allow_kms",
            "module.network_config.module.vpc.aws_security_group.allow_secretsmanager",
            "module.network_config.module.vpc.aws_subnet.this",
            "module.network_config.module.vpc.aws_vpc.this",
            "module.network_config.module.vpc.aws_vpc_dhcp_options.this",
            "module.network_config.module.vpc.aws_vpc_dhcp_options_association.this",
            "module.network_config.module.vpc.aws_vpc_endpoint.kms",
            "module.network_config.module.vpc.aws_vpc_endpoint.s3",
            "module.network_config.module.vpc.aws_vpc_endpoint.secretsmanager",
            "module.network_config.tls_cert_request.client",
            "module.network_config.tls_cert_request.server",
            "module.network_config.tls_locally_signed_cert.client",
            "module.network_config.tls_locally_signed_cert.server",
            "module.network_config.tls_private_key.ca",
            "module.network_config.tls_private_key.client",
            "module.network_config.tls_private_key.server",
            "module.network_config.tls_self_signed_cert.ca",
            "module.storage_config.aws_cloudfront_distribution.static_website_cdn",
            "module.storage_config.aws_s3_bucket.static_website",
            "module.storage_config.aws_s3_bucket_acl.bucket_acl",
            "module.storage_config.aws_s3_bucket_cors_configuration.cors",
            "module.storage_config.aws_s3_bucket_ownership_controls.ownership",
            "module.storage_config.aws_s3_bucket_policy.bucket_policy",
            "module.storage_config.aws_s3_bucket_public_access_block.public_access",
            "module.storage_config.aws_s3_bucket_versioning.versioning",
            "module.storage_config.aws_s3_bucket_website_configuration.static_website"
          ]
        }
      ]
    },
    {
      "module": "module.compute_config.module.lambda",
      "mode": "managed",
      "type": "aws_apigatewayv2_stage",
      "name": "default",
      "provider": "provider[\"registry.terraform.io/hashicorp/aws\"]",
      "instances": [
        {
          "schema_version": 0,
          "attributes": {
            "access_log_settings": [
              {
                "destination_arn": "arn:aws:logs:eu-central-1:767398092878:log-group:/aws/apigateway/ins-webserver-api",
                "format": "{\"httpMethod\":\"$context.httpMethod\",\"integrationLatency\":\"$context.integrationLatency\",\"ip\":\"$context.identity.sourceIp\",\"protocol\":\"$context.protocol\",\"requestId\":\"$context.requestId\",\"requestTime\":\"$context.requestTime\",\"responseLength\":\"$context.responseLength\",\"routeKey\":\"$context.routeKey\",\"status\":\"$context.status\"}"
              }
            ],
            "api_id": "tyr0tni58e",
            "arn": "arn:aws:apigateway:eu-central-1::/apis/tyr0tni58e/stages/$default",
            "auto_deploy": true,
            "client_certificate_id": "",
            "default_route_settings": [
              {
                "data_trace_enabled": false,
                "detailed_metrics_enabled": false,
                "logging_level": "",
                "throttling_burst_limit": 0,
                "throttling_rate_limit": 0
              }
            ],
            "deployment_id": "9ih77v",
            "description": "",
            "execution_arn": "arn:aws:execute-api:eu-central-1:767398092878:tyr0tni58e/$default",
            "id": "$default",
            "invoke_url": "https://tyr0tni58e.execute-api.eu-central-1.amazonaws.com/",
            "name": "$default",
            "route_settings": [],
            "stage_variables": {},
            "tags": {},
            "tags_all": {}
          },
          "sensitive_attributes": [],
          "private": "bnVsbA==",
          "dependencies": [
            "module.compute_config.module.lambda.aws_apigatewayv2_api.main",
            "module.compute_config.module.lambda.aws_cloudwatch_log_group.api_gateway_logs",
            "module.network_config.aws_ec2_transit_gateway.this",
            "module.network_config.module.vpc.aws_eip.nat",
            "module.network_config.module.vpc.aws_internet_gateway.this",
            "module.network_config.module.vpc.aws_nat_gateway.this",
            "module.network_config.module.vpc.aws_security_group.allow_kms",
            "module.network_config.module.vpc.aws_security_group.allow_secretsmanager",
            "module.network_config.module.vpc.aws_subnet.this",
            "module.network_config.module.vpc.aws_vpc.this",
            "module.network_config.module.vpc.aws_vpc_dhcp_options.this",
            "module.network_config.module.vpc.aws_vpc_dhcp_options_association.this",
            "module.network_config.module.vpc.aws_vpc_endpoint.kms",
            "module.network_config.module.vpc.aws_vpc_endpoint.s3",
            "module.network_config.module.vpc.aws_vpc_endpoint.secretsmanager"
          ]
        }
      ]
    },
    {
      "module": "module.compute_config.module.lambda",
      "mode": "managed",
      "type": "aws_cloudwatch_log_group",
      "name": "api_gateway_logs",
      "provider": "provider[\"registry.terraform.io/hashicorp/aws\"]",
      "instances": [
        {
          "schema_version": 0,
          "attributes": {
            "arn": "arn:aws:logs:eu-central-1:767398092878:log-group:/aws/apigateway/ins-webserver-api",
            "id": "/aws/apigateway/ins-webserver-api",
            "kms_key_id": "",
            "log_group_class": "STANDARD",
            "name": "/aws/apigateway/ins-webserver-api",
            "name_prefix": "",
            "retention_in_days": 7,
            "skip_destroy": false,
            "tags": {},
            "tags_all": {}
          },
          "sensitive_attributes": [],
          "private": "bnVsbA==",
          "dependencies": [
            "module.network_config.aws_ec2_transit_gateway.this",
            "module.network_config.module.vpc.aws_eip.nat",
            "module.network_config.module.vpc.aws_internet_gateway.this",
            "module.network_config.module.vpc.aws_nat_gateway.this",
            "module.network_config.module.vpc.aws_security_group.allow_kms",
            "module.network_config.module.vpc.aws_security_group.allow_secretsmanager",
            "module.network_config.module.vpc.aws_subnet.this",
            "module.network_config.module.vpc.aws_vpc.this",
            "module.network_config.module.vpc.aws_vpc_dhcp_options.this",
            "module.network_config.module.vpc.aws_vpc_dhcp_options_association.this",
            "module.network_config.module.vpc.aws_vpc_endpoint.kms",
            "module.network_config.module.vpc.aws_vpc_endpoint.s3",
            "module.network_config.module.vpc.aws_vpc_endpoint.secretsmanager"
          ]
        }
      ]
    },
    {
      "module": "module.compute_config.module.lambda",
      "mode": "managed",
      "type": "aws_iam_role",
      "name": "lambda_exec",
      "provider": "provider[\"registry.terraform.io/hashicorp/aws\"]",
      "instances": [
        {
          "schema_version": 0,
          "attributes": {
            "arn": "arn:aws:iam::767398092878:role/ins-webserver-lambda-exec",
            "assume_role_policy": "{\"Statement\":[{\"Action\":\"sts:AssumeRole\",\"Effect\":\"Allow\",\"Principal\":{\"Service\":\"lambda.amazonaws.com\"}}],\"Version\":\"2012-10-17\"}",
            "create_date": "2025-05-23T19:07:15Z",
            "description": "",
            "force_detach_policies": false,
            "id": "ins-webserver-lambda-exec",
            "inline_policy": [],
            "managed_policy_arns": [
              "arn:aws:iam::aws:policy/AmazonEC2FullAccess"
            ],
            "max_session_duration": 3600,
            "name": "ins-webserver-lambda-exec",
            "name_prefix": "",
            "path": "/",
            "permissions_boundary": "",
            "tags": {},
            "tags_all": {},
            "unique_id": "AROA3FLD5UBHIJQ5KDF4E"
          },
          "sensitive_attributes": [],
          "private": "bnVsbA==",
          "dependencies": [
            "module.network_config.aws_acm_certificate.client_ca",
            "module.network_config.aws_acm_certificate.server",
            "module.network_config.aws_ec2_client_vpn_authorization_rule.this",
            "module.network_config.aws_ec2_client_vpn_endpoint.this",
            "module.network_config.aws_ec2_client_vpn_network_association.this",
            "module.network_config.aws_ec2_client_vpn_route.to_transit_gateway",
            "module.network_config.aws_ec2_transit_gateway.this",
            "module.network_config.aws_ec2_transit_gateway_route.this",
            "module.network_config.aws_ec2_transit_gateway_route_table.this",
            "module.network_config.aws_ec2_transit_gateway_route_table_propagation.this",
            "module.network_config.aws_ec2_transit_gateway_vpc_attachment.this",
            "module.network_config.aws_security_group.client_vpn",
            "module.network_config.aws_ssm_parameter.ca_cert",
            "module.network_config.aws_ssm_parameter.ca_key",
            "module.network_config.aws_ssm_parameter.client_cert",
            "module.network_config.aws_ssm_parameter.client_key",
            "module.network_config.module.routing.aws_route_table.this",
            "module.network_config.module.routing.aws_vpc_endpoint_route_table_association.this",
            "module.network_config.module.vpc.aws_eip.nat",
            "module.network_config.module.vpc.aws_internet_gateway.this",
            "module.network_config.module.vpc.aws_nat_gateway.this",
            "module.network_config.module.vpc.aws_security_group.allow_kms",
            "module.network_config.module.vpc.aws_security_group.allow_secretsmanager",
            "module.network_config.module.vpc.aws_subnet.this",
            "module.network_config.module.vpc.aws_vpc.this",
            "module.network_config.module.vpc.aws_vpc_dhcp_options.this",
            "module.network_config.module.vpc.aws_vpc_dhcp_options_association.this",
            "module.network_config.module.vpc.aws_vpc_endpoint.kms",
            "module.network_config.module.vpc.aws_vpc_endpoint.s3",
            "module.network_config.module.vpc.aws_vpc_endpoint.secretsmanager",
            "module.network_config.tls_cert_request.client",
            "module.network_config.tls_cert_request.server",
            "module.network_config.tls_locally_signed_cert.client",
            "module.network_config.tls_locally_signed_cert.server",
            "module.network_config.tls_private_key.ca",
            "module.network_config.tls_private_key.client",
            "module.network_config.tls_private_key.server",
            "module.network_config.tls_self_signed_cert.ca",
            "module.storage_config.aws_cloudfront_distribution.static_website_cdn",
            "module.storage_config.aws_s3_bucket.static_website",
            "module.storage_config.aws_s3_bucket_acl.bucket_acl",
            "module.storage_config.aws_s3_bucket_cors_configuration.cors",
            "module.storage_config.aws_s3_bucket_ownership_controls.ownership",
            "module.storage_config.aws_s3_bucket_policy.bucket_policy",
            "module.storage_config.aws_s3_bucket_public_access_block.public_access",
            "module.storage_config.aws_s3_bucket_versioning.versioning",
            "module.storage_config.aws_s3_bucket_website_configuration.static_website"
          ]
        }
      ]
    },
    {
      "module": "module.compute_config.module.lambda",
      "mode": "managed",
      "type": "aws_iam_role_policy_attachment",
      "name": "lambda_exec_policy",
      "provider": "provider[\"registry.terraform.io/hashicorp/aws\"]",
      "instances": [
        {
          "schema_version": 0,
          "attributes": {
            "id": "ins-webserver-lambda-exec-20250523190715769100000002",
            "policy_arn": "arn:aws:iam::aws:policy/AmazonEC2FullAccess",
            "role": "ins-webserver-lambda-exec"
          },
          "sensitive_attributes": [],
          "private": "bnVsbA==",
          "dependencies": [
            "module.compute_config.module.lambda.aws_iam_role.lambda_exec",
            "module.network_config.aws_acm_certificate.client_ca",
            "module.network_config.aws_acm_certificate.server",
            "module.network_config.aws_ec2_client_vpn_authorization_rule.this",
            "module.network_config.aws_ec2_client_vpn_endpoint.this",
            "module.network_config.aws_ec2_client_vpn_network_association.this",
            "module.network_config.aws_ec2_client_vpn_route.to_transit_gateway",
            "module.network_config.aws_ec2_transit_gateway.this",
            "module.network_config.aws_ec2_transit_gateway_route.this",
            "module.network_config.aws_ec2_transit_gateway_route_table.this",
            "module.network_config.aws_ec2_transit_gateway_route_table_propagation.this",
            "module.network_config.aws_ec2_transit_gateway_vpc_attachment.this",
            "module.network_config.aws_security_group.client_vpn",
            "module.network_config.aws_ssm_parameter.ca_cert",
            "module.network_config.aws_ssm_parameter.ca_key",
            "module.network_config.aws_ssm_parameter.client_cert",
            "module.network_config.aws_ssm_parameter.client_key",
            "module.network_config.module.routing.aws_route_table.this",
            "module.network_config.module.routing.aws_vpc_endpoint_route_table_association.this",
            "module.network_config.module.vpc.aws_eip.nat",
            "module.network_config.module.vpc.aws_internet_gateway.this",
            "module.network_config.module.vpc.aws_nat_gateway.this",
            "module.network_config.module.vpc.aws_security_group.allow_kms",
            "module.network_config.module.vpc.aws_security_group.allow_secretsmanager",
            "module.network_config.module.vpc.aws_subnet.this",
            "module.network_config.module.vpc.aws_vpc.this",
            "module.network_config.module.vpc.aws_vpc_dhcp_options.this",
            "module.network_config.module.vpc.aws_vpc_dhcp_options_association.this",
            "module.network_config.module.vpc.aws_vpc_endpoint.kms",
            "module.network_config.module.vpc.aws_vpc_endpoint.s3",
            "module.network_config.module.vpc.aws_vpc_endpoint.secretsmanager",
            "module.network_config.tls_cert_request.client",
            "module.network_config.tls_cert_request.server",
            "module.network_config.tls_locally_signed_cert.client",
            "module.network_config.tls_locally_signed_cert.server",
            "module.network_config.tls_private_key.ca",
            "module.network_config.tls_private_key.client",
            "module.network_config.tls_private_key.server",
            "module.network_config.tls_self_signed_cert.ca",
            "module.storage_config.aws_cloudfront_distribution.static_website_cdn",
            "module.storage_config.aws_s3_bucket.static_website",
            "module.storage_config.aws_s3_bucket_acl.bucket_acl",
            "module.storage_config.aws_s3_bucket_cors_configuration.cors",
            "module.storage_config.aws_s3_bucket_ownership_controls.ownership",
            "module.storage_config.aws_s3_bucket_policy.bucket_policy",
            "module.storage_config.aws_s3_bucket_public_access_block.public_access",
            "module.storage_config.aws_s3_bucket_versioning.versioning",
            "module.storage_config.aws_s3_bucket_website_configuration.static_website"
          ]
        }
      ]
    },
    {
      "module": "module.compute_config.module.lambda",
      "mode": "managed",
      "type": "aws_lambda_function",
      "name": "nestjs_app",
      "provider": "provider[\"registry.terraform.io/hashicorp/aws\"]",
      "instances": [
        {
          "schema_version": 0,
          "attributes": {
            "architectures": [
              "x86_64"
            ],
            "arn": "arn:aws:lambda:eu-central-1:767398092878:function:ins-webserver",
            "code_sha256": "nbYRlm3TgG9eWdbcUd+kTEGTDWq0Gi2mlEQIiCyXyUI=",
            "code_signing_config_arn": "",
            "dead_letter_config": [],
            "description": "",
            "environment": [],
            "ephemeral_storage": [
              {
                "size": 512
              }
            ],
            "file_system_config": [],
            "filename": "modules/compute/lambda/placeholder.zip",
            "function_name": "ins-webserver",
            "handler": "dist/main.handler",
            "id": "ins-webserver",
            "image_config": [],
            "image_uri": "",
            "invoke_arn": "arn:aws:apigateway:eu-central-1:lambda:path/2015-03-31/functions/arn:aws:lambda:eu-central-1:767398092878:function:ins-webserver/invocations",
            "kms_key_arn": "",
            "last_modified": "2025-05-23T19:07:25.070+0000",
            "layers": [],
            "logging_config": [
              {
                "application_log_level": "",
                "log_format": "Text",
                "log_group": "/aws/lambda/ins-webserver",
                "system_log_level": ""
              }
            ],
            "memory_size": 512,
            "package_type": "Zip",
            "publish": false,
            "qualified_arn": "arn:aws:lambda:eu-central-1:767398092878:function:ins-webserver:$LATEST",
            "qualified_invoke_arn": "arn:aws:apigateway:eu-central-1:lambda:path/2015-03-31/functions/arn:aws:lambda:eu-central-1:767398092878:function:ins-webserver:$LATEST/invocations",
            "replace_security_groups_on_destroy": null,
            "replacement_security_group_ids": null,
            "reserved_concurrent_executions": -1,
            "role": "arn:aws:iam::767398092878:role/ins-webserver-lambda-exec",
            "runtime": "nodejs22.x",
            "s3_bucket": null,
            "s3_key": null,
            "s3_object_version": null,
            "signing_job_arn": "",
            "signing_profile_version_arn": "",
            "skip_destroy": false,
            "snap_start": [],
            "source_code_hash": "nbYRlm3TgG9eWdbcUd+kTEGTDWq0Gi2mlEQIiCyXyUI=",
            "source_code_size": 207,
            "tags": {},
            "tags_all": {},
            "timeout": 30,
            "timeouts": null,
            "tracing_config": [
              {
                "mode": "PassThrough"
              }
            ],
            "version": "$LATEST",
            "vpc_config": [
              {
                "ipv6_allowed_for_dual_stack": false,
                "security_group_ids": [
                  "sg-002c6ba142942b21d"
                ],
                "subnet_ids": [
                  "subnet-02e1e393ab3fce5b6",
                  "subnet-08020616759072318"
                ],
                "vpc_id": "vpc-002d8769ef29aa6fc"
              }
            ]
          },
          "sensitive_attributes": [],
          "private": "eyJlMmJmYjczMC1lY2FhLTExZTYtOGY4OC0zNDM2M2JjN2M0YzAiOnsiY3JlYXRlIjo2MDAwMDAwMDAwMDAsImRlbGV0ZSI6NjAwMDAwMDAwMDAwLCJ1cGRhdGUiOjYwMDAwMDAwMDAwMH19",
          "dependencies": [
            "module.compute_config.module.lambda.aws_iam_role.lambda_exec",
            "module.compute_config.module.lambda.aws_security_group.lambda_security_group",
            "module.compute_config.module.lambda.data.archive_file.lambda_placeholder",
            "module.network_config.aws_acm_certificate.client_ca",
            "module.network_config.aws_acm_certificate.server",
            "module.network_config.aws_ec2_client_vpn_authorization_rule.this",
            "module.network_config.aws_ec2_client_vpn_endpoint.this",
            "module.network_config.aws_ec2_client_vpn_network_association.this",
            "module.network_config.aws_ec2_client_vpn_route.to_transit_gateway",
            "module.network_config.aws_ec2_transit_gateway.this",
            "module.network_config.aws_ec2_transit_gateway_route.this",
            "module.network_config.aws_ec2_transit_gateway_route_table.this",
            "module.network_config.aws_ec2_transit_gateway_route_table_propagation.this",
            "module.network_config.aws_ec2_transit_gateway_vpc_attachment.this",
            "module.network_config.aws_security_group.client_vpn",
            "module.network_config.aws_ssm_parameter.ca_cert",
            "module.network_config.aws_ssm_parameter.ca_key",
            "module.network_config.aws_ssm_parameter.client_cert",
            "module.network_config.aws_ssm_parameter.client_key",
            "module.network_config.module.routing.aws_route_table.this",
            "module.network_config.module.routing.aws_vpc_endpoint_route_table_association.this",
            "module.network_config.module.vpc.aws_eip.nat",
            "module.network_config.module.vpc.aws_internet_gateway.this",
            "module.network_config.module.vpc.aws_nat_gateway.this",
            "module.network_config.module.vpc.aws_security_group.allow_kms",
            "module.network_config.module.vpc.aws_security_group.allow_secretsmanager",
            "module.network_config.module.vpc.aws_subnet.this",
            "module.network_config.module.vpc.aws_vpc.this",
            "module.network_config.module.vpc.aws_vpc_dhcp_options.this",
            "module.network_config.module.vpc.aws_vpc_dhcp_options_association.this",
            "module.network_config.module.vpc.aws_vpc_endpoint.kms",
            "module.network_config.module.vpc.aws_vpc_endpoint.s3",
            "module.network_config.module.vpc.aws_vpc_endpoint.secretsmanager",
            "module.network_config.tls_cert_request.client",
            "module.network_config.tls_cert_request.server",
            "module.network_config.tls_locally_signed_cert.client",
            "module.network_config.tls_locally_signed_cert.server",
            "module.network_config.tls_private_key.ca",
            "module.network_config.tls_private_key.client",
            "module.network_config.tls_private_key.server",
            "module.network_config.tls_self_signed_cert.ca",
            "module.storage_config.aws_cloudfront_distribution.static_website_cdn",
            "module.storage_config.aws_s3_bucket.static_website",
            "module.storage_config.aws_s3_bucket_acl.bucket_acl",
            "module.storage_config.aws_s3_bucket_cors_configuration.cors",
            "module.storage_config.aws_s3_bucket_ownership_controls.ownership",
            "module.storage_config.aws_s3_bucket_policy.bucket_policy",
            "module.storage_config.aws_s3_bucket_public_access_block.public_access",
            "module.storage_config.aws_s3_bucket_versioning.versioning",
            "module.storage_config.aws_s3_bucket_website_configuration.static_website"
          ]
        }
      ]
    },
    {
      "module": "module.compute_config.module.lambda",
      "mode": "managed",
      "type": "aws_lambda_permission",
      "name": "api_gateway",
      "provider": "provider[\"registry.terraform.io/hashicorp/aws\"]",
      "instances": [
        {
          "schema_version": 0,
          "attributes": {
            "action": "lambda:InvokeFunction",
            "event_source_token": null,
            "function_name": "ins-webserver",
            "function_url_auth_type": null,
            "id": "AllowAPIGatewayInvoke",
            "principal": "apigateway.amazonaws.com",
            "principal_org_id": null,
            "qualifier": "",
            "source_account": null,
            "source_arn": "arn:aws:execute-api:eu-central-1:767398092878:tyr0tni58e/*/*",
            "statement_id": "AllowAPIGatewayInvoke",
            "statement_id_prefix": ""
          },
          "sensitive_attributes": [],
          "private": "bnVsbA==",
          "dependencies": [
            "module.compute_config.module.lambda.aws_apigatewayv2_api.main",
            "module.compute_config.module.lambda.aws_iam_role.lambda_exec",
            "module.compute_config.module.lambda.aws_lambda_function.nestjs_app",
            "module.compute_config.module.lambda.aws_security_group.lambda_security_group",
            "module.compute_config.module.lambda.data.archive_file.lambda_placeholder",
            "module.network_config.aws_acm_certificate.client_ca",
            "module.network_config.aws_acm_certificate.server",
            "module.network_config.aws_ec2_client_vpn_authorization_rule.this",
            "module.network_config.aws_ec2_client_vpn_endpoint.this",
            "module.network_config.aws_ec2_client_vpn_network_association.this",
            "module.network_config.aws_ec2_client_vpn_route.to_transit_gateway",
            "module.network_config.aws_ec2_transit_gateway.this",
            "module.network_config.aws_ec2_transit_gateway_route.this",
            "module.network_config.aws_ec2_transit_gateway_route_table.this",
            "module.network_config.aws_ec2_transit_gateway_route_table_propagation.this",
            "module.network_config.aws_ec2_transit_gateway_vpc_attachment.this",
            "module.network_config.aws_security_group.client_vpn",
            "module.network_config.aws_ssm_parameter.ca_cert",
            "module.network_config.aws_ssm_parameter.ca_key",
            "module.network_config.aws_ssm_parameter.client_cert",
            "module.network_config.aws_ssm_parameter.client_key",
            "module.network_config.module.routing.aws_route_table.this",
            "module.network_config.module.routing.aws_vpc_endpoint_route_table_association.this",
            "module.network_config.module.vpc.aws_eip.nat",
            "module.network_config.module.vpc.aws_internet_gateway.this",
            "module.network_config.module.vpc.aws_nat_gateway.this",
            "module.network_config.module.vpc.aws_security_group.allow_kms",
            "module.network_config.module.vpc.aws_security_group.allow_secretsmanager",
            "module.network_config.module.vpc.aws_subnet.this",
            "module.network_config.module.vpc.aws_vpc.this",
            "module.network_config.module.vpc.aws_vpc_dhcp_options.this",
            "module.network_config.module.vpc.aws_vpc_dhcp_options_association.this",
            "module.network_config.module.vpc.aws_vpc_endpoint.kms",
            "module.network_config.module.vpc.aws_vpc_endpoint.s3",
            "module.network_config.module.vpc.aws_vpc_endpoint.secretsmanager",
            "module.network_config.tls_cert_request.client",
            "module.network_config.tls_cert_request.server",
            "module.network_config.tls_locally_signed_cert.client",
            "module.network_config.tls_locally_signed_cert.server",
            "module.network_config.tls_private_key.ca",
            "module.network_config.tls_private_key.client",
            "module.network_config.tls_private_key.server",
            "module.network_config.tls_self_signed_cert.ca",
            "module.storage_config.aws_cloudfront_distribution.static_website_cdn",
            "module.storage_config.aws_s3_bucket.static_website",
            "module.storage_config.aws_s3_bucket_acl.bucket_acl",
            "module.storage_config.aws_s3_bucket_cors_configuration.cors",
            "module.storage_config.aws_s3_bucket_ownership_controls.ownership",
            "module.storage_config.aws_s3_bucket_policy.bucket_policy",
            "module.storage_config.aws_s3_bucket_public_access_block.public_access",
            "module.storage_config.aws_s3_bucket_versioning.versioning",
            "module.storage_config.aws_s3_bucket_website_configuration.static_website"
          ]
        }
      ]
    },
    {
      "module": "module.compute_config.module.lambda",
      "mode": "managed",
      "type": "aws_security_group",
      "name": "lambda_security_group",
      "provider": "provider[\"registry.terraform.io/hashicorp/aws\"]",
      "instances": [
        {
          "schema_version": 1,
          "attributes": {
            "arn": "arn:aws:ec2:eu-central-1:767398092878:security-group/sg-002c6ba142942b21d",
            "description": "Security group for Lambda function",
            "egress": [
              {
                "cidr_blocks": [
                  "0.0.0.0/0"
                ],
                "description": "",
                "from_port": 0,
                "ipv6_cidr_blocks": [],
                "prefix_list_ids": [],
                "protocol": "-1",
                "security_groups": [],
                "self": false,
                "to_port": 0
              }
            ],
            "id": "sg-002c6ba142942b21d",
            "ingress": [
              {
                "cidr_blocks": [
                  "0.0.0.0/0"
                ],
                "description": "",
                "from_port": 0,
                "ipv6_cidr_blocks": [],
                "prefix_list_ids": [],
                "protocol": "-1",
                "security_groups": [],
                "self": false,
                "to_port": 0
              }
            ],
            "name": "lambda-security-group",
            "name_prefix": "",
            "owner_id": "767398092878",
            "revoke_rules_on_delete": false,
            "tags": {},
            "tags_all": {},
            "timeouts": null,
            "vpc_id": "vpc-002d8769ef29aa6fc"
          },
          "sensitive_attributes": [],
          "private": "eyJlMmJmYjczMC1lY2FhLTExZTYtOGY4OC0zNDM2M2JjN2M0YzAiOnsiY3JlYXRlIjo2MDAwMDAwMDAwMDAsImRlbGV0ZSI6OTAwMDAwMDAwMDAwfSwic2NoZW1hX3ZlcnNpb24iOiIxIn0=",
          "dependencies": [
            "module.network_config.aws_ec2_transit_gateway.this",
            "module.network_config.module.vpc.aws_eip.nat",
            "module.network_config.module.vpc.aws_internet_gateway.this",
            "module.network_config.module.vpc.aws_nat_gateway.this",
            "module.network_config.module.vpc.aws_security_group.allow_kms",
            "module.network_config.module.vpc.aws_security_group.allow_secretsmanager",
            "module.network_config.module.vpc.aws_subnet.this",
            "module.network_config.module.vpc.aws_vpc.this",
            "module.network_config.module.vpc.aws_vpc_dhcp_options.this",
            "module.network_config.module.vpc.aws_vpc_dhcp_options_association.this",
            "module.network_config.module.vpc.aws_vpc_endpoint.kms",
            "module.network_config.module.vpc.aws_vpc_endpoint.s3",
            "module.network_config.module.vpc.aws_vpc_endpoint.secretsmanager"
          ]
        }
      ]
    },
    {
      "module": "module.network_config",
      "mode": "managed",
      "type": "aws_acm_certificate",
      "name": "client_ca",
      "provider": "provider[\"registry.terraform.io/hashicorp/aws\"]",
      "instances": [
        {
          "index_key": 0,
          "schema_version": 0,
          "attributes": {
            "arn": "arn:aws:acm:eu-central-1:767398092878:certificate/06d9b44d-419c-40ea-a341-70ddd463010d",
            "certificate_authority_arn": "",
            "certificate_body": "-----BEGIN CERTIFICATE-----\nMIIDlzCCAn+gAwIBAgIRAKOgFg5qU1L6Z3/m2r6ZFH0wDQYJKoZIhvcNAQELBQAw\nZTELMAkGA1UEBhMCVVMxDjAMBgNVBAgTBVN0YXRlMQ0wCwYDVQQHEwRDaXR5MRkw\nFwYDVQQKExBZb3VyT3JnYW5pemF0aW9uMQswCQYDVQQLEwJJVDEPMA0GA1UEAxMG\nVlBOLUNBMB4XDTI1MDUyMzE4Mjk1N1oXDTI2MDUyMzE4Mjk1N1owZTELMAkGA1UE\nBhMCVVMxDjAMBgNVBAgTBVN0YXRlMQ0wCwYDVQQHEwRDaXR5MRkwFwYDVQQKExBZ\nb3VyT3JnYW5pemF0aW9uMQswCQYDVQQLEwJJVDEPMA0GA1UEAxMGVlBOLUNBMIIB\nIjANBgkqhkiG9w0BAQEFAAOCAQ8AMIIBCgKCAQEAw/eRny+DrzOtjldjSAcKBH1m\nFgewcpY3XFbO7KENDpfa/SyIig4YEF/ZoO3nynmBSxXxUB88QF0BneKN+rBIlETF\nVXa3QMe4oOBbNe0CDf/am5VmwDjCs+wRKXqHy5YOgXODXspt/7ljKS9YCmazzHSW\nl6h4n3/FPkg5Wl4Ijjx9+5VwcAAJBvYbEZ169dHhr0n7F/iumspOpCwOfBjSmQ3S\nw1vbkobFQMZKSfkfWTXQ7EsI6iCJKEtv44NqEuyAe//F1BNFQVbxrznRC+7fpC/F\n3dhPPjdRH55ksJeAw8jYGyScA/sU5L21rr9AK6cw5I8nIZBWxl5UHUe2rFZKewID\nAQABo0IwQDAOBgNVHQ8BAf8EBAMCAaYwDwYDVR0TAQH/BAUwAwEB/zAdBgNVHQ4E\nFgQUTrebmn40Pu9uyfLYZVqLFItBAlIwDQYJKoZIhvcNAQELBQADggEBAFgUq899\ncgfooOJZeZaY8BFXa2CmssLHYKvic8kR7roFnA8IWTH3hGiyfGaP6AMi6zH3F2t3\ngzCVg/bRXHvYFCR9x7Lrgu1hy0yT/Y/kHzsprkH2lGAvKEwqdgpeAaGEf7HZdVLj\nRO5WNs1pscdavPHVDPrkirfxs8Sr8FKZjFEyzO0EqB/8RKlgKYtX8Wuui/RgvCzZ\nboZ4cydElvIjyVNKyg364TFRpEBgai7GyvsTjJOtDMPM2ABfho9l1ys9xSzTXxQ1\nGOQE885nsB2KCsiElSREY5ZtmBTXytlj+jqCmw5fr7Gs5wjMuKPuXYxn2ZIn06rD\nxLI4RyV6B0GzTJA=\n-----END CERTIFICATE-----\n",
            "certificate_chain": null,
            "domain_name": "",
            "domain_validation_options": [],
            "early_renewal_duration": "",
            "id": "arn:aws:acm:eu-central-1:767398092878:certificate/06d9b44d-419c-40ea-a341-70ddd463010d",
            "key_algorithm": "RSA_2048",
            "not_after": "2026-05-23T18:29:57Z",
            "not_before": "2025-05-23T18:29:57Z",
            "options": [
              {
                "certificate_transparency_logging_preference": "DISABLED"
              }
            ],
            "pending_renewal": false,
            "private_key": "-----BEGIN RSA PRIVATE KEY-----\nMIIEpAIBAAKCAQEAw/eRny+DrzOtjldjSAcKBH1mFgewcpY3XFbO7KENDpfa/SyI\nig4YEF/ZoO3nynmBSxXxUB88QF0BneKN+rBIlETFVXa3QMe4oOBbNe0CDf/am5Vm\nwDjCs+wRKXqHy5YOgXODXspt/7ljKS9YCmazzHSWl6h4n3/FPkg5Wl4Ijjx9+5Vw\ncAAJBvYbEZ169dHhr0n7F/iumspOpCwOfBjSmQ3Sw1vbkobFQMZKSfkfWTXQ7EsI\n6iCJKEtv44NqEuyAe//F1BNFQVbxrznRC+7fpC/F3dhPPjdRH55ksJeAw8jYGySc\nA/sU5L21rr9AK6cw5I8nIZBWxl5UHUe2rFZKewIDAQABAoIBAAioTsm9qe+OQZwf\nIzbPszMYlFWwnqx2E3MKYldIFCrkk/TV+1NyC1q2ou3K2A/0+m/MdxE6ZNYisotJ\nmReN1l8EHMQWTw+j4yjqtuZ041k/+0xSHax46K0iZqDlyP46N/pv4n1h3wzKbjJb\nGGSGCtDWoIwjRSG/kM5PSlPCNLzBcbzQpcl0/kR82DVEp4r2A3PkPnW9tzfcR1gZ\nNFYGlcq9Yj/M5HoldB7T33BSmY9i5HA7F7DP+YC7CwJ7qEaY8eVMjsc7P5ZepqT+\nghn2WZhFCbVyD81/j5rH9ZW0zeHIyF22nKt07MGNYxYWHH67nMe+PbsiqEEm7sBj\nBUmSyy0CgYEA81hW3WA7oCob3MKmDdI1tBENvS72A2qK00pVObuTojojnUkizBMk\nF2coF14rIuaGEjZeS/yJftozR0GMSyXDcMCJXqK0/uTJZOyWhB8u3auKG+x0ggSi\n2tCLBiOik/goMp5zhatAM6c+GawVN0/Usja+zfSurNPVG93vEnoYTr8CgYEAzih8\nDVhKVgEsjZxIldZKl7Y5RnYuv89XQeFocg5PQG8vp37O44g7xxGh0XdGCw5aRt2B\n3SXIj/6OqdHSGDFfu0wDp5tu/AIdSqd2RyCKmze2r7oc4FqAaI5Ve72mb7N09D4M\neFFbN9A+cy5IFeNEN+mFfHKi7CnnvU7HIdusL0UCgYEAu80HbN3h5l/ZFOyb3rrG\ne2tV4RUnA8frz9jkISQkceTQq4hP9JMpHW6dQDuKquqhudh/ucDyFBYt0OZDcZN5\nW8Ebww9rA/RpgRwdpWWzc5v5gEdiOx182cZsJJbH186Cp14l5ZkeeT6u7H0j+oX/\nrnIVmzkkvXjWVSVYZjgYHl0CgYEAnsPw3TocbWWUES7Fe5c/dNzh+RC06gTctyDH\nlebNQ9scwQpYfEQDfUhn7W/EomkYPzEBfPVHIxWwerna6cTEa/Kbce2zKCLcugyD\nez1lYSoj5+sVp/Yqo9rRnG0uiyGSNTK/2b0V2cLnBT8kRq7yb3jI01FZhTS0gkbz\n9nA9h10CgYBQSK1MuWN7FrphGjSYi/V1iE6CS5cCrjtvwBPhuWypTrxdeaEHh+N1\n3zB+iUBkMmihAMpK9k8yG62SDYV42Oc5yGGh3ICR9KpIfQ7GTq+w2V3QUyvGgFfd\nwKlcz7rtz0NwuHsMLOlkx9R6zai5CI9beF5itKbDSZ6G3x0rQLvYqQ==\n-----END RSA PRIVATE KEY-----\n",
            "renewal_eligibility": "INELIGIBLE",
            "renewal_summary": [],
            "status": "ISSUED",
            "subject_alternative_names": [],
            "tags": {
              "Name": "client-vpn-client-ca-certificate",
              "Type": "client-ca"
            },
            "tags_all": {
              "Name": "client-vpn-client-ca-certificate",
              "Type": "client-ca"
            },
            "type": "IMPORTED",
            "validation_emails": [],
            "validation_method": "NONE",
            "validation_option": []
          },
          "sensitive_attributes": [
            [
              {
                "type": "get_attr",
                "value": "private_key"
              }
            ]
          ],
          "private": "bnVsbA==",
          "dependencies": [
            "module.network_config.tls_private_key.ca",
            "module.network_config.tls_self_signed_cert.ca"
          ],
          "create_before_destroy": true
        }
      ]
    },
    {
      "module": "module.network_config",
      "mode": "managed",
      "type": "aws_acm_certificate",
      "name": "server",
      "provider": "provider[\"registry.terraform.io/hashicorp/aws\"]",
      "instances": [
        {
          "index_key": 0,
          "schema_version": 0,
          "attributes": {
            "arn": "arn:aws:acm:eu-central-1:767398092878:certificate/4b35ffec-738a-4bea-be1c-f1094ad7ee31",
            "certificate_authority_arn": "",
            "certificate_body": "-----BEGIN CERTIFICATE-----\nMIIDyzCCArOgAwIBAgIRANis3czXE9nf886x5Y1kHBswDQYJKoZIhvcNAQELBQAw\nZTELMAkGA1UEBhMCVVMxDjAMBgNVBAgTBVN0YXRlMQ0wCwYDVQQHEwRDaXR5MRkw\nFwYDVQQKExBZb3VyT3JnYW5pemF0aW9uMQswCQYDVQQLEwJJVDEPMA0GA1UEAxMG\nVlBOLUNBMB4XDTI1MDUyMzE4Mjk1N1oXDTI2MDUyMzE4Mjk1N1owaTELMAkGA1UE\nBhMCVVMxDjAMBgNVBAgTBVN0YXRlMQ0wCwYDVQQHEwRDaXR5MRkwFwYDVQQKExBZ\nb3VyT3JnYW5pemF0aW9uMQswCQYDVQQLEwJJVDETMBEGA1UEAxMKVlBOLVNlcnZl\ncjCCASIwDQYJKoZIhvcNAQEBBQADggEPADCCAQoCggEBAMTO4YuclFEAtnW0p0nO\npiVTCAvIgFm2Cso9Uc0zqVZEAuuVBqp4ikmrhQT3YeBnZceB2m7q5KK7wwHceupg\n4J/mjm0O+59tHmaU5hCDD69QajxS9vVhM/x9ZBArTtcPXqxlgsVSTkC+nH/J+EzB\nfashf+pbRPImOniof7tdbcq6L/ge/k72abYaR5YKkrjTKKLAQv4+q7fn5eq8c1LY\n2+QF+JVD6TmckpUDvEhMb3TXfDVTqkxDkba/ttoqMUoR0+rcbQ3BScy0VCct2PXT\nmtmNgH0PAP6zjCbxVyDVobLDgkt/HTc34HS5S2w5p09GggFHZa8ZSliHnYgGzn0+\n+N8CAwEAAaNyMHAwDgYDVR0PAQH/BAQDAgWgMBMGA1UdJQQMMAoGCCsGAQUFBwMB\nMAwGA1UdEwEB/wQCMAAwHwYDVR0jBBgwFoAUTrebmn40Pu9uyfLYZVqLFItBAlIw\nGgYDVR0RBBMwEYIPdnBuLmV4YW1wbGUuY29tMA0GCSqGSIb3DQEBCwUAA4IBAQCy\npnXBG3myjhBbCjv1WQQj51vFrfmc7rVBR/fywn0ofAhkF+oBdSTuzQdT7hvP00UY\njSfeEJ5Sr6BLeonjN6gyvToOh6XC6qLBe+pEZf3a2CfGtod1cErD9/QC3QedAHai\n8VFoBTQb+EA05ALqus7QNiQwFBbsRAPodeIP37aFnMxVD7bUVrsQXIzm08yKOEB/\nGjwYWtWa+cPvDgem5YWMRzYHx16gK3xGOHYgWPIizojyHMMzQcnHmUCnX/Qu7hIB\nv2PGTxP8zuR6Pk1fOECHSx7W2jlu3X/aZJ/NLyukwJ+66WtfTLA8YAjEfZbBJHlg\nwDWupk3ydk1clJUbesTl\n-----END CERTIFICATE-----\n",
            "certificate_chain": "-----BEGIN CERTIFICATE-----\nMIIDlzCCAn+gAwIBAgIRAKOgFg5qU1L6Z3/m2r6ZFH0wDQYJKoZIhvcNAQELBQAw\nZTELMAkGA1UEBhMCVVMxDjAMBgNVBAgTBVN0YXRlMQ0wCwYDVQQHEwRDaXR5MRkw\nFwYDVQQKExBZb3VyT3JnYW5pemF0aW9uMQswCQYDVQQLEwJJVDEPMA0GA1UEAxMG\nVlBOLUNBMB4XDTI1MDUyMzE4Mjk1N1oXDTI2MDUyMzE4Mjk1N1owZTELMAkGA1UE\nBhMCVVMxDjAMBgNVBAgTBVN0YXRlMQ0wCwYDVQQHEwRDaXR5MRkwFwYDVQQKExBZ\nb3VyT3JnYW5pemF0aW9uMQswCQYDVQQLEwJJVDEPMA0GA1UEAxMGVlBOLUNBMIIB\nIjANBgkqhkiG9w0BAQEFAAOCAQ8AMIIBCgKCAQEAw/eRny+DrzOtjldjSAcKBH1m\nFgewcpY3XFbO7KENDpfa/SyIig4YEF/ZoO3nynmBSxXxUB88QF0BneKN+rBIlETF\nVXa3QMe4oOBbNe0CDf/am5VmwDjCs+wRKXqHy5YOgXODXspt/7ljKS9YCmazzHSW\nl6h4n3/FPkg5Wl4Ijjx9+5VwcAAJBvYbEZ169dHhr0n7F/iumspOpCwOfBjSmQ3S\nw1vbkobFQMZKSfkfWTXQ7EsI6iCJKEtv44NqEuyAe//F1BNFQVbxrznRC+7fpC/F\n3dhPPjdRH55ksJeAw8jYGyScA/sU5L21rr9AK6cw5I8nIZBWxl5UHUe2rFZKewID\nAQABo0IwQDAOBgNVHQ8BAf8EBAMCAaYwDwYDVR0TAQH/BAUwAwEB/zAdBgNVHQ4E\nFgQUTrebmn40Pu9uyfLYZVqLFItBAlIwDQYJKoZIhvcNAQELBQADggEBAFgUq899\ncgfooOJZeZaY8BFXa2CmssLHYKvic8kR7roFnA8IWTH3hGiyfGaP6AMi6zH3F2t3\ngzCVg/bRXHvYFCR9x7Lrgu1hy0yT/Y/kHzsprkH2lGAvKEwqdgpeAaGEf7HZdVLj\nRO5WNs1pscdavPHVDPrkirfxs8Sr8FKZjFEyzO0EqB/8RKlgKYtX8Wuui/RgvCzZ\nboZ4cydElvIjyVNKyg364TFRpEBgai7GyvsTjJOtDMPM2ABfho9l1ys9xSzTXxQ1\nGOQE885nsB2KCsiElSREY5ZtmBTXytlj+jqCmw5fr7Gs5wjMuKPuXYxn2ZIn06rD\nxLI4RyV6B0GzTJA=\n-----END CERTIFICATE-----\n",
            "domain_name": "vpn.example.com",
            "domain_validation_options": [],
            "early_renewal_duration": "",
            "id": "arn:aws:acm:eu-central-1:767398092878:certificate/4b35ffec-738a-4bea-be1c-f1094ad7ee31",
            "key_algorithm": "RSA_2048",
            "not_after": "2026-05-23T18:29:57Z",
            "not_before": "2025-05-23T18:29:57Z",
            "options": [
              {
                "certificate_transparency_logging_preference": "DISABLED"
              }
            ],
            "pending_renewal": false,
            "private_key": "-----BEGIN RSA PRIVATE KEY-----\nMIIEowIBAAKCAQEAxM7hi5yUUQC2dbSnSc6mJVMIC8iAWbYKyj1RzTOpVkQC65UG\nqniKSauFBPdh4Gdlx4HaburkorvDAdx66mDgn+aObQ77n20eZpTmEIMPr1BqPFL2\n9WEz/H1kECtO1w9erGWCxVJOQL6cf8n4TMF9qyF/6ltE8iY6eKh/u11tyrov+B7+\nTvZpthpHlgqSuNMoosBC/j6rt+fl6rxzUtjb5AX4lUPpOZySlQO8SExvdNd8NVOq\nTEORtr+22ioxShHT6txtDcFJzLRUJy3Y9dOa2Y2AfQ8A/rOMJvFXINWhssOCS38d\nNzfgdLlLbDmnT0aCAUdlrxlKWIediAbOfT743wIDAQABAoIBAF189sgGh6/Y2lOc\njrDxUJw/Tn2mb03uOz7plP+YkFKRuR9macW1v98R8nyy9NQP2dnFNdlljFk/PvmV\n3e+TOHDMqRBmQyHuyDereIQUdfFuDiD8uiJC29qPR+akY+2l9++FwvJv0AtSYG4V\np3TynvsZTTWqyFwMy87AH/kFfx+CrkhzyNX9B2xk9W6QCZ3rEuXHXmQo0X+SHP9p\nxqM7thOHhuVoBGHHO2NWkC4arw+EQVXmwn6tnN0hfAe6KH0IbWf7IzQOnECr+Tk5\nffyN7mmUUHWYMmpZFvQVwZT2vFPZy8bqFkZ5ibQL8xVEjaGJ3zdvytJ5iyMZuDj0\nWCC6Ip0CgYEAxbAJF1Vpjpy9Kn+izsJDNDo0s2pPh6/oIFDnpmr5d8TEa36v4vak\nTmok+V+W86LPX4smMT7IqZCqsJu1Yneoq+iS4fBMh5F2+tvrBBNzzZ33bVBhMWSW\nQduKrki90ACvR/3buM/0GwZ+N9C4OfiaF7SjuBcs0z3BP0KcKKVEivMCgYEA/txu\nY7jr1ZcVtpGle6xqm0Y/iT/5RkcQ3gghcsJQgbP4scB2LyxyEAUC0vBRBQsLZfot\nEywLd0Z9rfQ7d0OWTVOU0BPCJQB4hx20++tZuqkd/c+7JQ6UTUYlCYSlS+yea9//\n6vq3VZDabKJJ4FB5IzHxVv4wM+p4DmTTEbkW/WUCgYEAqDz+H6uC3+moW2iwR8Gv\nq9z1SNNqx5D+vbHc0xYrJLCCcPEqAr/gaROQT+H393RRg4BKipJh91y0xwRcw2YO\nV+7gQgRdPOqhFTDfu2JKpWyQS6mibYSrE3Uhet1RHJnYki4LNidUGUPXWuz4O+3E\nRfRneJ3Qeh4OPiYT+8tan90CgYBjgsQjcc+7fRuARowbpu2VJS+nsm/tTdA7MWeF\n/HMcwZ2oIeLDdpIuyRYaMLUhx/cyYSV6Z+cuMjreUg9p+NzV4n2nZR+X/QASmbnR\n50oIxQGt2Y9T38ZuCaZqef1kkMYmjrbJFA3DfiSa6B76U9GIuXZnJibCDpnD3QBA\n2kkstQKBgA8bHcEOTujXnCXVjAMHNSgIYs8JyS/M0PMUEACaSwBm5dEBrbfqkfNW\nyXCYU3jQ/oKd+uUcBEY4cL16D7VKxaaj0acciy7fTOylxzau05VZVnHcAy3GyZ6k\nhgLNGztNDCQZSq3blgEK1bUhEbsZ4yvrg2sbDhEnQY4Jvkpo6bXc\n-----END RSA PRIVATE KEY-----\n",
            "renewal_eligibility": "INELIGIBLE",
            "renewal_summary": [],
            "status": "ISSUED",
            "subject_alternative_names": [
              "vpn.example.com"
            ],
            "tags": {
              "Name": "client-vpn-server-certificate",
              "Type": "server"
            },
            "tags_all": {
              "Name": "client-vpn-server-certificate",
              "Type": "server"
            },
            "type": "IMPORTED",
            "validation_emails": [],
            "validation_method": "NONE",
            "validation_option": []
          },
          "sensitive_attributes": [
            [
              {
                "type": "get_attr",
                "value": "private_key"
              }
            ]
          ],
          "private": "bnVsbA==",
          "dependencies": [
            "module.network_config.tls_cert_request.server",
            "module.network_config.tls_locally_signed_cert.server",
            "module.network_config.tls_private_key.ca",
            "module.network_config.tls_private_key.server",
            "module.network_config.tls_self_signed_cert.ca"
          ],
          "create_before_destroy": true
        }
      ]
    },
    {
      "module": "module.network_config",
      "mode": "managed",
      "type": "aws_ec2_client_vpn_authorization_rule",
      "name": "this",
      "provider": "provider[\"registry.terraform.io/hashicorp/aws\"]",
      "instances": [
        {
          "index_key": 0,
          "schema_version": 0,
          "attributes": {
            "access_group_id": "",
            "authorize_all_groups": true,
            "client_vpn_endpoint_id": "cvpn-endpoint-096e104880ece84f9",
            "description": "Access to private networks",
            "id": "cvpn-endpoint-096e104880ece84f9,10.0.0.0/8",
            "target_network_cidr": "10.0.0.0/8",
            "timeouts": null
          },
          "sensitive_attributes": [],
          "private": "eyJlMmJmYjczMC1lY2FhLTExZTYtOGY4OC0zNDM2M2JjN2M0YzAiOnsiY3JlYXRlIjo2MDAwMDAwMDAwMDAsImRlbGV0ZSI6NjAwMDAwMDAwMDAwfX0=",
          "dependencies": [
            "module.network_config.aws_acm_certificate.client_ca",
            "module.network_config.aws_acm_certificate.server",
            "module.network_config.aws_ec2_client_vpn_endpoint.this",
            "module.network_config.aws_ec2_client_vpn_network_association.this",
            "module.network_config.aws_ec2_transit_gateway.this",
            "module.network_config.module.vpc.aws_eip.nat",
            "module.network_config.module.vpc.aws_internet_gateway.this",
            "module.network_config.module.vpc.aws_nat_gateway.this",
            "module.network_config.module.vpc.aws_security_group.allow_kms",
            "module.network_config.module.vpc.aws_security_group.allow_secretsmanager",
            "module.network_config.module.vpc.aws_subnet.this",
            "module.network_config.module.vpc.aws_vpc.this",
            "module.network_config.module.vpc.aws_vpc_dhcp_options.this",
            "module.network_config.module.vpc.aws_vpc_dhcp_options_association.this",
            "module.network_config.module.vpc.aws_vpc_endpoint.kms",
            "module.network_config.module.vpc.aws_vpc_endpoint.s3",
            "module.network_config.module.vpc.aws_vpc_endpoint.secretsmanager",
            "module.network_config.tls_cert_request.server",
            "module.network_config.tls_locally_signed_cert.server",
            "module.network_config.tls_private_key.ca",
            "module.network_config.tls_private_key.server",
            "module.network_config.tls_self_signed_cert.ca"
          ]
        }
      ]
    },
    {
      "module": "module.network_config",
      "mode": "managed",
      "type": "aws_ec2_client_vpn_endpoint",
      "name": "this",
      "provider": "provider[\"registry.terraform.io/hashicorp/aws\"]",
      "instances": [
        {
          "index_key": 0,
          "schema_version": 0,
          "attributes": {
            "arn": "arn:aws:ec2:eu-central-1:767398092878:client-vpn-endpoint/cvpn-endpoint-096e104880ece84f9",
            "authentication_options": [
              {
                "active_directory_id": "",
                "root_certificate_chain_arn": "arn:aws:acm:eu-central-1:767398092878:certificate/06d9b44d-419c-40ea-a341-70ddd463010d",
                "saml_provider_arn": "",
                "self_service_saml_provider_arn": "",
                "type": "certificate-authentication"
              }
            ],
            "client_cidr_block": "10.200.0.0/16",
            "client_connect_options": [
              {
                "enabled": false,
                "lambda_function_arn": ""
              }
            ],
            "client_login_banner_options": [
              {
                "banner_text": "",
                "enabled": false
              }
            ],
            "client_route_enforcement_options": [
              {
                "enforced": false
              }
            ],
            "connection_log_options": [
              {
                "cloudwatch_log_group": "",
                "cloudwatch_log_stream": "",
                "enabled": false
              }
            ],
            "description": "Client VPN for Transit Gateway access",
            "disconnect_on_session_timeout": true,
            "dns_name": "*.cvpn-endpoint-096e104880ece84f9.prod.clientvpn.eu-central-1.amazonaws.com",
            "dns_servers": [],
            "id": "cvpn-endpoint-096e104880ece84f9",
            "security_group_ids": [
              "sg-021e010c38661ddce"
            ],
            "self_service_portal": "disabled",
            "self_service_portal_url": "",
            "server_certificate_arn": "arn:aws:acm:eu-central-1:767398092878:certificate/4b35ffec-738a-4bea-be1c-f1094ad7ee31",
            "session_timeout_hours": 24,
            "split_tunnel": true,
            "tags": {
              "Name": "client-vpn-endpoint"
            },
            "tags_all": {
              "Name": "client-vpn-endpoint"
            },
            "transport_protocol": "udp",
            "vpc_id": "vpc-0a80f3578ae6fa27b",
            "vpn_port": 443
          },
          "sensitive_attributes": [],
          "private": "bnVsbA==",
          "dependencies": [
            "module.network_config.aws_acm_certificate.client_ca",
            "module.network_config.aws_acm_certificate.server",
            "module.network_config.tls_cert_request.server",
            "module.network_config.tls_locally_signed_cert.server",
            "module.network_config.tls_private_key.ca",
            "module.network_config.tls_private_key.server",
            "module.network_config.tls_self_signed_cert.ca"
          ]
        }
      ]
    },
    {
      "module": "module.network_config",
      "mode": "managed",
      "type": "aws_ec2_client_vpn_network_association",
      "name": "this",
      "provider": "provider[\"registry.terraform.io/hashicorp/aws\"]",
      "instances": [
        {
          "index_key": 0,
          "schema_version": 0,
          "attributes": {
            "association_id": "cvpn-assoc-045adcb86655e4f13",
            "client_vpn_endpoint_id": "cvpn-endpoint-096e104880ece84f9",
            "id": "cvpn-assoc-045adcb86655e4f13",
            "subnet_id": "subnet-09f53e122fd8a0cc0",
            "timeouts": null,
            "vpc_id": "vpc-0a80f3578ae6fa27b"
          },
          "sensitive_attributes": [],
          "private": "eyJlMmJmYjczMC1lY2FhLTExZTYtOGY4OC0zNDM2M2JjN2M0YzAiOnsiY3JlYXRlIjoxODAwMDAwMDAwMDAwLCJkZWxldGUiOjE4MDAwMDAwMDAwMDB9fQ==",
          "dependencies": [
            "module.network_config.aws_acm_certificate.client_ca",
            "module.network_config.aws_acm_certificate.server",
            "module.network_config.aws_ec2_client_vpn_endpoint.this",
            "module.network_config.aws_ec2_transit_gateway.this",
            "module.network_config.module.vpc.aws_eip.nat",
            "module.network_config.module.vpc.aws_internet_gateway.this",
            "module.network_config.module.vpc.aws_nat_gateway.this",
            "module.network_config.module.vpc.aws_security_group.allow_kms",
            "module.network_config.module.vpc.aws_security_group.allow_secretsmanager",
            "module.network_config.module.vpc.aws_subnet.this",
            "module.network_config.module.vpc.aws_vpc.this",
            "module.network_config.module.vpc.aws_vpc_dhcp_options.this",
            "module.network_config.module.vpc.aws_vpc_dhcp_options_association.this",
            "module.network_config.module.vpc.aws_vpc_endpoint.kms",
            "module.network_config.module.vpc.aws_vpc_endpoint.s3",
            "module.network_config.module.vpc.aws_vpc_endpoint.secretsmanager",
            "module.network_config.tls_cert_request.server",
            "module.network_config.tls_locally_signed_cert.server",
            "module.network_config.tls_private_key.ca",
            "module.network_config.tls_private_key.server",
            "module.network_config.tls_self_signed_cert.ca"
          ]
        },
        {
          "index_key": 1,
          "schema_version": 0,
          "attributes": {
            "association_id": "cvpn-assoc-00e80e8b61946d918",
            "client_vpn_endpoint_id": "cvpn-endpoint-096e104880ece84f9",
            "id": "cvpn-assoc-00e80e8b61946d918",
            "subnet_id": "subnet-05035b7c912b6a715",
            "timeouts": null,
            "vpc_id": "vpc-0a80f3578ae6fa27b"
          },
          "sensitive_attributes": [],
          "private": "eyJlMmJmYjczMC1lY2FhLTExZTYtOGY4OC0zNDM2M2JjN2M0YzAiOnsiY3JlYXRlIjoxODAwMDAwMDAwMDAwLCJkZWxldGUiOjE4MDAwMDAwMDAwMDB9fQ==",
          "dependencies": [
            "module.network_config.aws_acm_certificate.client_ca",
            "module.network_config.aws_acm_certificate.server",
            "module.network_config.aws_ec2_client_vpn_endpoint.this",
            "module.network_config.aws_ec2_transit_gateway.this",
            "module.network_config.module.vpc.aws_eip.nat",
            "module.network_config.module.vpc.aws_internet_gateway.this",
            "module.network_config.module.vpc.aws_nat_gateway.this",
            "module.network_config.module.vpc.aws_security_group.allow_kms",
            "module.network_config.module.vpc.aws_security_group.allow_secretsmanager",
            "module.network_config.module.vpc.aws_subnet.this",
            "module.network_config.module.vpc.aws_vpc.this",
            "module.network_config.module.vpc.aws_vpc_dhcp_options.this",
            "module.network_config.module.vpc.aws_vpc_dhcp_options_association.this",
            "module.network_config.module.vpc.aws_vpc_endpoint.kms",
            "module.network_config.module.vpc.aws_vpc_endpoint.s3",
            "module.network_config.module.vpc.aws_vpc_endpoint.secretsmanager",
            "module.network_config.tls_cert_request.server",
            "module.network_config.tls_locally_signed_cert.server",
            "module.network_config.tls_private_key.ca",
            "module.network_config.tls_private_key.server",
            "module.network_config.tls_self_signed_cert.ca"
          ]
        },
        {
          "index_key": 2,
          "schema_version": 0,
          "attributes": {
            "association_id": "cvpn-assoc-04d5fd9188a29bf47",
            "client_vpn_endpoint_id": "cvpn-endpoint-096e104880ece84f9",
            "id": "cvpn-assoc-04d5fd9188a29bf47",
            "subnet_id": "subnet-05882cfce013b8c6f",
            "timeouts": null,
            "vpc_id": "vpc-0a80f3578ae6fa27b"
          },
          "sensitive_attributes": [],
          "private": "eyJlMmJmYjczMC1lY2FhLTExZTYtOGY4OC0zNDM2M2JjN2M0YzAiOnsiY3JlYXRlIjoxODAwMDAwMDAwMDAwLCJkZWxldGUiOjE4MDAwMDAwMDAwMDB9fQ==",
          "dependencies": [
            "module.network_config.aws_acm_certificate.client_ca",
            "module.network_config.aws_acm_certificate.server",
            "module.network_config.aws_ec2_client_vpn_endpoint.this",
            "module.network_config.aws_ec2_transit_gateway.this",
            "module.network_config.module.vpc.aws_eip.nat",
            "module.network_config.module.vpc.aws_internet_gateway.this",
            "module.network_config.module.vpc.aws_nat_gateway.this",
            "module.network_config.module.vpc.aws_security_group.allow_kms",
            "module.network_config.module.vpc.aws_security_group.allow_secretsmanager",
            "module.network_config.module.vpc.aws_subnet.this",
            "module.network_config.module.vpc.aws_vpc.this",
            "module.network_config.module.vpc.aws_vpc_dhcp_options.this",
            "module.network_config.module.vpc.aws_vpc_dhcp_options_association.this",
            "module.network_config.module.vpc.aws_vpc_endpoint.kms",
            "module.network_config.module.vpc.aws_vpc_endpoint.s3",
            "module.network_config.module.vpc.aws_vpc_endpoint.secretsmanager",
            "module.network_config.tls_cert_request.server",
            "module.network_config.tls_locally_signed_cert.server",
            "module.network_config.tls_private_key.ca",
            "module.network_config.tls_private_key.server",
            "module.network_config.tls_self_signed_cert.ca"
          ]
        }
      ]
    },
    {
      "module": "module.network_config",
      "mode": "managed",
      "type": "aws_ec2_client_vpn_route",
      "name": "to_transit_gateway",
      "provider": "provider[\"registry.terraform.io/hashicorp/aws\"]",
      "instances": [
        {
          "index_key": 0,
          "schema_version": 0,
          "attributes": {
            "client_vpn_endpoint_id": "cvpn-endpoint-096e104880ece84f9",
            "description": "Route to internet via VPC",
            "destination_cidr_block": "0.0.0.0/0",
            "id": "cvpn-endpoint-096e104880ece84f9,subnet-09f53e122fd8a0cc0,0.0.0.0/0",
            "origin": "add-route",
            "target_vpc_subnet_id": "subnet-09f53e122fd8a0cc0",
            "timeouts": null,
            "type": "Nat"
          },
          "sensitive_attributes": [],
          "private": "eyJlMmJmYjczMC1lY2FhLTExZTYtOGY4OC0zNDM2M2JjN2M0YzAiOnsiY3JlYXRlIjoyNDAwMDAwMDAwMDAsImRlbGV0ZSI6MjQwMDAwMDAwMDAwfX0=",
          "dependencies": [
            "module.network_config.aws_acm_certificate.client_ca",
            "module.network_config.aws_acm_certificate.server",
            "module.network_config.aws_ec2_client_vpn_endpoint.this",
            "module.network_config.aws_ec2_client_vpn_network_association.this",
            "module.network_config.aws_ec2_transit_gateway.this",
            "module.network_config.module.vpc.aws_eip.nat",
            "module.network_config.module.vpc.aws_internet_gateway.this",
            "module.network_config.module.vpc.aws_nat_gateway.this",
            "module.network_config.module.vpc.aws_security_group.allow_kms",
            "module.network_config.module.vpc.aws_security_group.allow_secretsmanager",
            "module.network_config.module.vpc.aws_subnet.this",
            "module.network_config.module.vpc.aws_vpc.this",
            "module.network_config.module.vpc.aws_vpc_dhcp_options.this",
            "module.network_config.module.vpc.aws_vpc_dhcp_options_association.this",
            "module.network_config.module.vpc.aws_vpc_endpoint.kms",
            "module.network_config.module.vpc.aws_vpc_endpoint.s3",
            "module.network_config.module.vpc.aws_vpc_endpoint.secretsmanager",
            "module.network_config.tls_cert_request.server",
            "module.network_config.tls_locally_signed_cert.server",
            "module.network_config.tls_private_key.ca",
            "module.network_config.tls_private_key.server",
            "module.network_config.tls_self_signed_cert.ca"
          ]
        },
        {
          "index_key": 1,
          "schema_version": 0,
          "attributes": {
            "client_vpn_endpoint_id": "cvpn-endpoint-096e104880ece84f9",
            "description": "Route to internet via VPC",
            "destination_cidr_block": "0.0.0.0/0",
            "id": "cvpn-endpoint-096e104880ece84f9,subnet-05035b7c912b6a715,0.0.0.0/0",
            "origin": "add-route",
            "target_vpc_subnet_id": "subnet-05035b7c912b6a715",
            "timeouts": null,
            "type": "Nat"
          },
          "sensitive_attributes": [],
          "private": "eyJlMmJmYjczMC1lY2FhLTExZTYtOGY4OC0zNDM2M2JjN2M0YzAiOnsiY3JlYXRlIjoyNDAwMDAwMDAwMDAsImRlbGV0ZSI6MjQwMDAwMDAwMDAwfX0=",
          "dependencies": [
            "module.network_config.aws_acm_certificate.client_ca",
            "module.network_config.aws_acm_certificate.server",
            "module.network_config.aws_ec2_client_vpn_endpoint.this",
            "module.network_config.aws_ec2_client_vpn_network_association.this",
            "module.network_config.aws_ec2_transit_gateway.this",
            "module.network_config.module.vpc.aws_eip.nat",
            "module.network_config.module.vpc.aws_internet_gateway.this",
            "module.network_config.module.vpc.aws_nat_gateway.this",
            "module.network_config.module.vpc.aws_security_group.allow_kms",
            "module.network_config.module.vpc.aws_security_group.allow_secretsmanager",
            "module.network_config.module.vpc.aws_subnet.this",
            "module.network_config.module.vpc.aws_vpc.this",
            "module.network_config.module.vpc.aws_vpc_dhcp_options.this",
            "module.network_config.module.vpc.aws_vpc_dhcp_options_association.this",
            "module.network_config.module.vpc.aws_vpc_endpoint.kms",
            "module.network_config.module.vpc.aws_vpc_endpoint.s3",
            "module.network_config.module.vpc.aws_vpc_endpoint.secretsmanager",
            "module.network_config.tls_cert_request.server",
            "module.network_config.tls_locally_signed_cert.server",
            "module.network_config.tls_private_key.ca",
            "module.network_config.tls_private_key.server",
            "module.network_config.tls_self_signed_cert.ca"
          ]
        },
        {
          "index_key": 2,
          "schema_version": 0,
          "attributes": {
            "client_vpn_endpoint_id": "cvpn-endpoint-096e104880ece84f9",
            "description": "Route to internet via VPC",
            "destination_cidr_block": "0.0.0.0/0",
            "id": "cvpn-endpoint-096e104880ece84f9,subnet-05882cfce013b8c6f,0.0.0.0/0",
            "origin": "add-route",
            "target_vpc_subnet_id": "subnet-05882cfce013b8c6f",
            "timeouts": null,
            "type": "Nat"
          },
          "sensitive_attributes": [],
          "private": "eyJlMmJmYjczMC1lY2FhLTExZTYtOGY4OC0zNDM2M2JjN2M0YzAiOnsiY3JlYXRlIjoyNDAwMDAwMDAwMDAsImRlbGV0ZSI6MjQwMDAwMDAwMDAwfX0=",
          "dependencies": [
            "module.network_config.aws_acm_certificate.client_ca",
            "module.network_config.aws_acm_certificate.server",
            "module.network_config.aws_ec2_client_vpn_endpoint.this",
            "module.network_config.aws_ec2_client_vpn_network_association.this",
            "module.network_config.aws_ec2_transit_gateway.this",
            "module.network_config.module.vpc.aws_eip.nat",
            "module.network_config.module.vpc.aws_internet_gateway.this",
            "module.network_config.module.vpc.aws_nat_gateway.this",
            "module.network_config.module.vpc.aws_security_group.allow_kms",
            "module.network_config.module.vpc.aws_security_group.allow_secretsmanager",
            "module.network_config.module.vpc.aws_subnet.this",
            "module.network_config.module.vpc.aws_vpc.this",
            "module.network_config.module.vpc.aws_vpc_dhcp_options.this",
            "module.network_config.module.vpc.aws_vpc_dhcp_options_association.this",
            "module.network_config.module.vpc.aws_vpc_endpoint.kms",
            "module.network_config.module.vpc.aws_vpc_endpoint.s3",
            "module.network_config.module.vpc.aws_vpc_endpoint.secretsmanager",
            "module.network_config.tls_cert_request.server",
            "module.network_config.tls_locally_signed_cert.server",
            "module.network_config.tls_private_key.ca",
            "module.network_config.tls_private_key.server",
            "module.network_config.tls_self_signed_cert.ca"
          ]
        }
      ]
    },
    {
      "module": "module.network_config",
      "mode": "managed",
      "type": "aws_ec2_transit_gateway",
      "name": "this",
      "provider": "provider[\"registry.terraform.io/hashicorp/aws\"]",
      "instances": [
        {
          "schema_version": 0,
          "attributes": {
            "amazon_side_asn": 64512,
            "arn": "arn:aws:ec2:eu-central-1:767398092878:transit-gateway/tgw-0495c89fbb4987b53",
            "association_default_route_table_id": "tgw-rtb-038843fc1d2f3eb59",
            "auto_accept_shared_attachments": "disable",
            "default_route_table_association": "enable",
            "default_route_table_propagation": "disable",
            "description": "Transit Gateway",
            "dns_support": "enable",
            "id": "tgw-0495c89fbb4987b53",
            "multicast_support": "disable",
            "owner_id": "767398092878",
            "propagation_default_route_table_id": "",
            "security_group_referencing_support": "disable",
            "tags": {
              "Name": "transit-gateway"
            },
            "tags_all": {
              "Name": "transit-gateway"
            },
            "timeouts": null,
            "transit_gateway_cidr_blocks": [],
            "vpn_ecmp_support": "enable"
          },
          "sensitive_attributes": [],
          "private": "eyJlMmJmYjczMC1lY2FhLTExZTYtOGY4OC0zNDM2M2JjN2M0YzAiOnsiY3JlYXRlIjo2MDAwMDAwMDAwMDAsImRlbGV0ZSI6NjAwMDAwMDAwMDAwLCJ1cGRhdGUiOjYwMDAwMDAwMDAwMH19"
        }
      ]
    },
    {
      "module": "module.network_config",
      "mode": "managed",
      "type": "aws_ec2_transit_gateway_route",
      "name": "this",
      "provider": "provider[\"registry.terraform.io/hashicorp/aws\"]",
      "instances": [
        {
          "index_key": 0,
          "schema_version": 0,
          "attributes": {
            "blackhole": false,
            "destination_cidr_block": "0.0.0.0/0",
            "id": "tgw-rtb-0eb2b4ae8eaaf8481_0.0.0.0/0",
            "transit_gateway_attachment_id": "tgw-attach-05970b01f6052185a",
            "transit_gateway_route_table_id": "tgw-rtb-0eb2b4ae8eaaf8481"
          },
          "sensitive_attributes": [],
          "private": "bnVsbA==",
          "dependencies": [
            "module.network_config.aws_ec2_transit_gateway.this",
            "module.network_config.aws_ec2_transit_gateway_route_table.this",
            "module.network_config.aws_ec2_transit_gateway_vpc_attachment.this",
            "module.network_config.module.vpc.aws_eip.nat",
            "module.network_config.module.vpc.aws_internet_gateway.this",
            "module.network_config.module.vpc.aws_nat_gateway.this",
            "module.network_config.module.vpc.aws_security_group.allow_kms",
            "module.network_config.module.vpc.aws_security_group.allow_secretsmanager",
            "module.network_config.module.vpc.aws_subnet.this",
            "module.network_config.module.vpc.aws_vpc.this",
            "module.network_config.module.vpc.aws_vpc_dhcp_options.this",
            "module.network_config.module.vpc.aws_vpc_dhcp_options_association.this",
            "module.network_config.module.vpc.aws_vpc_endpoint.kms",
            "module.network_config.module.vpc.aws_vpc_endpoint.s3",
            "module.network_config.module.vpc.aws_vpc_endpoint.secretsmanager"
          ]
        }
      ]
    },
    {
      "module": "module.network_config",
      "mode": "managed",
      "type": "aws_ec2_transit_gateway_route_table",
      "name": "this",
      "provider": "provider[\"registry.terraform.io/hashicorp/aws\"]",
      "instances": [
        {
          "schema_version": 0,
          "attributes": {
            "arn": "arn:aws:ec2:eu-central-1:767398092878:transit-gateway-route-table/tgw-rtb-0eb2b4ae8eaaf8481",
            "default_association_route_table": false,
            "default_propagation_route_table": false,
            "id": "tgw-rtb-0eb2b4ae8eaaf8481",
            "tags": {
              "Name": "transit-gateway-route-table"
            },
            "tags_all": {
              "Name": "transit-gateway-route-table"
            },
            "transit_gateway_id": "tgw-0495c89fbb4987b53"
          },
          "sensitive_attributes": [],
          "private": "bnVsbA==",
          "dependencies": [
            "module.network_config.aws_ec2_transit_gateway.this"
          ]
        }
      ]
    },
    {
      "module": "module.network_config",
      "mode": "managed",
      "type": "aws_ec2_transit_gateway_route_table_propagation",
      "name": "this",
      "provider": "provider[\"registry.terraform.io/hashicorp/aws\"]",
      "instances": [
        {
          "index_key": "transit-gateway-attachment-egress",
          "schema_version": 0,
          "attributes": {
            "id": "tgw-rtb-0eb2b4ae8eaaf8481_tgw-attach-05970b01f6052185a",
            "resource_id": "vpc-002d8769ef29aa6fc",
            "resource_type": "vpc",
            "transit_gateway_attachment_id": "tgw-attach-05970b01f6052185a",
            "transit_gateway_route_table_id": "tgw-rtb-0eb2b4ae8eaaf8481"
          },
          "sensitive_attributes": [],
          "private": "bnVsbA==",
          "dependencies": [
            "module.network_config.aws_ec2_transit_gateway.this",
            "module.network_config.aws_ec2_transit_gateway_route_table.this",
            "module.network_config.aws_ec2_transit_gateway_vpc_attachment.this",
            "module.network_config.module.vpc.aws_eip.nat",
            "module.network_config.module.vpc.aws_internet_gateway.this",
            "module.network_config.module.vpc.aws_nat_gateway.this",
            "module.network_config.module.vpc.aws_security_group.allow_kms",
            "module.network_config.module.vpc.aws_security_group.allow_secretsmanager",
            "module.network_config.module.vpc.aws_subnet.this",
            "module.network_config.module.vpc.aws_vpc.this",
            "module.network_config.module.vpc.aws_vpc_dhcp_options.this",
            "module.network_config.module.vpc.aws_vpc_dhcp_options_association.this",
            "module.network_config.module.vpc.aws_vpc_endpoint.kms",
            "module.network_config.module.vpc.aws_vpc_endpoint.s3",
            "module.network_config.module.vpc.aws_vpc_endpoint.secretsmanager"
          ]
        },
        {
          "index_key": "transit-gateway-attachment-main",
          "schema_version": 0,
          "attributes": {
            "id": "tgw-rtb-0eb2b4ae8eaaf8481_tgw-attach-06e59765fc5a3cbf6",
            "resource_id": "vpc-0a80f3578ae6fa27b",
            "resource_type": "vpc",
            "transit_gateway_attachment_id": "tgw-attach-06e59765fc5a3cbf6",
            "transit_gateway_route_table_id": "tgw-rtb-0eb2b4ae8eaaf8481"
          },
          "sensitive_attributes": [],
          "private": "bnVsbA==",
          "dependencies": [
            "module.network_config.aws_ec2_transit_gateway.this",
            "module.network_config.aws_ec2_transit_gateway_route_table.this",
            "module.network_config.aws_ec2_transit_gateway_vpc_attachment.this",
            "module.network_config.module.vpc.aws_eip.nat",
            "module.network_config.module.vpc.aws_internet_gateway.this",
            "module.network_config.module.vpc.aws_nat_gateway.this",
            "module.network_config.module.vpc.aws_security_group.allow_kms",
            "module.network_config.module.vpc.aws_security_group.allow_secretsmanager",
            "module.network_config.module.vpc.aws_subnet.this",
            "module.network_config.module.vpc.aws_vpc.this",
            "module.network_config.module.vpc.aws_vpc_dhcp_options.this",
            "module.network_config.module.vpc.aws_vpc_dhcp_options_association.this",
            "module.network_config.module.vpc.aws_vpc_endpoint.kms",
            "module.network_config.module.vpc.aws_vpc_endpoint.s3",
            "module.network_config.module.vpc.aws_vpc_endpoint.secretsmanager"
          ]
        }
      ]
    },
    {
      "module": "module.network_config",
      "mode": "managed",
      "type": "aws_ec2_transit_gateway_vpc_attachment",
      "name": "this",
      "provider": "provider[\"registry.terraform.io/hashicorp/aws\"]",
      "instances": [
        {
          "index_key": 0,
          "schema_version": 0,
          "attributes": {
            "appliance_mode_support": "enable",
            "arn": "arn:aws:ec2:eu-central-1:767398092878:transit-gateway-attachment/tgw-attach-05970b01f6052185a",
            "dns_support": "enable",
            "id": "tgw-attach-05970b01f6052185a",
            "ipv6_support": "disable",
            "security_group_referencing_support": "enable",
            "subnet_ids": [
              "subnet-0422dc6f1639ce3c4",
              "subnet-06b65e06b0481a313",
              "subnet-0be281a4e777c980b"
            ],
            "tags": {
              "Name": "transit-gateway-attachment-egress"
            },
            "tags_all": {
              "Name": "transit-gateway-attachment-egress"
            },
            "transit_gateway_default_route_table_association": true,
            "transit_gateway_default_route_table_propagation": false,
            "transit_gateway_id": "tgw-0495c89fbb4987b53",
            "vpc_id": "vpc-002d8769ef29aa6fc",
            "vpc_owner_id": "767398092878"
          },
          "sensitive_attributes": [],
          "private": "bnVsbA==",
          "dependencies": [
            "module.network_config.aws_ec2_transit_gateway.this",
            "module.network_config.module.vpc.aws_eip.nat",
            "module.network_config.module.vpc.aws_internet_gateway.this",
            "module.network_config.module.vpc.aws_nat_gateway.this",
            "module.network_config.module.vpc.aws_security_group.allow_kms",
            "module.network_config.module.vpc.aws_security_group.allow_secretsmanager",
            "module.network_config.module.vpc.aws_subnet.this",
            "module.network_config.module.vpc.aws_vpc.this",
            "module.network_config.module.vpc.aws_vpc_dhcp_options.this",
            "module.network_config.module.vpc.aws_vpc_dhcp_options_association.this",
            "module.network_config.module.vpc.aws_vpc_endpoint.kms",
            "module.network_config.module.vpc.aws_vpc_endpoint.s3",
            "module.network_config.module.vpc.aws_vpc_endpoint.secretsmanager"
          ]
        },
        {
          "index_key": 1,
          "schema_version": 0,
          "attributes": {
            "appliance_mode_support": "enable",
            "arn": "arn:aws:ec2:eu-central-1:767398092878:transit-gateway-attachment/tgw-attach-06e59765fc5a3cbf6",
            "dns_support": "enable",
            "id": "tgw-attach-06e59765fc5a3cbf6",
            "ipv6_support": "disable",
            "security_group_referencing_support": "enable",
            "subnet_ids": [
              "subnet-05035b7c912b6a715",
              "subnet-05882cfce013b8c6f",
              "subnet-09f53e122fd8a0cc0"
            ],
            "tags": {
              "Name": "transit-gateway-attachment-main"
            },
            "tags_all": {
              "Name": "transit-gateway-attachment-main"
            },
            "transit_gateway_default_route_table_association": true,
            "transit_gateway_default_route_table_propagation": false,
            "transit_gateway_id": "tgw-0495c89fbb4987b53",
            "vpc_id": "vpc-0a80f3578ae6fa27b",
            "vpc_owner_id": "767398092878"
          },
          "sensitive_attributes": [],
          "private": "bnVsbA==",
          "dependencies": [
            "module.network_config.aws_ec2_transit_gateway.this",
            "module.network_config.module.vpc.aws_eip.nat",
            "module.network_config.module.vpc.aws_internet_gateway.this",
            "module.network_config.module.vpc.aws_nat_gateway.this",
            "module.network_config.module.vpc.aws_security_group.allow_kms",
            "module.network_config.module.vpc.aws_security_group.allow_secretsmanager",
            "module.network_config.module.vpc.aws_subnet.this",
            "module.network_config.module.vpc.aws_vpc.this",
            "module.network_config.module.vpc.aws_vpc_dhcp_options.this",
            "module.network_config.module.vpc.aws_vpc_dhcp_options_association.this",
            "module.network_config.module.vpc.aws_vpc_endpoint.kms",
            "module.network_config.module.vpc.aws_vpc_endpoint.s3",
            "module.network_config.module.vpc.aws_vpc_endpoint.secretsmanager"
          ]
        }
      ]
    },
    {
      "module": "module.network_config",
      "mode": "managed",
      "type": "aws_security_group",
      "name": "client_vpn",
      "provider": "provider[\"registry.terraform.io/hashicorp/aws\"]",
      "instances": [
        {
          "index_key": 0,
          "schema_version": 1,
          "attributes": {
            "arn": "arn:aws:ec2:eu-central-1:767398092878:security-group/sg-021e010c38661ddce",
            "description": "Security group for Client VPN endpoint",
            "egress": [
              {
                "cidr_blocks": [
                  "0.0.0.0/0"
                ],
                "description": "Allow all outbound traffic",
                "from_port": 0,
                "ipv6_cidr_blocks": [],
                "prefix_list_ids": [],
                "protocol": "-1",
                "security_groups": [],
                "self": false,
                "to_port": 0
              }
            ],
            "id": "sg-021e010c38661ddce",
            "ingress": [],
            "name": "client-vpn-endpoint-sg",
            "name_prefix": "",
            "owner_id": "767398092878",
            "revoke_rules_on_delete": false,
            "tags": {
              "Name": "client-vpn-endpoint-sg"
            },
            "tags_all": {
              "Name": "client-vpn-endpoint-sg"
            },
            "timeouts": null,
            "vpc_id": "vpc-0a80f3578ae6fa27b"
          },
          "sensitive_attributes": [],
          "private": "eyJlMmJmYjczMC1lY2FhLTExZTYtOGY4OC0zNDM2M2JjN2M0YzAiOnsiY3JlYXRlIjo2MDAwMDAwMDAwMDAsImRlbGV0ZSI6OTAwMDAwMDAwMDAwfSwic2NoZW1hX3ZlcnNpb24iOiIxIn0=",
          "dependencies": [
            "module.network_config.aws_ec2_transit_gateway.this",
            "module.network_config.module.vpc.aws_eip.nat",
            "module.network_config.module.vpc.aws_internet_gateway.this",
            "module.network_config.module.vpc.aws_nat_gateway.this",
            "module.network_config.module.vpc.aws_security_group.allow_kms",
            "module.network_config.module.vpc.aws_security_group.allow_secretsmanager",
            "module.network_config.module.vpc.aws_subnet.this",
            "module.network_config.module.vpc.aws_vpc.this",
            "module.network_config.module.vpc.aws_vpc_dhcp_options.this",
            "module.network_config.module.vpc.aws_vpc_dhcp_options_association.this",
            "module.network_config.module.vpc.aws_vpc_endpoint.kms",
            "module.network_config.module.vpc.aws_vpc_endpoint.s3",
            "module.network_config.module.vpc.aws_vpc_endpoint.secretsmanager"
          ]
        }
      ]
    },
    {
      "module": "module.network_config",
      "mode": "managed",
      "type": "aws_ssm_parameter",
      "name": "ca_cert",
      "provider": "provider[\"registry.terraform.io/hashicorp/aws\"]",
      "instances": [
        {
          "index_key": 0,
          "schema_version": 0,
          "attributes": {
            "allowed_pattern": "",
            "arn": "arn:aws:ssm:eu-central-1:767398092878:parameter/client-vpn/certificates/ca-cert",
            "data_type": "text",
            "description": "Client VPN CA Certificate",
            "has_value_wo": null,
            "id": "/client-vpn/certificates/ca-cert",
            "insecure_value": null,
            "key_id": "alias/aws/ssm",
            "name": "/client-vpn/certificates/ca-cert",
            "overwrite": null,
            "tags": {
              "Name": "client-vpn-ca-cert"
            },
            "tags_all": {
              "Name": "client-vpn-ca-cert"
            },
            "tier": "Standard",
            "type": "SecureString",
            "value": "-----BEGIN CERTIFICATE-----\nMIIDlzCCAn+gAwIBAgIRAKOgFg5qU1L6Z3/m2r6ZFH0wDQYJKoZIhvcNAQELBQAw\nZTELMAkGA1UEBhMCVVMxDjAMBgNVBAgTBVN0YXRlMQ0wCwYDVQQHEwRDaXR5MRkw\nFwYDVQQKExBZb3VyT3JnYW5pemF0aW9uMQswCQYDVQQLEwJJVDEPMA0GA1UEAxMG\nVlBOLUNBMB4XDTI1MDUyMzE4Mjk1N1oXDTI2MDUyMzE4Mjk1N1owZTELMAkGA1UE\nBhMCVVMxDjAMBgNVBAgTBVN0YXRlMQ0wCwYDVQQHEwRDaXR5MRkwFwYDVQQKExBZ\nb3VyT3JnYW5pemF0aW9uMQswCQYDVQQLEwJJVDEPMA0GA1UEAxMGVlBOLUNBMIIB\nIjANBgkqhkiG9w0BAQEFAAOCAQ8AMIIBCgKCAQEAw/eRny+DrzOtjldjSAcKBH1m\nFgewcpY3XFbO7KENDpfa/SyIig4YEF/ZoO3nynmBSxXxUB88QF0BneKN+rBIlETF\nVXa3QMe4oOBbNe0CDf/am5VmwDjCs+wRKXqHy5YOgXODXspt/7ljKS9YCmazzHSW\nl6h4n3/FPkg5Wl4Ijjx9+5VwcAAJBvYbEZ169dHhr0n7F/iumspOpCwOfBjSmQ3S\nw1vbkobFQMZKSfkfWTXQ7EsI6iCJKEtv44NqEuyAe//F1BNFQVbxrznRC+7fpC/F\n3dhPPjdRH55ksJeAw8jYGyScA/sU5L21rr9AK6cw5I8nIZBWxl5UHUe2rFZKewID\nAQABo0IwQDAOBgNVHQ8BAf8EBAMCAaYwDwYDVR0TAQH/BAUwAwEB/zAdBgNVHQ4E\nFgQUTrebmn40Pu9uyfLYZVqLFItBAlIwDQYJKoZIhvcNAQELBQADggEBAFgUq899\ncgfooOJZeZaY8BFXa2CmssLHYKvic8kR7roFnA8IWTH3hGiyfGaP6AMi6zH3F2t3\ngzCVg/bRXHvYFCR9x7Lrgu1hy0yT/Y/kHzsprkH2lGAvKEwqdgpeAaGEf7HZdVLj\nRO5WNs1pscdavPHVDPrkirfxs8Sr8FKZjFEyzO0EqB/8RKlgKYtX8Wuui/RgvCzZ\nboZ4cydElvIjyVNKyg364TFRpEBgai7GyvsTjJOtDMPM2ABfho9l1ys9xSzTXxQ1\nGOQE885nsB2KCsiElSREY5ZtmBTXytlj+jqCmw5fr7Gs5wjMuKPuXYxn2ZIn06rD\nxLI4RyV6B0GzTJA=\n-----END CERTIFICATE-----\n",
            "value_wo": null,
            "value_wo_version": null,
            "version": 1
          },
          "sensitive_attributes": [],
          "private": "bnVsbA==",
          "dependencies": [
            "module.network_config.tls_private_key.ca",
            "module.network_config.tls_self_signed_cert.ca"
          ]
        }
      ]
    },
    {
      "module": "module.network_config",
      "mode": "managed",
      "type": "aws_ssm_parameter",
      "name": "ca_key",
      "provider": "provider[\"registry.terraform.io/hashicorp/aws\"]",
      "instances": [
        {
          "index_key": 0,
          "schema_version": 0,
          "attributes": {
            "allowed_pattern": "",
            "arn": "arn:aws:ssm:eu-central-1:767398092878:parameter/client-vpn/certificates/ca-key",
            "data_type": "text",
            "description": "Client VPN CA Private Key",
            "has_value_wo": null,
            "id": "/client-vpn/certificates/ca-key",
            "insecure_value": null,
            "key_id": "alias/aws/ssm",
            "name": "/client-vpn/certificates/ca-key",
            "overwrite": null,
            "tags": {
              "Name": "client-vpn-ca-key"
            },
            "tags_all": {
              "Name": "client-vpn-ca-key"
            },
            "tier": "Standard",
            "type": "SecureString",
            "value": "-----BEGIN RSA PRIVATE KEY-----\nMIIEpAIBAAKCAQEAw/eRny+DrzOtjldjSAcKBH1mFgewcpY3XFbO7KENDpfa/SyI\nig4YEF/ZoO3nynmBSxXxUB88QF0BneKN+rBIlETFVXa3QMe4oOBbNe0CDf/am5Vm\nwDjCs+wRKXqHy5YOgXODXspt/7ljKS9YCmazzHSWl6h4n3/FPkg5Wl4Ijjx9+5Vw\ncAAJBvYbEZ169dHhr0n7F/iumspOpCwOfBjSmQ3Sw1vbkobFQMZKSfkfWTXQ7EsI\n6iCJKEtv44NqEuyAe//F1BNFQVbxrznRC+7fpC/F3dhPPjdRH55ksJeAw8jYGySc\nA/sU5L21rr9AK6cw5I8nIZBWxl5UHUe2rFZKewIDAQABAoIBAAioTsm9qe+OQZwf\nIzbPszMYlFWwnqx2E3MKYldIFCrkk/TV+1NyC1q2ou3K2A/0+m/MdxE6ZNYisotJ\nmReN1l8EHMQWTw+j4yjqtuZ041k/+0xSHax46K0iZqDlyP46N/pv4n1h3wzKbjJb\nGGSGCtDWoIwjRSG/kM5PSlPCNLzBcbzQpcl0/kR82DVEp4r2A3PkPnW9tzfcR1gZ\nNFYGlcq9Yj/M5HoldB7T33BSmY9i5HA7F7DP+YC7CwJ7qEaY8eVMjsc7P5ZepqT+\nghn2WZhFCbVyD81/j5rH9ZW0zeHIyF22nKt07MGNYxYWHH67nMe+PbsiqEEm7sBj\nBUmSyy0CgYEA81hW3WA7oCob3MKmDdI1tBENvS72A2qK00pVObuTojojnUkizBMk\nF2coF14rIuaGEjZeS/yJftozR0GMSyXDcMCJXqK0/uTJZOyWhB8u3auKG+x0ggSi\n2tCLBiOik/goMp5zhatAM6c+GawVN0/Usja+zfSurNPVG93vEnoYTr8CgYEAzih8\nDVhKVgEsjZxIldZKl7Y5RnYuv89XQeFocg5PQG8vp37O44g7xxGh0XdGCw5aRt2B\n3SXIj/6OqdHSGDFfu0wDp5tu/AIdSqd2RyCKmze2r7oc4FqAaI5Ve72mb7N09D4M\neFFbN9A+cy5IFeNEN+mFfHKi7CnnvU7HIdusL0UCgYEAu80HbN3h5l/ZFOyb3rrG\ne2tV4RUnA8frz9jkISQkceTQq4hP9JMpHW6dQDuKquqhudh/ucDyFBYt0OZDcZN5\nW8Ebww9rA/RpgRwdpWWzc5v5gEdiOx182cZsJJbH186Cp14l5ZkeeT6u7H0j+oX/\nrnIVmzkkvXjWVSVYZjgYHl0CgYEAnsPw3TocbWWUES7Fe5c/dNzh+RC06gTctyDH\nlebNQ9scwQpYfEQDfUhn7W/EomkYPzEBfPVHIxWwerna6cTEa/Kbce2zKCLcugyD\nez1lYSoj5+sVp/Yqo9rRnG0uiyGSNTK/2b0V2cLnBT8kRq7yb3jI01FZhTS0gkbz\n9nA9h10CgYBQSK1MuWN7FrphGjSYi/V1iE6CS5cCrjtvwBPhuWypTrxdeaEHh+N1\n3zB+iUBkMmihAMpK9k8yG62SDYV42Oc5yGGh3ICR9KpIfQ7GTq+w2V3QUyvGgFfd\nwKlcz7rtz0NwuHsMLOlkx9R6zai5CI9beF5itKbDSZ6G3x0rQLvYqQ==\n-----END RSA PRIVATE KEY-----\n",
            "value_wo": null,
            "value_wo_version": null,
            "version": 1
          },
          "sensitive_attributes": [
            [
              {
                "type": "get_attr",
                "value": "value"
              }
            ]
          ],
          "private": "bnVsbA==",
          "dependencies": [
            "module.network_config.tls_private_key.ca"
          ]
        }
      ]
    },
    {
      "module": "module.network_config",
      "mode": "managed",
      "type": "aws_ssm_parameter",
      "name": "client_cert",
      "provider": "provider[\"registry.terraform.io/hashicorp/aws\"]",
      "instances": [
        {
          "index_key": 0,
          "schema_version": 0,
          "attributes": {
            "allowed_pattern": "",
            "arn": "arn:aws:ssm:eu-central-1:767398092878:parameter/client-vpn/certificates/client-cert",
            "data_type": "text",
            "description": "Client VPN Client Certificate",
            "has_value_wo": null,
            "id": "/client-vpn/certificates/client-cert",
            "insecure_value": null,
            "key_id": "alias/aws/ssm",
            "name": "/client-vpn/certificates/client-cert",
            "overwrite": null,
            "tags": {
              "Name": "client-vpn-client-cert"
            },
            "tags_all": {
              "Name": "client-vpn-client-cert"
            },
            "tier": "Standard",
            "type": "SecureString",
            "value": "-----BEGIN CERTIFICATE-----\nMIIDrjCCApagAwIBAgIQHGDSI5zK5uogGHKRAK66wDANBgkqhkiG9w0BAQsFADBl\nMQswCQYDVQQGEwJVUzEOMAwGA1UECBMFU3RhdGUxDTALBgNVBAcTBENpdHkxGTAX\nBgNVBAoTEFlvdXJPcmdhbml6YXRpb24xCzAJBgNVBAsTAklUMQ8wDQYDVQQDEwZW\nUE4tQ0EwHhcNMjUwNTIzMTgyOTU3WhcNMjYwNTIzMTgyOTU3WjBpMQswCQYDVQQG\nEwJVUzEOMAwGA1UECBMFU3RhdGUxDTALBgNVBAcTBENpdHkxGTAXBgNVBAoTEFlv\ndXJPcmdhbml6YXRpb24xCzAJBgNVBAsTAklUMRMwEQYDVQQDEwpWUE4tQ2xpZW50\nMIIBIjANBgkqhkiG9w0BAQEFAAOCAQ8AMIIBCgKCAQEAmTyeqI0BvhTBBlg9L/i5\nXscetou4Oo6nRtHAKYOe8b/6UgHKBk1rxtGjE8670H6S+WOZymfCuniHrbzUuN3z\nByeb4hHI12pyP2xEwJ+CYGElg53ge3dgEQk6nQHmOpaXvD6yNoI1ayGLnAxUur2t\nM2M6phAZ6MZutLnd6qMkcUpeTcEBtduyEKQIXOvCz6Pa6a05LKZQZ1pjYwjDkZX1\noRIFRp5sCJymJ5Zd6RYLE3spDIu2zLI5P+fhn2Bl9Nfy37FtFm3FkzSXdRUPFxbl\nXl9QWLz6i3zaxfIgNRllzD/aJeh6nqBbwZia/2C3FIkjGVg5MR+o1CtIkjigMh3s\nAwIDAQABo1YwVDAOBgNVHQ8BAf8EBAMCBaAwEwYDVR0lBAwwCgYIKwYBBQUHAwIw\nDAYDVR0TAQH/BAIwADAfBgNVHSMEGDAWgBROt5uafjQ+727J8thlWosUi0ECUjAN\nBgkqhkiG9w0BAQsFAAOCAQEAVd23T+IUNgsgMqG9oi7VXmb8kBhqvijk4jCgB4u7\nMU4E11h1z6CZDzzCO6zs6eYfgSlXCGyTG4bSUifzzV55llkymyT298an/2lxM3oL\nPaoLPBfTNP7vRF0bgyzBtD+2O2DRuaGFOTGyUdaz4m7wx1qqucRcfIhpMcTYY7t0\n81nfxIffNdCkwsFID9f88O2rpqwOFmGzvlBHTxWu7GrJVV4jXrmBFcu4QN8J8WK1\nzMacvphHd43gnLJ/f2hIxjJoXGLZ0NhF74MJ6OC708KYx3UmZ+lEIhpDedHqNi7R\nPaqSF3bVCMCqfNQEPA6DhIyW0EAFjjJ51jm64+1ZabT+5A==\n-----END CERTIFICATE-----\n",
            "value_wo": null,
            "value_wo_version": null,
            "version": 1
          },
          "sensitive_attributes": [],
          "private": "bnVsbA==",
          "dependencies": [
            "module.network_config.tls_cert_request.client",
            "module.network_config.tls_locally_signed_cert.client",
            "module.network_config.tls_private_key.ca",
            "module.network_config.tls_private_key.client",
            "module.network_config.tls_self_signed_cert.ca"
          ]
        }
      ]
    },
    {
      "module": "module.network_config",
      "mode": "managed",
      "type": "aws_ssm_parameter",
      "name": "client_key",
      "provider": "provider[\"registry.terraform.io/hashicorp/aws\"]",
      "instances": [
        {
          "index_key": 0,
          "schema_version": 0,
          "attributes": {
            "allowed_pattern": "",
            "arn": "arn:aws:ssm:eu-central-1:767398092878:parameter/client-vpn/certificates/client-key",
            "data_type": "text",
            "description": "Client VPN Client Private Key",
            "has_value_wo": null,
            "id": "/client-vpn/certificates/client-key",
            "insecure_value": null,
            "key_id": "alias/aws/ssm",
            "name": "/client-vpn/certificates/client-key",
            "overwrite": null,
            "tags": {
              "Name": "client-vpn-client-key"
            },
            "tags_all": {
              "Name": "client-vpn-client-key"
            },
            "tier": "Standard",
            "type": "SecureString",
            "value": "-----BEGIN RSA PRIVATE KEY-----\nMIIEogIBAAKCAQEAmTyeqI0BvhTBBlg9L/i5Xscetou4Oo6nRtHAKYOe8b/6UgHK\nBk1rxtGjE8670H6S+WOZymfCuniHrbzUuN3zByeb4hHI12pyP2xEwJ+CYGElg53g\ne3dgEQk6nQHmOpaXvD6yNoI1ayGLnAxUur2tM2M6phAZ6MZutLnd6qMkcUpeTcEB\ntduyEKQIXOvCz6Pa6a05LKZQZ1pjYwjDkZX1oRIFRp5sCJymJ5Zd6RYLE3spDIu2\nzLI5P+fhn2Bl9Nfy37FtFm3FkzSXdRUPFxblXl9QWLz6i3zaxfIgNRllzD/aJeh6\nnqBbwZia/2C3FIkjGVg5MR+o1CtIkjigMh3sAwIDAQABAoIBAAFiDi6IQ0VDa7CS\neE7oCEhGNM1B+pIwumrFtt3JDdSxvmEiGgAvj7L2Lmod2g0aL1pn3zn38MZ9EwBq\n7WKTwj9EyL/kGDN1hv1yjTZN2j/jcJK9CIskuy28Lxa+ryTFOi5dRH+Acln6rgdl\nBxi+YINPuHZKO+mhbNtduBaHjWsmVJtF/XxzJmJqAHeMyU+j8fMAxPVQyVEYG6Qs\naPtEFFzgOcHNi42Dp7Y3QYfOjHKBXdEMKQ3vjW8yMFFdn9bchMV7NYnmT+z7ocUr\n9iuwdZ4K/09my8u7Mnvhu8xnBDtJjdVNRcbwWSOitvEBi8oRu7k6LLGKYv9tq6v1\nW37VNfUCgYEAxJcMvsM0bw0zjz4upvfDa93carAHI5Lj/jG/Vq8LizOiy98nR3MX\nLCvMAoVvNOFTk8kd9C5fM1RLUEsmWOp+7kXiwMwVMUCvVZlLhW3pTVPvazKXloRS\nkWw7xOOliZ7076/zzC+Al1IKWjeSJFBbW+1gZwSvc42R1wOPpSa9Q8UCgYEAx4uZ\nUNLIqLF5Ljk/Ah+cOrM2v01XRfvhMci+bhttXNBKYP4qKtV8SjcZBQTVr2/osCJU\nZb3fTk5z4PC1T0PBQ8oSnRhsIYDOEvwlk1VgGTrcX+QZL90v0d0wU+bZE6jzAXYg\nXBxny14XM0Ssr+4mgpchL/9kgYc61XpOVFW6xScCgYBP6t/hhNWB96noJ20rrzkg\nVpbOQDUGvyY0JeEUyiA1PI6HtnXvU9gturg6pifpJVimkXG93EQTR8c+Iu654soq\n7voZSl2rIhKlB6Zt3ZqkNuTzfSOmqrAuMgOyLKEU6yvDbJH9haoO2ekfd8vPO2OI\nYV15Q6xXm0uYTvhMOQ1jyQKBgFT2G1FObiFlbzM/LJS64ModhDHvvDkQBdIspug6\nxVW/WevyTAHw4/q1evGoHVOVUn2sIEMxlOLChJRB6PDW6HL0lvhMbb3WGef7dARH\nVaNobGxnslGu261/gBQ5NjQou07j/OM7NPZiGX66vswpmjwAHSFSnHiKG4LJkJBX\n8C4BAoGAMHYd+bNFm918KSCEE0ECov8eTdgBHlQygIFS/2W0QS8vhbGuLxKPMekL\nK2+NlozeYJN1tKiJCKNTzJ62HZI7i09ytyrD+2Meql6xIEAu1v0RFw5tXwPUIf9Y\nQtdH4MwSX0hWvT+W4Dw4nym/E3CMFJnyub3dR2tPu2Lh556OjnM=\n-----END RSA PRIVATE KEY-----\n",
            "value_wo": null,
            "value_wo_version": null,
            "version": 1
          },
          "sensitive_attributes": [
            [
              {
                "type": "get_attr",
                "value": "value"
              }
            ]
          ],
          "private": "bnVsbA==",
          "dependencies": [
            "module.network_config.tls_private_key.client"
          ]
        }
      ]
    },
    {
      "module": "module.network_config",
      "mode": "managed",
      "type": "tls_cert_request",
      "name": "client",
      "provider": "provider[\"registry.terraform.io/hashicorp/tls\"]",
      "instances": [
        {
          "index_key": 0,
          "schema_version": 0,
          "attributes": {
            "cert_request_pem": "-----BEGIN CERTIFICATE REQUEST-----\nMIICrjCCAZYCAQAwaTELMAkGA1UEBhMCVVMxDjAMBgNVBAgTBVN0YXRlMQ0wCwYD\nVQQHEwRDaXR5MRkwFwYDVQQKExBZb3VyT3JnYW5pemF0aW9uMQswCQYDVQQLEwJJ\nVDETMBEGA1UEAxMKVlBOLUNsaWVudDCCASIwDQYJKoZIhvcNAQEBBQADggEPADCC\nAQoCggEBAJk8nqiNAb4UwQZYPS/4uV7HHraLuDqOp0bRwCmDnvG/+lIBygZNa8bR\noxPOu9B+kvljmcpnwrp4h6281Ljd8wcnm+IRyNdqcj9sRMCfgmBhJYOd4Ht3YBEJ\nOp0B5jqWl7w+sjaCNWshi5wMVLq9rTNjOqYQGejGbrS53eqjJHFKXk3BAbXbshCk\nCFzrws+j2umtOSymUGdaY2MIw5GV9aESBUaebAicpieWXekWCxN7KQyLtsyyOT/n\n4Z9gZfTX8t+xbRZtxZM0l3UVDxcW5V5fUFi8+ot82sXyIDUZZcw/2iXoep6gW8GY\nmv9gtxSJIxlYOTEfqNQrSJI4oDId7AMCAwEAAaAAMA0GCSqGSIb3DQEBCwUAA4IB\nAQBk4utKL+aPNRMyXX/XXlTp8rOMhKXTkrJ0X5Jd3s7yH0rwxX/JC21qe1hmEY1l\n08iLkGjNEQrptXURqbE4ddOt3x2PyY8e+M67RDPF9QnKGwQqWBidrY+A/1Xjznui\nUQcVpP30KjyVMnu0l2gyCwmpinBDUgr0/3k28EcIqlDFcb+PwWAfBuT7fkvuw7b+\n4DhV7UOWItduKVPLMaaWUe0YseMnOMd7ZO0kMCQwN7tnetkDaB7YHRCXbbCfN4dp\nf8tLGbhyBvV+NQNPZ8AXgx0aUGR2Te2YhkI4QOTYQDQsVfgrr8QJI14YzhCa252j\nLvWstSEMZYtgW8OlGytVlWdn\n-----END CERTIFICATE REQUEST-----\n",
            "dns_names": null,
            "id": "2cb38355b64e1ebfd7abf0267442c0d7c9fc3cbd",
            "ip_addresses": null,
            "key_algorithm": "RSA",
            "private_key_pem": "-----BEGIN RSA PRIVATE KEY-----\nMIIEogIBAAKCAQEAmTyeqI0BvhTBBlg9L/i5Xscetou4Oo6nRtHAKYOe8b/6UgHK\nBk1rxtGjE8670H6S+WOZymfCuniHrbzUuN3zByeb4hHI12pyP2xEwJ+CYGElg53g\ne3dgEQk6nQHmOpaXvD6yNoI1ayGLnAxUur2tM2M6phAZ6MZutLnd6qMkcUpeTcEB\ntduyEKQIXOvCz6Pa6a05LKZQZ1pjYwjDkZX1oRIFRp5sCJymJ5Zd6RYLE3spDIu2\nzLI5P+fhn2Bl9Nfy37FtFm3FkzSXdRUPFxblXl9QWLz6i3zaxfIgNRllzD/aJeh6\nnqBbwZia/2C3FIkjGVg5MR+o1CtIkjigMh3sAwIDAQABAoIBAAFiDi6IQ0VDa7CS\neE7oCEhGNM1B+pIwumrFtt3JDdSxvmEiGgAvj7L2Lmod2g0aL1pn3zn38MZ9EwBq\n7WKTwj9EyL/kGDN1hv1yjTZN2j/jcJK9CIskuy28Lxa+ryTFOi5dRH+Acln6rgdl\nBxi+YINPuHZKO+mhbNtduBaHjWsmVJtF/XxzJmJqAHeMyU+j8fMAxPVQyVEYG6Qs\naPtEFFzgOcHNi42Dp7Y3QYfOjHKBXdEMKQ3vjW8yMFFdn9bchMV7NYnmT+z7ocUr\n9iuwdZ4K/09my8u7Mnvhu8xnBDtJjdVNRcbwWSOitvEBi8oRu7k6LLGKYv9tq6v1\nW37VNfUCgYEAxJcMvsM0bw0zjz4upvfDa93carAHI5Lj/jG/Vq8LizOiy98nR3MX\nLCvMAoVvNOFTk8kd9C5fM1RLUEsmWOp+7kXiwMwVMUCvVZlLhW3pTVPvazKXloRS\nkWw7xOOliZ7076/zzC+Al1IKWjeSJFBbW+1gZwSvc42R1wOPpSa9Q8UCgYEAx4uZ\nUNLIqLF5Ljk/Ah+cOrM2v01XRfvhMci+bhttXNBKYP4qKtV8SjcZBQTVr2/osCJU\nZb3fTk5z4PC1T0PBQ8oSnRhsIYDOEvwlk1VgGTrcX+QZL90v0d0wU+bZE6jzAXYg\nXBxny14XM0Ssr+4mgpchL/9kgYc61XpOVFW6xScCgYBP6t/hhNWB96noJ20rrzkg\nVpbOQDUGvyY0JeEUyiA1PI6HtnXvU9gturg6pifpJVimkXG93EQTR8c+Iu654soq\n7voZSl2rIhKlB6Zt3ZqkNuTzfSOmqrAuMgOyLKEU6yvDbJH9haoO2ekfd8vPO2OI\nYV15Q6xXm0uYTvhMOQ1jyQKBgFT2G1FObiFlbzM/LJS64ModhDHvvDkQBdIspug6\nxVW/WevyTAHw4/q1evGoHVOVUn2sIEMxlOLChJRB6PDW6HL0lvhMbb3WGef7dARH\nVaNobGxnslGu261/gBQ5NjQou07j/OM7NPZiGX66vswpmjwAHSFSnHiKG4LJkJBX\n8C4BAoGAMHYd+bNFm918KSCEE0ECov8eTdgBHlQygIFS/2W0QS8vhbGuLxKPMekL\nK2+NlozeYJN1tKiJCKNTzJ62HZI7i09ytyrD+2Meql6xIEAu1v0RFw5tXwPUIf9Y\nQtdH4MwSX0hWvT+W4Dw4nym/E3CMFJnyub3dR2tPu2Lh556OjnM=\n-----END RSA PRIVATE KEY-----\n",
            "subject": [
              {
                "common_name": "VPN-Client",
                "country": "US",
                "email_address": null,
                "locality": "City",
                "organization": "YourOrganization",
                "organizational_unit": "IT",
                "postal_code": null,
                "province": "State",
                "serial_number": null,
                "street_address": null
              }
            ],
            "uris": null
          },
          "sensitive_attributes": [
            [
              {
                "type": "get_attr",
                "value": "private_key_pem"
              }
            ]
          ],
          "dependencies": [
            "module.network_config.tls_private_key.client"
          ]
        }
      ]
    },
    {
      "module": "module.network_config",
      "mode": "managed",
      "type": "tls_cert_request",
      "name": "server",
      "provider": "provider[\"registry.terraform.io/hashicorp/tls\"]",
      "instances": [
        {
          "index_key": 0,
          "schema_version": 0,
          "attributes": {
            "cert_request_pem": "-----BEGIN CERTIFICATE REQUEST-----\nMIIC2zCCAcMCAQAwaTELMAkGA1UEBhMCVVMxDjAMBgNVBAgTBVN0YXRlMQ0wCwYD\nVQQHEwRDaXR5MRkwFwYDVQQKExBZb3VyT3JnYW5pemF0aW9uMQswCQYDVQQLEwJJ\nVDETMBEGA1UEAxMKVlBOLVNlcnZlcjCCASIwDQYJKoZIhvcNAQEBBQADggEPADCC\nAQoCggEBAMTO4YuclFEAtnW0p0nOpiVTCAvIgFm2Cso9Uc0zqVZEAuuVBqp4ikmr\nhQT3YeBnZceB2m7q5KK7wwHceupg4J/mjm0O+59tHmaU5hCDD69QajxS9vVhM/x9\nZBArTtcPXqxlgsVSTkC+nH/J+EzBfashf+pbRPImOniof7tdbcq6L/ge/k72abYa\nR5YKkrjTKKLAQv4+q7fn5eq8c1LY2+QF+JVD6TmckpUDvEhMb3TXfDVTqkxDkba/\nttoqMUoR0+rcbQ3BScy0VCct2PXTmtmNgH0PAP6zjCbxVyDVobLDgkt/HTc34HS5\nS2w5p09GggFHZa8ZSliHnYgGzn0++N8CAwEAAaAtMCsGCSqGSIb3DQEJDjEeMBww\nGgYDVR0RBBMwEYIPdnBuLmV4YW1wbGUuY29tMA0GCSqGSIb3DQEBCwUAA4IBAQC+\naFyRl5zAzjYp+787/aSOlnGmEt8kYTx4UKdY7NpryM3C1PuoJX4Tdq6IsbDuoEv6\n09y+wOdXCYe8XDHluL1FXZWR752i2WKQ8yK6PR7TNpYJYba19GywLG3/GMer1D2G\npTUtoXi6J0xm2UgFDrAakGxzjSGfcxvOaN19SNYevv5ypRftHDXomMfa0A5vC06Y\nV/ld5h+A+sd0+zMGO8q6G9pP4ABKdZBNom0kTp9wJqBlF4UFcS4d4se1wgSn8FP+\n3yNWcaF3Jjuez1cjWQ6mhG/sHncVM6IZB2ZJYJ4UaWDol3mWYcpLo8AKsbKshUEk\nkUI48LQk6qUhvnCV1EEG\n-----END CERTIFICATE REQUEST-----\n",
            "dns_names": [
              "vpn.example.com"
            ],
            "id": "9674714651a95e2c45a6dfb570bb530123c8bb74",
            "ip_addresses": null,
            "key_algorithm": "RSA",
            "private_key_pem": "-----BEGIN RSA PRIVATE KEY-----\nMIIEowIBAAKCAQEAxM7hi5yUUQC2dbSnSc6mJVMIC8iAWbYKyj1RzTOpVkQC65UG\nqniKSauFBPdh4Gdlx4HaburkorvDAdx66mDgn+aObQ77n20eZpTmEIMPr1BqPFL2\n9WEz/H1kECtO1w9erGWCxVJOQL6cf8n4TMF9qyF/6ltE8iY6eKh/u11tyrov+B7+\nTvZpthpHlgqSuNMoosBC/j6rt+fl6rxzUtjb5AX4lUPpOZySlQO8SExvdNd8NVOq\nTEORtr+22ioxShHT6txtDcFJzLRUJy3Y9dOa2Y2AfQ8A/rOMJvFXINWhssOCS38d\nNzfgdLlLbDmnT0aCAUdlrxlKWIediAbOfT743wIDAQABAoIBAF189sgGh6/Y2lOc\njrDxUJw/Tn2mb03uOz7plP+YkFKRuR9macW1v98R8nyy9NQP2dnFNdlljFk/PvmV\n3e+TOHDMqRBmQyHuyDereIQUdfFuDiD8uiJC29qPR+akY+2l9++FwvJv0AtSYG4V\np3TynvsZTTWqyFwMy87AH/kFfx+CrkhzyNX9B2xk9W6QCZ3rEuXHXmQo0X+SHP9p\nxqM7thOHhuVoBGHHO2NWkC4arw+EQVXmwn6tnN0hfAe6KH0IbWf7IzQOnECr+Tk5\nffyN7mmUUHWYMmpZFvQVwZT2vFPZy8bqFkZ5ibQL8xVEjaGJ3zdvytJ5iyMZuDj0\nWCC6Ip0CgYEAxbAJF1Vpjpy9Kn+izsJDNDo0s2pPh6/oIFDnpmr5d8TEa36v4vak\nTmok+V+W86LPX4smMT7IqZCqsJu1Yneoq+iS4fBMh5F2+tvrBBNzzZ33bVBhMWSW\nQduKrki90ACvR/3buM/0GwZ+N9C4OfiaF7SjuBcs0z3BP0KcKKVEivMCgYEA/txu\nY7jr1ZcVtpGle6xqm0Y/iT/5RkcQ3gghcsJQgbP4scB2LyxyEAUC0vBRBQsLZfot\nEywLd0Z9rfQ7d0OWTVOU0BPCJQB4hx20++tZuqkd/c+7JQ6UTUYlCYSlS+yea9//\n6vq3VZDabKJJ4FB5IzHxVv4wM+p4DmTTEbkW/WUCgYEAqDz+H6uC3+moW2iwR8Gv\nq9z1SNNqx5D+vbHc0xYrJLCCcPEqAr/gaROQT+H393RRg4BKipJh91y0xwRcw2YO\nV+7gQgRdPOqhFTDfu2JKpWyQS6mibYSrE3Uhet1RHJnYki4LNidUGUPXWuz4O+3E\nRfRneJ3Qeh4OPiYT+8tan90CgYBjgsQjcc+7fRuARowbpu2VJS+nsm/tTdA7MWeF\n/HMcwZ2oIeLDdpIuyRYaMLUhx/cyYSV6Z+cuMjreUg9p+NzV4n2nZR+X/QASmbnR\n50oIxQGt2Y9T38ZuCaZqef1kkMYmjrbJFA3DfiSa6B76U9GIuXZnJibCDpnD3QBA\n2kkstQKBgA8bHcEOTujXnCXVjAMHNSgIYs8JyS/M0PMUEACaSwBm5dEBrbfqkfNW\nyXCYU3jQ/oKd+uUcBEY4cL16D7VKxaaj0acciy7fTOylxzau05VZVnHcAy3GyZ6k\nhgLNGztNDCQZSq3blgEK1bUhEbsZ4yvrg2sbDhEnQY4Jvkpo6bXc\n-----END RSA PRIVATE KEY-----\n",
            "subject": [
              {
                "common_name": "VPN-Server",
                "country": "US",
                "email_address": null,
                "locality": "City",
                "organization": "YourOrganization",
                "organizational_unit": "IT",
                "postal_code": null,
                "province": "State",
                "serial_number": null,
                "street_address": null
              }
            ],
            "uris": null
          },
          "sensitive_attributes": [
            [
              {
                "type": "get_attr",
                "value": "private_key_pem"
              }
            ]
          ],
          "dependencies": [
            "module.network_config.tls_private_key.server"
          ],
          "create_before_destroy": true
        }
      ]
    },
    {
      "module": "module.network_config",
      "mode": "managed",
      "type": "tls_locally_signed_cert",
      "name": "client",
      "provider": "provider[\"registry.terraform.io/hashicorp/tls\"]",
      "instances": [
        {
          "index_key": 0,
          "schema_version": 0,
          "attributes": {
            "allowed_uses": [
              "key_encipherment",
              "digital_signature",
              "client_auth"
            ],
            "ca_cert_pem": "-----BEGIN CERTIFICATE-----\nMIIDlzCCAn+gAwIBAgIRAKOgFg5qU1L6Z3/m2r6ZFH0wDQYJKoZIhvcNAQELBQAw\nZTELMAkGA1UEBhMCVVMxDjAMBgNVBAgTBVN0YXRlMQ0wCwYDVQQHEwRDaXR5MRkw\nFwYDVQQKExBZb3VyT3JnYW5pemF0aW9uMQswCQYDVQQLEwJJVDEPMA0GA1UEAxMG\nVlBOLUNBMB4XDTI1MDUyMzE4Mjk1N1oXDTI2MDUyMzE4Mjk1N1owZTELMAkGA1UE\nBhMCVVMxDjAMBgNVBAgTBVN0YXRlMQ0wCwYDVQQHEwRDaXR5MRkwFwYDVQQKExBZ\nb3VyT3JnYW5pemF0aW9uMQswCQYDVQQLEwJJVDEPMA0GA1UEAxMGVlBOLUNBMIIB\nIjANBgkqhkiG9w0BAQEFAAOCAQ8AMIIBCgKCAQEAw/eRny+DrzOtjldjSAcKBH1m\nFgewcpY3XFbO7KENDpfa/SyIig4YEF/ZoO3nynmBSxXxUB88QF0BneKN+rBIlETF\nVXa3QMe4oOBbNe0CDf/am5VmwDjCs+wRKXqHy5YOgXODXspt/7ljKS9YCmazzHSW\nl6h4n3/FPkg5Wl4Ijjx9+5VwcAAJBvYbEZ169dHhr0n7F/iumspOpCwOfBjSmQ3S\nw1vbkobFQMZKSfkfWTXQ7EsI6iCJKEtv44NqEuyAe//F1BNFQVbxrznRC+7fpC/F\n3dhPPjdRH55ksJeAw8jYGyScA/sU5L21rr9AK6cw5I8nIZBWxl5UHUe2rFZKewID\nAQABo0IwQDAOBgNVHQ8BAf8EBAMCAaYwDwYDVR0TAQH/BAUwAwEB/zAdBgNVHQ4E\nFgQUTrebmn40Pu9uyfLYZVqLFItBAlIwDQYJKoZIhvcNAQELBQADggEBAFgUq899\ncgfooOJZeZaY8BFXa2CmssLHYKvic8kR7roFnA8IWTH3hGiyfGaP6AMi6zH3F2t3\ngzCVg/bRXHvYFCR9x7Lrgu1hy0yT/Y/kHzsprkH2lGAvKEwqdgpeAaGEf7HZdVLj\nRO5WNs1pscdavPHVDPrkirfxs8Sr8FKZjFEyzO0EqB/8RKlgKYtX8Wuui/RgvCzZ\nboZ4cydElvIjyVNKyg364TFRpEBgai7GyvsTjJOtDMPM2ABfho9l1ys9xSzTXxQ1\nGOQE885nsB2KCsiElSREY5ZtmBTXytlj+jqCmw5fr7Gs5wjMuKPuXYxn2ZIn06rD\nxLI4RyV6B0GzTJA=\n-----END CERTIFICATE-----\n",
            "ca_key_algorithm": "RSA",
            "ca_private_key_pem": "-----BEGIN RSA PRIVATE KEY-----\nMIIEpAIBAAKCAQEAw/eRny+DrzOtjldjSAcKBH1mFgewcpY3XFbO7KENDpfa/SyI\nig4YEF/ZoO3nynmBSxXxUB88QF0BneKN+rBIlETFVXa3QMe4oOBbNe0CDf/am5Vm\nwDjCs+wRKXqHy5YOgXODXspt/7ljKS9YCmazzHSWl6h4n3/FPkg5Wl4Ijjx9+5Vw\ncAAJBvYbEZ169dHhr0n7F/iumspOpCwOfBjSmQ3Sw1vbkobFQMZKSfkfWTXQ7EsI\n6iCJKEtv44NqEuyAe//F1BNFQVbxrznRC+7fpC/F3dhPPjdRH55ksJeAw8jYGySc\nA/sU5L21rr9AK6cw5I8nIZBWxl5UHUe2rFZKewIDAQABAoIBAAioTsm9qe+OQZwf\nIzbPszMYlFWwnqx2E3MKYldIFCrkk/TV+1NyC1q2ou3K2A/0+m/MdxE6ZNYisotJ\nmReN1l8EHMQWTw+j4yjqtuZ041k/+0xSHax46K0iZqDlyP46N/pv4n1h3wzKbjJb\nGGSGCtDWoIwjRSG/kM5PSlPCNLzBcbzQpcl0/kR82DVEp4r2A3PkPnW9tzfcR1gZ\nNFYGlcq9Yj/M5HoldB7T33BSmY9i5HA7F7DP+YC7CwJ7qEaY8eVMjsc7P5ZepqT+\nghn2WZhFCbVyD81/j5rH9ZW0zeHIyF22nKt07MGNYxYWHH67nMe+PbsiqEEm7sBj\nBUmSyy0CgYEA81hW3WA7oCob3MKmDdI1tBENvS72A2qK00pVObuTojojnUkizBMk\nF2coF14rIuaGEjZeS/yJftozR0GMSyXDcMCJXqK0/uTJZOyWhB8u3auKG+x0ggSi\n2tCLBiOik/goMp5zhatAM6c+GawVN0/Usja+zfSurNPVG93vEnoYTr8CgYEAzih8\nDVhKVgEsjZxIldZKl7Y5RnYuv89XQeFocg5PQG8vp37O44g7xxGh0XdGCw5aRt2B\n3SXIj/6OqdHSGDFfu0wDp5tu/AIdSqd2RyCKmze2r7oc4FqAaI5Ve72mb7N09D4M\neFFbN9A+cy5IFeNEN+mFfHKi7CnnvU7HIdusL0UCgYEAu80HbN3h5l/ZFOyb3rrG\ne2tV4RUnA8frz9jkISQkceTQq4hP9JMpHW6dQDuKquqhudh/ucDyFBYt0OZDcZN5\nW8Ebww9rA/RpgRwdpWWzc5v5gEdiOx182cZsJJbH186Cp14l5ZkeeT6u7H0j+oX/\nrnIVmzkkvXjWVSVYZjgYHl0CgYEAnsPw3TocbWWUES7Fe5c/dNzh+RC06gTctyDH\nlebNQ9scwQpYfEQDfUhn7W/EomkYPzEBfPVHIxWwerna6cTEa/Kbce2zKCLcugyD\nez1lYSoj5+sVp/Yqo9rRnG0uiyGSNTK/2b0V2cLnBT8kRq7yb3jI01FZhTS0gkbz\n9nA9h10CgYBQSK1MuWN7FrphGjSYi/V1iE6CS5cCrjtvwBPhuWypTrxdeaEHh+N1\n3zB+iUBkMmihAMpK9k8yG62SDYV42Oc5yGGh3ICR9KpIfQ7GTq+w2V3QUyvGgFfd\nwKlcz7rtz0NwuHsMLOlkx9R6zai5CI9beF5itKbDSZ6G3x0rQLvYqQ==\n-----END RSA PRIVATE KEY-----\n",
            "cert_pem": "-----BEGIN CERTIFICATE-----\nMIIDrjCCApagAwIBAgIQHGDSI5zK5uogGHKRAK66wDANBgkqhkiG9w0BAQsFADBl\nMQswCQYDVQQGEwJVUzEOMAwGA1UECBMFU3RhdGUxDTALBgNVBAcTBENpdHkxGTAX\nBgNVBAoTEFlvdXJPcmdhbml6YXRpb24xCzAJBgNVBAsTAklUMQ8wDQYDVQQDEwZW\nUE4tQ0EwHhcNMjUwNTIzMTgyOTU3WhcNMjYwNTIzMTgyOTU3WjBpMQswCQYDVQQG\nEwJVUzEOMAwGA1UECBMFU3RhdGUxDTALBgNVBAcTBENpdHkxGTAXBgNVBAoTEFlv\ndXJPcmdhbml6YXRpb24xCzAJBgNVBAsTAklUMRMwEQYDVQQDEwpWUE4tQ2xpZW50\nMIIBIjANBgkqhkiG9w0BAQEFAAOCAQ8AMIIBCgKCAQEAmTyeqI0BvhTBBlg9L/i5\nXscetou4Oo6nRtHAKYOe8b/6UgHKBk1rxtGjE8670H6S+WOZymfCuniHrbzUuN3z\nByeb4hHI12pyP2xEwJ+CYGElg53ge3dgEQk6nQHmOpaXvD6yNoI1ayGLnAxUur2t\nM2M6phAZ6MZutLnd6qMkcUpeTcEBtduyEKQIXOvCz6Pa6a05LKZQZ1pjYwjDkZX1\noRIFRp5sCJymJ5Zd6RYLE3spDIu2zLI5P+fhn2Bl9Nfy37FtFm3FkzSXdRUPFxbl\nXl9QWLz6i3zaxfIgNRllzD/aJeh6nqBbwZia/2C3FIkjGVg5MR+o1CtIkjigMh3s\nAwIDAQABo1YwVDAOBgNVHQ8BAf8EBAMCBaAwEwYDVR0lBAwwCgYIKwYBBQUHAwIw\nDAYDVR0TAQH/BAIwADAfBgNVHSMEGDAWgBROt5uafjQ+727J8thlWosUi0ECUjAN\nBgkqhkiG9w0BAQsFAAOCAQEAVd23T+IUNgsgMqG9oi7VXmb8kBhqvijk4jCgB4u7\nMU4E11h1z6CZDzzCO6zs6eYfgSlXCGyTG4bSUifzzV55llkymyT298an/2lxM3oL\nPaoLPBfTNP7vRF0bgyzBtD+2O2DRuaGFOTGyUdaz4m7wx1qqucRcfIhpMcTYY7t0\n81nfxIffNdCkwsFID9f88O2rpqwOFmGzvlBHTxWu7GrJVV4jXrmBFcu4QN8J8WK1\nzMacvphHd43gnLJ/f2hIxjJoXGLZ0NhF74MJ6OC708KYx3UmZ+lEIhpDedHqNi7R\nPaqSF3bVCMCqfNQEPA6DhIyW0EAFjjJ51jm64+1ZabT+5A==\n-----END CERTIFICATE-----\n",
            "cert_request_pem": "-----BEGIN CERTIFICATE REQUEST-----\nMIICrjCCAZYCAQAwaTELMAkGA1UEBhMCVVMxDjAMBgNVBAgTBVN0YXRlMQ0wCwYD\nVQQHEwRDaXR5MRkwFwYDVQQKExBZb3VyT3JnYW5pemF0aW9uMQswCQYDVQQLEwJJ\nVDETMBEGA1UEAxMKVlBOLUNsaWVudDCCASIwDQYJKoZIhvcNAQEBBQADggEPADCC\nAQoCggEBAJk8nqiNAb4UwQZYPS/4uV7HHraLuDqOp0bRwCmDnvG/+lIBygZNa8bR\noxPOu9B+kvljmcpnwrp4h6281Ljd8wcnm+IRyNdqcj9sRMCfgmBhJYOd4Ht3YBEJ\nOp0B5jqWl7w+sjaCNWshi5wMVLq9rTNjOqYQGejGbrS53eqjJHFKXk3BAbXbshCk\nCFzrws+j2umtOSymUGdaY2MIw5GV9aESBUaebAicpieWXekWCxN7KQyLtsyyOT/n\n4Z9gZfTX8t+xbRZtxZM0l3UVDxcW5V5fUFi8+ot82sXyIDUZZcw/2iXoep6gW8GY\nmv9gtxSJIxlYOTEfqNQrSJI4oDId7AMCAwEAAaAAMA0GCSqGSIb3DQEBCwUAA4IB\nAQBk4utKL+aPNRMyXX/XXlTp8rOMhKXTkrJ0X5Jd3s7yH0rwxX/JC21qe1hmEY1l\n08iLkGjNEQrptXURqbE4ddOt3x2PyY8e+M67RDPF9QnKGwQqWBidrY+A/1Xjznui\nUQcVpP30KjyVMnu0l2gyCwmpinBDUgr0/3k28EcIqlDFcb+PwWAfBuT7fkvuw7b+\n4DhV7UOWItduKVPLMaaWUe0YseMnOMd7ZO0kMCQwN7tnetkDaB7YHRCXbbCfN4dp\nf8tLGbhyBvV+NQNPZ8AXgx0aUGR2Te2YhkI4QOTYQDQsVfgrr8QJI14YzhCa252j\nLvWstSEMZYtgW8OlGytVlWdn\n-----END CERTIFICATE REQUEST-----\n",
            "early_renewal_hours": 0,
            "id": "37721106507924397754520253488815848128",
            "is_ca_certificate": false,
            "ready_for_renewal": false,
            "set_subject_key_id": false,
            "validity_end_time": "2026-05-23T20:29:57.769434+02:00",
            "validity_period_hours": 8760,
            "validity_start_time": "2025-05-23T20:29:57.769434+02:00"
          },
          "sensitive_attributes": [
            [
              {
                "type": "get_attr",
                "value": "ca_private_key_pem"
              }
            ]
          ],
          "dependencies": [
            "module.network_config.tls_cert_request.client",
            "module.network_config.tls_private_key.ca",
            "module.network_config.tls_private_key.client",
            "module.network_config.tls_self_signed_cert.ca"
          ]
        }
      ]
    },
    {
      "module": "module.network_config",
      "mode": "managed",
      "type": "tls_locally_signed_cert",
      "name": "server",
      "provider": "provider[\"registry.terraform.io/hashicorp/tls\"]",
      "instances": [
        {
          "index_key": 0,
          "schema_version": 0,
          "attributes": {
            "allowed_uses": [
              "key_encipherment",
              "digital_signature",
              "server_auth"
            ],
            "ca_cert_pem": "-----BEGIN CERTIFICATE-----\nMIIDlzCCAn+gAwIBAgIRAKOgFg5qU1L6Z3/m2r6ZFH0wDQYJKoZIhvcNAQELBQAw\nZTELMAkGA1UEBhMCVVMxDjAMBgNVBAgTBVN0YXRlMQ0wCwYDVQQHEwRDaXR5MRkw\nFwYDVQQKExBZb3VyT3JnYW5pemF0aW9uMQswCQYDVQQLEwJJVDEPMA0GA1UEAxMG\nVlBOLUNBMB4XDTI1MDUyMzE4Mjk1N1oXDTI2MDUyMzE4Mjk1N1owZTELMAkGA1UE\nBhMCVVMxDjAMBgNVBAgTBVN0YXRlMQ0wCwYDVQQHEwRDaXR5MRkwFwYDVQQKExBZ\nb3VyT3JnYW5pemF0aW9uMQswCQYDVQQLEwJJVDEPMA0GA1UEAxMGVlBOLUNBMIIB\nIjANBgkqhkiG9w0BAQEFAAOCAQ8AMIIBCgKCAQEAw/eRny+DrzOtjldjSAcKBH1m\nFgewcpY3XFbO7KENDpfa/SyIig4YEF/ZoO3nynmBSxXxUB88QF0BneKN+rBIlETF\nVXa3QMe4oOBbNe0CDf/am5VmwDjCs+wRKXqHy5YOgXODXspt/7ljKS9YCmazzHSW\nl6h4n3/FPkg5Wl4Ijjx9+5VwcAAJBvYbEZ169dHhr0n7F/iumspOpCwOfBjSmQ3S\nw1vbkobFQMZKSfkfWTXQ7EsI6iCJKEtv44NqEuyAe//F1BNFQVbxrznRC+7fpC/F\n3dhPPjdRH55ksJeAw8jYGyScA/sU5L21rr9AK6cw5I8nIZBWxl5UHUe2rFZKewID\nAQABo0IwQDAOBgNVHQ8BAf8EBAMCAaYwDwYDVR0TAQH/BAUwAwEB/zAdBgNVHQ4E\nFgQUTrebmn40Pu9uyfLYZVqLFItBAlIwDQYJKoZIhvcNAQELBQADggEBAFgUq899\ncgfooOJZeZaY8BFXa2CmssLHYKvic8kR7roFnA8IWTH3hGiyfGaP6AMi6zH3F2t3\ngzCVg/bRXHvYFCR9x7Lrgu1hy0yT/Y/kHzsprkH2lGAvKEwqdgpeAaGEf7HZdVLj\nRO5WNs1pscdavPHVDPrkirfxs8Sr8FKZjFEyzO0EqB/8RKlgKYtX8Wuui/RgvCzZ\nboZ4cydElvIjyVNKyg364TFRpEBgai7GyvsTjJOtDMPM2ABfho9l1ys9xSzTXxQ1\nGOQE885nsB2KCsiElSREY5ZtmBTXytlj+jqCmw5fr7Gs5wjMuKPuXYxn2ZIn06rD\nxLI4RyV6B0GzTJA=\n-----END CERTIFICATE-----\n",
            "ca_key_algorithm": "RSA",
            "ca_private_key_pem": "-----BEGIN RSA PRIVATE KEY-----\nMIIEpAIBAAKCAQEAw/eRny+DrzOtjldjSAcKBH1mFgewcpY3XFbO7KENDpfa/SyI\nig4YEF/ZoO3nynmBSxXxUB88QF0BneKN+rBIlETFVXa3QMe4oOBbNe0CDf/am5Vm\nwDjCs+wRKXqHy5YOgXODXspt/7ljKS9YCmazzHSWl6h4n3/FPkg5Wl4Ijjx9+5Vw\ncAAJBvYbEZ169dHhr0n7F/iumspOpCwOfBjSmQ3Sw1vbkobFQMZKSfkfWTXQ7EsI\n6iCJKEtv44NqEuyAe//F1BNFQVbxrznRC+7fpC/F3dhPPjdRH55ksJeAw8jYGySc\nA/sU5L21rr9AK6cw5I8nIZBWxl5UHUe2rFZKewIDAQABAoIBAAioTsm9qe+OQZwf\nIzbPszMYlFWwnqx2E3MKYldIFCrkk/TV+1NyC1q2ou3K2A/0+m/MdxE6ZNYisotJ\nmReN1l8EHMQWTw+j4yjqtuZ041k/+0xSHax46K0iZqDlyP46N/pv4n1h3wzKbjJb\nGGSGCtDWoIwjRSG/kM5PSlPCNLzBcbzQpcl0/kR82DVEp4r2A3PkPnW9tzfcR1gZ\nNFYGlcq9Yj/M5HoldB7T33BSmY9i5HA7F7DP+YC7CwJ7qEaY8eVMjsc7P5ZepqT+\nghn2WZhFCbVyD81/j5rH9ZW0zeHIyF22nKt07MGNYxYWHH67nMe+PbsiqEEm7sBj\nBUmSyy0CgYEA81hW3WA7oCob3MKmDdI1tBENvS72A2qK00pVObuTojojnUkizBMk\nF2coF14rIuaGEjZeS/yJftozR0GMSyXDcMCJXqK0/uTJZOyWhB8u3auKG+x0ggSi\n2tCLBiOik/goMp5zhatAM6c+GawVN0/Usja+zfSurNPVG93vEnoYTr8CgYEAzih8\nDVhKVgEsjZxIldZKl7Y5RnYuv89XQeFocg5PQG8vp37O44g7xxGh0XdGCw5aRt2B\n3SXIj/6OqdHSGDFfu0wDp5tu/AIdSqd2RyCKmze2r7oc4FqAaI5Ve72mb7N09D4M\neFFbN9A+cy5IFeNEN+mFfHKi7CnnvU7HIdusL0UCgYEAu80HbN3h5l/ZFOyb3rrG\ne2tV4RUnA8frz9jkISQkceTQq4hP9JMpHW6dQDuKquqhudh/ucDyFBYt0OZDcZN5\nW8Ebww9rA/RpgRwdpWWzc5v5gEdiOx182cZsJJbH186Cp14l5ZkeeT6u7H0j+oX/\nrnIVmzkkvXjWVSVYZjgYHl0CgYEAnsPw3TocbWWUES7Fe5c/dNzh+RC06gTctyDH\nlebNQ9scwQpYfEQDfUhn7W/EomkYPzEBfPVHIxWwerna6cTEa/Kbce2zKCLcugyD\nez1lYSoj5+sVp/Yqo9rRnG0uiyGSNTK/2b0V2cLnBT8kRq7yb3jI01FZhTS0gkbz\n9nA9h10CgYBQSK1MuWN7FrphGjSYi/V1iE6CS5cCrjtvwBPhuWypTrxdeaEHh+N1\n3zB+iUBkMmihAMpK9k8yG62SDYV42Oc5yGGh3ICR9KpIfQ7GTq+w2V3QUyvGgFfd\nwKlcz7rtz0NwuHsMLOlkx9R6zai5CI9beF5itKbDSZ6G3x0rQLvYqQ==\n-----END RSA PRIVATE KEY-----\n",
            "cert_pem": "-----BEGIN CERTIFICATE-----\nMIIDyzCCArOgAwIBAgIRANis3czXE9nf886x5Y1kHBswDQYJKoZIhvcNAQELBQAw\nZTELMAkGA1UEBhMCVVMxDjAMBgNVBAgTBVN0YXRlMQ0wCwYDVQQHEwRDaXR5MRkw\nFwYDVQQKExBZb3VyT3JnYW5pemF0aW9uMQswCQYDVQQLEwJJVDEPMA0GA1UEAxMG\nVlBOLUNBMB4XDTI1MDUyMzE4Mjk1N1oXDTI2MDUyMzE4Mjk1N1owaTELMAkGA1UE\nBhMCVVMxDjAMBgNVBAgTBVN0YXRlMQ0wCwYDVQQHEwRDaXR5MRkwFwYDVQQKExBZ\nb3VyT3JnYW5pemF0aW9uMQswCQYDVQQLEwJJVDETMBEGA1UEAxMKVlBOLVNlcnZl\ncjCCASIwDQYJKoZIhvcNAQEBBQADggEPADCCAQoCggEBAMTO4YuclFEAtnW0p0nO\npiVTCAvIgFm2Cso9Uc0zqVZEAuuVBqp4ikmrhQT3YeBnZceB2m7q5KK7wwHceupg\n4J/mjm0O+59tHmaU5hCDD69QajxS9vVhM/x9ZBArTtcPXqxlgsVSTkC+nH/J+EzB\nfashf+pbRPImOniof7tdbcq6L/ge/k72abYaR5YKkrjTKKLAQv4+q7fn5eq8c1LY\n2+QF+JVD6TmckpUDvEhMb3TXfDVTqkxDkba/ttoqMUoR0+rcbQ3BScy0VCct2PXT\nmtmNgH0PAP6zjCbxVyDVobLDgkt/HTc34HS5S2w5p09GggFHZa8ZSliHnYgGzn0+\n+N8CAwEAAaNyMHAwDgYDVR0PAQH/BAQDAgWgMBMGA1UdJQQMMAoGCCsGAQUFBwMB\nMAwGA1UdEwEB/wQCMAAwHwYDVR0jBBgwFoAUTrebmn40Pu9uyfLYZVqLFItBAlIw\nGgYDVR0RBBMwEYIPdnBuLmV4YW1wbGUuY29tMA0GCSqGSIb3DQEBCwUAA4IBAQCy\npnXBG3myjhBbCjv1WQQj51vFrfmc7rVBR/fywn0ofAhkF+oBdSTuzQdT7hvP00UY\njSfeEJ5Sr6BLeonjN6gyvToOh6XC6qLBe+pEZf3a2CfGtod1cErD9/QC3QedAHai\n8VFoBTQb+EA05ALqus7QNiQwFBbsRAPodeIP37aFnMxVD7bUVrsQXIzm08yKOEB/\nGjwYWtWa+cPvDgem5YWMRzYHx16gK3xGOHYgWPIizojyHMMzQcnHmUCnX/Qu7hIB\nv2PGTxP8zuR6Pk1fOECHSx7W2jlu3X/aZJ/NLyukwJ+66WtfTLA8YAjEfZbBJHlg\nwDWupk3ydk1clJUbesTl\n-----END CERTIFICATE-----\n",
            "cert_request_pem": "-----BEGIN CERTIFICATE REQUEST-----\nMIIC2zCCAcMCAQAwaTELMAkGA1UEBhMCVVMxDjAMBgNVBAgTBVN0YXRlMQ0wCwYD\nVQQHEwRDaXR5MRkwFwYDVQQKExBZb3VyT3JnYW5pemF0aW9uMQswCQYDVQQLEwJJ\nVDETMBEGA1UEAxMKVlBOLVNlcnZlcjCCASIwDQYJKoZIhvcNAQEBBQADggEPADCC\nAQoCggEBAMTO4YuclFEAtnW0p0nOpiVTCAvIgFm2Cso9Uc0zqVZEAuuVBqp4ikmr\nhQT3YeBnZceB2m7q5KK7wwHceupg4J/mjm0O+59tHmaU5hCDD69QajxS9vVhM/x9\nZBArTtcPXqxlgsVSTkC+nH/J+EzBfashf+pbRPImOniof7tdbcq6L/ge/k72abYa\nR5YKkrjTKKLAQv4+q7fn5eq8c1LY2+QF+JVD6TmckpUDvEhMb3TXfDVTqkxDkba/\nttoqMUoR0+rcbQ3BScy0VCct2PXTmtmNgH0PAP6zjCbxVyDVobLDgkt/HTc34HS5\nS2w5p09GggFHZa8ZSliHnYgGzn0++N8CAwEAAaAtMCsGCSqGSIb3DQEJDjEeMBww\nGgYDVR0RBBMwEYIPdnBuLmV4YW1wbGUuY29tMA0GCSqGSIb3DQEBCwUAA4IBAQC+\naFyRl5zAzjYp+787/aSOlnGmEt8kYTx4UKdY7NpryM3C1PuoJX4Tdq6IsbDuoEv6\n09y+wOdXCYe8XDHluL1FXZWR752i2WKQ8yK6PR7TNpYJYba19GywLG3/GMer1D2G\npTUtoXi6J0xm2UgFDrAakGxzjSGfcxvOaN19SNYevv5ypRftHDXomMfa0A5vC06Y\nV/ld5h+A+sd0+zMGO8q6G9pP4ABKdZBNom0kTp9wJqBlF4UFcS4d4se1wgSn8FP+\n3yNWcaF3Jjuez1cjWQ6mhG/sHncVM6IZB2ZJYJ4UaWDol3mWYcpLo8AKsbKshUEk\nkUI48LQk6qUhvnCV1EEG\n-----END CERTIFICATE REQUEST-----\n",
            "early_renewal_hours": 0,
            "id": "288010820790840654415298885490965748763",
            "is_ca_certificate": false,
            "ready_for_renewal": false,
            "set_subject_key_id": false,
            "validity_end_time": "2026-05-23T20:29:57.664505+02:00",
            "validity_period_hours": 8760,
            "validity_start_time": "2025-05-23T20:29:57.664505+02:00"
          },
          "sensitive_attributes": [
            [
              {
                "type": "get_attr",
                "value": "ca_private_key_pem"
              }
            ]
          ],
          "dependencies": [
            "module.network_config.tls_cert_request.server",
            "module.network_config.tls_private_key.ca",
            "module.network_config.tls_private_key.server",
            "module.network_config.tls_self_signed_cert.ca"
          ],
          "create_before_destroy": true
        }
      ]
    },
    {
      "module": "module.network_config",
      "mode": "managed",
      "type": "tls_private_key",
      "name": "ca",
      "provider": "provider[\"registry.terraform.io/hashicorp/tls\"]",
      "instances": [
        {
          "index_key": 0,
          "schema_version": 1,
          "attributes": {
            "algorithm": "RSA",
            "ecdsa_curve": "P224",
            "id": "c1d9e65efb75086c011fdf30c91846589ef98fc7",
            "private_key_openssh": "-----BEGIN OPENSSH PRIVATE KEY-----\nb3BlbnNzaC1rZXktdjEAAAAABG5vbmUAAAAEbm9uZQAAAAAAAAABAAABFwAAAAdz\nc2gtcnNhAAAAAwEAAQAAAQEAw/eRny+DrzOtjldjSAcKBH1mFgewcpY3XFbO7KEN\nDpfa/SyIig4YEF/ZoO3nynmBSxXxUB88QF0BneKN+rBIlETFVXa3QMe4oOBbNe0C\nDf/am5VmwDjCs+wRKXqHy5YOgXODXspt/7ljKS9YCmazzHSWl6h4n3/FPkg5Wl4I\njjx9+5VwcAAJBvYbEZ169dHhr0n7F/iumspOpCwOfBjSmQ3Sw1vbkobFQMZKSfkf\nWTXQ7EsI6iCJKEtv44NqEuyAe//F1BNFQVbxrznRC+7fpC/F3dhPPjdRH55ksJeA\nw8jYGyScA/sU5L21rr9AK6cw5I8nIZBWxl5UHUe2rFZKewAAA7g9gQtZPYELWQAA\nAAdzc2gtcnNhAAABAQDD95GfL4OvM62OV2NIBwoEfWYWB7ByljdcVs7soQ0Ol9r9\nLIiKDhgQX9mg7efKeYFLFfFQHzxAXQGd4o36sEiURMVVdrdAx7ig4Fs17QIN/9qb\nlWbAOMKz7BEpeofLlg6Bc4Neym3/uWMpL1gKZrPMdJaXqHiff8U+SDlaXgiOPH37\nlXBwAAkG9hsRnXr10eGvSfsX+K6ayk6kLA58GNKZDdLDW9uShsVAxkpJ+R9ZNdDs\nSwjqIIkoS2/jg2oS7IB7/8XUE0VBVvGvOdEL7t+kL8Xd2E8+N1EfnmSwl4DDyNgb\nJJwD+xTkvbWuv0ArpzDkjychkFbGXlQdR7asVkp7AAAAAwEAAQAAAQAIqE7Jvanv\njkGcHyM2z7MzGJRVsJ6sdhNzCmJXSBQq5JP01ftTcgtatqLtytgP9PpvzHcROmTW\nIrKLSZkXjdZfBBzEFk8Po+Mo6rbmdONZP/tMUh2seOitImag5cj+Ojf6b+J9Yd8M\nym4yWxhkhgrQ1qCMI0Uhv5DOT0pTwjS8wXG80KXJdP5EfNg1RKeK9gNz5D51vbc3\n3EdYGTRWBpXKvWI/zOR6JXQe099wUpmPYuRwOxewz/mAuwsCe6hGmPHlTI7HOz+W\nXqak/oIZ9lmYRQm1cg/Nf4+ax/WVtM3hyMhdtpyrdOzBjWMWFhx+u5zHvj27IqhB\nJu7AYwVJksstAAAAgFBIrUy5Y3sWumEaNJiL9XWIToJLlwKuO2/AE+G5bKlOvF15\noQeH43XfMH6JQGQyaKEAykr2TzIbrZINhXjY5znIYaHcgJH0qkh9DsZOr7DZXdBT\nK8aAV93AqVzPuu3PQ3C4ewws6WTH1HrNqLkIj1t4XmK0psNJnobfHStAu9ipAAAA\ngQDzWFbdYDugKhvcwqYN0jW0EQ29LvYDaorTSlU5u5OiOiOdSSLMEyQXZygXXisi\n5oYSNl5L/Il+2jNHQYxLJcNwwIleorT+5Mlk7JaEHy7dq4ob7HSCBKLa0IsGI6KT\n+CgynnOFq0Azpz4ZrBU3T9SyNr7N9K6s09Ub3e8SehhOvwAAAIEAzih8DVhKVgEs\njZxIldZKl7Y5RnYuv89XQeFocg5PQG8vp37O44g7xxGh0XdGCw5aRt2B3SXIj/6O\nqdHSGDFfu0wDp5tu/AIdSqd2RyCKmze2r7oc4FqAaI5Ve72mb7N09D4MeFFbN9A+\ncy5IFeNEN+mFfHKi7CnnvU7HIdusL0UAAAAAAQID\n-----END OPENSSH PRIVATE KEY-----\n",
            "private_key_pem": "-----BEGIN RSA PRIVATE KEY-----\nMIIEpAIBAAKCAQEAw/eRny+DrzOtjldjSAcKBH1mFgewcpY3XFbO7KENDpfa/SyI\nig4YEF/ZoO3nynmBSxXxUB88QF0BneKN+rBIlETFVXa3QMe4oOBbNe0CDf/am5Vm\nwDjCs+wRKXqHy5YOgXODXspt/7ljKS9YCmazzHSWl6h4n3/FPkg5Wl4Ijjx9+5Vw\ncAAJBvYbEZ169dHhr0n7F/iumspOpCwOfBjSmQ3Sw1vbkobFQMZKSfkfWTXQ7EsI\n6iCJKEtv44NqEuyAe//F1BNFQVbxrznRC+7fpC/F3dhPPjdRH55ksJeAw8jYGySc\nA/sU5L21rr9AK6cw5I8nIZBWxl5UHUe2rFZKewIDAQABAoIBAAioTsm9qe+OQZwf\nIzbPszMYlFWwnqx2E3MKYldIFCrkk/TV+1NyC1q2ou3K2A/0+m/MdxE6ZNYisotJ\nmReN1l8EHMQWTw+j4yjqtuZ041k/+0xSHax46K0iZqDlyP46N/pv4n1h3wzKbjJb\nGGSGCtDWoIwjRSG/kM5PSlPCNLzBcbzQpcl0/kR82DVEp4r2A3PkPnW9tzfcR1gZ\nNFYGlcq9Yj/M5HoldB7T33BSmY9i5HA7F7DP+YC7CwJ7qEaY8eVMjsc7P5ZepqT+\nghn2WZhFCbVyD81/j5rH9ZW0zeHIyF22nKt07MGNYxYWHH67nMe+PbsiqEEm7sBj\nBUmSyy0CgYEA81hW3WA7oCob3MKmDdI1tBENvS72A2qK00pVObuTojojnUkizBMk\nF2coF14rIuaGEjZeS/yJftozR0GMSyXDcMCJXqK0/uTJZOyWhB8u3auKG+x0ggSi\n2tCLBiOik/goMp5zhatAM6c+GawVN0/Usja+zfSurNPVG93vEnoYTr8CgYEAzih8\nDVhKVgEsjZxIldZKl7Y5RnYuv89XQeFocg5PQG8vp37O44g7xxGh0XdGCw5aRt2B\n3SXIj/6OqdHSGDFfu0wDp5tu/AIdSqd2RyCKmze2r7oc4FqAaI5Ve72mb7N09D4M\neFFbN9A+cy5IFeNEN+mFfHKi7CnnvU7HIdusL0UCgYEAu80HbN3h5l/ZFOyb3rrG\ne2tV4RUnA8frz9jkISQkceTQq4hP9JMpHW6dQDuKquqhudh/ucDyFBYt0OZDcZN5\nW8Ebww9rA/RpgRwdpWWzc5v5gEdiOx182cZsJJbH186Cp14l5ZkeeT6u7H0j+oX/\nrnIVmzkkvXjWVSVYZjgYHl0CgYEAnsPw3TocbWWUES7Fe5c/dNzh+RC06gTctyDH\nlebNQ9scwQpYfEQDfUhn7W/EomkYPzEBfPVHIxWwerna6cTEa/Kbce2zKCLcugyD\nez1lYSoj5+sVp/Yqo9rRnG0uiyGSNTK/2b0V2cLnBT8kRq7yb3jI01FZhTS0gkbz\n9nA9h10CgYBQSK1MuWN7FrphGjSYi/V1iE6CS5cCrjtvwBPhuWypTrxdeaEHh+N1\n3zB+iUBkMmihAMpK9k8yG62SDYV42Oc5yGGh3ICR9KpIfQ7GTq+w2V3QUyvGgFfd\nwKlcz7rtz0NwuHsMLOlkx9R6zai5CI9beF5itKbDSZ6G3x0rQLvYqQ==\n-----END RSA PRIVATE KEY-----\n",
            "private_key_pem_pkcs8": "-----BEGIN PRIVATE KEY-----\nMIIEvgIBADANBgkqhkiG9w0BAQEFAASCBKgwggSkAgEAAoIBAQDD95GfL4OvM62O\nV2NIBwoEfWYWB7ByljdcVs7soQ0Ol9r9LIiKDhgQX9mg7efKeYFLFfFQHzxAXQGd\n4o36sEiURMVVdrdAx7ig4Fs17QIN/9qblWbAOMKz7BEpeofLlg6Bc4Neym3/uWMp\nL1gKZrPMdJaXqHiff8U+SDlaXgiOPH37lXBwAAkG9hsRnXr10eGvSfsX+K6ayk6k\nLA58GNKZDdLDW9uShsVAxkpJ+R9ZNdDsSwjqIIkoS2/jg2oS7IB7/8XUE0VBVvGv\nOdEL7t+kL8Xd2E8+N1EfnmSwl4DDyNgbJJwD+xTkvbWuv0ArpzDkjychkFbGXlQd\nR7asVkp7AgMBAAECggEACKhOyb2p745BnB8jNs+zMxiUVbCerHYTcwpiV0gUKuST\n9NX7U3ILWrai7crYD/T6b8x3ETpk1iKyi0mZF43WXwQcxBZPD6PjKOq25nTjWT/7\nTFIdrHjorSJmoOXI/jo3+m/ifWHfDMpuMlsYZIYK0NagjCNFIb+Qzk9KU8I0vMFx\nvNClyXT+RHzYNUSnivYDc+Q+db23N9xHWBk0VgaVyr1iP8zkeiV0HtPfcFKZj2Lk\ncDsXsM/5gLsLAnuoRpjx5UyOxzs/ll6mpP6CGfZZmEUJtXIPzX+Pmsf1lbTN4cjI\nXbacq3TswY1jFhYcfrucx749uyKoQSbuwGMFSZLLLQKBgQDzWFbdYDugKhvcwqYN\n0jW0EQ29LvYDaorTSlU5u5OiOiOdSSLMEyQXZygXXisi5oYSNl5L/Il+2jNHQYxL\nJcNwwIleorT+5Mlk7JaEHy7dq4ob7HSCBKLa0IsGI6KT+CgynnOFq0Azpz4ZrBU3\nT9SyNr7N9K6s09Ub3e8SehhOvwKBgQDOKHwNWEpWASyNnEiV1kqXtjlGdi6/z1dB\n4WhyDk9Aby+nfs7jiDvHEaHRd0YLDlpG3YHdJciP/o6p0dIYMV+7TAOnm278Ah1K\np3ZHIIqbN7avuhzgWoBojlV7vaZvs3T0Pgx4UVs30D5zLkgV40Q36YV8cqLsKee9\nTsch26wvRQKBgQC7zQds3eHmX9kU7JveusZ7a1XhFScDx+vP2OQhJCRx5NCriE/0\nkykdbp1AO4qq6qG52H+5wPIUFi3Q5kNxk3lbwRvDD2sD9GmBHB2lZbNzm/mAR2I7\nHXzZxmwklsfXzoKnXiXlmR55Pq7sfSP6hf+uchWbOSS9eNZVJVhmOBgeXQKBgQCe\nw/DdOhxtZZQRLsV7lz903OH5ELTqBNy3IMeV5s1D2xzBClh8RAN9SGftb8SiaRg/\nMQF89UcjFbB6udrpxMRr8ptx7bMoIty6DIN7PWVhKiPn6xWn9iqj2tGcbS6LIZI1\nMr/ZvRXZwucFPyRGrvJveMjTUVmFNLSCRvP2cD2HXQKBgFBIrUy5Y3sWumEaNJiL\n9XWIToJLlwKuO2/AE+G5bKlOvF15oQeH43XfMH6JQGQyaKEAykr2TzIbrZINhXjY\n5znIYaHcgJH0qkh9DsZOr7DZXdBTK8aAV93AqVzPuu3PQ3C4ewws6WTH1HrNqLkI\nj1t4XmK0psNJnobfHStAu9ip\n-----END PRIVATE KEY-----\n",
            "public_key_fingerprint_md5": "be:4c:f7:db:1f:a9:3c:aa:df:65:04:67:5f:67:71:5f",
            "public_key_fingerprint_sha256": "SHA256:wQTOHgbMdR8gHiWXCTGNu9YY93CpEaT/z8YwpGvZ/q8",
            "public_key_openssh": "ssh-rsa AAAAB3NzaC1yc2EAAAADAQABAAABAQDD95GfL4OvM62OV2NIBwoEfWYWB7ByljdcVs7soQ0Ol9r9LIiKDhgQX9mg7efKeYFLFfFQHzxAXQGd4o36sEiURMVVdrdAx7ig4Fs17QIN/9qblWbAOMKz7BEpeofLlg6Bc4Neym3/uWMpL1gKZrPMdJaXqHiff8U+SDlaXgiOPH37lXBwAAkG9hsRnXr10eGvSfsX+K6ayk6kLA58GNKZDdLDW9uShsVAxkpJ+R9ZNdDsSwjqIIkoS2/jg2oS7IB7/8XUE0VBVvGvOdEL7t+kL8Xd2E8+N1EfnmSwl4DDyNgbJJwD+xTkvbWuv0ArpzDkjychkFbGXlQdR7asVkp7\n",
            "public_key_pem": "-----BEGIN PUBLIC KEY-----\nMIIBIjANBgkqhkiG9w0BAQEFAAOCAQ8AMIIBCgKCAQEAw/eRny+DrzOtjldjSAcK\nBH1mFgewcpY3XFbO7KENDpfa/SyIig4YEF/ZoO3nynmBSxXxUB88QF0BneKN+rBI\nlETFVXa3QMe4oOBbNe0CDf/am5VmwDjCs+wRKXqHy5YOgXODXspt/7ljKS9YCmaz\nzHSWl6h4n3/FPkg5Wl4Ijjx9+5VwcAAJBvYbEZ169dHhr0n7F/iumspOpCwOfBjS\nmQ3Sw1vbkobFQMZKSfkfWTXQ7EsI6iCJKEtv44NqEuyAe//F1BNFQVbxrznRC+7f\npC/F3dhPPjdRH55ksJeAw8jYGyScA/sU5L21rr9AK6cw5I8nIZBWxl5UHUe2rFZK\newIDAQAB\n-----END PUBLIC KEY-----\n",
            "rsa_bits": 2048
          },
          "sensitive_attributes": [],
          "create_before_destroy": true
        }
      ]
    },
    {
      "module": "module.network_config",
      "mode": "managed",
      "type": "tls_private_key",
      "name": "client",
      "provider": "provider[\"registry.terraform.io/hashicorp/tls\"]",
      "instances": [
        {
          "index_key": 0,
          "schema_version": 1,
          "attributes": {
            "algorithm": "RSA",
            "ecdsa_curve": "P224",
            "id": "91ef93b24bd182e7b52b41a579effcce4e18f5ad",
            "private_key_openssh": "-----BEGIN OPENSSH PRIVATE KEY-----\nb3BlbnNzaC1rZXktdjEAAAAABG5vbmUAAAAEbm9uZQAAAAAAAAABAAABFwAAAAdz\nc2gtcnNhAAAAAwEAAQAAAQEAmTyeqI0BvhTBBlg9L/i5Xscetou4Oo6nRtHAKYOe\n8b/6UgHKBk1rxtGjE8670H6S+WOZymfCuniHrbzUuN3zByeb4hHI12pyP2xEwJ+C\nYGElg53ge3dgEQk6nQHmOpaXvD6yNoI1ayGLnAxUur2tM2M6phAZ6MZutLnd6qMk\ncUpeTcEBtduyEKQIXOvCz6Pa6a05LKZQZ1pjYwjDkZX1oRIFRp5sCJymJ5Zd6RYL\nE3spDIu2zLI5P+fhn2Bl9Nfy37FtFm3FkzSXdRUPFxblXl9QWLz6i3zaxfIgNRll\nzD/aJeh6nqBbwZia/2C3FIkjGVg5MR+o1CtIkjigMh3sAwAAA7gbVg1zG1YNcwAA\nAAdzc2gtcnNhAAABAQCZPJ6ojQG+FMEGWD0v+Llexx62i7g6jqdG0cApg57xv/pS\nAcoGTWvG0aMTzrvQfpL5Y5nKZ8K6eIetvNS43fMHJ5viEcjXanI/bETAn4JgYSWD\nneB7d2ARCTqdAeY6lpe8PrI2gjVrIYucDFS6va0zYzqmEBnoxm60ud3qoyRxSl5N\nwQG127IQpAhc68LPo9rprTksplBnWmNjCMORlfWhEgVGnmwInKYnll3pFgsTeykM\ni7bMsjk/5+GfYGX01/LfsW0WbcWTNJd1FQ8XFuVeX1BYvPqLfNrF8iA1GWXMP9ol\n6HqeoFvBmJr/YLcUiSMZWDkxH6jUK0iSOKAyHewDAAAAAwEAAQAAAQABYg4uiENF\nQ2uwknhO6AhIRjTNQfqSMLpqxbbdyQ3Usb5hIhoAL4+y9i5qHdoNGi9aZ9859/DG\nfRMAau1ik8I/RMi/5BgzdYb9co02Tdo/43CSvQiLJLstvC8Wvq8kxTouXUR/gHJZ\n+q4HZQcYvmCDT7h2SjvpoWzbXbgWh41rJlSbRf18cyZiagB3jMlPo/HzAMT1UMlR\nGBukLGj7RBRc4DnBzYuNg6e2N0GHzoxygV3RDCkN741vMjBRXZ/W3ITFezWJ5k/s\n+6HFK/YrsHWeCv9PZsvLuzJ74bvMZwQ7SY3VTUXG8FkjorbxAYvKEbu5OiyximL/\nbaur9Vt+1TX1AAAAgDB2HfmzRZvdfCkghBNBAqL/Hk3YAR5UMoCBUv9ltEEvL4Wx\nri8SjzHpCytvjZaM3mCTdbSoiQijU8yeth2SO4tPcrcqw/tjHqpesSBALtb9ERcO\nbV8D1CH/WELXR+DMEl9IVr0/luA8OJ8pvxNwjBSZ8rm93UdrT7ti4eeejo5zAAAA\ngQDElwy+wzRvDTOPPi6m98Nr3dxqsAcjkuP+Mb9WrwuLM6LL3ydHcxcsK8wChW80\n4VOTyR30Ll8zVEtQSyZY6n7uReLAzBUxQK9VmUuFbelNU+9rMpeWhFKRbDvE46WJ\nnvTvr/PML4CXUgpaN5IkUFtb7WBnBK9zjZHXA4+lJr1DxQAAAIEAx4uZUNLIqLF5\nLjk/Ah+cOrM2v01XRfvhMci+bhttXNBKYP4qKtV8SjcZBQTVr2/osCJUZb3fTk5z\n4PC1T0PBQ8oSnRhsIYDOEvwlk1VgGTrcX+QZL90v0d0wU+bZE6jzAXYgXBxny14X\nM0Ssr+4mgpchL/9kgYc61XpOVFW6xScAAAAAAQID\n-----END OPENSSH PRIVATE KEY-----\n",
            "private_key_pem": "-----BEGIN RSA PRIVATE KEY-----\nMIIEogIBAAKCAQEAmTyeqI0BvhTBBlg9L/i5Xscetou4Oo6nRtHAKYOe8b/6UgHK\nBk1rxtGjE8670H6S+WOZymfCuniHrbzUuN3zByeb4hHI12pyP2xEwJ+CYGElg53g\ne3dgEQk6nQHmOpaXvD6yNoI1ayGLnAxUur2tM2M6phAZ6MZutLnd6qMkcUpeTcEB\ntduyEKQIXOvCz6Pa6a05LKZQZ1pjYwjDkZX1oRIFRp5sCJymJ5Zd6RYLE3spDIu2\nzLI5P+fhn2Bl9Nfy37FtFm3FkzSXdRUPFxblXl9QWLz6i3zaxfIgNRllzD/aJeh6\nnqBbwZia/2C3FIkjGVg5MR+o1CtIkjigMh3sAwIDAQABAoIBAAFiDi6IQ0VDa7CS\neE7oCEhGNM1B+pIwumrFtt3JDdSxvmEiGgAvj7L2Lmod2g0aL1pn3zn38MZ9EwBq\n7WKTwj9EyL/kGDN1hv1yjTZN2j/jcJK9CIskuy28Lxa+ryTFOi5dRH+Acln6rgdl\nBxi+YINPuHZKO+mhbNtduBaHjWsmVJtF/XxzJmJqAHeMyU+j8fMAxPVQyVEYG6Qs\naPtEFFzgOcHNi42Dp7Y3QYfOjHKBXdEMKQ3vjW8yMFFdn9bchMV7NYnmT+z7ocUr\n9iuwdZ4K/09my8u7Mnvhu8xnBDtJjdVNRcbwWSOitvEBi8oRu7k6LLGKYv9tq6v1\nW37VNfUCgYEAxJcMvsM0bw0zjz4upvfDa93carAHI5Lj/jG/Vq8LizOiy98nR3MX\nLCvMAoVvNOFTk8kd9C5fM1RLUEsmWOp+7kXiwMwVMUCvVZlLhW3pTVPvazKXloRS\nkWw7xOOliZ7076/zzC+Al1IKWjeSJFBbW+1gZwSvc42R1wOPpSa9Q8UCgYEAx4uZ\nUNLIqLF5Ljk/Ah+cOrM2v01XRfvhMci+bhttXNBKYP4qKtV8SjcZBQTVr2/osCJU\nZb3fTk5z4PC1T0PBQ8oSnRhsIYDOEvwlk1VgGTrcX+QZL90v0d0wU+bZE6jzAXYg\nXBxny14XM0Ssr+4mgpchL/9kgYc61XpOVFW6xScCgYBP6t/hhNWB96noJ20rrzkg\nVpbOQDUGvyY0JeEUyiA1PI6HtnXvU9gturg6pifpJVimkXG93EQTR8c+Iu654soq\n7voZSl2rIhKlB6Zt3ZqkNuTzfSOmqrAuMgOyLKEU6yvDbJH9haoO2ekfd8vPO2OI\nYV15Q6xXm0uYTvhMOQ1jyQKBgFT2G1FObiFlbzM/LJS64ModhDHvvDkQBdIspug6\nxVW/WevyTAHw4/q1evGoHVOVUn2sIEMxlOLChJRB6PDW6HL0lvhMbb3WGef7dARH\nVaNobGxnslGu261/gBQ5NjQou07j/OM7NPZiGX66vswpmjwAHSFSnHiKG4LJkJBX\n8C4BAoGAMHYd+bNFm918KSCEE0ECov8eTdgBHlQygIFS/2W0QS8vhbGuLxKPMekL\nK2+NlozeYJN1tKiJCKNTzJ62HZI7i09ytyrD+2Meql6xIEAu1v0RFw5tXwPUIf9Y\nQtdH4MwSX0hWvT+W4Dw4nym/E3CMFJnyub3dR2tPu2Lh556OjnM=\n-----END RSA PRIVATE KEY-----\n",
            "private_key_pem_pkcs8": "-----BEGIN PRIVATE KEY-----\nMIIEvAIBADANBgkqhkiG9w0BAQEFAASCBKYwggSiAgEAAoIBAQCZPJ6ojQG+FMEG\nWD0v+Llexx62i7g6jqdG0cApg57xv/pSAcoGTWvG0aMTzrvQfpL5Y5nKZ8K6eIet\nvNS43fMHJ5viEcjXanI/bETAn4JgYSWDneB7d2ARCTqdAeY6lpe8PrI2gjVrIYuc\nDFS6va0zYzqmEBnoxm60ud3qoyRxSl5NwQG127IQpAhc68LPo9rprTksplBnWmNj\nCMORlfWhEgVGnmwInKYnll3pFgsTeykMi7bMsjk/5+GfYGX01/LfsW0WbcWTNJd1\nFQ8XFuVeX1BYvPqLfNrF8iA1GWXMP9ol6HqeoFvBmJr/YLcUiSMZWDkxH6jUK0iS\nOKAyHewDAgMBAAECggEAAWIOLohDRUNrsJJ4TugISEY0zUH6kjC6asW23ckN1LG+\nYSIaAC+PsvYuah3aDRovWmffOffwxn0TAGrtYpPCP0TIv+QYM3WG/XKNNk3aP+Nw\nkr0IiyS7LbwvFr6vJMU6Ll1Ef4ByWfquB2UHGL5gg0+4dko76aFs2124FoeNayZU\nm0X9fHMmYmoAd4zJT6Px8wDE9VDJURgbpCxo+0QUXOA5wc2LjYOntjdBh86McoFd\n0QwpDe+NbzIwUV2f1tyExXs1ieZP7PuhxSv2K7B1ngr/T2bLy7sye+G7zGcEO0mN\n1U1FxvBZI6K28QGLyhG7uTossYpi/22rq/VbftU19QKBgQDElwy+wzRvDTOPPi6m\n98Nr3dxqsAcjkuP+Mb9WrwuLM6LL3ydHcxcsK8wChW804VOTyR30Ll8zVEtQSyZY\n6n7uReLAzBUxQK9VmUuFbelNU+9rMpeWhFKRbDvE46WJnvTvr/PML4CXUgpaN5Ik\nUFtb7WBnBK9zjZHXA4+lJr1DxQKBgQDHi5lQ0siosXkuOT8CH5w6sza/TVdF++Ex\nyL5uG21c0Epg/ioq1XxKNxkFBNWvb+iwIlRlvd9OTnPg8LVPQ8FDyhKdGGwhgM4S\n/CWTVWAZOtxf5Bkv3S/R3TBT5tkTqPMBdiBcHGfLXhczRKyv7iaClyEv/2SBhzrV\nek5UVbrFJwKBgE/q3+GE1YH3qegnbSuvOSBWls5ANQa/JjQl4RTKIDU8joe2de9T\n2C26uDqmJ+klWKaRcb3cRBNHxz4i7rniyiru+hlKXasiEqUHpm3dmqQ25PN9I6aq\nsC4yA7IsoRTrK8Nskf2Fqg7Z6R93y887Y4hhXXlDrFebS5hO+Ew5DWPJAoGAVPYb\nUU5uIWVvMz8slLrgyh2EMe+8ORAF0iym6DrFVb9Z6/JMAfDj+rV68agdU5VSfawg\nQzGU4sKElEHo8NbocvSW+ExtvdYZ5/t0BEdVo2hsbGeyUa7brX+AFDk2NCi7TuP8\n4zs09mIZfrq+zCmaPAAdIVKceIobgsmQkFfwLgECgYAwdh35s0Wb3XwpIIQTQQKi\n/x5N2AEeVDKAgVL/ZbRBLy+Fsa4vEo8x6Qsrb42WjN5gk3W0qIkIo1PMnrYdkjuL\nT3K3KsP7Yx6qXrEgQC7W/REXDm1fA9Qh/1hC10fgzBJfSFa9P5bgPDifKb8TcIwU\nmfK5vd1Ha0+7YuHnno6Ocw==\n-----END PRIVATE KEY-----\n",
            "public_key_fingerprint_md5": "93:6d:69:95:26:f8:ad:8b:6c:0d:fd:a8:95:56:20:8c",
            "public_key_fingerprint_sha256": "SHA256:PztCRBZY9JqDWTBx8phnOsoZLKwo0irzi8iENPjlSeg",
            "public_key_openssh": "ssh-rsa AAAAB3NzaC1yc2EAAAADAQABAAABAQCZPJ6ojQG+FMEGWD0v+Llexx62i7g6jqdG0cApg57xv/pSAcoGTWvG0aMTzrvQfpL5Y5nKZ8K6eIetvNS43fMHJ5viEcjXanI/bETAn4JgYSWDneB7d2ARCTqdAeY6lpe8PrI2gjVrIYucDFS6va0zYzqmEBnoxm60ud3qoyRxSl5NwQG127IQpAhc68LPo9rprTksplBnWmNjCMORlfWhEgVGnmwInKYnll3pFgsTeykMi7bMsjk/5+GfYGX01/LfsW0WbcWTNJd1FQ8XFuVeX1BYvPqLfNrF8iA1GWXMP9ol6HqeoFvBmJr/YLcUiSMZWDkxH6jUK0iSOKAyHewD\n",
            "public_key_pem": "-----BEGIN PUBLIC KEY-----\nMIIBIjANBgkqhkiG9w0BAQEFAAOCAQ8AMIIBCgKCAQEAmTyeqI0BvhTBBlg9L/i5\nXscetou4Oo6nRtHAKYOe8b/6UgHKBk1rxtGjE8670H6S+WOZymfCuniHrbzUuN3z\nByeb4hHI12pyP2xEwJ+CYGElg53ge3dgEQk6nQHmOpaXvD6yNoI1ayGLnAxUur2t\nM2M6phAZ6MZutLnd6qMkcUpeTcEBtduyEKQIXOvCz6Pa6a05LKZQZ1pjYwjDkZX1\noRIFRp5sCJymJ5Zd6RYLE3spDIu2zLI5P+fhn2Bl9Nfy37FtFm3FkzSXdRUPFxbl\nXl9QWLz6i3zaxfIgNRllzD/aJeh6nqBbwZia/2C3FIkjGVg5MR+o1CtIkjigMh3s\nAwIDAQAB\n-----END PUBLIC KEY-----\n",
            "rsa_bits": 2048
          },
          "sensitive_attributes": []
        }
      ]
    },
    {
      "module": "module.network_config",
      "mode": "managed",
      "type": "tls_private_key",
      "name": "server",
      "provider": "provider[\"registry.terraform.io/hashicorp/tls\"]",
      "instances": [
        {
          "index_key": 0,
          "schema_version": 1,
          "attributes": {
            "algorithm": "RSA",
            "ecdsa_curve": "P224",
            "id": "4d3532f37161083d980f4bba2e14e0585feadc50",
            "private_key_openssh": "-----BEGIN OPENSSH PRIVATE KEY-----\nb3BlbnNzaC1rZXktdjEAAAAABG5vbmUAAAAEbm9uZQAAAAAAAAABAAABFwAAAAdz\nc2gtcnNhAAAAAwEAAQAAAQEAxM7hi5yUUQC2dbSnSc6mJVMIC8iAWbYKyj1RzTOp\nVkQC65UGqniKSauFBPdh4Gdlx4HaburkorvDAdx66mDgn+aObQ77n20eZpTmEIMP\nr1BqPFL29WEz/H1kECtO1w9erGWCxVJOQL6cf8n4TMF9qyF/6ltE8iY6eKh/u11t\nyrov+B7+TvZpthpHlgqSuNMoosBC/j6rt+fl6rxzUtjb5AX4lUPpOZySlQO8SExv\ndNd8NVOqTEORtr+22ioxShHT6txtDcFJzLRUJy3Y9dOa2Y2AfQ8A/rOMJvFXINWh\nssOCS38dNzfgdLlLbDmnT0aCAUdlrxlKWIediAbOfT743wAAA7jnxOCu58TgrgAA\nAAdzc2gtcnNhAAABAQDEzuGLnJRRALZ1tKdJzqYlUwgLyIBZtgrKPVHNM6lWRALr\nlQaqeIpJq4UE92HgZ2XHgdpu6uSiu8MB3HrqYOCf5o5tDvufbR5mlOYQgw+vUGo8\nUvb1YTP8fWQQK07XD16sZYLFUk5Avpx/yfhMwX2rIX/qW0TyJjp4qH+7XW3Kui/4\nHv5O9mm2GkeWCpK40yiiwEL+Pqu35+XqvHNS2NvkBfiVQ+k5nJKVA7xITG9013w1\nU6pMQ5G2v7baKjFKEdPq3G0NwUnMtFQnLdj105rZjYB9DwD+s4wm8Vcg1aGyw4JL\nfx03N+B0uUtsOadPRoIBR2WvGUpYh52IBs59PvjfAAAAAwEAAQAAAQBdfPbIBoev\n2NpTnI6w8VCcP059pm9N7js+6ZT/mJBSkbkfZmnFtb/fEfJ8svTUD9nZxTXZZYxZ\nPz75ld3vkzhwzKkQZkMh7sg3q3iEFHXxbg4g/LoiQtvaj0fmpGPtpffvhcLyb9AL\nUmBuFad08p77GU01qshcDMvOwB/5BX8fgq5Ic8jV/QdsZPVukAmd6xLlx15kKNF/\nkhz/acajO7YTh4blaARhxztjVpAuGq8PhEFV5sJ+rZzdIXwHuih9CG1n+yM0DpxA\nq/k5OX38je5plFB1mDJqWRb0FcGU9rxT2cvG6hZGeYm0C/MVRI2hid83b8rSeYsj\nGbg49FgguiKdAAAAgA8bHcEOTujXnCXVjAMHNSgIYs8JyS/M0PMUEACaSwBm5dEB\nrbfqkfNWyXCYU3jQ/oKd+uUcBEY4cL16D7VKxaaj0acciy7fTOylxzau05VZVnHc\nAy3GyZ6khgLNGztNDCQZSq3blgEK1bUhEbsZ4yvrg2sbDhEnQY4Jvkpo6bXcAAAA\ngQDFsAkXVWmOnL0qf6LOwkM0OjSzak+Hr+ggUOemavl3xMRrfq/i9qROaiT5X5bz\nos9fiyYxPsipkKqwm7Vid6ir6JLh8EyHkXb62+sEE3PNnfdtUGExZJZB24quSL3Q\nAK9H/du4z/QbBn430Lg5+JoXtKO4FyzTPcE/QpwopUSK8wAAAIEA/txuY7jr1ZcV\ntpGle6xqm0Y/iT/5RkcQ3gghcsJQgbP4scB2LyxyEAUC0vBRBQsLZfotEywLd0Z9\nrfQ7d0OWTVOU0BPCJQB4hx20++tZuqkd/c+7JQ6UTUYlCYSlS+yea9//6vq3VZDa\nbKJJ4FB5IzHxVv4wM+p4DmTTEbkW/WUAAAAAAQID\n-----END OPENSSH PRIVATE KEY-----\n",
            "private_key_pem": "-----BEGIN RSA PRIVATE KEY-----\nMIIEowIBAAKCAQEAxM7hi5yUUQC2dbSnSc6mJVMIC8iAWbYKyj1RzTOpVkQC65UG\nqniKSauFBPdh4Gdlx4HaburkorvDAdx66mDgn+aObQ77n20eZpTmEIMPr1BqPFL2\n9WEz/H1kECtO1w9erGWCxVJOQL6cf8n4TMF9qyF/6ltE8iY6eKh/u11tyrov+B7+\nTvZpthpHlgqSuNMoosBC/j6rt+fl6rxzUtjb5AX4lUPpOZySlQO8SExvdNd8NVOq\nTEORtr+22ioxShHT6txtDcFJzLRUJy3Y9dOa2Y2AfQ8A/rOMJvFXINWhssOCS38d\nNzfgdLlLbDmnT0aCAUdlrxlKWIediAbOfT743wIDAQABAoIBAF189sgGh6/Y2lOc\njrDxUJw/Tn2mb03uOz7plP+YkFKRuR9macW1v98R8nyy9NQP2dnFNdlljFk/PvmV\n3e+TOHDMqRBmQyHuyDereIQUdfFuDiD8uiJC29qPR+akY+2l9++FwvJv0AtSYG4V\np3TynvsZTTWqyFwMy87AH/kFfx+CrkhzyNX9B2xk9W6QCZ3rEuXHXmQo0X+SHP9p\nxqM7thOHhuVoBGHHO2NWkC4arw+EQVXmwn6tnN0hfAe6KH0IbWf7IzQOnECr+Tk5\nffyN7mmUUHWYMmpZFvQVwZT2vFPZy8bqFkZ5ibQL8xVEjaGJ3zdvytJ5iyMZuDj0\nWCC6Ip0CgYEAxbAJF1Vpjpy9Kn+izsJDNDo0s2pPh6/oIFDnpmr5d8TEa36v4vak\nTmok+V+W86LPX4smMT7IqZCqsJu1Yneoq+iS4fBMh5F2+tvrBBNzzZ33bVBhMWSW\nQduKrki90ACvR/3buM/0GwZ+N9C4OfiaF7SjuBcs0z3BP0KcKKVEivMCgYEA/txu\nY7jr1ZcVtpGle6xqm0Y/iT/5RkcQ3gghcsJQgbP4scB2LyxyEAUC0vBRBQsLZfot\nEywLd0Z9rfQ7d0OWTVOU0BPCJQB4hx20++tZuqkd/c+7JQ6UTUYlCYSlS+yea9//\n6vq3VZDabKJJ4FB5IzHxVv4wM+p4DmTTEbkW/WUCgYEAqDz+H6uC3+moW2iwR8Gv\nq9z1SNNqx5D+vbHc0xYrJLCCcPEqAr/gaROQT+H393RRg4BKipJh91y0xwRcw2YO\nV+7gQgRdPOqhFTDfu2JKpWyQS6mibYSrE3Uhet1RHJnYki4LNidUGUPXWuz4O+3E\nRfRneJ3Qeh4OPiYT+8tan90CgYBjgsQjcc+7fRuARowbpu2VJS+nsm/tTdA7MWeF\n/HMcwZ2oIeLDdpIuyRYaMLUhx/cyYSV6Z+cuMjreUg9p+NzV4n2nZR+X/QASmbnR\n50oIxQGt2Y9T38ZuCaZqef1kkMYmjrbJFA3DfiSa6B76U9GIuXZnJibCDpnD3QBA\n2kkstQKBgA8bHcEOTujXnCXVjAMHNSgIYs8JyS/M0PMUEACaSwBm5dEBrbfqkfNW\nyXCYU3jQ/oKd+uUcBEY4cL16D7VKxaaj0acciy7fTOylxzau05VZVnHcAy3GyZ6k\nhgLNGztNDCQZSq3blgEK1bUhEbsZ4yvrg2sbDhEnQY4Jvkpo6bXc\n-----END RSA PRIVATE KEY-----\n",
            "private_key_pem_pkcs8": "-----BEGIN PRIVATE KEY-----\nMIIEvQIBADANBgkqhkiG9w0BAQEFAASCBKcwggSjAgEAAoIBAQDEzuGLnJRRALZ1\ntKdJzqYlUwgLyIBZtgrKPVHNM6lWRALrlQaqeIpJq4UE92HgZ2XHgdpu6uSiu8MB\n3HrqYOCf5o5tDvufbR5mlOYQgw+vUGo8Uvb1YTP8fWQQK07XD16sZYLFUk5Avpx/\nyfhMwX2rIX/qW0TyJjp4qH+7XW3Kui/4Hv5O9mm2GkeWCpK40yiiwEL+Pqu35+Xq\nvHNS2NvkBfiVQ+k5nJKVA7xITG9013w1U6pMQ5G2v7baKjFKEdPq3G0NwUnMtFQn\nLdj105rZjYB9DwD+s4wm8Vcg1aGyw4JLfx03N+B0uUtsOadPRoIBR2WvGUpYh52I\nBs59PvjfAgMBAAECggEAXXz2yAaHr9jaU5yOsPFQnD9OfaZvTe47PumU/5iQUpG5\nH2ZpxbW/3xHyfLL01A/Z2cU12WWMWT8++ZXd75M4cMypEGZDIe7IN6t4hBR18W4O\nIPy6IkLb2o9H5qRj7aX374XC8m/QC1JgbhWndPKe+xlNNarIXAzLzsAf+QV/H4Ku\nSHPI1f0HbGT1bpAJnesS5cdeZCjRf5Ic/2nGozu2E4eG5WgEYcc7Y1aQLhqvD4RB\nVebCfq2c3SF8B7oofQhtZ/sjNA6cQKv5OTl9/I3uaZRQdZgyalkW9BXBlPa8U9nL\nxuoWRnmJtAvzFUSNoYnfN2/K0nmLIxm4OPRYILoinQKBgQDFsAkXVWmOnL0qf6LO\nwkM0OjSzak+Hr+ggUOemavl3xMRrfq/i9qROaiT5X5bzos9fiyYxPsipkKqwm7Vi\nd6ir6JLh8EyHkXb62+sEE3PNnfdtUGExZJZB24quSL3QAK9H/du4z/QbBn430Lg5\n+JoXtKO4FyzTPcE/QpwopUSK8wKBgQD+3G5juOvVlxW2kaV7rGqbRj+JP/lGRxDe\nCCFywlCBs/ixwHYvLHIQBQLS8FEFCwtl+i0TLAt3Rn2t9Dt3Q5ZNU5TQE8IlAHiH\nHbT761m6qR39z7slDpRNRiUJhKVL7J5r3//q+rdVkNpsokngUHkjMfFW/jAz6ngO\nZNMRuRb9ZQKBgQCoPP4fq4Lf6ahbaLBHwa+r3PVI02rHkP69sdzTFisksIJw8SoC\nv+BpE5BP4ff3dFGDgEqKkmH3XLTHBFzDZg5X7uBCBF086qEVMN+7YkqlbJBLqaJt\nhKsTdSF63VEcmdiSLgs2J1QZQ9da7Pg77cRF9Gd4ndB6Hg4+JhP7y1qf3QKBgGOC\nxCNxz7t9G4BGjBum7ZUlL6eyb+1N0DsxZ4X8cxzBnagh4sN2ki7JFhowtSHH9zJh\nJXpn5y4yOt5SD2n43NXifadlH5f9ABKZudHnSgjFAa3Zj1Pfxm4Jpmp5/WSQxiaO\ntskUDcN+JJroHvpT0Yi5dmcmJsIOmcPdAEDaSSy1AoGADxsdwQ5O6NecJdWMAwc1\nKAhizwnJL8zQ8xQQAJpLAGbl0QGtt+qR81bJcJhTeND+gp365RwERjhwvXoPtUrF\npqPRpxyLLt9M7KXHNq7TlVlWcdwDLcbJnqSGAs0bO00MJBlKrduWAQrVtSERuxnj\nK+uDaxsOESdBjgm+Smjptdw=\n-----END PRIVATE KEY-----\n",
            "public_key_fingerprint_md5": "2e:bb:38:5b:27:98:df:62:b2:4e:a9:10:2c:96:52:9a",
            "public_key_fingerprint_sha256": "SHA256:/vZA5lj7lq/R3RNfBGe6nHK4e1hY4BrWN0W4SQUFgGo",
            "public_key_openssh": "ssh-rsa AAAAB3NzaC1yc2EAAAADAQABAAABAQDEzuGLnJRRALZ1tKdJzqYlUwgLyIBZtgrKPVHNM6lWRALrlQaqeIpJq4UE92HgZ2XHgdpu6uSiu8MB3HrqYOCf5o5tDvufbR5mlOYQgw+vUGo8Uvb1YTP8fWQQK07XD16sZYLFUk5Avpx/yfhMwX2rIX/qW0TyJjp4qH+7XW3Kui/4Hv5O9mm2GkeWCpK40yiiwEL+Pqu35+XqvHNS2NvkBfiVQ+k5nJKVA7xITG9013w1U6pMQ5G2v7baKjFKEdPq3G0NwUnMtFQnLdj105rZjYB9DwD+s4wm8Vcg1aGyw4JLfx03N+B0uUtsOadPRoIBR2WvGUpYh52IBs59Pvjf\n",
            "public_key_pem": "-----BEGIN PUBLIC KEY-----\nMIIBIjANBgkqhkiG9w0BAQEFAAOCAQ8AMIIBCgKCAQEAxM7hi5yUUQC2dbSnSc6m\nJVMIC8iAWbYKyj1RzTOpVkQC65UGqniKSauFBPdh4Gdlx4HaburkorvDAdx66mDg\nn+aObQ77n20eZpTmEIMPr1BqPFL29WEz/H1kECtO1w9erGWCxVJOQL6cf8n4TMF9\nqyF/6ltE8iY6eKh/u11tyrov+B7+TvZpthpHlgqSuNMoosBC/j6rt+fl6rxzUtjb\n5AX4lUPpOZySlQO8SExvdNd8NVOqTEORtr+22ioxShHT6txtDcFJzLRUJy3Y9dOa\n2Y2AfQ8A/rOMJvFXINWhssOCS38dNzfgdLlLbDmnT0aCAUdlrxlKWIediAbOfT74\n3wIDAQAB\n-----END PUBLIC KEY-----\n",
            "rsa_bits": 2048
          },
          "sensitive_attributes": [],
          "create_before_destroy": true
        }
      ]
    },
    {
      "module": "module.network_config",
      "mode": "managed",
      "type": "tls_self_signed_cert",
      "name": "ca",
      "provider": "provider[\"registry.terraform.io/hashicorp/tls\"]",
      "instances": [
        {
          "index_key": 0,
          "schema_version": 0,
          "attributes": {
            "allowed_uses": [
              "key_encipherment",
              "digital_signature",
              "cert_signing",
              "crl_signing"
            ],
            "cert_pem": "-----BEGIN CERTIFICATE-----\nMIIDlzCCAn+gAwIBAgIRAKOgFg5qU1L6Z3/m2r6ZFH0wDQYJKoZIhvcNAQELBQAw\nZTELMAkGA1UEBhMCVVMxDjAMBgNVBAgTBVN0YXRlMQ0wCwYDVQQHEwRDaXR5MRkw\nFwYDVQQKExBZb3VyT3JnYW5pemF0aW9uMQswCQYDVQQLEwJJVDEPMA0GA1UEAxMG\nVlBOLUNBMB4XDTI1MDUyMzE4Mjk1N1oXDTI2MDUyMzE4Mjk1N1owZTELMAkGA1UE\nBhMCVVMxDjAMBgNVBAgTBVN0YXRlMQ0wCwYDVQQHEwRDaXR5MRkwFwYDVQQKExBZ\nb3VyT3JnYW5pemF0aW9uMQswCQYDVQQLEwJJVDEPMA0GA1UEAxMGVlBOLUNBMIIB\nIjANBgkqhkiG9w0BAQEFAAOCAQ8AMIIBCgKCAQEAw/eRny+DrzOtjldjSAcKBH1m\nFgewcpY3XFbO7KENDpfa/SyIig4YEF/ZoO3nynmBSxXxUB88QF0BneKN+rBIlETF\nVXa3QMe4oOBbNe0CDf/am5VmwDjCs+wRKXqHy5YOgXODXspt/7ljKS9YCmazzHSW\nl6h4n3/FPkg5Wl4Ijjx9+5VwcAAJBvYbEZ169dHhr0n7F/iumspOpCwOfBjSmQ3S\nw1vbkobFQMZKSfkfWTXQ7EsI6iCJKEtv44NqEuyAe//F1BNFQVbxrznRC+7fpC/F\n3dhPPjdRH55ksJeAw8jYGyScA/sU5L21rr9AK6cw5I8nIZBWxl5UHUe2rFZKewID\nAQABo0IwQDAOBgNVHQ8BAf8EBAMCAaYwDwYDVR0TAQH/BAUwAwEB/zAdBgNVHQ4E\nFgQUTrebmn40Pu9uyfLYZVqLFItBAlIwDQYJKoZIhvcNAQELBQADggEBAFgUq899\ncgfooOJZeZaY8BFXa2CmssLHYKvic8kR7roFnA8IWTH3hGiyfGaP6AMi6zH3F2t3\ngzCVg/bRXHvYFCR9x7Lrgu1hy0yT/Y/kHzsprkH2lGAvKEwqdgpeAaGEf7HZdVLj\nRO5WNs1pscdavPHVDPrkirfxs8Sr8FKZjFEyzO0EqB/8RKlgKYtX8Wuui/RgvCzZ\nboZ4cydElvIjyVNKyg364TFRpEBgai7GyvsTjJOtDMPM2ABfho9l1ys9xSzTXxQ1\nGOQE885nsB2KCsiElSREY5ZtmBTXytlj+jqCmw5fr7Gs5wjMuKPuXYxn2ZIn06rD\nxLI4RyV6B0GzTJA=\n-----END CERTIFICATE-----\n",
            "dns_names": null,
            "early_renewal_hours": 0,
            "id": "217495378165418558977621621967261602941",
            "ip_addresses": null,
            "is_ca_certificate": true,
            "key_algorithm": "RSA",
            "private_key_pem": "-----BEGIN RSA PRIVATE KEY-----\nMIIEpAIBAAKCAQEAw/eRny+DrzOtjldjSAcKBH1mFgewcpY3XFbO7KENDpfa/SyI\nig4YEF/ZoO3nynmBSxXxUB88QF0BneKN+rBIlETFVXa3QMe4oOBbNe0CDf/am5Vm\nwDjCs+wRKXqHy5YOgXODXspt/7ljKS9YCmazzHSWl6h4n3/FPkg5Wl4Ijjx9+5Vw\ncAAJBvYbEZ169dHhr0n7F/iumspOpCwOfBjSmQ3Sw1vbkobFQMZKSfkfWTXQ7EsI\n6iCJKEtv44NqEuyAe//F1BNFQVbxrznRC+7fpC/F3dhPPjdRH55ksJeAw8jYGySc\nA/sU5L21rr9AK6cw5I8nIZBWxl5UHUe2rFZKewIDAQABAoIBAAioTsm9qe+OQZwf\nIzbPszMYlFWwnqx2E3MKYldIFCrkk/TV+1NyC1q2ou3K2A/0+m/MdxE6ZNYisotJ\nmReN1l8EHMQWTw+j4yjqtuZ041k/+0xSHax46K0iZqDlyP46N/pv4n1h3wzKbjJb\nGGSGCtDWoIwjRSG/kM5PSlPCNLzBcbzQpcl0/kR82DVEp4r2A3PkPnW9tzfcR1gZ\nNFYGlcq9Yj/M5HoldB7T33BSmY9i5HA7F7DP+YC7CwJ7qEaY8eVMjsc7P5ZepqT+\nghn2WZhFCbVyD81/j5rH9ZW0zeHIyF22nKt07MGNYxYWHH67nMe+PbsiqEEm7sBj\nBUmSyy0CgYEA81hW3WA7oCob3MKmDdI1tBENvS72A2qK00pVObuTojojnUkizBMk\nF2coF14rIuaGEjZeS/yJftozR0GMSyXDcMCJXqK0/uTJZOyWhB8u3auKG+x0ggSi\n2tCLBiOik/goMp5zhatAM6c+GawVN0/Usja+zfSurNPVG93vEnoYTr8CgYEAzih8\nDVhKVgEsjZxIldZKl7Y5RnYuv89XQeFocg5PQG8vp37O44g7xxGh0XdGCw5aRt2B\n3SXIj/6OqdHSGDFfu0wDp5tu/AIdSqd2RyCKmze2r7oc4FqAaI5Ve72mb7N09D4M\neFFbN9A+cy5IFeNEN+mFfHKi7CnnvU7HIdusL0UCgYEAu80HbN3h5l/ZFOyb3rrG\ne2tV4RUnA8frz9jkISQkceTQq4hP9JMpHW6dQDuKquqhudh/ucDyFBYt0OZDcZN5\nW8Ebww9rA/RpgRwdpWWzc5v5gEdiOx182cZsJJbH186Cp14l5ZkeeT6u7H0j+oX/\nrnIVmzkkvXjWVSVYZjgYHl0CgYEAnsPw3TocbWWUES7Fe5c/dNzh+RC06gTctyDH\nlebNQ9scwQpYfEQDfUhn7W/EomkYPzEBfPVHIxWwerna6cTEa/Kbce2zKCLcugyD\nez1lYSoj5+sVp/Yqo9rRnG0uiyGSNTK/2b0V2cLnBT8kRq7yb3jI01FZhTS0gkbz\n9nA9h10CgYBQSK1MuWN7FrphGjSYi/V1iE6CS5cCrjtvwBPhuWypTrxdeaEHh+N1\n3zB+iUBkMmihAMpK9k8yG62SDYV42Oc5yGGh3ICR9KpIfQ7GTq+w2V3QUyvGgFfd\nwKlcz7rtz0NwuHsMLOlkx9R6zai5CI9beF5itKbDSZ6G3x0rQLvYqQ==\n-----END RSA PRIVATE KEY-----\n",
            "ready_for_renewal": false,
            "set_authority_key_id": false,
            "set_subject_key_id": false,
            "subject": [
              {
                "common_name": "VPN-CA",
                "country": "US",
                "email_address": null,
                "locality": "City",
                "organization": "YourOrganization",
                "organizational_unit": "IT",
                "postal_code": null,
                "province": "State",
                "serial_number": null,
                "street_address": null
              }
            ],
            "uris": null,
            "validity_end_time": "2026-05-23T20:29:57.658259+02:00",
            "validity_period_hours": 8760,
            "validity_start_time": "2025-05-23T20:29:57.658259+02:00"
          },
          "sensitive_attributes": [
            [
              {
                "type": "get_attr",
                "value": "private_key_pem"
              }
            ]
          ],
          "dependencies": [
            "module.network_config.tls_private_key.ca"
          ],
          "create_before_destroy": true
        }
      ]
    },
    {
      "module": "module.network_config.module.routing[\"egress-public-1\"]",
      "mode": "managed",
      "type": "aws_route_table",
      "name": "this",
      "provider": "provider[\"registry.terraform.io/hashicorp/aws\"]",
      "instances": [
        {
          "schema_version": 0,
          "attributes": {
            "arn": "arn:aws:ec2:eu-central-1:767398092878:route-table/rtb-0614e9312b3b24bd2",
            "id": "rtb-0614e9312b3b24bd2",
            "owner_id": "767398092878",
            "propagating_vgws": [],
            "route": [
              {
                "carrier_gateway_id": "",
                "cidr_block": "0.0.0.0/0",
                "core_network_arn": "",
                "destination_prefix_list_id": "",
                "egress_only_gateway_id": "",
                "gateway_id": "igw-04e892b14446558f7",
                "ipv6_cidr_block": "",
                "local_gateway_id": "",
                "nat_gateway_id": "",
                "network_interface_id": "",
                "transit_gateway_id": "",
                "vpc_endpoint_id": "",
                "vpc_peering_connection_id": ""
              }
            ],
            "tags": {
              "Name": "egress-public-1"
            },
            "tags_all": {
              "Name": "egress-public-1"
            },
            "timeouts": null,
            "vpc_id": "vpc-002d8769ef29aa6fc"
          },
          "sensitive_attributes": [],
          "private": "eyJlMmJmYjczMC1lY2FhLTExZTYtOGY4OC0zNDM2M2JjN2M0YzAiOnsiY3JlYXRlIjozMDAwMDAwMDAwMDAsImRlbGV0ZSI6MzAwMDAwMDAwMDAwLCJ1cGRhdGUiOjEyMDAwMDAwMDAwMH19",
          "dependencies": [
            "module.network_config.aws_ec2_transit_gateway.this",
            "module.network_config.module.vpc.aws_eip.nat",
            "module.network_config.module.vpc.aws_internet_gateway.this",
            "module.network_config.module.vpc.aws_nat_gateway.this",
            "module.network_config.module.vpc.aws_security_group.allow_kms",
            "module.network_config.module.vpc.aws_security_group.allow_secretsmanager",
            "module.network_config.module.vpc.aws_subnet.this",
            "module.network_config.module.vpc.aws_vpc.this",
            "module.network_config.module.vpc.aws_vpc_dhcp_options.this",
            "module.network_config.module.vpc.aws_vpc_dhcp_options_association.this",
            "module.network_config.module.vpc.aws_vpc_endpoint.kms",
            "module.network_config.module.vpc.aws_vpc_endpoint.s3",
            "module.network_config.module.vpc.aws_vpc_endpoint.secretsmanager"
          ]
        }
      ]
    },
    {
      "module": "module.network_config.module.routing[\"egress-public-2\"]",
      "mode": "managed",
      "type": "aws_route_table",
      "name": "this",
      "provider": "provider[\"registry.terraform.io/hashicorp/aws\"]",
      "instances": [
        {
          "schema_version": 0,
          "attributes": {
            "arn": "arn:aws:ec2:eu-central-1:767398092878:route-table/rtb-0c2abd050067c2a9e",
            "id": "rtb-0c2abd050067c2a9e",
            "owner_id": "767398092878",
            "propagating_vgws": [],
            "route": [
              {
                "carrier_gateway_id": "",
                "cidr_block": "0.0.0.0/0",
                "core_network_arn": "",
                "destination_prefix_list_id": "",
                "egress_only_gateway_id": "",
                "gateway_id": "igw-04e892b14446558f7",
                "ipv6_cidr_block": "",
                "local_gateway_id": "",
                "nat_gateway_id": "",
                "network_interface_id": "",
                "transit_gateway_id": "",
                "vpc_endpoint_id": "",
                "vpc_peering_connection_id": ""
              }
            ],
            "tags": {
              "Name": "egress-public-2"
            },
            "tags_all": {
              "Name": "egress-public-2"
            },
            "timeouts": null,
            "vpc_id": "vpc-002d8769ef29aa6fc"
          },
          "sensitive_attributes": [],
          "private": "eyJlMmJmYjczMC1lY2FhLTExZTYtOGY4OC0zNDM2M2JjN2M0YzAiOnsiY3JlYXRlIjozMDAwMDAwMDAwMDAsImRlbGV0ZSI6MzAwMDAwMDAwMDAwLCJ1cGRhdGUiOjEyMDAwMDAwMDAwMH19",
          "dependencies": [
            "module.network_config.aws_ec2_transit_gateway.this",
            "module.network_config.module.vpc.aws_eip.nat",
            "module.network_config.module.vpc.aws_internet_gateway.this",
            "module.network_config.module.vpc.aws_nat_gateway.this",
            "module.network_config.module.vpc.aws_security_group.allow_kms",
            "module.network_config.module.vpc.aws_security_group.allow_secretsmanager",
            "module.network_config.module.vpc.aws_subnet.this",
            "module.network_config.module.vpc.aws_vpc.this",
            "module.network_config.module.vpc.aws_vpc_dhcp_options.this",
            "module.network_config.module.vpc.aws_vpc_dhcp_options_association.this",
            "module.network_config.module.vpc.aws_vpc_endpoint.kms",
            "module.network_config.module.vpc.aws_vpc_endpoint.s3",
            "module.network_config.module.vpc.aws_vpc_endpoint.secretsmanager"
          ]
        }
      ]
    },
    {
      "module": "module.network_config.module.routing[\"egress-public-3\"]",
      "mode": "managed",
      "type": "aws_route_table",
      "name": "this",
      "provider": "provider[\"registry.terraform.io/hashicorp/aws\"]",
      "instances": [
        {
          "schema_version": 0,
          "attributes": {
            "arn": "arn:aws:ec2:eu-central-1:767398092878:route-table/rtb-04f028704af6d4798",
            "id": "rtb-04f028704af6d4798",
            "owner_id": "767398092878",
            "propagating_vgws": [],
            "route": [
              {
                "carrier_gateway_id": "",
                "cidr_block": "0.0.0.0/0",
                "core_network_arn": "",
                "destination_prefix_list_id": "",
                "egress_only_gateway_id": "",
                "gateway_id": "igw-04e892b14446558f7",
                "ipv6_cidr_block": "",
                "local_gateway_id": "",
                "nat_gateway_id": "",
                "network_interface_id": "",
                "transit_gateway_id": "",
                "vpc_endpoint_id": "",
                "vpc_peering_connection_id": ""
              }
            ],
            "tags": {
              "Name": "egress-public-3"
            },
            "tags_all": {
              "Name": "egress-public-3"
            },
            "timeouts": null,
            "vpc_id": "vpc-002d8769ef29aa6fc"
          },
          "sensitive_attributes": [],
          "private": "eyJlMmJmYjczMC1lY2FhLTExZTYtOGY4OC0zNDM2M2JjN2M0YzAiOnsiY3JlYXRlIjozMDAwMDAwMDAwMDAsImRlbGV0ZSI6MzAwMDAwMDAwMDAwLCJ1cGRhdGUiOjEyMDAwMDAwMDAwMH19",
          "dependencies": [
            "module.network_config.aws_ec2_transit_gateway.this",
            "module.network_config.module.vpc.aws_eip.nat",
            "module.network_config.module.vpc.aws_internet_gateway.this",
            "module.network_config.module.vpc.aws_nat_gateway.this",
            "module.network_config.module.vpc.aws_security_group.allow_kms",
            "module.network_config.module.vpc.aws_security_group.allow_secretsmanager",
            "module.network_config.module.vpc.aws_subnet.this",
            "module.network_config.module.vpc.aws_vpc.this",
            "module.network_config.module.vpc.aws_vpc_dhcp_options.this",
            "module.network_config.module.vpc.aws_vpc_dhcp_options_association.this",
            "module.network_config.module.vpc.aws_vpc_endpoint.kms",
            "module.network_config.module.vpc.aws_vpc_endpoint.s3",
            "module.network_config.module.vpc.aws_vpc_endpoint.secretsmanager"
          ]
        }
      ]
    },
    {
      "module": "module.network_config.module.routing[\"main-control-plane-1\"]",
      "mode": "managed",
      "type": "aws_route_table",
      "name": "this",
      "provider": "provider[\"registry.terraform.io/hashicorp/aws\"]",
      "instances": [
        {
          "schema_version": 0,
          "attributes": {
            "arn": "arn:aws:ec2:eu-central-1:767398092878:route-table/rtb-0b1a449295973ac3a",
            "id": "rtb-0b1a449295973ac3a",
            "owner_id": "767398092878",
            "propagating_vgws": [],
            "route": [],
            "tags": {
              "Name": "main-control-plane-1"
            },
            "tags_all": {
              "Name": "main-control-plane-1"
            },
            "timeouts": null,
            "vpc_id": "vpc-0a80f3578ae6fa27b"
          },
          "sensitive_attributes": [],
          "private": "eyJlMmJmYjczMC1lY2FhLTExZTYtOGY4OC0zNDM2M2JjN2M0YzAiOnsiY3JlYXRlIjozMDAwMDAwMDAwMDAsImRlbGV0ZSI6MzAwMDAwMDAwMDAwLCJ1cGRhdGUiOjEyMDAwMDAwMDAwMH19",
          "dependencies": [
            "module.network_config.aws_ec2_transit_gateway.this",
            "module.network_config.module.vpc.aws_eip.nat",
            "module.network_config.module.vpc.aws_internet_gateway.this",
            "module.network_config.module.vpc.aws_nat_gateway.this",
            "module.network_config.module.vpc.aws_security_group.allow_kms",
            "module.network_config.module.vpc.aws_security_group.allow_secretsmanager",
            "module.network_config.module.vpc.aws_subnet.this",
            "module.network_config.module.vpc.aws_vpc.this",
            "module.network_config.module.vpc.aws_vpc_dhcp_options.this",
            "module.network_config.module.vpc.aws_vpc_dhcp_options_association.this",
            "module.network_config.module.vpc.aws_vpc_endpoint.kms",
            "module.network_config.module.vpc.aws_vpc_endpoint.s3",
            "module.network_config.module.vpc.aws_vpc_endpoint.secretsmanager"
          ]
        }
      ]
    },
    {
      "module": "module.network_config.module.routing[\"main-control-plane-2\"]",
      "mode": "managed",
      "type": "aws_route_table",
      "name": "this",
      "provider": "provider[\"registry.terraform.io/hashicorp/aws\"]",
      "instances": [
        {
          "schema_version": 0,
          "attributes": {
            "arn": "arn:aws:ec2:eu-central-1:767398092878:route-table/rtb-0561074847c309264",
            "id": "rtb-0561074847c309264",
            "owner_id": "767398092878",
            "propagating_vgws": [],
            "route": [],
            "tags": {
              "Name": "main-control-plane-2"
            },
            "tags_all": {
              "Name": "main-control-plane-2"
            },
            "timeouts": null,
            "vpc_id": "vpc-0a80f3578ae6fa27b"
          },
          "sensitive_attributes": [],
          "private": "eyJlMmJmYjczMC1lY2FhLTExZTYtOGY4OC0zNDM2M2JjN2M0YzAiOnsiY3JlYXRlIjozMDAwMDAwMDAwMDAsImRlbGV0ZSI6MzAwMDAwMDAwMDAwLCJ1cGRhdGUiOjEyMDAwMDAwMDAwMH19",
          "dependencies": [
            "module.network_config.aws_ec2_transit_gateway.this",
            "module.network_config.module.vpc.aws_eip.nat",
            "module.network_config.module.vpc.aws_internet_gateway.this",
            "module.network_config.module.vpc.aws_nat_gateway.this",
            "module.network_config.module.vpc.aws_security_group.allow_kms",
            "module.network_config.module.vpc.aws_security_group.allow_secretsmanager",
            "module.network_config.module.vpc.aws_subnet.this",
            "module.network_config.module.vpc.aws_vpc.this",
            "module.network_config.module.vpc.aws_vpc_dhcp_options.this",
            "module.network_config.module.vpc.aws_vpc_dhcp_options_association.this",
            "module.network_config.module.vpc.aws_vpc_endpoint.kms",
            "module.network_config.module.vpc.aws_vpc_endpoint.s3",
            "module.network_config.module.vpc.aws_vpc_endpoint.secretsmanager"
          ]
        }
      ]
    },
    {
      "module": "module.network_config.module.routing[\"main-control-plane-3\"]",
      "mode": "managed",
      "type": "aws_route_table",
      "name": "this",
      "provider": "provider[\"registry.terraform.io/hashicorp/aws\"]",
      "instances": [
        {
          "schema_version": 0,
          "attributes": {
            "arn": "arn:aws:ec2:eu-central-1:767398092878:route-table/rtb-0c5abc1601f683f9e",
            "id": "rtb-0c5abc1601f683f9e",
            "owner_id": "767398092878",
            "propagating_vgws": [],
            "route": [],
            "tags": {
              "Name": "main-control-plane-3"
            },
            "tags_all": {
              "Name": "main-control-plane-3"
            },
            "timeouts": null,
            "vpc_id": "vpc-0a80f3578ae6fa27b"
          },
          "sensitive_attributes": [],
          "private": "eyJlMmJmYjczMC1lY2FhLTExZTYtOGY4OC0zNDM2M2JjN2M0YzAiOnsiY3JlYXRlIjozMDAwMDAwMDAwMDAsImRlbGV0ZSI6MzAwMDAwMDAwMDAwLCJ1cGRhdGUiOjEyMDAwMDAwMDAwMH19",
          "dependencies": [
            "module.network_config.aws_ec2_transit_gateway.this",
            "module.network_config.module.vpc.aws_eip.nat",
            "module.network_config.module.vpc.aws_internet_gateway.this",
            "module.network_config.module.vpc.aws_nat_gateway.this",
            "module.network_config.module.vpc.aws_security_group.allow_kms",
            "module.network_config.module.vpc.aws_security_group.allow_secretsmanager",
            "module.network_config.module.vpc.aws_subnet.this",
            "module.network_config.module.vpc.aws_vpc.this",
            "module.network_config.module.vpc.aws_vpc_dhcp_options.this",
            "module.network_config.module.vpc.aws_vpc_dhcp_options_association.this",
            "module.network_config.module.vpc.aws_vpc_endpoint.kms",
            "module.network_config.module.vpc.aws_vpc_endpoint.s3",
            "module.network_config.module.vpc.aws_vpc_endpoint.secretsmanager"
          ]
        }
      ]
    },
    {
      "module": "module.network_config.module.routing[\"main-data-1\"]",
      "mode": "managed",
      "type": "aws_route_table",
      "name": "this",
      "provider": "provider[\"registry.terraform.io/hashicorp/aws\"]",
      "instances": [
        {
          "schema_version": 0,
          "attributes": {
            "arn": "arn:aws:ec2:eu-central-1:767398092878:route-table/rtb-0848d24b822a71d51",
            "id": "rtb-0848d24b822a71d51",
            "owner_id": "767398092878",
            "propagating_vgws": [],
            "route": [],
            "tags": {
              "Name": "main-data-1"
            },
            "tags_all": {
              "Name": "main-data-1"
            },
            "timeouts": null,
            "vpc_id": "vpc-0a80f3578ae6fa27b"
          },
          "sensitive_attributes": [],
          "private": "eyJlMmJmYjczMC1lY2FhLTExZTYtOGY4OC0zNDM2M2JjN2M0YzAiOnsiY3JlYXRlIjozMDAwMDAwMDAwMDAsImRlbGV0ZSI6MzAwMDAwMDAwMDAwLCJ1cGRhdGUiOjEyMDAwMDAwMDAwMH19",
          "dependencies": [
            "module.network_config.aws_ec2_transit_gateway.this",
            "module.network_config.module.vpc.aws_eip.nat",
            "module.network_config.module.vpc.aws_internet_gateway.this",
            "module.network_config.module.vpc.aws_nat_gateway.this",
            "module.network_config.module.vpc.aws_security_group.allow_kms",
            "module.network_config.module.vpc.aws_security_group.allow_secretsmanager",
            "module.network_config.module.vpc.aws_subnet.this",
            "module.network_config.module.vpc.aws_vpc.this",
            "module.network_config.module.vpc.aws_vpc_dhcp_options.this",
            "module.network_config.module.vpc.aws_vpc_dhcp_options_association.this",
            "module.network_config.module.vpc.aws_vpc_endpoint.kms",
            "module.network_config.module.vpc.aws_vpc_endpoint.s3",
            "module.network_config.module.vpc.aws_vpc_endpoint.secretsmanager"
          ]
        }
      ]
    },
    {
      "module": "module.network_config.module.routing[\"main-data-2\"]",
      "mode": "managed",
      "type": "aws_route_table",
      "name": "this",
      "provider": "provider[\"registry.terraform.io/hashicorp/aws\"]",
      "instances": [
        {
          "schema_version": 0,
          "attributes": {
            "arn": "arn:aws:ec2:eu-central-1:767398092878:route-table/rtb-0191387012170e39a",
            "id": "rtb-0191387012170e39a",
            "owner_id": "767398092878",
            "propagating_vgws": [],
            "route": [],
            "tags": {
              "Name": "main-data-2"
            },
            "tags_all": {
              "Name": "main-data-2"
            },
            "timeouts": null,
            "vpc_id": "vpc-0a80f3578ae6fa27b"
          },
          "sensitive_attributes": [],
          "private": "eyJlMmJmYjczMC1lY2FhLTExZTYtOGY4OC0zNDM2M2JjN2M0YzAiOnsiY3JlYXRlIjozMDAwMDAwMDAwMDAsImRlbGV0ZSI6MzAwMDAwMDAwMDAwLCJ1cGRhdGUiOjEyMDAwMDAwMDAwMH19",
          "dependencies": [
            "module.network_config.aws_ec2_transit_gateway.this",
            "module.network_config.module.vpc.aws_eip.nat",
            "module.network_config.module.vpc.aws_internet_gateway.this",
            "module.network_config.module.vpc.aws_nat_gateway.this",
            "module.network_config.module.vpc.aws_security_group.allow_kms",
            "module.network_config.module.vpc.aws_security_group.allow_secretsmanager",
            "module.network_config.module.vpc.aws_subnet.this",
            "module.network_config.module.vpc.aws_vpc.this",
            "module.network_config.module.vpc.aws_vpc_dhcp_options.this",
            "module.network_config.module.vpc.aws_vpc_dhcp_options_association.this",
            "module.network_config.module.vpc.aws_vpc_endpoint.kms",
            "module.network_config.module.vpc.aws_vpc_endpoint.s3",
            "module.network_config.module.vpc.aws_vpc_endpoint.secretsmanager"
          ]
        }
      ]
    },
    {
      "module": "module.network_config.module.routing[\"main-data-3\"]",
      "mode": "managed",
      "type": "aws_route_table",
      "name": "this",
      "provider": "provider[\"registry.terraform.io/hashicorp/aws\"]",
      "instances": [
        {
          "schema_version": 0,
          "attributes": {
            "arn": "arn:aws:ec2:eu-central-1:767398092878:route-table/rtb-0b51a137acf9e93da",
            "id": "rtb-0b51a137acf9e93da",
            "owner_id": "767398092878",
            "propagating_vgws": [],
            "route": [],
            "tags": {
              "Name": "main-data-3"
            },
            "tags_all": {
              "Name": "main-data-3"
            },
            "timeouts": null,
            "vpc_id": "vpc-0a80f3578ae6fa27b"
          },
          "sensitive_attributes": [],
          "private": "eyJlMmJmYjczMC1lY2FhLTExZTYtOGY4OC0zNDM2M2JjN2M0YzAiOnsiY3JlYXRlIjozMDAwMDAwMDAwMDAsImRlbGV0ZSI6MzAwMDAwMDAwMDAwLCJ1cGRhdGUiOjEyMDAwMDAwMDAwMH19",
          "dependencies": [
            "module.network_config.aws_ec2_transit_gateway.this",
            "module.network_config.module.vpc.aws_eip.nat",
            "module.network_config.module.vpc.aws_internet_gateway.this",
            "module.network_config.module.vpc.aws_nat_gateway.this",
            "module.network_config.module.vpc.aws_security_group.allow_kms",
            "module.network_config.module.vpc.aws_security_group.allow_secretsmanager",
            "module.network_config.module.vpc.aws_subnet.this",
            "module.network_config.module.vpc.aws_vpc.this",
            "module.network_config.module.vpc.aws_vpc_dhcp_options.this",
            "module.network_config.module.vpc.aws_vpc_dhcp_options_association.this",
            "module.network_config.module.vpc.aws_vpc_endpoint.kms",
            "module.network_config.module.vpc.aws_vpc_endpoint.s3",
            "module.network_config.module.vpc.aws_vpc_endpoint.secretsmanager"
          ]
        }
      ]
    },
    {
      "module": "module.network_config.module.routing[\"main-services-1\"]",
      "mode": "managed",
      "type": "aws_route_table",
      "name": "this",
      "provider": "provider[\"registry.terraform.io/hashicorp/aws\"]",
      "instances": [
        {
          "schema_version": 0,
          "attributes": {
            "arn": "arn:aws:ec2:eu-central-1:767398092878:route-table/rtb-0d59efe7617705244",
            "id": "rtb-0d59efe7617705244",
            "owner_id": "767398092878",
            "propagating_vgws": [],
            "route": [
              {
                "carrier_gateway_id": "",
                "cidr_block": "0.0.0.0/0",
                "core_network_arn": "",
                "destination_prefix_list_id": "",
                "egress_only_gateway_id": "",
                "gateway_id": "",
                "ipv6_cidr_block": "",
                "local_gateway_id": "",
                "nat_gateway_id": "",
                "network_interface_id": "",
                "transit_gateway_id": "tgw-0495c89fbb4987b53",
                "vpc_endpoint_id": "",
                "vpc_peering_connection_id": ""
              }
            ],
            "tags": {
              "Name": "main-services-1"
            },
            "tags_all": {
              "Name": "main-services-1"
            },
            "timeouts": null,
            "vpc_id": "vpc-0a80f3578ae6fa27b"
          },
          "sensitive_attributes": [],
          "private": "eyJlMmJmYjczMC1lY2FhLTExZTYtOGY4OC0zNDM2M2JjN2M0YzAiOnsiY3JlYXRlIjozMDAwMDAwMDAwMDAsImRlbGV0ZSI6MzAwMDAwMDAwMDAwLCJ1cGRhdGUiOjEyMDAwMDAwMDAwMH19",
          "dependencies": [
            "module.network_config.aws_ec2_transit_gateway.this",
            "module.network_config.module.vpc.aws_eip.nat",
            "module.network_config.module.vpc.aws_internet_gateway.this",
            "module.network_config.module.vpc.aws_nat_gateway.this",
            "module.network_config.module.vpc.aws_security_group.allow_kms",
            "module.network_config.module.vpc.aws_security_group.allow_secretsmanager",
            "module.network_config.module.vpc.aws_subnet.this",
            "module.network_config.module.vpc.aws_vpc.this",
            "module.network_config.module.vpc.aws_vpc_dhcp_options.this",
            "module.network_config.module.vpc.aws_vpc_dhcp_options_association.this",
            "module.network_config.module.vpc.aws_vpc_endpoint.kms",
            "module.network_config.module.vpc.aws_vpc_endpoint.s3",
            "module.network_config.module.vpc.aws_vpc_endpoint.secretsmanager"
          ]
        }
      ]
    },
    {
      "module": "module.network_config.module.routing[\"main-services-2\"]",
      "mode": "managed",
      "type": "aws_route_table",
      "name": "this",
      "provider": "provider[\"registry.terraform.io/hashicorp/aws\"]",
      "instances": [
        {
          "schema_version": 0,
          "attributes": {
            "arn": "arn:aws:ec2:eu-central-1:767398092878:route-table/rtb-0b75e7110c6dbbd88",
            "id": "rtb-0b75e7110c6dbbd88",
            "owner_id": "767398092878",
            "propagating_vgws": [],
            "route": [
              {
                "carrier_gateway_id": "",
                "cidr_block": "0.0.0.0/0",
                "core_network_arn": "",
                "destination_prefix_list_id": "",
                "egress_only_gateway_id": "",
                "gateway_id": "",
                "ipv6_cidr_block": "",
                "local_gateway_id": "",
                "nat_gateway_id": "",
                "network_interface_id": "",
                "transit_gateway_id": "tgw-0495c89fbb4987b53",
                "vpc_endpoint_id": "",
                "vpc_peering_connection_id": ""
              }
            ],
            "tags": {
              "Name": "main-services-2"
            },
            "tags_all": {
              "Name": "main-services-2"
            },
            "timeouts": null,
            "vpc_id": "vpc-0a80f3578ae6fa27b"
          },
          "sensitive_attributes": [],
          "private": "eyJlMmJmYjczMC1lY2FhLTExZTYtOGY4OC0zNDM2M2JjN2M0YzAiOnsiY3JlYXRlIjozMDAwMDAwMDAwMDAsImRlbGV0ZSI6MzAwMDAwMDAwMDAwLCJ1cGRhdGUiOjEyMDAwMDAwMDAwMH19",
          "dependencies": [
            "module.network_config.aws_ec2_transit_gateway.this",
            "module.network_config.module.vpc.aws_eip.nat",
            "module.network_config.module.vpc.aws_internet_gateway.this",
            "module.network_config.module.vpc.aws_nat_gateway.this",
            "module.network_config.module.vpc.aws_security_group.allow_kms",
            "module.network_config.module.vpc.aws_security_group.allow_secretsmanager",
            "module.network_config.module.vpc.aws_subnet.this",
            "module.network_config.module.vpc.aws_vpc.this",
            "module.network_config.module.vpc.aws_vpc_dhcp_options.this",
            "module.network_config.module.vpc.aws_vpc_dhcp_options_association.this",
            "module.network_config.module.vpc.aws_vpc_endpoint.kms",
            "module.network_config.module.vpc.aws_vpc_endpoint.s3",
            "module.network_config.module.vpc.aws_vpc_endpoint.secretsmanager"
          ]
        }
      ]
    },
    {
      "module": "module.network_config.module.routing[\"main-services-3\"]",
      "mode": "managed",
      "type": "aws_route_table",
      "name": "this",
      "provider": "provider[\"registry.terraform.io/hashicorp/aws\"]",
      "instances": [
        {
          "schema_version": 0,
          "attributes": {
            "arn": "arn:aws:ec2:eu-central-1:767398092878:route-table/rtb-09aaa131b408c3041",
            "id": "rtb-09aaa131b408c3041",
            "owner_id": "767398092878",
            "propagating_vgws": [],
            "route": [
              {
                "carrier_gateway_id": "",
                "cidr_block": "0.0.0.0/0",
                "core_network_arn": "",
                "destination_prefix_list_id": "",
                "egress_only_gateway_id": "",
                "gateway_id": "",
                "ipv6_cidr_block": "",
                "local_gateway_id": "",
                "nat_gateway_id": "",
                "network_interface_id": "",
                "transit_gateway_id": "tgw-0495c89fbb4987b53",
                "vpc_endpoint_id": "",
                "vpc_peering_connection_id": ""
              }
            ],
            "tags": {
              "Name": "main-services-3"
            },
            "tags_all": {
              "Name": "main-services-3"
            },
            "timeouts": null,
            "vpc_id": "vpc-0a80f3578ae6fa27b"
          },
          "sensitive_attributes": [],
          "private": "eyJlMmJmYjczMC1lY2FhLTExZTYtOGY4OC0zNDM2M2JjN2M0YzAiOnsiY3JlYXRlIjozMDAwMDAwMDAwMDAsImRlbGV0ZSI6MzAwMDAwMDAwMDAwLCJ1cGRhdGUiOjEyMDAwMDAwMDAwMH19",
          "dependencies": [
            "module.network_config.aws_ec2_transit_gateway.this",
            "module.network_config.module.vpc.aws_eip.nat",
            "module.network_config.module.vpc.aws_internet_gateway.this",
            "module.network_config.module.vpc.aws_nat_gateway.this",
            "module.network_config.module.vpc.aws_security_group.allow_kms",
            "module.network_config.module.vpc.aws_security_group.allow_secretsmanager",
            "module.network_config.module.vpc.aws_subnet.this",
            "module.network_config.module.vpc.aws_vpc.this",
            "module.network_config.module.vpc.aws_vpc_dhcp_options.this",
            "module.network_config.module.vpc.aws_vpc_dhcp_options_association.this",
            "module.network_config.module.vpc.aws_vpc_endpoint.kms",
            "module.network_config.module.vpc.aws_vpc_endpoint.s3",
            "module.network_config.module.vpc.aws_vpc_endpoint.secretsmanager"
          ]
        }
      ]
    },
    {
      "module": "module.network_config.module.vpc[\"egress\"]",
      "mode": "managed",
      "type": "aws_eip",
      "name": "nat",
      "provider": "provider[\"registry.terraform.io/hashicorp/aws\"]",
      "instances": [
        {
          "index_key": 0,
          "schema_version": 0,
          "attributes": {
            "address": null,
            "allocation_id": "eipalloc-001e073d1b96a5e72",
            "arn": "arn:aws:ec2:eu-central-1:767398092878:elastic-ip/eipalloc-001e073d1b96a5e72",
            "associate_with_private_ip": null,
            "association_id": "eipassoc-092e1de5df3474318",
            "carrier_ip": "",
            "customer_owned_ip": "",
            "customer_owned_ipv4_pool": "",
            "domain": "vpc",
            "id": "eipalloc-001e073d1b96a5e72",
            "instance": "",
            "ipam_pool_id": null,
            "network_border_group": "eu-central-1",
            "network_interface": "eni-00736b14020f7b0b7",
            "private_dns": "ip-10-0-11-189.eu-central-1.compute.internal",
            "private_ip": "10.0.11.189",
            "ptr_record": "",
            "public_dns": "ec2-3-69-117-43.eu-central-1.compute.amazonaws.com",
            "public_ip": "3.69.117.43",
            "public_ipv4_pool": "amazon",
            "tags": {
              "Name": "egress-nat-eip"
            },
            "tags_all": {
              "Name": "egress-nat-eip"
            },
            "timeouts": null,
            "vpc": true
          },
          "sensitive_attributes": [],
          "private": "eyJlMmJmYjczMC1lY2FhLTExZTYtOGY4OC0zNDM2M2JjN2M0YzAiOnsiZGVsZXRlIjoxODAwMDAwMDAwMDAsInJlYWQiOjkwMDAwMDAwMDAwMCwidXBkYXRlIjozMDAwMDAwMDAwMDB9fQ=="
        },
        {
          "index_key": 1,
          "schema_version": 0,
          "attributes": {
            "address": null,
            "allocation_id": "eipalloc-027c0123edb177332",
            "arn": "arn:aws:ec2:eu-central-1:767398092878:elastic-ip/eipalloc-027c0123edb177332",
            "associate_with_private_ip": null,
            "association_id": "eipassoc-0ce3caf6018cc97d0",
            "carrier_ip": "",
            "customer_owned_ip": "",
            "customer_owned_ipv4_pool": "",
            "domain": "vpc",
            "id": "eipalloc-027c0123edb177332",
            "instance": "",
            "ipam_pool_id": null,
            "network_border_group": "eu-central-1",
            "network_interface": "eni-096c7d1c08d735985",
            "private_dns": "ip-10-0-12-52.eu-central-1.compute.internal",
            "private_ip": "10.0.12.52",
            "ptr_record": "",
            "public_dns": "ec2-3-78-3-240.eu-central-1.compute.amazonaws.com",
            "public_ip": "3.78.3.240",
            "public_ipv4_pool": "amazon",
            "tags": {
              "Name": "egress-nat-eip"
            },
            "tags_all": {
              "Name": "egress-nat-eip"
            },
            "timeouts": null,
            "vpc": true
          },
          "sensitive_attributes": [],
          "private": "eyJlMmJmYjczMC1lY2FhLTExZTYtOGY4OC0zNDM2M2JjN2M0YzAiOnsiZGVsZXRlIjoxODAwMDAwMDAwMDAsInJlYWQiOjkwMDAwMDAwMDAwMCwidXBkYXRlIjozMDAwMDAwMDAwMDB9fQ=="
        }
      ]
    },
    {
      "module": "module.network_config.module.vpc[\"egress\"]",
      "mode": "managed",
      "type": "aws_internet_gateway",
      "name": "this",
      "provider": "provider[\"registry.terraform.io/hashicorp/aws\"]",
      "instances": [
        {
          "index_key": 0,
          "schema_version": 0,
          "attributes": {
            "arn": "arn:aws:ec2:eu-central-1:767398092878:internet-gateway/igw-04e892b14446558f7",
            "id": "igw-04e892b14446558f7",
            "owner_id": "767398092878",
            "tags": {
              "Name": "egress-igw"
            },
            "tags_all": {
              "Name": "egress-igw"
            },
            "timeouts": null,
            "vpc_id": "vpc-002d8769ef29aa6fc"
          },
          "sensitive_attributes": [],
          "private": "eyJlMmJmYjczMC1lY2FhLTExZTYtOGY4OC0zNDM2M2JjN2M0YzAiOnsiY3JlYXRlIjoxMjAwMDAwMDAwMDAwLCJkZWxldGUiOjEyMDAwMDAwMDAwMDAsInVwZGF0ZSI6MTIwMDAwMDAwMDAwMH19",
          "dependencies": [
            "module.network_config.module.vpc.aws_vpc.this"
          ]
        }
      ]
    },
    {
      "module": "module.network_config.module.vpc[\"egress\"]",
      "mode": "managed",
      "type": "aws_nat_gateway",
      "name": "this",
      "provider": "provider[\"registry.terraform.io/hashicorp/aws\"]",
      "instances": [
        {
          "index_key": 0,
          "schema_version": 0,
          "attributes": {
            "allocation_id": "eipalloc-001e073d1b96a5e72",
            "association_id": "eipassoc-092e1de5df3474318",
            "connectivity_type": "public",
            "id": "nat-08099695d9966f84d",
            "network_interface_id": "eni-00736b14020f7b0b7",
            "private_ip": "10.0.11.189",
            "public_ip": "3.69.117.43",
            "secondary_allocation_ids": [],
            "secondary_private_ip_address_count": 0,
            "secondary_private_ip_addresses": [],
            "subnet_id": "subnet-0422dc6f1639ce3c4",
            "tags": {
              "Name": "egress-nat"
            },
            "tags_all": {
              "Name": "egress-nat"
            },
            "timeouts": null
          },
          "sensitive_attributes": [],
          "private": "eyJlMmJmYjczMC1lY2FhLTExZTYtOGY4OC0zNDM2M2JjN2M0YzAiOnsiY3JlYXRlIjo2MDAwMDAwMDAwMDAsImRlbGV0ZSI6MTgwMDAwMDAwMDAwMCwidXBkYXRlIjo2MDAwMDAwMDAwMDB9fQ==",
          "dependencies": [
            "module.network_config.module.vpc.aws_eip.nat",
            "module.network_config.module.vpc.aws_internet_gateway.this",
            "module.network_config.module.vpc.aws_subnet.this",
            "module.network_config.module.vpc.aws_vpc.this"
          ]
        },
        {
          "index_key": 1,
          "schema_version": 0,
          "attributes": {
            "allocation_id": "eipalloc-027c0123edb177332",
            "association_id": "eipassoc-0ce3caf6018cc97d0",
            "connectivity_type": "public",
            "id": "nat-06f9a6b316afff505",
            "network_interface_id": "eni-096c7d1c08d735985",
            "private_ip": "10.0.12.52",
            "public_ip": "3.78.3.240",
            "secondary_allocation_ids": [],
            "secondary_private_ip_address_count": 0,
            "secondary_private_ip_addresses": [],
            "subnet_id": "subnet-0be281a4e777c980b",
            "tags": {
              "Name": "egress-nat"
            },
            "tags_all": {
              "Name": "egress-nat"
            },
            "timeouts": null
          },
          "sensitive_attributes": [],
          "private": "eyJlMmJmYjczMC1lY2FhLTExZTYtOGY4OC0zNDM2M2JjN2M0YzAiOnsiY3JlYXRlIjo2MDAwMDAwMDAwMDAsImRlbGV0ZSI6MTgwMDAwMDAwMDAwMCwidXBkYXRlIjo2MDAwMDAwMDAwMDB9fQ==",
          "dependencies": [
            "module.network_config.module.vpc.aws_eip.nat",
            "module.network_config.module.vpc.aws_internet_gateway.this",
            "module.network_config.module.vpc.aws_subnet.this",
            "module.network_config.module.vpc.aws_vpc.this"
          ]
        }
      ]
    },
    {
      "module": "module.network_config.module.vpc[\"egress\"]",
      "mode": "managed",
      "type": "aws_security_group",
      "name": "allow_kms",
      "provider": "provider[\"registry.terraform.io/hashicorp/aws\"]",
      "instances": [
        {
          "schema_version": 1,
          "attributes": {
            "arn": "arn:aws:ec2:eu-central-1:767398092878:security-group/sg-0609d0a468d321e26",
            "description": "Allow KMS traffic",
            "egress": [
              {
                "cidr_blocks": [
                  "0.0.0.0/0"
                ],
                "description": "",
                "from_port": 0,
                "ipv6_cidr_blocks": [],
                "prefix_list_ids": [],
                "protocol": "-1",
                "security_groups": [],
                "self": false,
                "to_port": 0
              }
            ],
            "id": "sg-0609d0a468d321e26",
            "ingress": [],
            "name": "allow-kms",
            "name_prefix": "",
            "owner_id": "767398092878",
            "revoke_rules_on_delete": false,
            "tags": {
              "Name": "allow_kms"
            },
            "tags_all": {
              "Name": "allow_kms"
            },
            "timeouts": null,
            "vpc_id": "vpc-002d8769ef29aa6fc"
          },
          "sensitive_attributes": [],
          "private": "eyJlMmJmYjczMC1lY2FhLTExZTYtOGY4OC0zNDM2M2JjN2M0YzAiOnsiY3JlYXRlIjo2MDAwMDAwMDAwMDAsImRlbGV0ZSI6OTAwMDAwMDAwMDAwfSwic2NoZW1hX3ZlcnNpb24iOiIxIn0=",
          "dependencies": [
            "module.network_config.module.vpc.aws_subnet.this",
            "module.network_config.module.vpc.aws_vpc.this"
          ]
        }
      ]
    },
    {
      "module": "module.network_config.module.vpc[\"egress\"]",
      "mode": "managed",
      "type": "aws_security_group",
      "name": "allow_secretsmanager",
      "provider": "provider[\"registry.terraform.io/hashicorp/aws\"]",
      "instances": [
        {
          "schema_version": 1,
          "attributes": {
            "arn": "arn:aws:ec2:eu-central-1:767398092878:security-group/sg-043512b8f5ca9ebf1",
            "description": "Allow Secrets Manager traffic",
            "egress": [
              {
                "cidr_blocks": [
                  "0.0.0.0/0"
                ],
                "description": "",
                "from_port": 0,
                "ipv6_cidr_blocks": [],
                "prefix_list_ids": [],
                "protocol": "-1",
                "security_groups": [],
                "self": false,
                "to_port": 0
              }
            ],
            "id": "sg-043512b8f5ca9ebf1",
            "ingress": [],
            "name": "allow-secretsmanager",
            "name_prefix": "",
            "owner_id": "767398092878",
            "revoke_rules_on_delete": false,
            "tags": {
              "Name": "allow_secretsmanager"
            },
            "tags_all": {
              "Name": "allow_secretsmanager"
            },
            "timeouts": null,
            "vpc_id": "vpc-002d8769ef29aa6fc"
          },
          "sensitive_attributes": [],
          "private": "eyJlMmJmYjczMC1lY2FhLTExZTYtOGY4OC0zNDM2M2JjN2M0YzAiOnsiY3JlYXRlIjo2MDAwMDAwMDAwMDAsImRlbGV0ZSI6OTAwMDAwMDAwMDAwfSwic2NoZW1hX3ZlcnNpb24iOiIxIn0=",
          "dependencies": [
            "module.network_config.module.vpc.aws_subnet.this",
            "module.network_config.module.vpc.aws_vpc.this"
          ]
        }
      ]
    },
    {
      "module": "module.network_config.module.vpc[\"egress\"]",
      "mode": "managed",
      "type": "aws_subnet",
      "name": "this",
      "provider": "provider[\"registry.terraform.io/hashicorp/aws\"]",
      "instances": [
        {
          "index_key": "nat-1",
          "schema_version": 1,
          "attributes": {
            "arn": "arn:aws:ec2:eu-central-1:767398092878:subnet/subnet-0422dc6f1639ce3c4",
            "assign_ipv6_address_on_creation": false,
            "availability_zone": "eu-central-1a",
            "availability_zone_id": "euc1-az2",
            "cidr_block": "10.0.11.0/24",
            "customer_owned_ipv4_pool": "",
            "enable_dns64": false,
            "enable_lni_at_device_index": 0,
            "enable_resource_name_dns_a_record_on_launch": false,
            "enable_resource_name_dns_aaaa_record_on_launch": false,
            "id": "subnet-0422dc6f1639ce3c4",
            "ipv6_cidr_block": "",
            "ipv6_cidr_block_association_id": "",
            "ipv6_native": false,
            "map_customer_owned_ip_on_launch": false,
            "map_public_ip_on_launch": false,
            "outpost_arn": "",
            "owner_id": "767398092878",
            "private_dns_hostname_type_on_launch": "ip-name",
            "tags": {
              "Name": "egress-nat-1"
            },
            "tags_all": {
              "Name": "egress-nat-1"
            },
            "timeouts": null,
            "vpc_id": "vpc-002d8769ef29aa6fc"
          },
          "sensitive_attributes": [],
          "private": "eyJlMmJmYjczMC1lY2FhLTExZTYtOGY4OC0zNDM2M2JjN2M0YzAiOnsiY3JlYXRlIjo2MDAwMDAwMDAwMDAsImRlbGV0ZSI6MTIwMDAwMDAwMDAwMH0sInNjaGVtYV92ZXJzaW9uIjoiMSJ9",
          "dependencies": [
            "module.network_config.module.vpc.aws_vpc.this"
          ]
        },
        {
          "index_key": "nat-2",
          "schema_version": 1,
          "attributes": {
            "arn": "arn:aws:ec2:eu-central-1:767398092878:subnet/subnet-0be281a4e777c980b",
            "assign_ipv6_address_on_creation": false,
            "availability_zone": "eu-central-1b",
            "availability_zone_id": "euc1-az3",
            "cidr_block": "10.0.12.0/24",
            "customer_owned_ipv4_pool": "",
            "enable_dns64": false,
            "enable_lni_at_device_index": 0,
            "enable_resource_name_dns_a_record_on_launch": false,
            "enable_resource_name_dns_aaaa_record_on_launch": false,
            "id": "subnet-0be281a4e777c980b",
            "ipv6_cidr_block": "",
            "ipv6_cidr_block_association_id": "",
            "ipv6_native": false,
            "map_customer_owned_ip_on_launch": false,
            "map_public_ip_on_launch": false,
            "outpost_arn": "",
            "owner_id": "767398092878",
            "private_dns_hostname_type_on_launch": "ip-name",
            "tags": {
              "Name": "egress-nat-2"
            },
            "tags_all": {
              "Name": "egress-nat-2"
            },
            "timeouts": null,
            "vpc_id": "vpc-002d8769ef29aa6fc"
          },
          "sensitive_attributes": [],
          "private": "eyJlMmJmYjczMC1lY2FhLTExZTYtOGY4OC0zNDM2M2JjN2M0YzAiOnsiY3JlYXRlIjo2MDAwMDAwMDAwMDAsImRlbGV0ZSI6MTIwMDAwMDAwMDAwMH0sInNjaGVtYV92ZXJzaW9uIjoiMSJ9",
          "dependencies": [
            "module.network_config.module.vpc.aws_vpc.this"
          ]
        },
        {
          "index_key": "nat-3",
          "schema_version": 1,
          "attributes": {
            "arn": "arn:aws:ec2:eu-central-1:767398092878:subnet/subnet-06b65e06b0481a313",
            "assign_ipv6_address_on_creation": false,
            "availability_zone": "eu-central-1c",
            "availability_zone_id": "euc1-az1",
            "cidr_block": "10.0.13.0/24",
            "customer_owned_ipv4_pool": "",
            "enable_dns64": false,
            "enable_lni_at_device_index": 0,
            "enable_resource_name_dns_a_record_on_launch": false,
            "enable_resource_name_dns_aaaa_record_on_launch": false,
            "id": "subnet-06b65e06b0481a313",
            "ipv6_cidr_block": "",
            "ipv6_cidr_block_association_id": "",
            "ipv6_native": false,
            "map_customer_owned_ip_on_launch": false,
            "map_public_ip_on_launch": false,
            "outpost_arn": "",
            "owner_id": "767398092878",
            "private_dns_hostname_type_on_launch": "ip-name",
            "tags": {
              "Name": "egress-nat-3"
            },
            "tags_all": {
              "Name": "egress-nat-3"
            },
            "timeouts": null,
            "vpc_id": "vpc-002d8769ef29aa6fc"
          },
          "sensitive_attributes": [],
          "private": "eyJlMmJmYjczMC1lY2FhLTExZTYtOGY4OC0zNDM2M2JjN2M0YzAiOnsiY3JlYXRlIjo2MDAwMDAwMDAwMDAsImRlbGV0ZSI6MTIwMDAwMDAwMDAwMH0sInNjaGVtYV92ZXJzaW9uIjoiMSJ9",
          "dependencies": [
            "module.network_config.module.vpc.aws_vpc.this"
          ]
        },
        {
          "index_key": "public-1",
          "schema_version": 1,
          "attributes": {
            "arn": "arn:aws:ec2:eu-central-1:767398092878:subnet/subnet-08020616759072318",
            "assign_ipv6_address_on_creation": false,
            "availability_zone": "eu-central-1a",
            "availability_zone_id": "euc1-az2",
            "cidr_block": "10.0.1.0/24",
            "customer_owned_ipv4_pool": "",
            "enable_dns64": false,
            "enable_lni_at_device_index": 0,
            "enable_resource_name_dns_a_record_on_launch": false,
            "enable_resource_name_dns_aaaa_record_on_launch": false,
            "id": "subnet-08020616759072318",
            "ipv6_cidr_block": "",
            "ipv6_cidr_block_association_id": "",
            "ipv6_native": false,
            "map_customer_owned_ip_on_launch": false,
            "map_public_ip_on_launch": false,
            "outpost_arn": "",
            "owner_id": "767398092878",
            "private_dns_hostname_type_on_launch": "ip-name",
            "tags": {
              "Name": "egress-public-1"
            },
            "tags_all": {
              "Name": "egress-public-1"
            },
            "timeouts": null,
            "vpc_id": "vpc-002d8769ef29aa6fc"
          },
          "sensitive_attributes": [],
          "private": "eyJlMmJmYjczMC1lY2FhLTExZTYtOGY4OC0zNDM2M2JjN2M0YzAiOnsiY3JlYXRlIjo2MDAwMDAwMDAwMDAsImRlbGV0ZSI6MTIwMDAwMDAwMDAwMH0sInNjaGVtYV92ZXJzaW9uIjoiMSJ9",
          "dependencies": [
            "module.network_config.module.vpc.aws_vpc.this"
          ]
        },
        {
          "index_key": "public-2",
          "schema_version": 1,
          "attributes": {
            "arn": "arn:aws:ec2:eu-central-1:767398092878:subnet/subnet-02e1e393ab3fce5b6",
            "assign_ipv6_address_on_creation": false,
            "availability_zone": "eu-central-1b",
            "availability_zone_id": "euc1-az3",
            "cidr_block": "10.0.2.0/24",
            "customer_owned_ipv4_pool": "",
            "enable_dns64": false,
            "enable_lni_at_device_index": 0,
            "enable_resource_name_dns_a_record_on_launch": false,
            "enable_resource_name_dns_aaaa_record_on_launch": false,
            "id": "subnet-02e1e393ab3fce5b6",
            "ipv6_cidr_block": "",
            "ipv6_cidr_block_association_id": "",
            "ipv6_native": false,
            "map_customer_owned_ip_on_launch": false,
            "map_public_ip_on_launch": false,
            "outpost_arn": "",
            "owner_id": "767398092878",
            "private_dns_hostname_type_on_launch": "ip-name",
            "tags": {
              "Name": "egress-public-2"
            },
            "tags_all": {
              "Name": "egress-public-2"
            },
            "timeouts": null,
            "vpc_id": "vpc-002d8769ef29aa6fc"
          },
          "sensitive_attributes": [],
          "private": "eyJlMmJmYjczMC1lY2FhLTExZTYtOGY4OC0zNDM2M2JjN2M0YzAiOnsiY3JlYXRlIjo2MDAwMDAwMDAwMDAsImRlbGV0ZSI6MTIwMDAwMDAwMDAwMH0sInNjaGVtYV92ZXJzaW9uIjoiMSJ9",
          "dependencies": [
            "module.network_config.module.vpc.aws_vpc.this"
          ]
        },
        {
          "index_key": "public-3",
          "schema_version": 1,
          "attributes": {
            "arn": "arn:aws:ec2:eu-central-1:767398092878:subnet/subnet-0f3eff79d762934b6",
            "assign_ipv6_address_on_creation": false,
            "availability_zone": "eu-central-1c",
            "availability_zone_id": "euc1-az1",
            "cidr_block": "10.0.3.0/24",
            "customer_owned_ipv4_pool": "",
            "enable_dns64": false,
            "enable_lni_at_device_index": 0,
            "enable_resource_name_dns_a_record_on_launch": false,
            "enable_resource_name_dns_aaaa_record_on_launch": false,
            "id": "subnet-0f3eff79d762934b6",
            "ipv6_cidr_block": "",
            "ipv6_cidr_block_association_id": "",
            "ipv6_native": false,
            "map_customer_owned_ip_on_launch": false,
            "map_public_ip_on_launch": false,
            "outpost_arn": "",
            "owner_id": "767398092878",
            "private_dns_hostname_type_on_launch": "ip-name",
            "tags": {
              "Name": "egress-public-3"
            },
            "tags_all": {
              "Name": "egress-public-3"
            },
            "timeouts": null,
            "vpc_id": "vpc-002d8769ef29aa6fc"
          },
          "sensitive_attributes": [],
          "private": "eyJlMmJmYjczMC1lY2FhLTExZTYtOGY4OC0zNDM2M2JjN2M0YzAiOnsiY3JlYXRlIjo2MDAwMDAwMDAwMDAsImRlbGV0ZSI6MTIwMDAwMDAwMDAwMH0sInNjaGVtYV92ZXJzaW9uIjoiMSJ9",
          "dependencies": [
            "module.network_config.module.vpc.aws_vpc.this"
          ]
        }
      ]
    },
    {
      "module": "module.network_config.module.vpc[\"egress\"]",
      "mode": "managed",
      "type": "aws_vpc",
      "name": "this",
      "provider": "provider[\"registry.terraform.io/hashicorp/aws\"]",
      "instances": [
        {
          "schema_version": 1,
          "attributes": {
            "arn": "arn:aws:ec2:eu-central-1:767398092878:vpc/vpc-002d8769ef29aa6fc",
            "assign_generated_ipv6_cidr_block": false,
            "cidr_block": "10.0.0.0/16",
            "default_network_acl_id": "acl-017d7dc9d715516b4",
            "default_route_table_id": "rtb-0f465c00c0bd0cbce",
            "default_security_group_id": "sg-0b35f07465681233b",
            "dhcp_options_id": "dopt-0b23cfa554063b8b1",
            "enable_dns_hostnames": true,
            "enable_dns_support": true,
            "enable_network_address_usage_metrics": false,
            "id": "vpc-002d8769ef29aa6fc",
            "instance_tenancy": "default",
            "ipv4_ipam_pool_id": null,
            "ipv4_netmask_length": null,
            "ipv6_association_id": "",
            "ipv6_cidr_block": "",
            "ipv6_cidr_block_network_border_group": "",
            "ipv6_ipam_pool_id": "",
            "ipv6_netmask_length": 0,
            "main_route_table_id": "rtb-0f465c00c0bd0cbce",
            "owner_id": "767398092878",
            "tags": {
              "Name": "egress"
            },
            "tags_all": {
              "Name": "egress"
            }
          },
          "sensitive_attributes": [],
          "private": "eyJzY2hlbWFfdmVyc2lvbiI6IjEifQ=="
        }
      ]
    },
    {
      "module": "module.network_config.module.vpc[\"egress\"]",
      "mode": "managed",
      "type": "aws_vpc_dhcp_options",
      "name": "this",
      "provider": "provider[\"registry.terraform.io/hashicorp/aws\"]",
      "instances": [
        {
          "schema_version": 0,
          "attributes": {
            "arn": "arn:aws:ec2:eu-central-1:767398092878:dhcp-options/dopt-0b23cfa554063b8b1",
            "domain_name": "platform.corp",
            "domain_name_servers": [
              "AmazonProvidedDNS"
            ],
            "id": "dopt-0b23cfa554063b8b1",
            "ipv6_address_preferred_lease_time": "",
            "netbios_name_servers": [],
            "netbios_node_type": "",
            "ntp_servers": [],
            "owner_id": "767398092878",
            "tags": {
              "Name": "egress-main-dhcp-options"
            },
            "tags_all": {
              "Name": "egress-main-dhcp-options"
            }
          },
          "sensitive_attributes": [],
          "private": "bnVsbA=="
        }
      ]
    },
    {
      "module": "module.network_config.module.vpc[\"egress\"]",
      "mode": "managed",
      "type": "aws_vpc_dhcp_options_association",
      "name": "this",
      "provider": "provider[\"registry.terraform.io/hashicorp/aws\"]",
      "instances": [
        {
          "schema_version": 0,
          "attributes": {
            "dhcp_options_id": "dopt-0b23cfa554063b8b1",
            "id": "dopt-0b23cfa554063b8b1-vpc-002d8769ef29aa6fc",
            "vpc_id": "vpc-002d8769ef29aa6fc"
          },
          "sensitive_attributes": [],
          "private": "bnVsbA==",
          "dependencies": [
            "module.network_config.module.vpc.aws_vpc.this",
            "module.network_config.module.vpc.aws_vpc_dhcp_options.this"
          ]
        }
      ]
    },
    {
      "module": "module.network_config.module.vpc[\"main\"]",
      "mode": "managed",
      "type": "aws_internet_gateway",
      "name": "this",
      "provider": "provider[\"registry.terraform.io/hashicorp/aws\"]",
      "instances": []
    },
    {
      "module": "module.network_config.module.vpc[\"main\"]",
      "mode": "managed",
      "type": "aws_nat_gateway",
      "name": "this",
      "provider": "provider[\"registry.terraform.io/hashicorp/aws\"]",
      "instances": []
    },
    {
      "module": "module.network_config.module.vpc[\"main\"]",
      "mode": "managed",
      "type": "aws_security_group",
      "name": "allow_kms",
      "provider": "provider[\"registry.terraform.io/hashicorp/aws\"]",
      "instances": [
        {
          "schema_version": 1,
          "attributes": {
            "arn": "arn:aws:ec2:eu-central-1:767398092878:security-group/sg-059f6ab225ce57757",
            "description": "Allow KMS traffic",
            "egress": [
              {
                "cidr_blocks": [
                  "0.0.0.0/0"
                ],
                "description": "",
                "from_port": 0,
                "ipv6_cidr_blocks": [],
                "prefix_list_ids": [],
                "protocol": "-1",
                "security_groups": [],
                "self": false,
                "to_port": 0
              }
            ],
            "id": "sg-059f6ab225ce57757",
            "ingress": [],
            "name": "allow-kms",
            "name_prefix": "",
            "owner_id": "767398092878",
            "revoke_rules_on_delete": false,
            "tags": {
              "Name": "allow_kms"
            },
            "tags_all": {
              "Name": "allow_kms"
            },
            "timeouts": null,
            "vpc_id": "vpc-0a80f3578ae6fa27b"
          },
          "sensitive_attributes": [],
          "private": "eyJlMmJmYjczMC1lY2FhLTExZTYtOGY4OC0zNDM2M2JjN2M0YzAiOnsiY3JlYXRlIjo2MDAwMDAwMDAwMDAsImRlbGV0ZSI6OTAwMDAwMDAwMDAwfSwic2NoZW1hX3ZlcnNpb24iOiIxIn0=",
          "dependencies": [
            "module.network_config.module.vpc.aws_subnet.this",
            "module.network_config.module.vpc.aws_vpc.this"
          ]
        }
      ]
    },
    {
      "module": "module.network_config.module.vpc[\"main\"]",
      "mode": "managed",
      "type": "aws_security_group",
      "name": "allow_secretsmanager",
      "provider": "provider[\"registry.terraform.io/hashicorp/aws\"]",
      "instances": [
        {
          "schema_version": 1,
          "attributes": {
            "arn": "arn:aws:ec2:eu-central-1:767398092878:security-group/sg-02e9eb318dffdb3bf",
            "description": "Allow Secrets Manager traffic",
            "egress": [
              {
                "cidr_blocks": [
                  "0.0.0.0/0"
                ],
                "description": "",
                "from_port": 0,
                "ipv6_cidr_blocks": [],
                "prefix_list_ids": [],
                "protocol": "-1",
                "security_groups": [],
                "self": false,
                "to_port": 0
              }
            ],
            "id": "sg-02e9eb318dffdb3bf",
            "ingress": [],
            "name": "allow-secretsmanager",
            "name_prefix": "",
            "owner_id": "767398092878",
            "revoke_rules_on_delete": false,
            "tags": {
              "Name": "allow_secretsmanager"
            },
            "tags_all": {
              "Name": "allow_secretsmanager"
            },
            "timeouts": null,
            "vpc_id": "vpc-0a80f3578ae6fa27b"
          },
          "sensitive_attributes": [],
          "private": "eyJlMmJmYjczMC1lY2FhLTExZTYtOGY4OC0zNDM2M2JjN2M0YzAiOnsiY3JlYXRlIjo2MDAwMDAwMDAwMDAsImRlbGV0ZSI6OTAwMDAwMDAwMDAwfSwic2NoZW1hX3ZlcnNpb24iOiIxIn0=",
          "dependencies": [
            "module.network_config.module.vpc.aws_subnet.this",
            "module.network_config.module.vpc.aws_vpc.this"
          ]
        }
      ]
    },
    {
      "module": "module.network_config.module.vpc[\"main\"]",
      "mode": "managed",
      "type": "aws_subnet",
      "name": "this",
      "provider": "provider[\"registry.terraform.io/hashicorp/aws\"]",
      "instances": [
        {
          "index_key": "control-plane-1",
          "schema_version": 1,
          "attributes": {
            "arn": "arn:aws:ec2:eu-central-1:767398092878:subnet/subnet-0b55a1d7fa2b89ae0",
            "assign_ipv6_address_on_creation": false,
            "availability_zone": "eu-central-1a",
            "availability_zone_id": "euc1-az2",
            "cidr_block": "10.1.21.0/24",
            "customer_owned_ipv4_pool": "",
            "enable_dns64": false,
            "enable_lni_at_device_index": 0,
            "enable_resource_name_dns_a_record_on_launch": false,
            "enable_resource_name_dns_aaaa_record_on_launch": false,
            "id": "subnet-0b55a1d7fa2b89ae0",
            "ipv6_cidr_block": "",
            "ipv6_cidr_block_association_id": "",
            "ipv6_native": false,
            "map_customer_owned_ip_on_launch": false,
            "map_public_ip_on_launch": false,
            "outpost_arn": "",
            "owner_id": "767398092878",
            "private_dns_hostname_type_on_launch": "ip-name",
            "tags": {
              "Name": "main-control-plane-1"
            },
            "tags_all": {
              "Name": "main-control-plane-1"
            },
            "timeouts": null,
            "vpc_id": "vpc-0a80f3578ae6fa27b"
          },
          "sensitive_attributes": [],
          "private": "eyJlMmJmYjczMC1lY2FhLTExZTYtOGY4OC0zNDM2M2JjN2M0YzAiOnsiY3JlYXRlIjo2MDAwMDAwMDAwMDAsImRlbGV0ZSI6MTIwMDAwMDAwMDAwMH0sInNjaGVtYV92ZXJzaW9uIjoiMSJ9",
          "dependencies": [
            "module.network_config.module.vpc.aws_vpc.this"
          ]
        },
        {
          "index_key": "control-plane-2",
          "schema_version": 1,
          "attributes": {
            "arn": "arn:aws:ec2:eu-central-1:767398092878:subnet/subnet-05ca167d3e66c3eb2",
            "assign_ipv6_address_on_creation": false,
            "availability_zone": "eu-central-1b",
            "availability_zone_id": "euc1-az3",
            "cidr_block": "10.1.22.0/24",
            "customer_owned_ipv4_pool": "",
            "enable_dns64": false,
            "enable_lni_at_device_index": 0,
            "enable_resource_name_dns_a_record_on_launch": false,
            "enable_resource_name_dns_aaaa_record_on_launch": false,
            "id": "subnet-05ca167d3e66c3eb2",
            "ipv6_cidr_block": "",
            "ipv6_cidr_block_association_id": "",
            "ipv6_native": false,
            "map_customer_owned_ip_on_launch": false,
            "map_public_ip_on_launch": false,
            "outpost_arn": "",
            "owner_id": "767398092878",
            "private_dns_hostname_type_on_launch": "ip-name",
            "tags": {
              "Name": "main-control-plane-2"
            },
            "tags_all": {
              "Name": "main-control-plane-2"
            },
            "timeouts": null,
            "vpc_id": "vpc-0a80f3578ae6fa27b"
          },
          "sensitive_attributes": [],
          "private": "eyJlMmJmYjczMC1lY2FhLTExZTYtOGY4OC0zNDM2M2JjN2M0YzAiOnsiY3JlYXRlIjo2MDAwMDAwMDAwMDAsImRlbGV0ZSI6MTIwMDAwMDAwMDAwMH0sInNjaGVtYV92ZXJzaW9uIjoiMSJ9",
          "dependencies": [
            "module.network_config.module.vpc.aws_vpc.this"
          ]
        },
        {
          "index_key": "control-plane-3",
          "schema_version": 1,
          "attributes": {
            "arn": "arn:aws:ec2:eu-central-1:767398092878:subnet/subnet-06d5eab049583dda0",
            "assign_ipv6_address_on_creation": false,
            "availability_zone": "eu-central-1c",
            "availability_zone_id": "euc1-az1",
            "cidr_block": "10.1.23.0/24",
            "customer_owned_ipv4_pool": "",
            "enable_dns64": false,
            "enable_lni_at_device_index": 0,
            "enable_resource_name_dns_a_record_on_launch": false,
            "enable_resource_name_dns_aaaa_record_on_launch": false,
            "id": "subnet-06d5eab049583dda0",
            "ipv6_cidr_block": "",
            "ipv6_cidr_block_association_id": "",
            "ipv6_native": false,
            "map_customer_owned_ip_on_launch": false,
            "map_public_ip_on_launch": false,
            "outpost_arn": "",
            "owner_id": "767398092878",
            "private_dns_hostname_type_on_launch": "ip-name",
            "tags": {
              "Name": "main-control-plane-3"
            },
            "tags_all": {
              "Name": "main-control-plane-3"
            },
            "timeouts": null,
            "vpc_id": "vpc-0a80f3578ae6fa27b"
          },
          "sensitive_attributes": [],
          "private": "eyJlMmJmYjczMC1lY2FhLTExZTYtOGY4OC0zNDM2M2JjN2M0YzAiOnsiY3JlYXRlIjo2MDAwMDAwMDAwMDAsImRlbGV0ZSI6MTIwMDAwMDAwMDAwMH0sInNjaGVtYV92ZXJzaW9uIjoiMSJ9",
          "dependencies": [
            "module.network_config.module.vpc.aws_vpc.this"
          ]
        },
        {
          "index_key": "data-1",
          "schema_version": 1,
          "attributes": {
            "arn": "arn:aws:ec2:eu-central-1:767398092878:subnet/subnet-09e6b1437f574edc4",
            "assign_ipv6_address_on_creation": false,
            "availability_zone": "eu-central-1a",
            "availability_zone_id": "euc1-az2",
            "cidr_block": "10.1.11.0/24",
            "customer_owned_ipv4_pool": "",
            "enable_dns64": false,
            "enable_lni_at_device_index": 0,
            "enable_resource_name_dns_a_record_on_launch": false,
            "enable_resource_name_dns_aaaa_record_on_launch": false,
            "id": "subnet-09e6b1437f574edc4",
            "ipv6_cidr_block": "",
            "ipv6_cidr_block_association_id": "",
            "ipv6_native": false,
            "map_customer_owned_ip_on_launch": false,
            "map_public_ip_on_launch": false,
            "outpost_arn": "",
            "owner_id": "767398092878",
            "private_dns_hostname_type_on_launch": "ip-name",
            "tags": {
              "Name": "main-data-1"
            },
            "tags_all": {
              "Name": "main-data-1"
            },
            "timeouts": null,
            "vpc_id": "vpc-0a80f3578ae6fa27b"
          },
          "sensitive_attributes": [],
          "private": "eyJlMmJmYjczMC1lY2FhLTExZTYtOGY4OC0zNDM2M2JjN2M0YzAiOnsiY3JlYXRlIjo2MDAwMDAwMDAwMDAsImRlbGV0ZSI6MTIwMDAwMDAwMDAwMH0sInNjaGVtYV92ZXJzaW9uIjoiMSJ9",
          "dependencies": [
            "module.network_config.module.vpc.aws_vpc.this"
          ]
        },
        {
          "index_key": "data-2",
          "schema_version": 1,
          "attributes": {
            "arn": "arn:aws:ec2:eu-central-1:767398092878:subnet/subnet-0f9857a7f46322b87",
            "assign_ipv6_address_on_creation": false,
            "availability_zone": "eu-central-1b",
            "availability_zone_id": "euc1-az3",
            "cidr_block": "10.1.12.0/24",
            "customer_owned_ipv4_pool": "",
            "enable_dns64": false,
            "enable_lni_at_device_index": 0,
            "enable_resource_name_dns_a_record_on_launch": false,
            "enable_resource_name_dns_aaaa_record_on_launch": false,
            "id": "subnet-0f9857a7f46322b87",
            "ipv6_cidr_block": "",
            "ipv6_cidr_block_association_id": "",
            "ipv6_native": false,
            "map_customer_owned_ip_on_launch": false,
            "map_public_ip_on_launch": false,
            "outpost_arn": "",
            "owner_id": "767398092878",
            "private_dns_hostname_type_on_launch": "ip-name",
            "tags": {
              "Name": "main-data-2"
            },
            "tags_all": {
              "Name": "main-data-2"
            },
            "timeouts": null,
            "vpc_id": "vpc-0a80f3578ae6fa27b"
          },
          "sensitive_attributes": [],
          "private": "eyJlMmJmYjczMC1lY2FhLTExZTYtOGY4OC0zNDM2M2JjN2M0YzAiOnsiY3JlYXRlIjo2MDAwMDAwMDAwMDAsImRlbGV0ZSI6MTIwMDAwMDAwMDAwMH0sInNjaGVtYV92ZXJzaW9uIjoiMSJ9",
          "dependencies": [
            "module.network_config.module.vpc.aws_vpc.this"
          ]
        },
        {
          "index_key": "data-3",
          "schema_version": 1,
          "attributes": {
            "arn": "arn:aws:ec2:eu-central-1:767398092878:subnet/subnet-069252a5913ce3828",
            "assign_ipv6_address_on_creation": false,
            "availability_zone": "eu-central-1c",
            "availability_zone_id": "euc1-az1",
            "cidr_block": "10.1.13.0/24",
            "customer_owned_ipv4_pool": "",
            "enable_dns64": false,
            "enable_lni_at_device_index": 0,
            "enable_resource_name_dns_a_record_on_launch": false,
            "enable_resource_name_dns_aaaa_record_on_launch": false,
            "id": "subnet-069252a5913ce3828",
            "ipv6_cidr_block": "",
            "ipv6_cidr_block_association_id": "",
            "ipv6_native": false,
            "map_customer_owned_ip_on_launch": false,
            "map_public_ip_on_launch": false,
            "outpost_arn": "",
            "owner_id": "767398092878",
            "private_dns_hostname_type_on_launch": "ip-name",
            "tags": {
              "Name": "main-data-3"
            },
            "tags_all": {
              "Name": "main-data-3"
            },
            "timeouts": null,
            "vpc_id": "vpc-0a80f3578ae6fa27b"
          },
          "sensitive_attributes": [],
          "private": "eyJlMmJmYjczMC1lY2FhLTExZTYtOGY4OC0zNDM2M2JjN2M0YzAiOnsiY3JlYXRlIjo2MDAwMDAwMDAwMDAsImRlbGV0ZSI6MTIwMDAwMDAwMDAwMH0sInNjaGVtYV92ZXJzaW9uIjoiMSJ9",
          "dependencies": [
            "module.network_config.module.vpc.aws_vpc.this"
          ]
        },
        {
          "index_key": "services-1",
          "schema_version": 1,
          "attributes": {
            "arn": "arn:aws:ec2:eu-central-1:767398092878:subnet/subnet-09f53e122fd8a0cc0",
            "assign_ipv6_address_on_creation": false,
            "availability_zone": "eu-central-1a",
            "availability_zone_id": "euc1-az2",
            "cidr_block": "10.1.1.0/24",
            "customer_owned_ipv4_pool": "",
            "enable_dns64": false,
            "enable_lni_at_device_index": 0,
            "enable_resource_name_dns_a_record_on_launch": false,
            "enable_resource_name_dns_aaaa_record_on_launch": false,
            "id": "subnet-09f53e122fd8a0cc0",
            "ipv6_cidr_block": "",
            "ipv6_cidr_block_association_id": "",
            "ipv6_native": false,
            "map_customer_owned_ip_on_launch": false,
            "map_public_ip_on_launch": false,
            "outpost_arn": "",
            "owner_id": "767398092878",
            "private_dns_hostname_type_on_launch": "ip-name",
            "tags": {
              "Name": "main-services-1"
            },
            "tags_all": {
              "Name": "main-services-1"
            },
            "timeouts": null,
            "vpc_id": "vpc-0a80f3578ae6fa27b"
          },
          "sensitive_attributes": [],
          "private": "eyJlMmJmYjczMC1lY2FhLTExZTYtOGY4OC0zNDM2M2JjN2M0YzAiOnsiY3JlYXRlIjo2MDAwMDAwMDAwMDAsImRlbGV0ZSI6MTIwMDAwMDAwMDAwMH0sInNjaGVtYV92ZXJzaW9uIjoiMSJ9",
          "dependencies": [
            "module.network_config.module.vpc.aws_vpc.this"
          ]
        },
        {
          "index_key": "services-2",
          "schema_version": 1,
          "attributes": {
            "arn": "arn:aws:ec2:eu-central-1:767398092878:subnet/subnet-05035b7c912b6a715",
            "assign_ipv6_address_on_creation": false,
            "availability_zone": "eu-central-1b",
            "availability_zone_id": "euc1-az3",
            "cidr_block": "10.1.2.0/24",
            "customer_owned_ipv4_pool": "",
            "enable_dns64": false,
            "enable_lni_at_device_index": 0,
            "enable_resource_name_dns_a_record_on_launch": false,
            "enable_resource_name_dns_aaaa_record_on_launch": false,
            "id": "subnet-05035b7c912b6a715",
            "ipv6_cidr_block": "",
            "ipv6_cidr_block_association_id": "",
            "ipv6_native": false,
            "map_customer_owned_ip_on_launch": false,
            "map_public_ip_on_launch": false,
            "outpost_arn": "",
            "owner_id": "767398092878",
            "private_dns_hostname_type_on_launch": "ip-name",
            "tags": {
              "Name": "main-services-2"
            },
            "tags_all": {
              "Name": "main-services-2"
            },
            "timeouts": null,
            "vpc_id": "vpc-0a80f3578ae6fa27b"
          },
          "sensitive_attributes": [],
          "private": "eyJlMmJmYjczMC1lY2FhLTExZTYtOGY4OC0zNDM2M2JjN2M0YzAiOnsiY3JlYXRlIjo2MDAwMDAwMDAwMDAsImRlbGV0ZSI6MTIwMDAwMDAwMDAwMH0sInNjaGVtYV92ZXJzaW9uIjoiMSJ9",
          "dependencies": [
            "module.network_config.module.vpc.aws_vpc.this"
          ]
        },
        {
          "index_key": "services-3",
          "schema_version": 1,
          "attributes": {
            "arn": "arn:aws:ec2:eu-central-1:767398092878:subnet/subnet-05882cfce013b8c6f",
            "assign_ipv6_address_on_creation": false,
            "availability_zone": "eu-central-1c",
            "availability_zone_id": "euc1-az1",
            "cidr_block": "10.1.3.0/24",
            "customer_owned_ipv4_pool": "",
            "enable_dns64": false,
            "enable_lni_at_device_index": 0,
            "enable_resource_name_dns_a_record_on_launch": false,
            "enable_resource_name_dns_aaaa_record_on_launch": false,
            "id": "subnet-05882cfce013b8c6f",
            "ipv6_cidr_block": "",
            "ipv6_cidr_block_association_id": "",
            "ipv6_native": false,
            "map_customer_owned_ip_on_launch": false,
            "map_public_ip_on_launch": false,
            "outpost_arn": "",
            "owner_id": "767398092878",
            "private_dns_hostname_type_on_launch": "ip-name",
            "tags": {
              "Name": "main-services-3"
            },
            "tags_all": {
              "Name": "main-services-3"
            },
            "timeouts": null,
            "vpc_id": "vpc-0a80f3578ae6fa27b"
          },
          "sensitive_attributes": [],
          "private": "eyJlMmJmYjczMC1lY2FhLTExZTYtOGY4OC0zNDM2M2JjN2M0YzAiOnsiY3JlYXRlIjo2MDAwMDAwMDAwMDAsImRlbGV0ZSI6MTIwMDAwMDAwMDAwMH0sInNjaGVtYV92ZXJzaW9uIjoiMSJ9",
          "dependencies": [
            "module.network_config.module.vpc.aws_vpc.this"
          ]
        }
      ]
    },
    {
      "module": "module.network_config.module.vpc[\"main\"]",
      "mode": "managed",
      "type": "aws_vpc",
      "name": "this",
      "provider": "provider[\"registry.terraform.io/hashicorp/aws\"]",
      "instances": [
        {
          "schema_version": 1,
          "attributes": {
            "arn": "arn:aws:ec2:eu-central-1:767398092878:vpc/vpc-0a80f3578ae6fa27b",
            "assign_generated_ipv6_cidr_block": false,
            "cidr_block": "10.1.0.0/16",
            "default_network_acl_id": "acl-08865cc653da48dd6",
            "default_route_table_id": "rtb-01a13b5483edf53df",
            "default_security_group_id": "sg-0b902d8bdf516a0e7",
            "dhcp_options_id": "dopt-045ef68297c1bf634",
            "enable_dns_hostnames": true,
            "enable_dns_support": true,
            "enable_network_address_usage_metrics": false,
            "id": "vpc-0a80f3578ae6fa27b",
            "instance_tenancy": "default",
            "ipv4_ipam_pool_id": null,
            "ipv4_netmask_length": null,
            "ipv6_association_id": "",
            "ipv6_cidr_block": "",
            "ipv6_cidr_block_network_border_group": "",
            "ipv6_ipam_pool_id": "",
            "ipv6_netmask_length": 0,
            "main_route_table_id": "rtb-01a13b5483edf53df",
            "owner_id": "767398092878",
            "tags": {
              "Name": "main"
            },
            "tags_all": {
              "Name": "main"
            }
          },
          "sensitive_attributes": [],
          "private": "eyJzY2hlbWFfdmVyc2lvbiI6IjEifQ=="
        }
      ]
    },
    {
      "module": "module.network_config.module.vpc[\"main\"]",
      "mode": "managed",
      "type": "aws_vpc_dhcp_options",
      "name": "this",
      "provider": "provider[\"registry.terraform.io/hashicorp/aws\"]",
      "instances": [
        {
          "schema_version": 0,
          "attributes": {
            "arn": "arn:aws:ec2:eu-central-1:767398092878:dhcp-options/dopt-045ef68297c1bf634",
            "domain_name": "platform.corp",
            "domain_name_servers": [
              "AmazonProvidedDNS"
            ],
            "id": "dopt-045ef68297c1bf634",
            "ipv6_address_preferred_lease_time": "",
            "netbios_name_servers": [],
            "netbios_node_type": "",
            "ntp_servers": [],
            "owner_id": "767398092878",
            "tags": {
              "Name": "main-main-dhcp-options"
            },
            "tags_all": {
              "Name": "main-main-dhcp-options"
            }
          },
          "sensitive_attributes": [],
          "private": "bnVsbA=="
        }
      ]
    },
    {
      "module": "module.network_config.module.vpc[\"main\"]",
      "mode": "managed",
      "type": "aws_vpc_dhcp_options_association",
      "name": "this",
      "provider": "provider[\"registry.terraform.io/hashicorp/aws\"]",
      "instances": [
        {
          "schema_version": 0,
          "attributes": {
            "dhcp_options_id": "dopt-045ef68297c1bf634",
            "id": "dopt-045ef68297c1bf634-vpc-0a80f3578ae6fa27b",
            "vpc_id": "vpc-0a80f3578ae6fa27b"
          },
          "sensitive_attributes": [],
          "private": "bnVsbA==",
          "dependencies": [
            "module.network_config.module.vpc.aws_vpc.this",
            "module.network_config.module.vpc.aws_vpc_dhcp_options.this"
          ]
        }
      ]
    },
    {
      "module": "module.storage_config",
      "mode": "managed",
      "type": "aws_cloudfront_distribution",
      "name": "static_website_cdn",
      "provider": "provider[\"registry.terraform.io/hashicorp/aws\"]",
      "instances": [
        {
          "schema_version": 1,
          "attributes": {
            "aliases": [],
            "arn": "arn:aws:cloudfront::767398092878:distribution/E3H0PSY2QFIBW7",
            "caller_reference": "terraform-20250523190107800900000001",
            "comment": null,
            "continuous_deployment_policy_id": "",
            "custom_error_response": [],
            "default_cache_behavior": [
              {
                "allowed_methods": [
                  "GET",
                  "HEAD"
                ],
                "cache_policy_id": "",
                "cached_methods": [
                  "GET",
                  "HEAD"
                ],
                "compress": false,
                "default_ttl": 3600,
                "field_level_encryption_id": "",
                "forwarded_values": [
                  {
                    "cookies": [
                      {
                        "forward": "none",
                        "whitelisted_names": []
                      }
                    ],
                    "headers": [],
                    "query_string": false,
                    "query_string_cache_keys": []
                  }
                ],
                "function_association": [],
                "grpc_config": [
                  {
                    "enabled": false
                  }
                ],
                "lambda_function_association": [],
                "max_ttl": 86400,
                "min_ttl": 0,
                "origin_request_policy_id": "",
                "realtime_log_config_arn": "",
                "response_headers_policy_id": "",
                "smooth_streaming": false,
                "target_origin_id": "S3-static-website-bucket-insecurazon",
                "trusted_key_groups": [],
                "trusted_signers": [],
                "viewer_protocol_policy": "redirect-to-https"
              }
            ],
            "default_root_object": "index.html",
            "domain_name": "d26pb44u3ijpla.cloudfront.net",
            "enabled": true,
            "etag": "E922SFXAQCWQF",
            "hosted_zone_id": "Z2FDTNDATAQYW2",
            "http_version": "http2",
            "id": "E3H0PSY2QFIBW7",
            "in_progress_validation_batches": 0,
            "is_ipv6_enabled": true,
            "last_modified_time": "2025-05-23 19:01:08.577 +0000 UTC",
            "logging_config": [],
            "ordered_cache_behavior": [],
            "origin": [
              {
                "connection_attempts": 3,
                "connection_timeout": 10,
                "custom_header": [],
                "custom_origin_config": [
                  {
                    "http_port": 80,
                    "https_port": 443,
                    "origin_keepalive_timeout": 5,
                    "origin_protocol_policy": "http-only",
                    "origin_read_timeout": 30,
                    "origin_ssl_protocols": [
                      "TLSv1",
                      "TLSv1.1",
                      "TLSv1.2"
                    ]
                  }
                ],
                "domain_name": "static-website-bucket-insecurazon.s3-website.eu-central-1.amazonaws.com",
                "origin_access_control_id": "",
                "origin_id": "S3-static-website-bucket-insecurazon",
                "origin_path": "",
                "origin_shield": [],
                "s3_origin_config": [],
                "vpc_origin_config": []
              }
            ],
            "origin_group": [],
            "price_class": "PriceClass_100",
            "restrictions": [
              {
                "geo_restriction": [
                  {
                    "locations": [],
                    "restriction_type": "none"
                  }
                ]
              }
            ],
            "retain_on_delete": false,
            "staging": false,
            "status": "Deployed",
            "tags": {
              "Environment": "dev",
              "Name": "static-website-bucket-insecurazon-cdn"
            },
            "tags_all": {
              "Environment": "dev",
              "Name": "static-website-bucket-insecurazon-cdn"
            },
            "trusted_key_groups": [
              {
                "enabled": false,
                "items": []
              }
            ],
            "trusted_signers": [
              {
                "enabled": false,
                "items": []
              }
            ],
            "viewer_certificate": [
              {
                "acm_certificate_arn": "",
                "cloudfront_default_certificate": true,
                "iam_certificate_id": "",
                "minimum_protocol_version": "TLSv1",
                "ssl_support_method": ""
              }
            ],
            "wait_for_deployment": true,
            "web_acl_id": ""
          },
          "sensitive_attributes": [],
          "private": "eyJzY2hlbWFfdmVyc2lvbiI6IjEifQ==",
          "dependencies": [
            "module.network_config.aws_acm_certificate.client_ca",
            "module.network_config.aws_acm_certificate.server",
            "module.network_config.aws_ec2_client_vpn_authorization_rule.this",
            "module.network_config.aws_ec2_client_vpn_endpoint.this",
            "module.network_config.aws_ec2_client_vpn_network_association.this",
            "module.network_config.aws_ec2_client_vpn_route.to_transit_gateway",
            "module.network_config.aws_ec2_transit_gateway.this",
            "module.network_config.aws_ec2_transit_gateway_route.this",
            "module.network_config.aws_ec2_transit_gateway_route_table.this",
            "module.network_config.aws_ec2_transit_gateway_route_table_propagation.this",
            "module.network_config.aws_ec2_transit_gateway_vpc_attachment.this",
            "module.network_config.aws_security_group.client_vpn",
            "module.network_config.aws_ssm_parameter.ca_cert",
            "module.network_config.aws_ssm_parameter.ca_key",
            "module.network_config.aws_ssm_parameter.client_cert",
            "module.network_config.aws_ssm_parameter.client_key",
            "module.network_config.module.routing.aws_route_table.this",
            "module.network_config.module.routing.aws_vpc_endpoint_route_table_association.this",
            "module.network_config.module.vpc.aws_eip.nat",
            "module.network_config.module.vpc.aws_internet_gateway.this",
            "module.network_config.module.vpc.aws_nat_gateway.this",
            "module.network_config.module.vpc.aws_security_group.allow_kms",
            "module.network_config.module.vpc.aws_security_group.allow_secretsmanager",
            "module.network_config.module.vpc.aws_subnet.this",
            "module.network_config.module.vpc.aws_vpc.this",
            "module.network_config.module.vpc.aws_vpc_dhcp_options.this",
            "module.network_config.module.vpc.aws_vpc_dhcp_options_association.this",
            "module.network_config.module.vpc.aws_vpc_endpoint.kms",
            "module.network_config.module.vpc.aws_vpc_endpoint.s3",
            "module.network_config.module.vpc.aws_vpc_endpoint.secretsmanager",
            "module.network_config.tls_cert_request.client",
            "module.network_config.tls_cert_request.server",
            "module.network_config.tls_locally_signed_cert.client",
            "module.network_config.tls_locally_signed_cert.server",
            "module.network_config.tls_private_key.ca",
            "module.network_config.tls_private_key.client",
            "module.network_config.tls_private_key.server",
            "module.network_config.tls_self_signed_cert.ca",
            "module.storage_config.aws_s3_bucket.static_website",
            "module.storage_config.aws_s3_bucket_website_configuration.static_website"
          ]
        }
      ]
    },
    {
      "module": "module.storage_config",
      "mode": "managed",
      "type": "aws_s3_bucket",
      "name": "static_website",
      "provider": "provider[\"registry.terraform.io/hashicorp/aws\"]",
      "instances": [
        {
          "schema_version": 0,
          "attributes": {
            "acceleration_status": "",
            "acl": null,
            "arn": "arn:aws:s3:::static-website-bucket-insecurazon",
            "bucket": "static-website-bucket-insecurazon",
            "bucket_domain_name": "static-website-bucket-insecurazon.s3.amazonaws.com",
            "bucket_prefix": "",
            "bucket_regional_domain_name": "static-website-bucket-insecurazon.s3.eu-central-1.amazonaws.com",
            "cors_rule": [
              {
                "allowed_headers": [
                  "*"
                ],
                "allowed_methods": [
                  "GET",
                  "HEAD"
                ],
                "allowed_origins": [
                  "*"
                ],
                "expose_headers": [
                  "ETag"
                ],
                "max_age_seconds": 3600
              }
            ],
            "force_destroy": true,
            "grant": [
              {
                "id": "",
                "permissions": [
                  "READ"
                ],
                "type": "Group",
                "uri": "http://acs.amazonaws.com/groups/global/AllUsers"
              },
              {
                "id": "6d017a6b6f8c98d7059af34d1ad35fc0e7fa933928256bb5053c706b166acbd3",
                "permissions": [
                  "FULL_CONTROL"
                ],
                "type": "CanonicalUser",
                "uri": ""
              }
            ],
            "hosted_zone_id": "Z21DNDUVLTQW6Q",
            "id": "static-website-bucket-insecurazon",
            "lifecycle_rule": [],
            "logging": [],
            "object_lock_configuration": [],
            "object_lock_enabled": false,
            "policy": "{\"Statement\":[{\"Action\":\"s3:GetObject\",\"Effect\":\"Allow\",\"Principal\":\"*\",\"Resource\":\"arn:aws:s3:::static-website-bucket-insecurazon/*\",\"Sid\":\"PublicReadGetObject\"}],\"Version\":\"2012-10-17\"}",
            "region": "eu-central-1",
            "replication_configuration": [],
            "request_payer": "BucketOwner",
            "server_side_encryption_configuration": [
              {
                "rule": [
                  {
                    "apply_server_side_encryption_by_default": [
                      {
                        "kms_master_key_id": "",
                        "sse_algorithm": "AES256"
                      }
                    ],
                    "bucket_key_enabled": false
                  }
                ]
              }
            ],
            "tags": {
              "Environment": "dev",
              "Name": "static-website-bucket-insecurazon"
            },
            "tags_all": {
              "Environment": "dev",
              "Name": "static-website-bucket-insecurazon"
            },
            "timeouts": null,
            "versioning": [
              {
                "enabled": true,
                "mfa_delete": false
              }
            ],
            "website": [
              {
                "error_document": "error.html",
                "index_document": "index.html",
                "redirect_all_requests_to": "",
                "routing_rules": ""
              }
            ],
            "website_domain": "s3-website.eu-central-1.amazonaws.com",
            "website_endpoint": "static-website-bucket-insecurazon.s3-website.eu-central-1.amazonaws.com"
          },
          "sensitive_attributes": [],
          "private": "eyJlMmJmYjczMC1lY2FhLTExZTYtOGY4OC0zNDM2M2JjN2M0YzAiOnsiY3JlYXRlIjoxMjAwMDAwMDAwMDAwLCJkZWxldGUiOjM2MDAwMDAwMDAwMDAsInJlYWQiOjEyMDAwMDAwMDAwMDAsInVwZGF0ZSI6MTIwMDAwMDAwMDAwMH19",
          "dependencies": [
            "module.network_config.aws_acm_certificate.client_ca",
            "module.network_config.aws_acm_certificate.server",
            "module.network_config.aws_ec2_client_vpn_authorization_rule.this",
            "module.network_config.aws_ec2_client_vpn_endpoint.this",
            "module.network_config.aws_ec2_client_vpn_network_association.this",
            "module.network_config.aws_ec2_client_vpn_route.to_transit_gateway",
            "module.network_config.aws_ec2_transit_gateway.this",
            "module.network_config.aws_ec2_transit_gateway_route.this",
            "module.network_config.aws_ec2_transit_gateway_route_table.this",
            "module.network_config.aws_ec2_transit_gateway_route_table_propagation.this",
            "module.network_config.aws_ec2_transit_gateway_vpc_attachment.this",
            "module.network_config.aws_security_group.client_vpn",
            "module.network_config.aws_ssm_parameter.ca_cert",
            "module.network_config.aws_ssm_parameter.ca_key",
            "module.network_config.aws_ssm_parameter.client_cert",
            "module.network_config.aws_ssm_parameter.client_key",
            "module.network_config.module.routing.aws_route_table.this",
            "module.network_config.module.routing.aws_vpc_endpoint_route_table_association.this",
            "module.network_config.module.vpc.aws_eip.nat",
            "module.network_config.module.vpc.aws_internet_gateway.this",
            "module.network_config.module.vpc.aws_nat_gateway.this",
            "module.network_config.module.vpc.aws_security_group.allow_kms",
            "module.network_config.module.vpc.aws_security_group.allow_secretsmanager",
            "module.network_config.module.vpc.aws_subnet.this",
            "module.network_config.module.vpc.aws_vpc.this",
            "module.network_config.module.vpc.aws_vpc_dhcp_options.this",
            "module.network_config.module.vpc.aws_vpc_dhcp_options_association.this",
            "module.network_config.module.vpc.aws_vpc_endpoint.kms",
            "module.network_config.module.vpc.aws_vpc_endpoint.s3",
            "module.network_config.module.vpc.aws_vpc_endpoint.secretsmanager",
            "module.network_config.tls_cert_request.client",
            "module.network_config.tls_cert_request.server",
            "module.network_config.tls_locally_signed_cert.client",
            "module.network_config.tls_locally_signed_cert.server",
            "module.network_config.tls_private_key.ca",
            "module.network_config.tls_private_key.client",
            "module.network_config.tls_private_key.server",
            "module.network_config.tls_self_signed_cert.ca"
          ]
        }
      ]
    },
    {
      "module": "module.storage_config",
      "mode": "managed",
      "type": "aws_s3_bucket_acl",
      "name": "bucket_acl",
      "provider": "provider[\"registry.terraform.io/hashicorp/aws\"]",
      "instances": [
        {
          "schema_version": 0,
          "attributes": {
            "access_control_policy": [
              {
                "grant": [
                  {
                    "grantee": [
                      {
                        "display_name": "",
                        "email_address": "",
                        "id": "",
                        "type": "Group",
                        "uri": "http://acs.amazonaws.com/groups/global/AllUsers"
                      }
                    ],
                    "permission": "READ"
                  },
                  {
                    "grantee": [
                      {
                        "display_name": "",
                        "email_address": "",
                        "id": "6d017a6b6f8c98d7059af34d1ad35fc0e7fa933928256bb5053c706b166acbd3",
                        "type": "CanonicalUser",
                        "uri": ""
                      }
                    ],
                    "permission": "FULL_CONTROL"
                  }
                ],
                "owner": [
                  {
                    "display_name": "",
                    "id": "6d017a6b6f8c98d7059af34d1ad35fc0e7fa933928256bb5053c706b166acbd3"
                  }
                ]
              }
            ],
            "acl": "public-read",
            "bucket": "static-website-bucket-insecurazon",
            "expected_bucket_owner": "",
            "id": "static-website-bucket-insecurazon,public-read"
          },
          "sensitive_attributes": [],
          "private": "bnVsbA==",
          "dependencies": [
            "module.network_config.aws_acm_certificate.client_ca",
            "module.network_config.aws_acm_certificate.server",
            "module.network_config.aws_ec2_client_vpn_authorization_rule.this",
            "module.network_config.aws_ec2_client_vpn_endpoint.this",
            "module.network_config.aws_ec2_client_vpn_network_association.this",
            "module.network_config.aws_ec2_client_vpn_route.to_transit_gateway",
            "module.network_config.aws_ec2_transit_gateway.this",
            "module.network_config.aws_ec2_transit_gateway_route.this",
            "module.network_config.aws_ec2_transit_gateway_route_table.this",
            "module.network_config.aws_ec2_transit_gateway_route_table_propagation.this",
            "module.network_config.aws_ec2_transit_gateway_vpc_attachment.this",
            "module.network_config.aws_security_group.client_vpn",
            "module.network_config.aws_ssm_parameter.ca_cert",
            "module.network_config.aws_ssm_parameter.ca_key",
            "module.network_config.aws_ssm_parameter.client_cert",
            "module.network_config.aws_ssm_parameter.client_key",
            "module.network_config.module.routing.aws_route_table.this",
            "module.network_config.module.routing.aws_vpc_endpoint_route_table_association.this",
            "module.network_config.module.vpc.aws_eip.nat",
            "module.network_config.module.vpc.aws_internet_gateway.this",
            "module.network_config.module.vpc.aws_nat_gateway.this",
            "module.network_config.module.vpc.aws_security_group.allow_kms",
            "module.network_config.module.vpc.aws_security_group.allow_secretsmanager",
            "module.network_config.module.vpc.aws_subnet.this",
            "module.network_config.module.vpc.aws_vpc.this",
            "module.network_config.module.vpc.aws_vpc_dhcp_options.this",
            "module.network_config.module.vpc.aws_vpc_dhcp_options_association.this",
            "module.network_config.module.vpc.aws_vpc_endpoint.kms",
            "module.network_config.module.vpc.aws_vpc_endpoint.s3",
            "module.network_config.module.vpc.aws_vpc_endpoint.secretsmanager",
            "module.network_config.tls_cert_request.client",
            "module.network_config.tls_cert_request.server",
            "module.network_config.tls_locally_signed_cert.client",
            "module.network_config.tls_locally_signed_cert.server",
            "module.network_config.tls_private_key.ca",
            "module.network_config.tls_private_key.client",
            "module.network_config.tls_private_key.server",
            "module.network_config.tls_self_signed_cert.ca",
            "module.storage_config.aws_s3_bucket.static_website",
            "module.storage_config.aws_s3_bucket_ownership_controls.ownership",
            "module.storage_config.aws_s3_bucket_public_access_block.public_access"
          ]
        }
      ]
    },
    {
      "module": "module.storage_config",
      "mode": "managed",
      "type": "aws_s3_bucket_cors_configuration",
      "name": "cors",
      "provider": "provider[\"registry.terraform.io/hashicorp/aws\"]",
      "instances": [
        {
          "index_key": 0,
          "schema_version": 0,
          "attributes": {
            "bucket": "static-website-bucket-insecurazon",
            "cors_rule": [
              {
                "allowed_headers": [
                  "*"
                ],
                "allowed_methods": [
                  "GET",
                  "HEAD"
                ],
                "allowed_origins": [
                  "*"
                ],
                "expose_headers": [
                  "ETag"
                ],
                "id": "",
                "max_age_seconds": 3600
              }
            ],
            "expected_bucket_owner": "",
            "id": "static-website-bucket-insecurazon"
          },
          "sensitive_attributes": [],
          "private": "bnVsbA==",
          "dependencies": [
            "module.network_config.aws_acm_certificate.client_ca",
            "module.network_config.aws_acm_certificate.server",
            "module.network_config.aws_ec2_client_vpn_authorization_rule.this",
            "module.network_config.aws_ec2_client_vpn_endpoint.this",
            "module.network_config.aws_ec2_client_vpn_network_association.this",
            "module.network_config.aws_ec2_client_vpn_route.to_transit_gateway",
            "module.network_config.aws_ec2_transit_gateway.this",
            "module.network_config.aws_ec2_transit_gateway_route.this",
            "module.network_config.aws_ec2_transit_gateway_route_table.this",
            "module.network_config.aws_ec2_transit_gateway_route_table_propagation.this",
            "module.network_config.aws_ec2_transit_gateway_vpc_attachment.this",
            "module.network_config.aws_security_group.client_vpn",
            "module.network_config.aws_ssm_parameter.ca_cert",
            "module.network_config.aws_ssm_parameter.ca_key",
            "module.network_config.aws_ssm_parameter.client_cert",
            "module.network_config.aws_ssm_parameter.client_key",
            "module.network_config.module.routing.aws_route_table.this",
            "module.network_config.module.routing.aws_vpc_endpoint_route_table_association.this",
            "module.network_config.module.vpc.aws_eip.nat",
            "module.network_config.module.vpc.aws_internet_gateway.this",
            "module.network_config.module.vpc.aws_nat_gateway.this",
            "module.network_config.module.vpc.aws_security_group.allow_kms",
            "module.network_config.module.vpc.aws_security_group.allow_secretsmanager",
            "module.network_config.module.vpc.aws_subnet.this",
            "module.network_config.module.vpc.aws_vpc.this",
            "module.network_config.module.vpc.aws_vpc_dhcp_options.this",
            "module.network_config.module.vpc.aws_vpc_dhcp_options_association.this",
            "module.network_config.module.vpc.aws_vpc_endpoint.kms",
            "module.network_config.module.vpc.aws_vpc_endpoint.s3",
            "module.network_config.module.vpc.aws_vpc_endpoint.secretsmanager",
            "module.network_config.tls_cert_request.client",
            "module.network_config.tls_cert_request.server",
            "module.network_config.tls_locally_signed_cert.client",
            "module.network_config.tls_locally_signed_cert.server",
            "module.network_config.tls_private_key.ca",
            "module.network_config.tls_private_key.client",
            "module.network_config.tls_private_key.server",
            "module.network_config.tls_self_signed_cert.ca",
            "module.storage_config.aws_s3_bucket.static_website"
          ]
        }
      ]
    },
    {
      "module": "module.storage_config",
      "mode": "managed",
      "type": "aws_s3_bucket_ownership_controls",
      "name": "ownership",
      "provider": "provider[\"registry.terraform.io/hashicorp/aws\"]",
      "instances": [
        {
          "schema_version": 0,
          "attributes": {
            "bucket": "static-website-bucket-insecurazon",
            "id": "static-website-bucket-insecurazon",
            "rule": [
              {
                "object_ownership": "BucketOwnerPreferred"
              }
            ]
          },
          "sensitive_attributes": [],
          "private": "bnVsbA==",
          "dependencies": [
            "module.network_config.aws_acm_certificate.client_ca",
            "module.network_config.aws_acm_certificate.server",
            "module.network_config.aws_ec2_client_vpn_authorization_rule.this",
            "module.network_config.aws_ec2_client_vpn_endpoint.this",
            "module.network_config.aws_ec2_client_vpn_network_association.this",
            "module.network_config.aws_ec2_client_vpn_route.to_transit_gateway",
            "module.network_config.aws_ec2_transit_gateway.this",
            "module.network_config.aws_ec2_transit_gateway_route.this",
            "module.network_config.aws_ec2_transit_gateway_route_table.this",
            "module.network_config.aws_ec2_transit_gateway_route_table_propagation.this",
            "module.network_config.aws_ec2_transit_gateway_vpc_attachment.this",
            "module.network_config.aws_security_group.client_vpn",
            "module.network_config.aws_ssm_parameter.ca_cert",
            "module.network_config.aws_ssm_parameter.ca_key",
            "module.network_config.aws_ssm_parameter.client_cert",
            "module.network_config.aws_ssm_parameter.client_key",
            "module.network_config.module.routing.aws_route_table.this",
            "module.network_config.module.routing.aws_vpc_endpoint_route_table_association.this",
            "module.network_config.module.vpc.aws_eip.nat",
            "module.network_config.module.vpc.aws_internet_gateway.this",
            "module.network_config.module.vpc.aws_nat_gateway.this",
            "module.network_config.module.vpc.aws_security_group.allow_kms",
            "module.network_config.module.vpc.aws_security_group.allow_secretsmanager",
            "module.network_config.module.vpc.aws_subnet.this",
            "module.network_config.module.vpc.aws_vpc.this",
            "module.network_config.module.vpc.aws_vpc_dhcp_options.this",
            "module.network_config.module.vpc.aws_vpc_dhcp_options_association.this",
            "module.network_config.module.vpc.aws_vpc_endpoint.kms",
            "module.network_config.module.vpc.aws_vpc_endpoint.s3",
            "module.network_config.module.vpc.aws_vpc_endpoint.secretsmanager",
            "module.network_config.tls_cert_request.client",
            "module.network_config.tls_cert_request.server",
            "module.network_config.tls_locally_signed_cert.client",
            "module.network_config.tls_locally_signed_cert.server",
            "module.network_config.tls_private_key.ca",
            "module.network_config.tls_private_key.client",
            "module.network_config.tls_private_key.server",
            "module.network_config.tls_self_signed_cert.ca",
            "module.storage_config.aws_s3_bucket.static_website"
          ]
        }
      ]
    },
    {
      "module": "module.storage_config",
      "mode": "managed",
      "type": "aws_s3_bucket_policy",
      "name": "bucket_policy",
      "provider": "provider[\"registry.terraform.io/hashicorp/aws\"]",
      "instances": [
        {
          "schema_version": 0,
          "attributes": {
            "bucket": "static-website-bucket-insecurazon",
            "id": "static-website-bucket-insecurazon",
            "policy": "{\"Statement\":[{\"Action\":\"s3:GetObject\",\"Effect\":\"Allow\",\"Principal\":\"*\",\"Resource\":\"arn:aws:s3:::static-website-bucket-insecurazon/*\",\"Sid\":\"PublicReadGetObject\"}],\"Version\":\"2012-10-17\"}"
          },
          "sensitive_attributes": [],
          "private": "bnVsbA==",
          "dependencies": [
            "module.network_config.aws_acm_certificate.client_ca",
            "module.network_config.aws_acm_certificate.server",
            "module.network_config.aws_ec2_client_vpn_authorization_rule.this",
            "module.network_config.aws_ec2_client_vpn_endpoint.this",
            "module.network_config.aws_ec2_client_vpn_network_association.this",
            "module.network_config.aws_ec2_client_vpn_route.to_transit_gateway",
            "module.network_config.aws_ec2_transit_gateway.this",
            "module.network_config.aws_ec2_transit_gateway_route.this",
            "module.network_config.aws_ec2_transit_gateway_route_table.this",
            "module.network_config.aws_ec2_transit_gateway_route_table_propagation.this",
            "module.network_config.aws_ec2_transit_gateway_vpc_attachment.this",
            "module.network_config.aws_security_group.client_vpn",
            "module.network_config.aws_ssm_parameter.ca_cert",
            "module.network_config.aws_ssm_parameter.ca_key",
            "module.network_config.aws_ssm_parameter.client_cert",
            "module.network_config.aws_ssm_parameter.client_key",
            "module.network_config.module.routing.aws_route_table.this",
            "module.network_config.module.routing.aws_vpc_endpoint_route_table_association.this",
            "module.network_config.module.vpc.aws_eip.nat",
            "module.network_config.module.vpc.aws_internet_gateway.this",
            "module.network_config.module.vpc.aws_nat_gateway.this",
            "module.network_config.module.vpc.aws_security_group.allow_kms",
            "module.network_config.module.vpc.aws_security_group.allow_secretsmanager",
            "module.network_config.module.vpc.aws_subnet.this",
            "module.network_config.module.vpc.aws_vpc.this",
            "module.network_config.module.vpc.aws_vpc_dhcp_options.this",
            "module.network_config.module.vpc.aws_vpc_dhcp_options_association.this",
            "module.network_config.module.vpc.aws_vpc_endpoint.kms",
            "module.network_config.module.vpc.aws_vpc_endpoint.s3",
            "module.network_config.module.vpc.aws_vpc_endpoint.secretsmanager",
            "module.network_config.tls_cert_request.client",
            "module.network_config.tls_cert_request.server",
            "module.network_config.tls_locally_signed_cert.client",
            "module.network_config.tls_locally_signed_cert.server",
            "module.network_config.tls_private_key.ca",
            "module.network_config.tls_private_key.client",
            "module.network_config.tls_private_key.server",
            "module.network_config.tls_self_signed_cert.ca",
            "module.storage_config.aws_s3_bucket.static_website",
            "module.storage_config.aws_s3_bucket_public_access_block.public_access"
          ]
        }
      ]
    },
    {
      "module": "module.storage_config",
      "mode": "managed",
      "type": "aws_s3_bucket_public_access_block",
      "name": "public_access",
      "provider": "provider[\"registry.terraform.io/hashicorp/aws\"]",
      "instances": [
        {
          "schema_version": 0,
          "attributes": {
            "block_public_acls": false,
            "block_public_policy": false,
            "bucket": "static-website-bucket-insecurazon",
            "id": "static-website-bucket-insecurazon",
            "ignore_public_acls": false,
            "restrict_public_buckets": false
          },
          "sensitive_attributes": [],
          "private": "bnVsbA==",
          "dependencies": [
            "module.network_config.aws_acm_certificate.client_ca",
            "module.network_config.aws_acm_certificate.server",
            "module.network_config.aws_ec2_client_vpn_authorization_rule.this",
            "module.network_config.aws_ec2_client_vpn_endpoint.this",
            "module.network_config.aws_ec2_client_vpn_network_association.this",
            "module.network_config.aws_ec2_client_vpn_route.to_transit_gateway",
            "module.network_config.aws_ec2_transit_gateway.this",
            "module.network_config.aws_ec2_transit_gateway_route.this",
            "module.network_config.aws_ec2_transit_gateway_route_table.this",
            "module.network_config.aws_ec2_transit_gateway_route_table_propagation.this",
            "module.network_config.aws_ec2_transit_gateway_vpc_attachment.this",
            "module.network_config.aws_security_group.client_vpn",
            "module.network_config.aws_ssm_parameter.ca_cert",
            "module.network_config.aws_ssm_parameter.ca_key",
            "module.network_config.aws_ssm_parameter.client_cert",
            "module.network_config.aws_ssm_parameter.client_key",
            "module.network_config.module.routing.aws_route_table.this",
            "module.network_config.module.routing.aws_vpc_endpoint_route_table_association.this",
            "module.network_config.module.vpc.aws_eip.nat",
            "module.network_config.module.vpc.aws_internet_gateway.this",
            "module.network_config.module.vpc.aws_nat_gateway.this",
            "module.network_config.module.vpc.aws_security_group.allow_kms",
            "module.network_config.module.vpc.aws_security_group.allow_secretsmanager",
            "module.network_config.module.vpc.aws_subnet.this",
            "module.network_config.module.vpc.aws_vpc.this",
            "module.network_config.module.vpc.aws_vpc_dhcp_options.this",
            "module.network_config.module.vpc.aws_vpc_dhcp_options_association.this",
            "module.network_config.module.vpc.aws_vpc_endpoint.kms",
            "module.network_config.module.vpc.aws_vpc_endpoint.s3",
            "module.network_config.module.vpc.aws_vpc_endpoint.secretsmanager",
            "module.network_config.tls_cert_request.client",
            "module.network_config.tls_cert_request.server",
            "module.network_config.tls_locally_signed_cert.client",
            "module.network_config.tls_locally_signed_cert.server",
            "module.network_config.tls_private_key.ca",
            "module.network_config.tls_private_key.client",
            "module.network_config.tls_private_key.server",
            "module.network_config.tls_self_signed_cert.ca",
            "module.storage_config.aws_s3_bucket.static_website"
          ]
        }
      ]
    },
    {
      "module": "module.storage_config",
      "mode": "managed",
      "type": "aws_s3_bucket_versioning",
      "name": "versioning",
      "provider": "provider[\"registry.terraform.io/hashicorp/aws\"]",
      "instances": [
        {
          "schema_version": 0,
          "attributes": {
            "bucket": "static-website-bucket-insecurazon",
            "expected_bucket_owner": "",
            "id": "static-website-bucket-insecurazon",
            "mfa": null,
            "versioning_configuration": [
              {
                "mfa_delete": "",
                "status": "Enabled"
              }
            ]
          },
          "sensitive_attributes": [],
          "private": "bnVsbA==",
          "dependencies": [
            "module.network_config.aws_acm_certificate.client_ca",
            "module.network_config.aws_acm_certificate.server",
            "module.network_config.aws_ec2_client_vpn_authorization_rule.this",
            "module.network_config.aws_ec2_client_vpn_endpoint.this",
            "module.network_config.aws_ec2_client_vpn_network_association.this",
            "module.network_config.aws_ec2_client_vpn_route.to_transit_gateway",
            "module.network_config.aws_ec2_transit_gateway.this",
            "module.network_config.aws_ec2_transit_gateway_route.this",
            "module.network_config.aws_ec2_transit_gateway_route_table.this",
            "module.network_config.aws_ec2_transit_gateway_route_table_propagation.this",
            "module.network_config.aws_ec2_transit_gateway_vpc_attachment.this",
            "module.network_config.aws_security_group.client_vpn",
            "module.network_config.aws_ssm_parameter.ca_cert",
            "module.network_config.aws_ssm_parameter.ca_key",
            "module.network_config.aws_ssm_parameter.client_cert",
            "module.network_config.aws_ssm_parameter.client_key",
            "module.network_config.module.routing.aws_route_table.this",
            "module.network_config.module.routing.aws_vpc_endpoint_route_table_association.this",
            "module.network_config.module.vpc.aws_eip.nat",
            "module.network_config.module.vpc.aws_internet_gateway.this",
            "module.network_config.module.vpc.aws_nat_gateway.this",
            "module.network_config.module.vpc.aws_security_group.allow_kms",
            "module.network_config.module.vpc.aws_security_group.allow_secretsmanager",
            "module.network_config.module.vpc.aws_subnet.this",
            "module.network_config.module.vpc.aws_vpc.this",
            "module.network_config.module.vpc.aws_vpc_dhcp_options.this",
            "module.network_config.module.vpc.aws_vpc_dhcp_options_association.this",
            "module.network_config.module.vpc.aws_vpc_endpoint.kms",
            "module.network_config.module.vpc.aws_vpc_endpoint.s3",
            "module.network_config.module.vpc.aws_vpc_endpoint.secretsmanager",
            "module.network_config.tls_cert_request.client",
            "module.network_config.tls_cert_request.server",
            "module.network_config.tls_locally_signed_cert.client",
            "module.network_config.tls_locally_signed_cert.server",
            "module.network_config.tls_private_key.ca",
            "module.network_config.tls_private_key.client",
            "module.network_config.tls_private_key.server",
            "module.network_config.tls_self_signed_cert.ca",
            "module.storage_config.aws_s3_bucket.static_website"
          ]
        }
      ]
    },
    {
      "module": "module.storage_config",
      "mode": "managed",
      "type": "aws_s3_bucket_website_configuration",
      "name": "static_website",
      "provider": "provider[\"registry.terraform.io/hashicorp/aws\"]",
      "instances": [
        {
          "schema_version": 0,
          "attributes": {
            "bucket": "static-website-bucket-insecurazon",
            "error_document": [
              {
                "key": "error.html"
              }
            ],
            "expected_bucket_owner": "",
            "id": "static-website-bucket-insecurazon",
            "index_document": [
              {
                "suffix": "index.html"
              }
            ],
            "redirect_all_requests_to": [],
            "routing_rule": [],
            "routing_rules": "",
            "website_domain": "s3-website.eu-central-1.amazonaws.com",
            "website_endpoint": "static-website-bucket-insecurazon.s3-website.eu-central-1.amazonaws.com"
          },
          "sensitive_attributes": [],
          "private": "bnVsbA==",
          "dependencies": [
            "module.network_config.aws_acm_certificate.client_ca",
            "module.network_config.aws_acm_certificate.server",
            "module.network_config.aws_ec2_client_vpn_authorization_rule.this",
            "module.network_config.aws_ec2_client_vpn_endpoint.this",
            "module.network_config.aws_ec2_client_vpn_network_association.this",
            "module.network_config.aws_ec2_client_vpn_route.to_transit_gateway",
            "module.network_config.aws_ec2_transit_gateway.this",
            "module.network_config.aws_ec2_transit_gateway_route.this",
            "module.network_config.aws_ec2_transit_gateway_route_table.this",
            "module.network_config.aws_ec2_transit_gateway_route_table_propagation.this",
            "module.network_config.aws_ec2_transit_gateway_vpc_attachment.this",
            "module.network_config.aws_security_group.client_vpn",
            "module.network_config.aws_ssm_parameter.ca_cert",
            "module.network_config.aws_ssm_parameter.ca_key",
            "module.network_config.aws_ssm_parameter.client_cert",
            "module.network_config.aws_ssm_parameter.client_key",
            "module.network_config.module.routing.aws_route_table.this",
            "module.network_config.module.routing.aws_vpc_endpoint_route_table_association.this",
            "module.network_config.module.vpc.aws_eip.nat",
            "module.network_config.module.vpc.aws_internet_gateway.this",
            "module.network_config.module.vpc.aws_nat_gateway.this",
            "module.network_config.module.vpc.aws_security_group.allow_kms",
            "module.network_config.module.vpc.aws_security_group.allow_secretsmanager",
            "module.network_config.module.vpc.aws_subnet.this",
            "module.network_config.module.vpc.aws_vpc.this",
            "module.network_config.module.vpc.aws_vpc_dhcp_options.this",
            "module.network_config.module.vpc.aws_vpc_dhcp_options_association.this",
            "module.network_config.module.vpc.aws_vpc_endpoint.kms",
            "module.network_config.module.vpc.aws_vpc_endpoint.s3",
            "module.network_config.module.vpc.aws_vpc_endpoint.secretsmanager",
            "module.network_config.tls_cert_request.client",
            "module.network_config.tls_cert_request.server",
            "module.network_config.tls_locally_signed_cert.client",
            "module.network_config.tls_locally_signed_cert.server",
            "module.network_config.tls_private_key.ca",
            "module.network_config.tls_private_key.client",
            "module.network_config.tls_private_key.server",
            "module.network_config.tls_self_signed_cert.ca",
            "module.storage_config.aws_s3_bucket.static_website"
          ]
        }
      ]
    }
  ],
  "check_results": null
}
